{"format_version":"1.0","provider_schemas":{"registry.terraform.io/mypurecloud/genesyscloud":{"provider":{"version":0,"block":{"attributes":{"access_token":{"type":"string","description":"A string that the OAuth client uses to make requests. Can be set with the `GENESYSCLOUD_ACCESS_TOKEN` environment variable.","description_kind":"markdown","optional":true},"aws_region":{"type":"string","description":"AWS region where org exists. e.g. us-east-1. Can be set with the `GENESYSCLOUD_REGION` environment variable.","description_kind":"markdown","optional":true},"custom_retry_timeout":{"type":"string","description":"Maximum time to retry reading a resource after creation to handle eventual consistency.\nWhen a resource exists in Terraform state but returns 404 from the API (deleted externally), the provider retries with exponential backoff up to this timeout before removing it from state.\nSet to \"0\" or \"0s\" for immediate fail-fast behavior (no retries), useful for recovery scenarios where resources have been deleted from Genesys Cloud.\nCan be set with the GENESYSCLOUD_CUSTOM_RETRY_TIMEOUT environment variable. Default is 5 minutes.","description_kind":"markdown","optional":true},"log_stack_traces":{"type":"bool","description":"If true, stack traces will be logged to a file instead of crashing the provider, whenever possible.\nIf the stack trace occurs within the create context and before the ID is set in the schema object, then the command will fail with the message\n\"Root object was present, but now absent.\" Can be set with the GENESYSCLOUD_LOG_STACK_TRACES environment variable. **WARNING**: This is a debugging feature that may cause your Terraform state to become out of sync with the API.\nIf you encounter any stack traces, please report them so we can address the underlying issues.","description_kind":"markdown","optional":true},"log_stack_traces_file_path":{"type":"string","description":"Specifies the file path for the stack trace logs. Can be set with the `GENESYSCLOUD_LOG_STACK_TRACES_FILE_PATH` environment variable. Default value is genesyscloud_stack_traces.log","description_kind":"markdown","optional":true},"oauthclient_id":{"type":"string","description":"OAuthClient ID found on the OAuth page of Admin UI. Can be set with the `GENESYSCLOUD_OAUTHCLIENT_ID` environment variable.","description_kind":"markdown","optional":true},"oauthclient_secret":{"type":"string","description":"OAuthClient secret found on the OAuth page of Admin UI. Can be set with the `GENESYSCLOUD_OAUTHCLIENT_SECRET` environment variable.","description_kind":"markdown","optional":true,"sensitive":true},"sdk_client_pool_debug":{"type":"bool","description":"Enables debug tracing in the Genesys Cloud SDK client pool. Output will be written to standard log output. Can be set with the `GENESYSCLOUD_SDK_CLIENT_POOL_DEBUG` environment variable.","description_kind":"markdown","optional":true},"sdk_debug":{"type":"bool","description":"Enables debug tracing in the Genesys Cloud SDK. Output will be written to the local file 'sdk_debug.log'. Can be set with the `GENESYSCLOUD_SDK_DEBUG` environment variable.","description_kind":"markdown","optional":true},"sdk_debug_file_path":{"type":"string","description":"Specifies the file path for the log file. Can be set with the `GENESYSCLOUD_SDK_DEBUG_FILE_PATH` environment variable. Default value is sdk_debug.log","description_kind":"markdown","optional":true},"sdk_debug_format":{"type":"string","description":"Specifies the data format of the 'sdk_debug.log'. Only applicable if sdk_debug is true. Can be set with the `GENESYSCLOUD_SDK_DEBUG_FORMAT` environment variable. Default value is Text.","description_kind":"markdown","optional":true},"token_acquire_timeout":{"type":"string","description":"Timeout for acquiring a token from the pool. Can be set with the `GENESYSCLOUD_TOKEN_ACQUIRE_TIMEOUT` environment variable.","description_kind":"markdown","optional":true},"token_init_timeout":{"type":"string","description":"Timeout for initializing the token pool. Can be set with the `GENESYSCLOUD_TOKEN_INIT_TIMEOUT` environment variable.","description_kind":"markdown","optional":true},"token_pool_size":{"type":"number","description":"Max number of OAuth tokens in the token pool. Can be set with the `GENESYSCLOUD_TOKEN_POOL_SIZE` environment variable.","description_kind":"markdown","optional":true}},"block_types":{"gateway":{"nesting_mode":"set","block":{"attributes":{"host":{"type":"string","description":"Host for the gateway can be set with the `GENESYSCLOUD_GATEWAY_HOST` environment variable.","description_kind":"markdown","optional":true},"port":{"type":"string","description":"Port for the gateway can be set with the `GENESYSCLOUD_GATEWAY_PORT` environment variable.","description_kind":"markdown","optional":true},"protocol":{"type":"string","description":"Protocol for the gateway can be set with the `GENESYSCLOUD_GATEWAY_PROTOCOL` environment variable.","description_kind":"markdown","optional":true}},"block_types":{"auth":{"nesting_mode":"set","block":{"attributes":{"password":{"type":"string","description":"Password for the Auth can be set with the `GENESYSCLOUD_PROXY_AUTH_PASSWORD` environment variable.","description_kind":"markdown","optional":true},"username":{"type":"string","description":"UserName for the Auth can be set with the `GENESYSCLOUD_PROXY_AUTH_USERNAME` environment variable.","description_kind":"markdown","optional":true}},"description_kind":"plain"},"max_items":1},"path_params":{"nesting_mode":"set","block":{"attributes":{"path_name":{"type":"string","description":"Path name for Gateway Path Params can be set with the `GENESYSCLOUD_GATEWAY_PATH_NAME` environment variable.","description_kind":"markdown","required":true},"path_value":{"type":"string","description":"Path value for Gateway Path Params can be set with the `GENESYSCLOUD_GATEWAY_PATH_VALUE` environment variable.","description_kind":"markdown","required":true}},"description_kind":"plain"}}},"description_kind":"plain"}},"proxy":{"nesting_mode":"set","block":{"attributes":{"host":{"type":"string","description":"Host for the proxy can be set with the `GENESYSCLOUD_PROXY_HOST` environment variable.","description_kind":"markdown","optional":true},"port":{"type":"string","description":"Port for the proxy can be set with the `GENESYSCLOUD_PROXY_PORT` environment variable.","description_kind":"markdown","optional":true},"protocol":{"type":"string","description":"Protocol for the proxy can be set with the `GENESYSCLOUD_PROXY_PROTOCOL` environment variable.","description_kind":"markdown","optional":true}},"block_types":{"auth":{"nesting_mode":"set","block":{"attributes":{"password":{"type":"string","description":"Password for the Auth can be set with the `GENESYSCLOUD_PROXY_AUTH_PASSWORD` environment variable.","description_kind":"markdown","optional":true},"username":{"type":"string","description":"UserName for the Auth can be set with the `GENESYSCLOUD_PROXY_AUTH_USERNAME` environment variable.","description_kind":"markdown","optional":true}},"description_kind":"plain"},"max_items":1}},"description_kind":"plain"},"max_items":1}},"description_kind":"plain"}},"resource_schemas":{"genesyscloud_ai_studio_summary_setting":{"version":1,"block":{"attributes":{"format":{"type":"string","description":"Format of the generated summary.","description_kind":"markdown","optional":true},"id":{"type":"string","description_kind":"plain","optional":true,"computed":true},"language":{"type":"string","description":"Language of the generated summary, e.g. en-US, it-IT.","description_kind":"markdown","required":true},"name":{"type":"string","description":"Name of the summary setting.","description_kind":"markdown","required":true},"predefined_insights":{"type":["set","string"],"description":"Set which insights to include in the generated summary by default.","description_kind":"markdown","optional":true},"prompt":{"type":"string","description":"Custom prompt of summary setting.","description_kind":"markdown","optional":true},"setting_type":{"type":"string","description":"Type of the summary setting.","description_kind":"markdown","optional":true},"summary_type":{"type":"string","description":"Level of detail of the generated summary.","description_kind":"markdown","optional":true}},"block_types":{"custom_entities":{"nesting_mode":"list","block":{"attributes":{"description":{"type":"string","description":"Describe the information the entity captures.","description_kind":"markdown","optional":true},"label":{"type":"string","description":"Label how the entity should be called.","description_kind":"markdown","optional":true}},"description":"Custom entity definition.","description_kind":"markdown"}},"mask_p_i_i":{"nesting_mode":"list","block":{"attributes":{"all":{"type":"bool","description":"Toggle PII visibility in summary.","description_kind":"markdown","required":true}},"description":"Displaying PII in the generated summary.","description_kind":"markdown"},"max_items":1},"participant_labels":{"nesting_mode":"list","block":{"attributes":{"external":{"type":"string","description":"Specify how to refer the external participant of the interaction.","description_kind":"markdown","optional":true},"internal":{"type":"string","description":"Specify how to refer the internal participant of the interaction.","description_kind":"markdown","optional":true}},"description":"How to refer to interaction participants in the generated summary.","description_kind":"markdown"},"max_items":1}},"description":"Genesys Cloud ai studio summary setting","description_kind":"markdown"}},"genesyscloud_architect_datatable":{"version":1,"block":{"attributes":{"description":{"type":"string","description":"Description of the architect_datatable.","description_kind":"markdown","optional":true},"division_id":{"type":"string","description":"The division to which this architect_datatable will belong. If not set, the home division will be used.","description_kind":"markdown","optional":true,"computed":true},"id":{"type":"string","description_kind":"plain","optional":true,"computed":true},"name":{"type":"string","description":"Name of the architect_datatable.","description_kind":"markdown","required":true}},"block_types":{"properties":{"nesting_mode":"list","block":{"attributes":{"default":{"type":"string","description":"Default value of the property. This is converted to the proper type for non-strings (e.g. set 'true' or 'false' for booleans).","description_kind":"markdown","optional":true},"name":{"type":"string","description":"Name of the property.","description_kind":"markdown","required":true},"title":{"type":"string","description":"Display title of the property.","description_kind":"markdown","optional":true},"type":{"type":"string","description":"Type of the property (boolean | string | integer | number).","description_kind":"markdown","required":true}},"description":"Schema properties of the architect_datatable. This must at a minimum contain a string property 'key' that will serve as the row key. Properties cannot be removed from a schema once they have been added","description_kind":"markdown"},"min_items":1}},"description":"Genesys Cloud Architect Datatables","description_kind":"markdown"}},"genesyscloud_architect_datatable_row":{"version":1,"block":{"attributes":{"datatable_id":{"type":"string","description":"Datatable ID that contains this row. If this is changed, a new row is created.","description_kind":"markdown","required":true},"id":{"type":"string","description_kind":"plain","optional":true,"computed":true},"key_value":{"type":"string","description":"Value for this row's key. If this is changed, a new row is created.","description_kind":"markdown","required":true},"properties_json":{"type":"string","description":"JSON object containing properties and values for this row. Defaults will be set for missing properties.","description_kind":"markdown","optional":true,"computed":true}},"description":"Genesys Cloud Architect Datatable Row","description_kind":"markdown"}},"genesyscloud_architect_emergencygroup":{"version":1,"block":{"attributes":{"description":{"type":"string","description":"Description of the emergency group.","description_kind":"markdown","optional":true},"division_id":{"type":"string","description":"The division to which this emergency group will belong. If not set, the home division will be used.","description_kind":"markdown","optional":true,"computed":true},"enabled":{"type":"bool","description":"The state of the emergency group. Defaults to false/inactive. Defaults to `false`.","description_kind":"markdown","optional":true},"id":{"type":"string","description_kind":"plain","optional":true,"computed":true},"name":{"type":"string","description":"Name of the emergency group. Note:  If the name is changed, the emergency group is dropped and recreated with a new ID. This can cause an Architect flow to be invalid if it references the old emergency group","description_kind":"markdown","required":true}},"block_types":{"emergency_call_flows":{"nesting_mode":"list","block":{"attributes":{"emergency_flow_id":{"type":"string","description":"The ID of the connected call flow.","description_kind":"markdown","required":true},"ivr_ids":{"type":["set","string"],"description":"The IDs of the connected IVRs.","description_kind":"markdown","required":true}},"description":"The emergency call flows for this emergency group.","description_kind":"markdown"}}},"description":"Genesys Cloud Architect Emergency Group","description_kind":"markdown"}},"genesyscloud_architect_grammar":{"version":1,"block":{"attributes":{"description":{"type":"string","description":"Description of the grammar","description_kind":"markdown","optional":true},"id":{"type":"string","description_kind":"plain","optional":true,"computed":true},"name":{"type":"string","description":"The name of grammar","description_kind":"markdown","required":true}},"description":"Genesys Cloud architect grammar","description_kind":"markdown"}},"genesyscloud_architect_grammar_language":{"version":1,"block":{"attributes":{"grammar_id":{"type":"string","description":"The id of the grammar this language belongs too. If this is changed a new language is created.","description_kind":"markdown","required":true},"id":{"type":"string","description_kind":"plain","optional":true,"computed":true},"language":{"type":"string","description":"Language name. (eg. en-us). If this is changed a new language is created.","description_kind":"markdown","required":true}},"block_types":{"dtmf_file_data":{"nesting_mode":"list","block":{"attributes":{"file_content_hash":{"type":"string","description":"Hash value of the file content. Used to detect changes. Required for non-S3 file paths.","description_kind":"markdown","optional":true},"file_name":{"type":"string","description":"The name of the file as defined by the user. Note: Changes to files stored in S3 will not be detected by Terraform due to a technical limitation in the Terraform Plugin SDK.","description_kind":"markdown","required":true},"file_type":{"type":"string","description":"The extension of the file.","description_kind":"markdown","required":true}},"description":"Information about the associated dtmf file.","description_kind":"markdown"},"max_items":1},"voice_file_data":{"nesting_mode":"list","block":{"attributes":{"file_content_hash":{"type":"string","description":"Hash value of the file content. Used to detect changes. Required for non-S3 file paths.","description_kind":"markdown","optional":true},"file_name":{"type":"string","description":"The name of the file as defined by the user. Note: Changes to files stored in S3 will not be detected by Terraform due to a technical limitation in the Terraform Plugin SDK.","description_kind":"markdown","required":true},"file_type":{"type":"string","description":"The extension of the file.","description_kind":"markdown","required":true}},"description":"Information about the associated voice file.","description_kind":"markdown"},"max_items":1}},"description":"Genesys Cloud architect grammar language","description_kind":"markdown"}},"genesyscloud_architect_ivr":{"version":1,"block":{"attributes":{"closed_hours_flow_id":{"type":"string","description":"ID of inbound call flow for closed hours.","description_kind":"markdown","optional":true},"description":{"type":"string","description":"IVR Config description.","description_kind":"markdown","optional":true},"division_id":{"type":"string","description":"Division ID.","description_kind":"markdown","optional":true,"computed":true},"dnis":{"type":["set","string"],"description":"The phone number(s) to contact the IVR by. Each phone number in the array must be in an E.164 number format. (Note: An array with a length greater than 50 will be broken into chunks and uploaded in subsequent PUT requests.)","description_kind":"markdown","optional":true},"holiday_hours_flow_id":{"type":"string","description":"ID of inbound call flow for holidays.","description_kind":"markdown","optional":true},"id":{"type":"string","description_kind":"plain","optional":true,"computed":true},"name":{"type":"string","description":"Name of the IVR config. Note: If the name changes, the existing Genesys Cloud IVR config will be dropped and recreated with a new ID. This can cause an Architect Flow to become invalid if the old flow is reference in the flow.","description_kind":"markdown","required":true},"open_hours_flow_id":{"type":"string","description":"ID of inbound call flow for open hours.","description_kind":"markdown","optional":true},"schedule_group_id":{"type":"string","description":"Schedule group ID.","description_kind":"markdown","optional":true}},"description":"Genesys Cloud IVR config","description_kind":"markdown"}},"genesyscloud_architect_schedulegroups":{"version":1,"block":{"attributes":{"closed_schedules_id":{"type":["set","string"],"description":"The schedules defining the hours an organization is closed.","description_kind":"markdown","optional":true},"description":{"type":"string","description":"Description of the schedule group.","description_kind":"markdown","optional":true},"division_id":{"type":"string","description":"The division to which this schedule group will belong. If not set, the home division will be used. If set, you must have all divisions and future divisions selected in your OAuth client role","description_kind":"markdown","optional":true,"computed":true},"holiday_schedules_id":{"type":["set","string"],"description":"The schedules defining the hours an organization is closed for the holidays.","description_kind":"markdown","optional":true},"id":{"type":"string","description_kind":"plain","optional":true,"computed":true},"name":{"type":"string","description":"Name of the schedule group.","description_kind":"markdown","required":true},"open_schedules_id":{"type":["set","string"],"description":"The schedules defining the hours an organization is open.","description_kind":"markdown","required":true},"time_zone":{"type":"string","description":"The timezone the schedules are a part of.","description_kind":"markdown","optional":true}},"description":"Genesys Cloud Architect Schedule Groups","description_kind":"markdown"}},"genesyscloud_architect_schedules":{"version":1,"block":{"attributes":{"description":{"type":"string","description":"Description of the schedule.","description_kind":"markdown","optional":true},"division_id":{"type":"string","description":"The division to which this schedule group will belong. If not set, the home division will be used. If set, you must have all divisions and future divisions selected in your OAuth client role","description_kind":"markdown","optional":true,"computed":true},"end":{"type":"string","description":"Date time is represented as an ISO-8601 string without a timezone. For example: 2006-01-02T15:04:05.000000.","description_kind":"markdown","required":true},"id":{"type":"string","description_kind":"plain","optional":true,"computed":true},"name":{"type":"string","description":"Name of the schedule.","description_kind":"markdown","required":true},"rrule":{"type":"string","description":"An iCal Recurrence Rule (RRULE) string. It is required to be set for schedules determining when upgrades to the Edge software can be applied.","description_kind":"markdown","optional":true},"start":{"type":"string","description":"Date time is represented as an ISO-8601 string without a timezone. For example: 2006-01-02T15:04:05.000000. The start date should be applicable to the schedule's recurrence rule.","description_kind":"markdown","required":true}},"description":"Genesys Cloud Architect Schedules","description_kind":"markdown"}},"genesyscloud_architect_user_prompt":{"version":1,"block":{"attributes":{"description":{"type":"string","description":"Description of the user audio prompt.","description_kind":"markdown","optional":true},"id":{"type":"string","description_kind":"plain","optional":true,"computed":true},"name":{"type":"string","description":"Name of the user audio prompt. Note: If the name of the user prompt is changed, this will cause the Prompt to be dropped and recreated with a new ID. This will generate a new ID for the prompt and will invalidate any Architect flows referencing it.","description_kind":"markdown","required":true},"resources":{"type":["set",["object",{"file_content_hash":"string","filename":"string","language":"string","text":"string","tts_string":"string"}]],"description":"Audio of TTS resources for the audio prompt.","description_kind":"markdown","optional":true,"computed":true}},"description":"Genesys Cloud User Audio Prompt","description_kind":"markdown"}},"genesyscloud_auth_division":{"version":1,"block":{"attributes":{"description":{"type":"string","description":"Division description.","description_kind":"markdown","optional":true},"home":{"type":"bool","description":"True if this is the home division. This can be set to manage the pre-existing home division.  Note: If name attribute is changed, this will cause the auth_division to be dropped and recreated. This will generate a new ID the division.  Existing objects with the old division will not be migrated to the new division","description_kind":"markdown","optional":true},"id":{"type":"string","description_kind":"plain","optional":true,"computed":true},"name":{"type":"string","description":"Division name.","description_kind":"markdown","required":true}},"description":"Genesys Cloud Authorization Division","description_kind":"markdown"}},"genesyscloud_auth_role":{"version":1,"block":{"attributes":{"default_role_id":{"type":"string","description":"Internal ID for an existing default role, e.g. 'employee'. This can be set to manage permissions on existing default roles.  Note: Changing the default_role_id attribute will cause this auth_role to be dropped and recreated with a new ID.","description_kind":"markdown","optional":true},"description":{"type":"string","description":"Role description.","description_kind":"markdown","optional":true},"id":{"type":"string","description_kind":"plain","optional":true,"computed":true},"name":{"type":"string","description":"Role name. This cannot be modified for default roles.","description_kind":"markdown","required":true},"permissions":{"type":["set","string"],"description":"General role permissions. e.g. 'group_creation'","description_kind":"markdown","optional":true}},"block_types":{"permission_policies":{"nesting_mode":"set","block":{"attributes":{"action_set":{"type":["set","string"],"description":"Actions allowed on the entity or '*' for all. e.g. 'add'","description_kind":"markdown","required":true},"domain":{"type":"string","description":"Permission domain. e.g 'directory'","description_kind":"markdown","required":true},"entity_name":{"type":"string","description":"Permission entity or '*' for all. e.g. 'user'","description_kind":"markdown","required":true}},"block_types":{"conditions":{"nesting_mode":"list","block":{"attributes":{"conjunction":{"type":"string","description":"Conjunction for condition terms (AND | OR).","description_kind":"markdown","required":true}},"block_types":{"terms":{"nesting_mode":"set","block":{"attributes":{"operator":{"type":"string","description":"Operator type (EQ | IN | GE | GT | LE | LT).","description_kind":"markdown","required":true},"variable_name":{"type":"string","description":"Variable name being compared. This varies depending on the permission.","description_kind":"markdown","required":true}},"block_types":{"operands":{"nesting_mode":"set","block":{"attributes":{"queue_id":{"type":"string","description":"Queue ID for QUEUE types.","description_kind":"markdown","optional":true},"type":{"type":"string","description":"Value type (USER | QUEUE | SCALAR | VARIABLE).","description_kind":"markdown","required":true},"user_id":{"type":"string","description":"User ID for USER types.","description_kind":"markdown","optional":true},"value":{"type":"string","description":"Value for operand. For USER or QUEUE types, use user_id or queue_id instead.","description_kind":"markdown","optional":true}},"description":"Operands for this condition.","description_kind":"markdown"},"min_items":1}},"description":"Terms of the condition.","description_kind":"markdown"},"min_items":1}},"description":"Conditions specific to this resource. This is only applicable to some permission types.","description_kind":"markdown"},"max_items":1}},"description":"Role permission policies.","description_kind":"markdown"}}},"description":"Genesys Cloud Authorization Role","description_kind":"markdown"}},"genesyscloud_bcp_tf_exporter":{"version":0,"block":{"attributes":{"directory":{"type":"string","description":"Directory where the JSON export file will be written. Defaults to `./genesyscloud`.","description_kind":"markdown","optional":true},"exclude_filter_resources":{"type":["list","string"],"description":"Exclude resources that match either a resource type or a resource type::regular expression.","description_kind":"markdown","optional":true},"filename":{"type":"string","description":"Name of the JSON export file. Defaults to `bcp_export.json`.","description_kind":"markdown","optional":true},"id":{"type":"string","description_kind":"plain","optional":true,"computed":true},"include_filter_resources":{"type":["list","string"],"description":"Include only resources that match either a resource type or a resource type::regular expression.","description_kind":"markdown","optional":true},"log_permissions_filename":{"type":"string","description":"Name of the file to output permissions errors","description_kind":"markdown","optional":true}},"description":"Genesys Cloud BCP Resource to export resource IDs, names, and dependencies in JSON format.","description_kind":"markdown"}},"genesyscloud_business_rules_decision_table":{"version":1,"block":{"attributes":{"description":{"type":"string","description":"The decision table description.","description_kind":"markdown","optional":true},"division_id":{"type":"string","description":"The ID of the division the decision table belongs to.","description_kind":"markdown","required":true},"id":{"type":"string","description_kind":"plain","optional":true,"computed":true},"name":{"type":"string","description":"The decision table name.","description_kind":"markdown","required":true},"schema_id":{"type":"string","description":"The ID of the rules schema used by the decision table.","description_kind":"markdown","required":true},"version":{"type":"number","description":"Current version number of this published decision table.","description_kind":"markdown","computed":true}},"block_types":{"columns":{"nesting_mode":"list","block":{"block_types":{"inputs":{"nesting_mode":"list","block":{"attributes":{"id":{"type":"string","description":"The ID of the column","description_kind":"markdown","computed":true}},"block_types":{"defaults_to":{"nesting_mode":"list","block":{"attributes":{"special":{"type":"string","description":"A default special value enum for this column.Valid values: Wildcard, Null, Empty, CurrentTime.","description_kind":"markdown","optional":true},"value":{"type":"string","description":"A default string value for this column, will be cast to appropriate type according to the relevant contract schema property.","description_kind":"markdown","optional":true},"values":{"type":["list","string"],"description":"A default list of string values for this column. Used for stringList data types.","description_kind":"markdown","optional":true}},"description":"Default value configuration. Only one of 'value' or 'special' should be set.","description_kind":"markdown"},"min_items":1,"max_items":1},"expression":{"nesting_mode":"list","block":{"attributes":{"comparator":{"type":"string","description":"A comparator used to join the left and right sides of a logical condition. Valid values: Equals, NotEquals, GreaterThan, GreaterThanOrEquals, LessThan, LessThanOrEquals, StartsWith, NotStartsWith, EndsWith, NotEndsWith, Contains, NotContains, ContainsAny, NotContainsAny, ContainsAll, NotContainsAll, ContainsExactly, NotContainsExactly, ContainsSequence, NotContainsSequence, IsSubset, NotIsSubset, IsSubsequence, NotIsSubsequence.","description_kind":"markdown","required":true}},"block_types":{"contractual":{"nesting_mode":"list","block":{"attributes":{"schema_property_key":{"type":"string","description":"The contract schema property key that describes the input value of this column.","description_kind":"markdown","required":true}},"block_types":{"contractual":{"nesting_mode":"list","block":{"attributes":{"schema_property_key":{"type":"string","description":"The contract schema property key that describes the input value of this column.","description_kind":"markdown","required":true}},"block_types":{"contractual":{"nesting_mode":"list","block":{"attributes":{"schema_property_key":{"type":"string","description":"The contract schema property key that describes the input value of this column.","description_kind":"markdown","required":true}},"description":"The nested contractual definition that is defined by a contract schema, if any.","description_kind":"markdown"},"max_items":1}},"description":"The nested contractual definition that is defined by a contract schema, if any.","description_kind":"markdown"},"max_items":1}},"description":"A value that is defined by a contract schema and used to form the left side of a logical condition.","description_kind":"markdown"},"min_items":1,"max_items":1}},"description":"The input column condition expression, comprising the left side and comparator of a logical condition in the form of left|comparator|right, where each row of the decision table will provide the right side to form a complete condition.","description_kind":"markdown"},"min_items":1,"max_items":1}},"description":"The input columns for the decision table","description_kind":"markdown"},"min_items":1},"outputs":{"nesting_mode":"list","block":{"attributes":{"id":{"type":"string","description":"The ID of the column","description_kind":"markdown","computed":true}},"block_types":{"defaults_to":{"nesting_mode":"list","block":{"attributes":{"special":{"type":"string","description":"A default special value enum for this column.Valid values: Wildcard, Null, Empty, CurrentTime.","description_kind":"markdown","optional":true},"value":{"type":"string","description":"A default string value for this column, will be cast to appropriate type according to the relevant contract schema property.","description_kind":"markdown","optional":true},"values":{"type":["list","string"],"description":"A default list of string values for this column. Used for stringList data types.","description_kind":"markdown","optional":true}},"description":"Default value configuration. Only one of 'value' or 'special' should be set.","description_kind":"markdown"},"min_items":1,"max_items":1},"value":{"nesting_mode":"list","block":{"attributes":{"schema_property_key":{"type":"string","description":"The contract schema property key that describes the output value of this column","description_kind":"markdown","required":true}},"block_types":{"properties":{"nesting_mode":"list","block":{"attributes":{"schema_property_key":{"type":"string","description":"The contract schema property key that describes the nested property value.","description_kind":"markdown","required":true}},"block_types":{"properties":{"nesting_mode":"list","block":{"attributes":{"schema_property_key":{"type":"string","description":"The contract schema property key that describes the nested property value.","description_kind":"markdown","required":true}},"block_types":{"properties":{"nesting_mode":"list","block":{"attributes":{"schema_property_key":{"type":"string","description":"The contract schema property key that describes the nested property value.","description_kind":"markdown","required":true}},"description":"The nested properties that are defined by a contract schema, if any.","description_kind":"markdown"}}},"description":"The nested properties that are defined by a contract schema, if any.","description_kind":"markdown"}}},"description":"The nested properties that are defined by a contract schema, if any.","description_kind":"markdown"}}},"description":"The output data of this column that will be provided by each row.","description_kind":"markdown"},"min_items":1,"max_items":1}},"description":"The output columns for the decision table","description_kind":"markdown"},"min_items":1}},"description":"Columns for the decision table. Cannot be modified after creation - requires resource recreation.\n\nNote: The order of input and output columns defines the positional mapping for row values. Row inputs/outputs must be provided in the same order as their corresponding columns.","description_kind":"markdown"},"min_items":1,"max_items":1},"rows":{"nesting_mode":"list","block":{"attributes":{"row_id":{"type":"string","description":"Unique identifier for this row within the decision table. Auto-generated by the system.","description_kind":"markdown","computed":true},"row_index":{"type":"number","description":"The absolute index of this row in the decision table, starting at 1. Auto-generated by the system.","description_kind":"markdown","computed":true}},"block_types":{"inputs":{"nesting_mode":"list","block":{"attributes":{"column_id":{"type":"string","description":"The unique identifier of the column. Auto-generated by the system.","description_kind":"markdown","computed":true}},"block_types":{"literal":{"nesting_mode":"list","block":{"attributes":{"type":{"type":"string","description":"The type of the literal value. Set to empty string \"\" to use column default.\n\n\t\t\t\t\t\t\t\tSupported types:\n\t\t\t\t\t\t\t\t- string: A string value\n\t\t\t\t\t\t\t\t- integer: A positive or negative whole number, including zero\n\t\t\t\t\t\t\t\t- number: A positive or negative decimal number, including zero\n\t\t\t\t\t\t\t\t- date: A date value, must be in the format of yyyy-MM-dd, e.g. 2024-09-23. Dates are represented as an ISO-8601 string\n\t\t\t\t\t\t\t\t- datetime: A date time value, must be in the format of yyyy-MM-dd'T'HH:mm:ss.SSSZ, e.g. 2024-10-02T01:01:01.111Z. Date time is represented as an ISO-8601 string\n\t\t\t\t\t\t\t\t- special: A special value enum, such as Wildcard, Null, etc. Valid values: Wildcard, Null, Empty, CurrentTime\n\t\t\t\t\t\t\t\t- boolean: A boolean value\n\t\t\t\t\t\t\t\t- stringList: A list of string values, provided as comma-separated string\n\t\t\t\t\t\t\t\t- \"\": An empty string \"\" to use column default","description_kind":"markdown","optional":true},"value":{"type":"string","description":"The literal value. IMPORTANT: All values must be wrapped in quotes, even numbers and booleans.\n\t\t\t\t\t\t\t\tSet to empty string \"\" to use column default.\n\n\t\t\t\t\t\t\t\tExamples:\n\t\t\t\t\t\t\t\t- String: \"VIP\", \"Hello World\"\n\t\t\t\t\t\t\t\t- Integer: \"42\", \"0\", \"-10\"\n\t\t\t\t\t\t\t\t- Number: \"3.14\", \"0.0\", \"-1.5\" (formatting differences like \"1.0\" vs \"1\" are automatically handled)\n\t\t\t\t\t\t\t\t- Boolean: \"true\", \"false\"\n\t\t\t\t\t\t\t\t- Date: \"2023-01-01\"\n\t\t\t\t\t\t\t\t- DateTime: \"2023-01-01T12:00:00.000Z\"\n\t\t\t\t\t\t\t\t- Special: \"Wildcard\", \"Null\", \"Empty\", \"CurrentTime\"\n\t\t\t\t\t\t\t\t- StringList: \"item1,item2,item3\" (comma-separated string)\n\t\t\t\t\t\t\t\t- Default: Empty string \"\" uses column default Defaults to ``.","description_kind":"markdown","optional":true}},"description":"The literal value for this parameter. Use an empty block {} or empty values (value = \"\", type = \"\") to use column default.","description_kind":"markdown"},"min_items":1,"max_items":1}},"description":"Input values (conditions) for this decision row. Values are matched to input columns by position (index) - first input corresponds to first input column, second to second, etc. Missing values will use column defaults provided by the decision table columns defaults_to field.","description_kind":"markdown"}},"outputs":{"nesting_mode":"list","block":{"attributes":{"column_id":{"type":"string","description":"The unique identifier of the column. Auto-generated by the system.","description_kind":"markdown","computed":true}},"block_types":{"literal":{"nesting_mode":"list","block":{"attributes":{"type":{"type":"string","description":"The type of the literal value. Set to empty string \"\" to use column default.\n\n\t\t\t\t\t\t\t\tSupported types:\n\t\t\t\t\t\t\t\t- string: A string value\n\t\t\t\t\t\t\t\t- integer: A positive or negative whole number, including zero\n\t\t\t\t\t\t\t\t- number: A positive or negative decimal number, including zero\n\t\t\t\t\t\t\t\t- date: A date value, must be in the format of yyyy-MM-dd, e.g. 2024-09-23. Dates are represented as an ISO-8601 string\n\t\t\t\t\t\t\t\t- datetime: A date time value, must be in the format of yyyy-MM-dd'T'HH:mm:ss.SSSZ, e.g. 2024-10-02T01:01:01.111Z. Date time is represented as an ISO-8601 string\n\t\t\t\t\t\t\t\t- special: A special value enum, such as Wildcard, Null, etc. Valid values: Wildcard, Null, Empty, CurrentTime\n\t\t\t\t\t\t\t\t- boolean: A boolean value\n\t\t\t\t\t\t\t\t- stringList: A list of string values, provided as comma-separated string\n\t\t\t\t\t\t\t\t- \"\": An empty string \"\" to use column default","description_kind":"markdown","optional":true},"value":{"type":"string","description":"The literal value. IMPORTANT: All values must be wrapped in quotes, even numbers and booleans.\n\t\t\t\t\t\t\t\tSet to empty string \"\" to use column default.\n\n\t\t\t\t\t\t\t\tExamples:\n\t\t\t\t\t\t\t\t- String: \"VIP\", \"Hello World\"\n\t\t\t\t\t\t\t\t- Integer: \"42\", \"0\", \"-10\"\n\t\t\t\t\t\t\t\t- Number: \"3.14\", \"0.0\", \"-1.5\" (formatting differences like \"1.0\" vs \"1\" are automatically handled)\n\t\t\t\t\t\t\t\t- Boolean: \"true\", \"false\"\n\t\t\t\t\t\t\t\t- Date: \"2023-01-01\"\n\t\t\t\t\t\t\t\t- DateTime: \"2023-01-01T12:00:00.000Z\"\n\t\t\t\t\t\t\t\t- Special: \"Wildcard\", \"Null\", \"Empty\", \"CurrentTime\"\n\t\t\t\t\t\t\t\t- StringList: \"item1,item2,item3\" (comma-separated string)\n\t\t\t\t\t\t\t\t- Default: Empty string \"\" uses column default Defaults to ``.","description_kind":"markdown","optional":true}},"description":"The literal value for this parameter. Use an empty block {} or empty values (value = \"\", type = \"\") to use column default.","description_kind":"markdown"},"min_items":1,"max_items":1}},"description":"Output values (results) for this decision row. Values are matched to output columns by position (index) - first output corresponds to first output column, second to second, etc. Missing values will use column defaults provided by the decision table columns defaults_to field.","description_kind":"markdown"}}},"description":"Decision table rows containing input conditions and output results. Rows are added to the latest draft version and published automatically. At least one row is required to publish the table.\n\nIMPORTANT: Row inputs and outputs must follow the same positional order as defined in the columns. The first input/output corresponds to the first column, second to second column, etc.","description_kind":"markdown"},"min_items":1}},"description":"Genesys Cloud business rules decision table. Creates version 1 automatically with the specified columns. Columns cannot be modified after creation - requires resource recreation.","description_kind":"markdown"}},"genesyscloud_business_rules_schema":{"version":1,"block":{"attributes":{"description":{"type":"string","description":"The description of the Business Rules Schema","description_kind":"markdown","optional":true},"enabled":{"type":"bool","description":"The schema's enabled/disabled status. A disabled schema cannot be assigned to any other entities, but the data on those entities from the schema still exists. Defaults to `true`.","description_kind":"markdown","optional":true},"id":{"type":"string","description_kind":"plain","optional":true,"computed":true},"name":{"type":"string","description":"The name of the Business Rules Schema","description_kind":"markdown","required":true},"properties":{"type":"string","description":"The properties for the JSON Schema document.","description_kind":"markdown","optional":true},"version":{"type":"number","description":"The version number of the Business Rules Schema. The version number is incremented each time the schema is modified.","description_kind":"markdown","computed":true}},"description":"Genesys Cloud business rules schema","description_kind":"markdown"}},"genesyscloud_conversations_messaging_integrations_apple":{"version":1,"block":{"attributes":{"business_name":{"type":"string","description":"The name of the business.","description_kind":"markdown","optional":true},"id":{"type":"string","description_kind":"plain","optional":true,"computed":true},"logo_url":{"type":"string","description":"The url of the businesses logo.","description_kind":"markdown","optional":true},"messages_for_business_id":{"type":"string","description":"The Apple Messages for Business Id for the Apple messaging integration.","description_kind":"markdown","required":true},"messaging_setting_id":{"type":"string","description":"The ID of the messaging setting configured for this integration","description_kind":"markdown","optional":true},"name":{"type":"string","description":"The name of the Apple messaging integration.","description_kind":"markdown","required":true},"supported_content_id":{"type":"string","description":"The ID of the supported content profile configured for this integration. If not set, the default supported content profile will be used.","description_kind":"markdown","optional":true,"computed":true}},"block_types":{"apple_authentication":{"nesting_mode":"list","block":{"attributes":{"oauth_client_id":{"type":"string","description":"The Apple Messages for Business OAuth client id.","description_kind":"markdown","optional":true},"oauth_client_secret":{"type":"string","description":"The Apple Messages for Business OAuth client secret.","description_kind":"markdown","optional":true},"oauth_scope":{"type":"string","description":"The Apple Messages for Business OAuth scope.","description_kind":"markdown","optional":true},"oauth_token_url":{"type":"string","description":"The Apple Messages for Business token URL.","description_kind":"markdown","optional":true}},"description":"The Apple Messages for Business authentication setting.","description_kind":"markdown"},"max_items":1},"apple_i_message_app":{"nesting_mode":"list","block":{"attributes":{"application_id":{"type":"string","description":"Application ID.","description_kind":"markdown","required":true},"application_name":{"type":"string","description":"Application Name.","description_kind":"markdown","required":true},"bundle_id":{"type":"string","description":"Bundle ID.","description_kind":"markdown","required":true}},"description":"Interactive Application (iMessage App) Settings.","description_kind":"markdown"},"max_items":1},"apple_pay":{"nesting_mode":"list","block":{"attributes":{"domain_name":{"type":"string","description":"The domain name associated with the merchant account.","description_kind":"markdown","required":true},"fallback_url":{"type":"string","description":"The url opened in a web browser if the customers device is unable to make payments using Apple Pay.","description_kind":"markdown","optional":true},"merchant_id":{"type":"string","description":"The stores merchant identifier.","description_kind":"markdown","required":true},"order_tracking_url":{"type":"string","description":"The url called after completing the order to update the order information in your system","description_kind":"markdown","optional":true},"payment_capabilities":{"type":["list","string"],"description":"The payment capabilities supported by the merchant.","description_kind":"markdown","required":true},"payment_certificate_credential_id":{"type":"string","description":"The Genesys credentialId the payment certificates are stored under. Must be a valid and existing credential ID created via /api/v2/integrations/credentials endpoint. See API documentation: https://developer.genesys.cloud/devapps/api-explorer#post-api-v2-integrations-credentials. Example payload: {\"type\": \"applePayCertificate\", \"credentialFields\": {\"merchantKey\": \"base-64-key\", \"merchantCertificate\": \"base-64-cert\"}}","description_kind":"markdown","required":true},"payment_gateway_url":{"type":"string","description":"The url used to process payments.","description_kind":"markdown","required":true},"payment_method_update_url":{"type":"string","description":"The url called when the customer changes their payment method.","description_kind":"markdown","optional":true},"shipping_contact_update_url":{"type":"string","description":"The url called when the customer changes their shipping address information.","description_kind":"markdown","optional":true},"shipping_method_update_url":{"type":"string","description":"The url called when the customer changes the shipping method.","description_kind":"markdown","optional":true},"store_name":{"type":"string","description":"The name of the store.","description_kind":"markdown","required":true},"supported_payment_networks":{"type":["list","string"],"description":"The payment networks supported by the merchant.","description_kind":"markdown","required":true}},"description":"Apple Pay settings.","description_kind":"markdown"},"max_items":1}},"description":"Genesys Cloud apple integration","description_kind":"markdown"}},"genesyscloud_conversations_messaging_integrations_instagram":{"version":1,"block":{"attributes":{"app_id":{"type":"string","description":"The app ID of Facebook app. The appId is required when a customer wants to use their own approved Facebook app.","description_kind":"markdown","optional":true},"app_secret":{"type":"string","description":"The app Secret of Facebook app. The appSecret is required when appId is provided.","description_kind":"markdown","optional":true},"id":{"type":"string","description_kind":"plain","optional":true,"computed":true},"messaging_setting_id":{"type":"string","description":"Messaging Setting for messaging platform integrations","description_kind":"markdown","optional":true},"name":{"type":"string","description":"The name of the Instagram Integration","description_kind":"markdown","required":true},"page_access_token":{"type":"string","description":"The long-lived Page Access Token of Instagram page. See https://developers.facebook.com/docs/facebook-login/access-tokens. When a pageAccessToken is provided, pageId and userAccessToken are not required.","description_kind":"markdown","optional":true},"page_id":{"type":"string","description":"The page ID of Instagram page. The pageId is required when userAccessToken is provided.","description_kind":"markdown","optional":true},"supported_content_id":{"type":"string","description":"Reference to supported content profile associated with the integration","description_kind":"markdown","optional":true},"user_access_token":{"type":"string","description":"The short-lived User Access Token of Instagram user logged into Facebook app. See https://developers.facebook.com/docs/facebook-login/access-tokens. When userAccessToken is provided, pageId is mandatory. When userAccessToken/pageId combination is provided, pageAccessToken is not required.","description_kind":"markdown","optional":true}},"description":"Genesys Cloud conversations messaging integrations instagram","description_kind":"markdown"}},"genesyscloud_conversations_messaging_integrations_open":{"version":1,"block":{"attributes":{"id":{"type":"string","description_kind":"plain","optional":true,"computed":true},"messaging_setting_id":{"type":"string","description":"Messaging Setting for messaging platform integrations","description_kind":"markdown","optional":true},"name":{"type":"string","description":"The name of the Open messaging integration.","description_kind":"markdown","required":true},"outbound_notification_webhook_signature_secret_token":{"type":"string","description":"The outbound notification webhook signature secret token. This token must be longer than 15 characters.","description_kind":"markdown","required":true},"outbound_notification_webhook_url":{"type":"string","description":"The outbound notification webhook URL for the Open messaging integration","description_kind":"markdown","required":true},"supported_content_id":{"type":"string","description":"Reference to supported content profile associated with the integration","description_kind":"markdown","optional":true,"computed":true},"webhook_headers":{"type":"string","description":"The user specified headers for the Open messaging integration.","description_kind":"markdown","optional":true,"computed":true}},"description":"Genesys Cloud conversations messaging integrations open","description_kind":"markdown"}},"genesyscloud_conversations_messaging_integrations_whatsapp":{"version":1,"block":{"attributes":{"embedded_signup_access_token":{"type":"string","description":"The access token returned from the embedded signup flow","description_kind":"markdown","required":true},"id":{"type":"string","description_kind":"plain","optional":true,"computed":true},"messaging_setting_id":{"type":"string","description":"Messaging Setting for messaging platform integrations","description_kind":"markdown","optional":true},"name":{"type":"string","description":"The name of the WhatsApp Integration","description_kind":"markdown","required":true},"supported_content_id":{"type":"string","description":"Reference to supported content profile associated with the integration","description_kind":"markdown","optional":true}},"block_types":{"activate_whatsapp":{"nesting_mode":"set","block":{"attributes":{"phone_number":{"type":"string","description":"Phone number to associate with the WhatsApp integration","description_kind":"markdown","required":true},"pin":{"type":"string","description":"Specify the two-step verification PIN for that phone number","description_kind":"markdown","required":true}},"description":"Flag indicating whether to activate the WhatsApp Integration. If set to true, the integration will be activated during creation/update.","description_kind":"markdown"}}},"description":"Genesys Cloud conversations messaging integrations whatsapp","description_kind":"markdown"}},"genesyscloud_conversations_messaging_settings":{"version":1,"block":{"attributes":{"id":{"type":"string","description_kind":"plain","optional":true,"computed":true},"name":{"type":"string","description":"The messaging Setting profile name","description_kind":"markdown","required":true}},"block_types":{"content":{"nesting_mode":"list","block":{"block_types":{"story":{"nesting_mode":"list","block":{"block_types":{"mention":{"nesting_mode":"list","block":{"attributes":{"inbound":{"type":"string","description":"Valid values: Enabled, Disabled.","description_kind":"markdown","optional":true}},"description":"Setting relating to Story Mentions","description_kind":"markdown"},"max_items":1},"reply":{"nesting_mode":"list","block":{"attributes":{"inbound":{"type":"string","description":"Valid values: Enabled, Disabled.","description_kind":"markdown","optional":true}},"description":"Setting relating to Story Replies","description_kind":"markdown"},"max_items":1}},"description":"Settings relating to facebook and instagram stories feature","description_kind":"markdown"},"max_items":1}},"description":"Settings relating to message contents","description_kind":"markdown"},"max_items":1},"event":{"nesting_mode":"list","block":{"block_types":{"typing":{"nesting_mode":"list","block":{"block_types":{"on":{"nesting_mode":"list","block":{"attributes":{"inbound":{"type":"string","description":"Status for the Inbound Direction. Valid values: Enabled, Disabled.","description_kind":"markdown","optional":true},"outbound":{"type":"string","description":"Status for the outbound Direction. Valid values: Enabled, Disabled.","description_kind":"markdown","optional":true}},"description":"Should typing indication Events be sent","description_kind":"markdown"},"max_items":1}},"description":"Settings regarding typing events","description_kind":"markdown"},"max_items":1}},"description":"Settings relating to events which may occur","description_kind":"markdown"},"max_items":1}},"description":"Genesys Cloud conversations messaging settings","description_kind":"markdown"}},"genesyscloud_conversations_messaging_settings_default":{"version":1,"block":{"attributes":{"id":{"type":"string","description_kind":"plain","optional":true,"computed":true},"setting_id":{"type":"string","description":"Messaging Setting ID to be used as the default for this Organization.","description_kind":"markdown","required":true}},"description":"Genesys Cloud conversations messaging settings default","description_kind":"markdown"}},"genesyscloud_conversations_messaging_supportedcontent":{"version":1,"block":{"attributes":{"id":{"type":"string","description_kind":"plain","optional":true,"computed":true},"name":{"type":"string","description":"The name of the supported content profile","description_kind":"markdown","required":true}},"block_types":{"media_types":{"nesting_mode":"list","block":{"block_types":{"allow":{"nesting_mode":"list","block":{"block_types":{"inbound":{"nesting_mode":"list","block":{"attributes":{"type":{"type":"string","description":"The media type string as defined by RFC 2046. You can define specific types such as 'image/jpeg', 'video/mpeg', or specify wild cards for a range of types, 'image/*', or all types '*/*'. See https://www.iana.org/assignments/media-types/media-types.xhtml for a list of registered media types.","description_kind":"markdown","optional":true}},"description":"List of media types allowed for inbound messages from customers. If inbound messages from a customer contain media that is not in this list, the media will be dropped from the outbound message.","description_kind":"markdown"}},"outbound":{"nesting_mode":"list","block":{"attributes":{"type":{"type":"string","description":"The media type string as defined by RFC 2046. You can define specific types such as 'image/jpeg', 'video/mpeg', or specify wild cards for a range of types, 'image/*', or all types '*/*'. See https://www.iana.org/assignments/media-types/media-types.xhtml for a list of registered media types.","description_kind":"markdown","optional":true}},"description":"List of media types allowed for outbound messages to customers. If an outbound message is sent that contains media that is not in this list, the message will not be sent.","description_kind":"markdown"}}},"description":"Specify allowed media types for inbound and outbound messages. If this field is empty, all inbound and outbound media will be blocked.","description_kind":"markdown"},"max_items":1}},"description":"Defines the allowable media that may be accepted for an inbound message or to be sent in an outbound message.","description_kind":"markdown"},"max_items":1}},"description":"Genesys Cloud supported content","description_kind":"markdown"}},"genesyscloud_conversations_messaging_supportedcontent_default":{"version":1,"block":{"attributes":{"content_id":{"type":"string","description":"The SupportedContent unique identifier associated with this integration","description_kind":"markdown","required":true},"id":{"type":"string","description_kind":"plain","optional":true,"computed":true}},"description":"Genesys Cloud conversations messaging supportedcontent default","description_kind":"markdown"}},"genesyscloud_conversations_settings":{"version":1,"block":{"attributes":{"allow_callback_queue_selection":{"type":"bool","description":"Allow Callback Queue Selection","description_kind":"markdown","optional":true,"computed":true},"callbacks_inherit_routing_from_inbound_call":{"type":"bool","description":"Inherit callback routing data from inbound calls","description_kind":"markdown","optional":true,"computed":true},"communication_based_acw":{"type":"bool","description":"Communication Based ACW","description_kind":"markdown","optional":true,"computed":true},"complete_acw_when_agent_transitions_offline":{"type":"bool","description":"Complete ACW When Agent Transitions Offline","description_kind":"markdown","optional":true,"computed":true},"id":{"type":"string","description_kind":"plain","optional":true,"computed":true},"include_non_agent_conversation_summary":{"type":"bool","description":"Display communication summary","description_kind":"markdown","optional":true,"computed":true},"total_active_callback":{"type":"bool","description":"Exclude the 'interacting' duration from the handle calculations of callbacks","description_kind":"markdown","optional":true,"computed":true}},"description":"Genesys Cloud organization conversations settings","description_kind":"markdown"}},"genesyscloud_customer_intent":{"version":1,"block":{"attributes":{"category_id":{"type":"string","description":"ID of the intent category","description_kind":"markdown","required":true},"description":{"type":"string","description":"Description of the customer intent","description_kind":"markdown","required":true},"expiry_time":{"type":"number","description":"Expiry time in hours of the customer intent","description_kind":"markdown","required":true},"id":{"type":"string","description_kind":"plain","optional":true,"computed":true},"name":{"type":"string","description":"Name of the customer intent","description_kind":"markdown","required":true}},"block_types":{"source_intents":{"nesting_mode":"set","block":{"attributes":{"source_id":{"type":"string","description":"ID of the source","description_kind":"markdown","optional":true},"source_intent_id":{"type":"string","description":"ID of the source intent","description_kind":"markdown","required":true},"source_intent_name":{"type":"string","description":"Name of the source intent","description_kind":"markdown","required":true},"source_name":{"type":"string","description":"Name of the source","description_kind":"markdown","optional":true},"source_type":{"type":"string","description":"Type of the source (e.g., Bot)","description_kind":"markdown","required":true}},"description":"List of source intents mapped to this customer intent","description_kind":"markdown"}}},"description":"Genesys Cloud customer intent","description_kind":"markdown"}},"genesyscloud_employeeperformance_externalmetrics_definitions":{"version":1,"block":{"attributes":{"default_objective_type":{"type":"string","description":"The default objective type of the External Metric Definition","description_kind":"markdown","required":true},"enabled":{"type":"bool","description":"True if the External Metric Definition is enabled","description_kind":"markdown","required":true},"id":{"type":"string","description_kind":"plain","optional":true,"computed":true},"name":{"type":"string","description":"The name of the External Metric Definition","description_kind":"markdown","required":true},"precision":{"type":"number","description":"The decimal precision of the External Metric Definition. Must be at least 0 and at most 5","description_kind":"markdown","required":true},"unit":{"type":"string","description":"The unit of the External Metric Definition. Note: Changing the unit property will cause the external metric object to be dropped and recreated with a new ID.","description_kind":"markdown","required":true},"unit_definition":{"type":"string","description":"The unit definition of the External Metric Definition. Note: Changing the unit definition property will cause the external metric object to be dropped and recreated with a new ID.","description_kind":"markdown","optional":true}},"description":"Genesys Cloud employeeperformance externalmetrics definition","description_kind":"markdown"}},"genesyscloud_externalcontacts_contact":{"version":1,"block":{"attributes":{"external_organization_id":{"type":"string","description":"External organization for this external contact","description_kind":"markdown","optional":true},"external_system_url":{"type":"string","description":"Contact external system url.","description_kind":"markdown","optional":true},"first_name":{"type":"string","description":"The first name of the contact.","description_kind":"markdown","optional":true},"id":{"type":"string","description_kind":"plain","optional":true,"computed":true},"last_name":{"type":"string","description":"The last name of the contact.","description_kind":"markdown","optional":true},"middle_name":{"type":"string","description":"The middle name of the contact.","description_kind":"markdown","optional":true},"other_email":{"type":"string","description":"Contact other email.","description_kind":"markdown","optional":true},"personal_email":{"type":"string","description":"Contact personal email.","description_kind":"markdown","optional":true},"salutation":{"type":"string","description":"The salutation of the contact.","description_kind":"markdown","optional":true},"survey_opt_out":{"type":"bool","description":"Contact survey opt out preference.","description_kind":"markdown","optional":true},"title":{"type":"string","description":"The title of the contact.","description_kind":"markdown","optional":true},"work_email":{"type":"string","description":"Contact work email.","description_kind":"markdown","optional":true}},"block_types":{"address":{"nesting_mode":"list","block":{"attributes":{"address1":{"type":"string","description":"Contact address 1.","description_kind":"markdown","optional":true},"address2":{"type":"string","description":"Contact address 2.","description_kind":"markdown","optional":true},"city":{"type":"string","description":"Contact address city.","description_kind":"markdown","optional":true},"country_code":{"type":"string","description":"Contact address country code.","description_kind":"markdown","optional":true},"postal_code":{"type":"string","description":"Contact address postal code.","description_kind":"markdown","optional":true},"state":{"type":"string","description":"Contact address state.","description_kind":"markdown","optional":true}},"description":"Contact address.","description_kind":"markdown"},"max_items":1},"cell_phone":{"nesting_mode":"list","block":{"attributes":{"accepts_sms":{"type":"bool","description":"If contact accept SMS.","description_kind":"markdown","optional":true},"country_code":{"type":"string","description":"Phone number country code.","description_kind":"markdown","optional":true,"computed":true},"display":{"type":"string","description":"Display string of the phone number.","description_kind":"markdown","optional":true,"computed":true},"e164":{"type":"string","description":"Phone number in e164 format.","description_kind":"markdown","optional":true,"computed":true},"extension":{"type":"number","description":"Phone extension.","description_kind":"markdown","optional":true}},"description":"Contact call phone settings.","description_kind":"markdown"},"max_items":1},"facebook_id":{"nesting_mode":"list","block":{"attributes":{"display_name":{"type":"string","description":"Contact whatsapp display name.","description_kind":"markdown","optional":true}},"block_types":{"ids":{"nesting_mode":"list","block":{"attributes":{"scoped_id":{"type":"string","description":"Contact facebook scoped id.","description_kind":"markdown","optional":true}},"description":"Contact facebook scoped id.","description_kind":"markdown"}}},"description":"Contact facebook account informations.","description_kind":"markdown"},"max_items":1},"home_phone":{"nesting_mode":"list","block":{"attributes":{"accepts_sms":{"type":"bool","description":"If contact accept SMS.","description_kind":"markdown","optional":true},"country_code":{"type":"string","description":"Phone number country code.","description_kind":"markdown","optional":true,"computed":true},"display":{"type":"string","description":"Display string of the phone number.","description_kind":"markdown","optional":true,"computed":true},"e164":{"type":"string","description":"Phone number in e164 format.","description_kind":"markdown","optional":true,"computed":true},"extension":{"type":"number","description":"Phone extension.","description_kind":"markdown","optional":true}},"description":"Contact home phone settings.","description_kind":"markdown"},"max_items":1},"line_id":{"nesting_mode":"list","block":{"attributes":{"display_name":{"type":"string","description":"Contact line display name.","description_kind":"markdown","optional":true}},"block_types":{"ids":{"nesting_mode":"list","block":{"attributes":{"user_id":{"type":"string","description":"Contact line id.","description_kind":"markdown","optional":true}},"description":"Contact line id.","description_kind":"markdown"}}},"description":"Contact line account informations.","description_kind":"markdown"},"max_items":1},"other_phone":{"nesting_mode":"list","block":{"attributes":{"accepts_sms":{"type":"bool","description":"If contact accept SMS.","description_kind":"markdown","optional":true},"country_code":{"type":"string","description":"Phone number country code.","description_kind":"markdown","optional":true,"computed":true},"display":{"type":"string","description":"Display string of the phone number.","description_kind":"markdown","optional":true,"computed":true},"e164":{"type":"string","description":"Phone number in e164 format.","description_kind":"markdown","optional":true,"computed":true},"extension":{"type":"number","description":"Phone extension.","description_kind":"markdown","optional":true}},"description":"Contact other phone settings.","description_kind":"markdown"},"max_items":1},"twitter_id":{"nesting_mode":"list","block":{"attributes":{"id":{"type":"string","description":"Contact twitter id.","description_kind":"markdown","optional":true},"name":{"type":"string","description":"Contact twitter name.","description_kind":"markdown","optional":true},"profile_url":{"type":"string","description":"Contact twitter account url.","description_kind":"markdown","computed":true},"screen_name":{"type":"string","description":"Contact twitter screen name.","description_kind":"markdown","optional":true}},"description":"Contact twitter account informations.","description_kind":"markdown"},"max_items":1},"whatsapp_id":{"nesting_mode":"list","block":{"attributes":{"display_name":{"type":"string","description":"Contact whatsapp display name.","description_kind":"markdown","required":true}},"block_types":{"phone_number":{"nesting_mode":"list","block":{"attributes":{"accepts_sms":{"type":"bool","description":"If contact accept SMS.","description_kind":"markdown","optional":true},"country_code":{"type":"string","description":"Phone number country code.","description_kind":"markdown","optional":true,"computed":true},"display":{"type":"string","description":"Display string of the phone number.","description_kind":"markdown","optional":true,"computed":true},"e164":{"type":"string","description":"Phone number in e164 format.","description_kind":"markdown","optional":true,"computed":true},"extension":{"type":"number","description":"Phone extension.","description_kind":"markdown","optional":true}},"description":"Contact whatsapp phone number.","description_kind":"markdown"},"min_items":1}},"description":"Contact whatsapp account informations.","description_kind":"markdown"},"max_items":1},"work_phone":{"nesting_mode":"list","block":{"attributes":{"accepts_sms":{"type":"bool","description":"If contact accept SMS.","description_kind":"markdown","optional":true},"country_code":{"type":"string","description":"Phone number country code.","description_kind":"markdown","optional":true,"computed":true},"display":{"type":"string","description":"Display string of the phone number.","description_kind":"markdown","optional":true,"computed":true},"e164":{"type":"string","description":"Phone number in e164 format.","description_kind":"markdown","optional":true,"computed":true},"extension":{"type":"number","description":"Phone extension.","description_kind":"markdown","optional":true}},"description":"Contact work phone settings.","description_kind":"markdown"},"max_items":1}},"description":"Genesys Cloud External Contact","description_kind":"markdown"}},"genesyscloud_externalcontacts_external_source":{"version":1,"block":{"attributes":{"active":{"type":"bool","description":"Whether the external source is active. Defaults to `true`.","description_kind":"markdown","optional":true},"id":{"type":"string","description_kind":"plain","optional":true,"computed":true},"name":{"type":"string","description":"The name of the external source.","description_kind":"markdown","required":true}},"block_types":{"link_configuration":{"nesting_mode":"list","block":{"attributes":{"uri_template":{"type":"string","description_kind":"plain","optional":true}},"description_kind":"plain"},"max_items":1}},"description":"Genesys Cloud external contacts external source","description_kind":"markdown"}},"genesyscloud_externalcontacts_organization":{"version":1,"block":{"attributes":{"company_type":{"type":"string","description_kind":"plain","optional":true},"custom_fields":{"type":"string","description":"JSON formatted object for custom field values defined in the schema referenced by the worktype of the workitem.","description_kind":"markdown","optional":true,"computed":true},"employee_count":{"type":"number","description_kind":"plain","optional":true},"external_system_url":{"type":"string","description":"A string that identifies an external system-of-record resource that may have more detailed information on the organization. It should be a valid URL (including the http/https protocol, port, and path [if any]). The value is automatically trimmed of any leading and trailing whitespace.","description_kind":"markdown","optional":true},"id":{"type":"string","description_kind":"plain","optional":true,"computed":true},"industry":{"type":"string","description_kind":"plain","optional":true},"name":{"type":"string","description":"The name of the company.","description_kind":"markdown","required":true},"revenue":{"type":"number","description_kind":"plain","optional":true},"tags":{"type":["list","string"],"description_kind":"plain","optional":true},"websites":{"type":["list","string"],"description_kind":"plain","optional":true}},"block_types":{"address":{"nesting_mode":"list","block":{"attributes":{"address1":{"type":"string","description_kind":"plain","optional":true},"address2":{"type":"string","description_kind":"plain","optional":true},"city":{"type":"string","description_kind":"plain","optional":true},"country_code":{"type":"string","description_kind":"plain","optional":true},"postal_code":{"type":"string","description_kind":"plain","optional":true},"state":{"type":"string","description_kind":"plain","optional":true}},"description_kind":"plain"},"max_items":1},"external_data_sources":{"nesting_mode":"list","block":{"attributes":{"platform":{"type":"string","description":"The platform that was the source of the data.  Example: a CRM like SALESFORCE.","description_kind":"markdown","optional":true},"url":{"type":"string","description":"An URL that links to the source record that contributed data to the associated entity.","description_kind":"markdown","optional":true}},"description":"Links to the sources of data (e.g. one source might be a CRM) that contributed data to this record.  Read-only, and only populated when requested via expand param.","description_kind":"markdown"}},"fax_number":{"nesting_mode":"list","block":{"attributes":{"accepts_sms":{"type":"bool","description":"If contact accept SMS.","description_kind":"markdown","optional":true},"country_code":{"type":"string","description":"Phone number country code.","description_kind":"markdown","optional":true,"computed":true},"display":{"type":"string","description":"Display string of the phone number.","description_kind":"markdown","optional":true,"computed":true},"e164":{"type":"string","description":"Phone number in e164 format.","description_kind":"markdown","optional":true,"computed":true},"extension":{"type":"number","description":"Phone extension.","description_kind":"markdown","optional":true}},"description_kind":"plain"},"max_items":1},"phone_number":{"nesting_mode":"list","block":{"attributes":{"accepts_sms":{"type":"bool","description":"If contact accept SMS.","description_kind":"markdown","optional":true},"country_code":{"type":"string","description":"Phone number country code.","description_kind":"markdown","optional":true,"computed":true},"display":{"type":"string","description":"Display string of the phone number.","description_kind":"markdown","optional":true,"computed":true},"e164":{"type":"string","description":"Phone number in e164 format.","description_kind":"markdown","optional":true,"computed":true},"extension":{"type":"number","description":"Phone extension.","description_kind":"markdown","optional":true}},"description_kind":"plain"},"max_items":1},"schema":{"nesting_mode":"list","block":{"attributes":{"enabled":{"type":"bool","description":"The schema's enabled/disabled status. A disabled schema cannot be assigned to any other entities, but the data on those entities from the schema still exists.","description_kind":"markdown","optional":true},"name":{"type":"string","description":"The name of the schema.","description_kind":"markdown","optional":true},"schema_id":{"type":"string","description":"The globally unique identifier for the schema. Only required if a schema is used for custom fields during external entity creation or updates.","description_kind":"markdown","optional":true},"version":{"type":"number","description":"The schema's version, a positive integer. Required for updates. Defaults to `0`.","description_kind":"markdown","optional":true}},"block_types":{"json_schema":{"nesting_mode":"list","block":{"attributes":{"description":{"type":"string","description":"A brief description of the custom fields","description_kind":"markdown","optional":true},"properties":{"type":"string","description":"The properties for the JSON Schema document.","description_kind":"markdown","optional":true},"required":{"type":["list","string"],"description":"The required fields in the schema","description_kind":"markdown","optional":true},"title":{"type":"string","description_kind":"plain","optional":true}},"description":"A JSON schema defining the extension to the built-in entity type.","description_kind":"markdown"},"max_items":1}},"description":"The schema defining custom fields for this contact","description_kind":"markdown"},"max_items":1},"tickers":{"nesting_mode":"list","block":{"attributes":{"exchange":{"type":"string","description":"The exchange for this ticker symbol. Examples: NYSE, FTSE, NASDAQ, etc.","description_kind":"markdown","required":true},"symbol":{"type":"string","description":"The ticker symbol for this organization. Example: ININ, AAPL, MSFT, etc.","description_kind":"markdown","required":true}},"description_kind":"plain"}},"trustor":{"nesting_mode":"list","block":{"attributes":{"enabled":{"type":"bool","description":"If disabled no trustee user will have access, even if they were previously added.","description_kind":"markdown","required":true}},"description_kind":"plain"},"max_items":1},"twitter":{"nesting_mode":"list","block":{"attributes":{"name":{"type":"string","description":"Contact twitter name.","description_kind":"markdown","required":true},"screen_name":{"type":"string","description":"Contact twitter screen name.","description_kind":"markdown","required":true},"twitter_id":{"type":"string","description":"Contact twitter id.","description_kind":"markdown","required":true}},"description_kind":"plain"},"max_items":1}},"description":"Genesys Cloud external contacts organization","description_kind":"markdown"}},"genesyscloud_externalusers_identity":{"version":1,"block":{"attributes":{"authority_name":{"type":"string","description":"Authority or System of Record which owns the External Identifier","description_kind":"markdown","required":true},"external_key":{"type":"string","description":"The identifier for the user within the Authority that owns the external identifier","description_kind":"markdown","required":true},"id":{"type":"string","description_kind":"plain","optional":true,"computed":true},"user_id":{"type":"string","description":"The user identifier inside the genesys org","description_kind":"markdown","required":true}},"description":"Genesys Cloud External Contact","description_kind":"markdown"}},"genesyscloud_flow":{"version":1,"block":{"attributes":{"file_content_hash":{"type":"string","description":"Hash value of the YAML file content. Used to detect changes.","description_kind":"markdown","computed":true},"filepath":{"type":"string","description":"YAML file path for flow configuration. Note: Changing the flow name will result in the creation of a new flow with a new GUID, while the original flow will persist in your org.","description_kind":"markdown","required":true},"force_unlock":{"type":"bool","description":"Will perform a force unlock on an architect flow before beginning the publication process.  NOTE: The force unlock publishes the 'draft'\n\t\t\t\t              architect flow and then publishes the flow named in this resource. This mirrors the behavior found in the archy CLI tool.","description_kind":"markdown","optional":true},"id":{"type":"string","description_kind":"plain","optional":true,"computed":true},"name":{"type":"string","description":"Flow Name used for export purposes. Note: The 'substitutions' block should be used to set/change 'name' and any other fields in the yaml file","description_kind":"markdown","optional":true,"computed":true},"substitutions":{"type":["map","string"],"description":"A substitution is a key value pair where the key is the value you want to replace, and the value is the value to substitute in its place.","description_kind":"markdown","optional":true},"type":{"type":"string","description":"Flow Type used for export purposes. Note: The 'substitutions' block should be used to set/change 'type' and any other fields in the yaml file","description_kind":"markdown","optional":true,"computed":true},"update_trigger_hash":{"type":"string","description":"A hash value used to trigger resource updates. When this value changes, the resource will be refreshed. Use this to hash external values such as environment variables, outputs from other resources, or timestamps that should initiate an update. By default, `file_content_hash` hashes the content of the file specified by the filepath field to trigger updates. This field can be used as an alternative for greater control over the update triggers.","description_kind":"markdown","optional":true}},"description":"Genesys Cloud Flow.\n\nExport block label: \"{type}_{name}\"","description_kind":"markdown"}},"genesyscloud_flow_loglevel":{"version":1,"block":{"attributes":{"flow_id":{"type":"string","description":"The flowId for this characteristics set","description_kind":"markdown","required":true},"flow_log_level":{"type":"string","description":"The logLevel for this characteristics set","description_kind":"markdown","required":true},"id":{"type":"string","description_kind":"plain","optional":true,"computed":true}},"description":"Genesys Cloud flow log level","description_kind":"markdown"}},"genesyscloud_flow_milestone":{"version":1,"block":{"attributes":{"description":{"type":"string","description":"The flow milestone description.","description_kind":"markdown","optional":true},"division_id":{"type":"string","description":"The division to which this entity belongs.","description_kind":"markdown","optional":true,"computed":true},"id":{"type":"string","description_kind":"plain","optional":true,"computed":true},"name":{"type":"string","description":"The flow milestone name.","description_kind":"markdown","required":true}},"description":"Genesys Cloud flow milestone","description_kind":"markdown"}},"genesyscloud_flow_outcome":{"version":1,"block":{"attributes":{"description":{"type":"string","description":"This is a description for the flow outcome.","description_kind":"markdown","optional":true},"division_id":{"type":"string","description":"The division to which this entity belongs.","description_kind":"markdown","optional":true,"computed":true},"id":{"type":"string","description_kind":"plain","optional":true,"computed":true},"name":{"type":"string","description":"The flow outcome name.","description_kind":"markdown","required":true}},"description":"Genesys Cloud flow outcome. If an outcome with the same name already exists, \nthe resource will manage the existing outcome instead of failing during creation, as outcomes cannot be deleted.","description_kind":"markdown"}},"genesyscloud_greeting":{"version":1,"block":{"attributes":{"audio_tts":{"type":"string","description":"Greeting audio TTS.","description_kind":"markdown","optional":true},"id":{"type":"string","description_kind":"plain","optional":true,"computed":true},"name":{"type":"string","description":"Greeting name.","description_kind":"markdown","optional":true},"owner_id":{"type":"string","description":"The ID of the owner (organization) of the greeting.","description_kind":"markdown","optional":true,"computed":true},"owner_type":{"type":"string","description":"Greeting owner type. ORGANIZATION is the only supported owner type for organization greetings.","description_kind":"markdown","required":true},"type":{"type":"string","description":"Greeting type.","description_kind":"markdown","required":true}},"block_types":{"audio_file":{"nesting_mode":"list","block":{"attributes":{"duration_milliseconds":{"type":"number","description":"Greeting audio file duration in milliseconds.","description_kind":"markdown","optional":true},"self_uri":{"type":"string","description":"Greeting audio file self URI.","description_kind":"markdown","optional":true},"size_bytes":{"type":"number","description":"Greeting audio file size in bytes.","description_kind":"markdown","optional":true}},"description":"Greeting audio file.","description_kind":"markdown"},"max_items":1}},"description":"Genesys Cloud Greeting","description_kind":"markdown"}},"genesyscloud_group":{"version":1,"block":{"attributes":{"calls_enabled":{"type":"bool","description":"Allow calls to be placed to this group Defaults to `true`.","description_kind":"markdown","optional":true},"description":{"type":"string","description":"Group description.","description_kind":"markdown","optional":true},"id":{"type":"string","description_kind":"plain","optional":true,"computed":true},"include_owners":{"type":"bool","description":"Allow owners to be included as members of the group. Defaults to `true`.","description_kind":"markdown","optional":true},"member_ids":{"type":["set","string"],"description":"IDs of members assigned to the group. If not set, this resource will not manage group members.","description_kind":"markdown","optional":true,"computed":true},"name":{"type":"string","description":"Group name.","description_kind":"markdown","required":true},"owner_ids":{"type":["list","string"],"description":"IDs of owners of the group.","description_kind":"markdown","optional":true,"computed":true},"roles_enabled":{"type":"bool","description":"Allow roles to be assigned to this group. Defaults to `true`.","description_kind":"markdown","optional":true},"rules_visible":{"type":"bool","description":"Are membership rules visible to the person requesting to view the group. Defaults to `true`.","description_kind":"markdown","optional":true},"type":{"type":"string","description":"Group type (official | social). This cannot be modified. Changing type attribute will cause the existing genesys_group object to dropped and recreated with a new ID. Defaults to `official`.","description_kind":"markdown","optional":true},"visibility":{"type":"string","description":"Who can view this group (public | owners | members). Defaults to `public`.","description_kind":"markdown","optional":true}},"block_types":{"addresses":{"nesting_mode":"list","block":{"attributes":{"extension":{"type":"string","description":"Phone extension.","description_kind":"markdown","optional":true},"number":{"type":"string","description":"Phone number for this contact type. Must be in an E.164 number format.","description_kind":"markdown","optional":true},"type":{"type":"string","description":"Contact type of the address. (GROUPRING | GROUPPHONE)","description_kind":"markdown","required":true}},"description":"Contact numbers for this group.","description_kind":"markdown"}},"voicemail_policy":{"nesting_mode":"list","block":{"attributes":{"disable_email_pii":{"type":"bool","description":"Removes any PII from group emails. This is overridden by the analogous organization configuration value. This is always true if HIPAA is enabled or unknown for an organization.","description_kind":"markdown","optional":true},"include_email_transcriptions":{"type":"bool","description":"Whether to include the voicemail transcription in a group notification email.","description_kind":"markdown","optional":true},"send_email_notifications":{"type":"bool","description":"Whether email notifications are sent to group members when a new voicemail is received.","description_kind":"markdown","optional":true}},"description":"The voicemail policy associated with this group","description_kind":"markdown"},"max_items":1}},"description":"Genesys Cloud Directory Group","description_kind":"markdown"}},"genesyscloud_group_roles":{"version":1,"block":{"attributes":{"group_id":{"type":"string","description":"Group ID that will be managed by this resource. Changing the group_id attribute for the groups_role object will cause the existing group_roles object to be dropped and recreated with a new ID","description_kind":"markdown","required":true},"id":{"type":"string","description_kind":"plain","optional":true,"computed":true}},"block_types":{"roles":{"nesting_mode":"set","block":{"attributes":{"division_ids":{"type":["set","string"],"description":"Division IDs applied to this resource. If not set, the home division will be used. '*' may be set for all divisions.","description_kind":"markdown","optional":true},"role_id":{"type":"string","description":"Role ID.","description_kind":"markdown","required":true}},"description":"Roles and their divisions assigned to this group.","description_kind":"markdown"}}},"description":"Genesys Cloud Group Roles maintains group role assignments.","description_kind":"markdown"}},"genesyscloud_guide":{"version":1,"block":{"attributes":{"id":{"type":"string","description_kind":"plain","optional":true,"computed":true},"name":{"type":"string","description":"The name of the guide","description_kind":"markdown","required":true}},"description":"Genesys Cloud Guide","description_kind":"markdown"}},"genesyscloud_guide_version":{"version":1,"block":{"attributes":{"guide_id":{"type":"string","description":"The ID of the guide this version belongs to.","description_kind":"markdown","required":true},"id":{"type":"string","description_kind":"plain","optional":true,"computed":true},"instruction":{"type":"string","description":"The instruction given to this version of the guide, for how it should behave when interacting with a User.","description_kind":"markdown","required":true}},"block_types":{"resources":{"nesting_mode":"list","block":{"block_types":{"data_action":{"nesting_mode":"list","block":{"attributes":{"data_action_id":{"type":"string","description":"The id of the data action.","description_kind":"markdown","required":true},"description":{"type":"string","description":"The optional description of the data action.","description_kind":"markdown","optional":true},"label":{"type":"string","description":"The label of the GC data action as referenced in the guide instruction.","description_kind":"markdown","required":true}},"description":"The data actions associated with this version of the guide.","description_kind":"markdown"}}},"description":"The resources associated with this version of the guide.","description_kind":"markdown"},"max_items":1},"variables":{"nesting_mode":"list","block":{"attributes":{"description":{"type":"string","description":"The description of the variable used by Guides runtime for input/output handling.","description_kind":"markdown","optional":true},"name":{"type":"string","description":"The name of the variable.","description_kind":"markdown","required":true},"scope":{"type":"string","description":"The scope that determines the variable's usage context within Guides runtime.","description_kind":"markdown","required":true},"type":{"type":"string","description":"The data type of the variable.","description_kind":"markdown","required":true}},"description":"The variables associated with this version of the guide. Includes input variables (provided) and output variables (captured during execution).","description_kind":"markdown"}}},"description":"Genesys Cloud Guide Version","description_kind":"markdown"}},"genesyscloud_idp_adfs":{"version":1,"block":{"attributes":{"certificates":{"type":["list","string"],"description":"PEM or DER encoded public X.509 certificates for SAML signature validation.","description_kind":"markdown","required":true},"disabled":{"type":"bool","description":"True if ADFS is disabled. Defaults to `false`.","description_kind":"markdown","optional":true},"id":{"type":"string","description_kind":"plain","optional":true,"computed":true},"issuer_uri":{"type":"string","description":"Issuer URI provided by ADFS.","description_kind":"markdown","required":true},"name":{"type":"string","description":"IDP ADFS resource name","description_kind":"markdown","optional":true},"relying_party_identifier":{"type":"string","description":"String used to identify Genesys Cloud to ADFS.","description_kind":"markdown","optional":true,"computed":true},"sign_authn_requests":{"type":"bool","description":"True if the Genesys Cloud authentication request should be signed. Defaults to `false`.","description_kind":"markdown","optional":true},"slo_binding":{"type":"string","description_kind":"plain","optional":true},"slo_uri":{"type":"string","description":"Provided by ADFS on app creation","description_kind":"markdown","optional":true},"target_uri":{"type":"string","description":"Target URI provided by ADFS.","description_kind":"markdown","optional":true}},"block_types":{"timeouts":{"nesting_mode":"single","block":{"attributes":{"read":{"type":"string","description_kind":"plain","optional":true},"update":{"type":"string","description_kind":"plain","optional":true}},"description_kind":"plain"}}},"description":"Genesys Cloud Single Sign-on ADFS Identity Provider. See this page for detailed configuration instructions: https://help.mypurecloud.com/articles/add-microsoft-adfs-single-sign-provider/","description_kind":"markdown"}},"genesyscloud_idp_generic":{"version":1,"block":{"attributes":{"certificates":{"type":["list","string"],"description":"PEM or DER encoded public X.509 certificates for SAML signature validation.","description_kind":"markdown","required":true},"disabled":{"type":"bool","description":"True if Generic provider is disabled. Defaults to `false`.","description_kind":"markdown","optional":true},"endpoint_compression":{"type":"bool","description":"True if the Genesys Cloud authentication request should be compressed. Defaults to `false`.","description_kind":"markdown","optional":true},"id":{"type":"string","description_kind":"plain","optional":true,"computed":true},"issuer_uri":{"type":"string","description":"Issuer URI provided by the provider.","description_kind":"markdown","required":true},"logo_image_data":{"type":"string","description":"Base64 encoded SVG image.","description_kind":"markdown","optional":true},"name":{"type":"string","description":"Name of the provider.","description_kind":"markdown","required":true},"name_identifier_format":{"type":"string","description":"SAML name identifier format. (urn:oasis:names:tc:SAML:1.1:nameid-format:unspecified | urn:oasis:names:tc:SAML:1.1:nameid-format:emailAddress | urn:oasis:names:tc:SAML:1.1:nameid-format:X509SubjectName | urn:oasis:names:tc:SAML:1.1:nameid-format:WindowsDomainQualifiedName | urn:oasis:names:tc:SAML:2.0:nameid-format:kerberos | urn:oasis:names:tc:SAML:2.0:nameid-format:entity | urn:oasis:names:tc:SAML:2.0:nameid-format:persistent | urn:oasis:names:tc:SAML:2.0:nameid-format:transient) Defaults to `urn:oasis:names:tc:SAML:1.1:nameid-format:unspecified`.","description_kind":"markdown","optional":true},"relying_party_identifier":{"type":"string","description":"String used to identify Genesys Cloud to the identity provider.","description_kind":"markdown","optional":true,"computed":true},"sign_authn_requests":{"type":"bool","description":"True if the Genesys Cloud authentication request should be signed. Defaults to `false`.","description_kind":"markdown","optional":true},"slo_binding":{"type":"string","description":"Valid values: HTTP Redirect, HTTP Post","description_kind":"markdown","optional":true},"slo_uri":{"type":"string","description":"Provided on app creation.","description_kind":"markdown","optional":true},"target_uri":{"type":"string","description":"Target URI provided by the provider.","description_kind":"markdown","optional":true}},"block_types":{"timeouts":{"nesting_mode":"single","block":{"attributes":{"read":{"type":"string","description_kind":"plain","optional":true},"update":{"type":"string","description_kind":"plain","optional":true}},"description_kind":"plain"}}},"description":"Genesys Cloud Single Sign-on Generic Identity Provider. See this page for detailed configuration instructions: https://help.mypurecloud.com/articles/add-a-generic-single-sign-on-provider/","description_kind":"markdown"}},"genesyscloud_idp_gsuite":{"version":1,"block":{"attributes":{"certificates":{"type":["list","string"],"description":"PEM or DER encoded public X.509 certificates for SAML signature validation.","description_kind":"markdown","required":true},"disabled":{"type":"bool","description":"True if GSuite is disabled. Defaults to `false`.","description_kind":"markdown","optional":true},"id":{"type":"string","description_kind":"plain","optional":true,"computed":true},"issuer_uri":{"type":"string","description":"Issuer URI provided by GSuite.","description_kind":"markdown","required":true},"name":{"type":"string","description":"Name of the provider.","description_kind":"markdown","optional":true},"relying_party_identifier":{"type":"string","description":"String used to identify Genesys Cloud to GSuite.","description_kind":"markdown","optional":true,"computed":true},"sign_authn_requests":{"type":"bool","description":"True if the Genesys Cloud authentication request should be signed. Defaults to `false`.","description_kind":"markdown","optional":true},"slo_binding":{"type":"string","description":"Valid values: HTTP Redirect, HTTP Post","description_kind":"markdown","optional":true},"slo_uri":{"type":"string","description":"Provided on app creation.","description_kind":"markdown","optional":true},"target_uri":{"type":"string","description":"Target URI provided by GSuite.","description_kind":"markdown","optional":true}},"block_types":{"timeouts":{"nesting_mode":"single","block":{"attributes":{"read":{"type":"string","description_kind":"plain","optional":true},"update":{"type":"string","description_kind":"plain","optional":true}},"description_kind":"plain"}}},"description":"Genesys Cloud Single Sign-on GSuite Identity Provider. See this page for detailed configuration instructions: https://help.mypurecloud.com/articles/add-google-g-suite-single-sign-provider/","description_kind":"markdown"}},"genesyscloud_idp_okta":{"version":1,"block":{"attributes":{"certificates":{"type":["list","string"],"description":"PEM or DER encoded public X.509 certificates for SAML signature validation.","description_kind":"markdown","required":true},"disabled":{"type":"bool","description":"True if Okta is disabled.","description_kind":"markdown","optional":true},"id":{"type":"string","description_kind":"plain","optional":true,"computed":true},"issuer_uri":{"type":"string","description":"Issuer URI provided by Okta.","description_kind":"markdown","required":true},"name":{"type":"string","description":"IDP Okta name","description_kind":"markdown","optional":true},"relying_party_identifier":{"type":"string","description":"String used to identify Genesys Cloud to Okta.","description_kind":"markdown","optional":true,"computed":true},"sign_authn_requests":{"type":"bool","description":"True if the Genesys Cloud authentication request should be signed. Defaults to `false`.","description_kind":"markdown","optional":true},"slo_binding":{"type":"string","description":"Valid values: HTTP Redirect, HTTP Post","description_kind":"markdown","optional":true},"slo_uri":{"type":"string","description":"Provided by Okta on app creation.","description_kind":"markdown","optional":true},"target_uri":{"type":"string","description":"Target URI provided by Okta.","description_kind":"markdown","optional":true}},"block_types":{"timeouts":{"nesting_mode":"single","block":{"attributes":{"read":{"type":"string","description_kind":"plain","optional":true},"update":{"type":"string","description_kind":"plain","optional":true}},"description_kind":"plain"}}},"description":"Genesys Cloud Single Sign-on Okta Identity Provider. See this page for detailed configuration instructions: https://help.mypurecloud.com/articles/add-okta-as-a-single-sign-on-provider/","description_kind":"markdown"}},"genesyscloud_idp_onelogin":{"version":1,"block":{"attributes":{"certificates":{"type":["list","string"],"description":"PEM or DER encoded public X.509 certificates for SAML signature validation.","description_kind":"markdown","optional":true},"disabled":{"type":"bool","description":"True if OneLogin is disabled. Defaults to `false`.","description_kind":"markdown","optional":true},"id":{"type":"string","description_kind":"plain","optional":true,"computed":true},"issuer_uri":{"type":"string","description":"Issuer URI provided by OneLogin.","description_kind":"markdown","required":true},"name":{"type":"string","description":"IDP OneLogin resource name","description_kind":"markdown","optional":true},"relying_party_identifier":{"type":"string","description":"String used to identify Genesys Cloud to OneLogin.","description_kind":"markdown","optional":true,"computed":true},"sign_authn_requests":{"type":"bool","description":"True if the Genesys Cloud authentication request should be signed. Defaults to `false`.","description_kind":"markdown","optional":true},"slo_binding":{"type":"string","description":"Valid values: HTTP Redirect, HTTP Post","description_kind":"markdown","optional":true},"slo_uri":{"type":"string","description":"Provided by OneLogin on app creation","description_kind":"markdown","optional":true},"target_uri":{"type":"string","description":"Target URI provided by OneLogin.","description_kind":"markdown","optional":true}},"block_types":{"timeouts":{"nesting_mode":"single","block":{"attributes":{"read":{"type":"string","description_kind":"plain","optional":true},"update":{"type":"string","description_kind":"plain","optional":true}},"description_kind":"plain"}}},"description":"Genesys Cloud Single Sign-on OneLogin Identity Provider. See this page for detailed configuration instructions: https://help.mypurecloud.com/articles/add-onelogin-as-single-sign-on-provider/","description_kind":"markdown"}},"genesyscloud_idp_ping":{"version":1,"block":{"attributes":{"certificates":{"type":["list","string"],"description":"PEM or DER encoded public X.509 certificates for SAML signature validation.","description_kind":"markdown","required":true},"disabled":{"type":"bool","description":"True if Ping is disabled. Defaults to `false`.","description_kind":"markdown","optional":true},"id":{"type":"string","description_kind":"plain","optional":true,"computed":true},"issuer_uri":{"type":"string","description":"Issuer URI provided by Ping.","description_kind":"markdown","required":true},"name":{"type":"string","description":"Name of the provider","description_kind":"markdown","optional":true},"relying_party_identifier":{"type":"string","description":"String used to identify Genesys Cloud to Ping.","description_kind":"markdown","optional":true,"computed":true},"sign_authn_requests":{"type":"bool","description":"True if the Genesys Cloud authentication request should be signed. Defaults to `false`.","description_kind":"markdown","optional":true},"slo_binding":{"type":"string","description_kind":"plain","optional":true},"slo_uri":{"type":"string","description":"Provided on app creation.","description_kind":"markdown","optional":true},"target_uri":{"type":"string","description":"Target URI provided by Ping.","description_kind":"markdown","optional":true}},"block_types":{"timeouts":{"nesting_mode":"single","block":{"attributes":{"read":{"type":"string","description_kind":"plain","optional":true},"update":{"type":"string","description_kind":"plain","optional":true}},"description_kind":"plain"}}},"description":"Genesys Cloud Single Sign-on Ping Identity Provider. See this page for detailed configuration instructions: https://help.mypurecloud.com/articles/add-ping-identity-single-sign-provider/","description_kind":"markdown"}},"genesyscloud_idp_salesforce":{"version":1,"block":{"attributes":{"certificates":{"type":["list","string"],"description":"PEM or DER encoded public X.509 certificates for SAML signature validation.","description_kind":"markdown","required":true},"disabled":{"type":"bool","description":"True if Salesforce is disabled. Defaults to `false`.","description_kind":"markdown","optional":true},"id":{"type":"string","description_kind":"plain","optional":true,"computed":true},"issuer_uri":{"type":"string","description":"Issuer URI provided by Salesforce.","description_kind":"markdown","required":true},"name":{"type":"string","description":"Name of the provider","description_kind":"markdown","optional":true},"relying_party_identifier":{"type":"string","description":"String used to identify Genesys Cloud to Ping.","description_kind":"markdown","optional":true,"computed":true},"sign_authn_requests":{"type":"bool","description":"True if the Genesys Cloud authentication request should be signed. Defaults to `false`.","description_kind":"markdown","optional":true},"slo_binding":{"type":"string","description_kind":"plain","optional":true},"slo_uri":{"type":"string","description":"Provided on app creation.","description_kind":"markdown","optional":true},"target_uri":{"type":"string","description":"Target URI provided by Salesforce.","description_kind":"markdown","optional":true}},"block_types":{"timeouts":{"nesting_mode":"single","block":{"attributes":{"read":{"type":"string","description_kind":"plain","optional":true},"update":{"type":"string","description_kind":"plain","optional":true}},"description_kind":"plain"}}},"description":"Genesys Cloud Single Sign-on Salesforce Identity Provider. See this page for detailed configuration instructions: https://help.mypurecloud.com/articles/add-salesforce-as-a-single-sign-on-provider/","description_kind":"markdown"}},"genesyscloud_integration":{"version":1,"block":{"attributes":{"id":{"type":"string","description_kind":"plain","optional":true,"computed":true},"integration_type":{"type":"string","description":"Integration type.","description_kind":"markdown","required":true},"intended_state":{"type":"string","description":"Integration state (ENABLED | DISABLED). Defaults to `DISABLED`.","description_kind":"markdown","optional":true}},"block_types":{"config":{"nesting_mode":"list","block":{"attributes":{"advanced":{"type":"string","description":"Integration advanced config (JSON string).","description_kind":"markdown","optional":true,"computed":true},"credentials":{"type":["map","string"],"description":"Credentials required for the integration. The required keys are indicated in the credentials property of the Integration Type.","description_kind":"markdown","optional":true},"name":{"type":"string","description":"Integration name.","description_kind":"markdown","optional":true,"computed":true},"notes":{"type":"string","description":"Integration notes.","description_kind":"markdown","optional":true},"properties":{"type":"string","description":"Integration config properties (JSON string).","description_kind":"markdown","optional":true,"computed":true}},"description":"Integration config. Each integration type has different schema, use [GET /api/v2/integrations/types/{typeId}/configschemas/{configType}](https://developer.mypurecloud.com/api/rest/v2/integrations/#get-api-v2-integrations-types--typeId--configschemas--configType-) to check schema, then use the correct attribute names for properties.","description_kind":"markdown"},"max_items":1}},"description":"Genesys Cloud Integration","description_kind":"markdown"}},"genesyscloud_integration_action":{"version":1,"block":{"attributes":{"category":{"type":"string","description":"Category of action. Can be up to 256 characters long. If the category contains 'function data action' (case-insensitive, underscores and hyphens treated as spaces), the action will be treated as a function data action and requires function_config to be set.","description_kind":"markdown","required":true},"config_timeout_seconds":{"type":"number","description":"Optional 1-60 second timeout enforced on the execution or test of this action. This setting is invalid for Custom Authentication Actions.","description_kind":"markdown","optional":true},"contract_input":{"type":"string","description":"JSON Schema that defines the body of the request that the client (edge/architect/postman) is sending to the service, on the /execute path. Changing the contract_input attribute will cause the existing integration_action to be dropped and recreated with a new ID.","description_kind":"markdown","required":true},"contract_output":{"type":"string","description":"JSON schema that defines the transformed, successful result that will be sent back to the caller. Changing the contract_output attribute will cause the existing integration_action to be dropped and recreated with a new ID.","description_kind":"markdown","required":true},"id":{"type":"string","description_kind":"plain","optional":true,"computed":true},"integration_id":{"type":"string","description":"The ID of the integration this action is associated with. Changing the integration_id attribute will cause the existing integration_action to be dropped and recreated with a new ID.","description_kind":"markdown","required":true},"name":{"type":"string","description":"Name of the action. Can be up to 256 characters long","description_kind":"markdown","required":true},"secure":{"type":"bool","description":"Indication of whether or not the action is designed to accept sensitive data. Changing the secure attribute will cause the existing integration_action to be dropped and recreated with a new ID. Defaults to `false`.","description_kind":"markdown","optional":true}},"block_types":{"config_request":{"nesting_mode":"list","block":{"attributes":{"headers":{"type":["map","string"],"description":"Map of headers in name, value pairs to include in request.","description_kind":"markdown","optional":true},"request_template":{"type":"string","description":"Velocity template to define request body sent to 3rd party service. Any instances of '${' must be properly escaped as '$${'","description_kind":"markdown","optional":true,"computed":true},"request_type":{"type":"string","description":"HTTP method to use for request (GET | PUT | POST | PATCH | DELETE).","description_kind":"markdown","required":true},"request_url_template":{"type":"string","description":"URL that may include placeholders for requests to 3rd party service.","description_kind":"markdown","optional":true,"computed":true}},"description":"Configuration of outbound request.","description_kind":"markdown"},"max_items":1},"config_response":{"nesting_mode":"list","block":{"attributes":{"success_template":{"type":"string","description":"Velocity template to build response to return from Action. Any instances of '${' must be properly escaped as '$${'.","description_kind":"markdown","optional":true,"computed":true},"translation_map":{"type":["map","string"],"description":"Map 'attribute name' and 'JSON path' pairs used to extract data from REST response.","description_kind":"markdown","optional":true},"translation_map_defaults":{"type":["map","string"],"description":"Map 'attribute name' and 'default value' pairs used as fallback values if JSON path extraction fails for specified key.","description_kind":"markdown","optional":true}},"description":"Configuration of response processing.","description_kind":"markdown"},"max_items":1},"function_config":{"nesting_mode":"list","block":{"attributes":{"description":{"type":"string","description":"Description of the function.","description_kind":"markdown","optional":true,"computed":true},"file_path":{"type":"string","description":"The zip file path containing the function data action's code. During the export just the name of the zip file will be exported","description_kind":"markdown","required":true},"handler":{"type":"string","description":"The handler function name.","description_kind":"markdown","optional":true,"computed":true},"runtime":{"type":"string","description":"The runtime environment for the function.","description_kind":"markdown","optional":true,"computed":true},"timeout_seconds":{"type":"number","description":"Timeout in seconds for the function execution.","description_kind":"markdown","optional":true,"computed":true},"zip_id":{"type":"string","description":"The ID of the uploaded zip file containing the function code.","description_kind":"markdown","optional":true,"computed":true}},"description":"Configuration of the function settings.","description_kind":"markdown"},"max_items":1}},"description":"Genesys Cloud Integration Actions. See this page for detailed information on configuring Actions: https://help.mypurecloud.com/articles/add-configuration-custom-actions-integrations/","description_kind":"markdown"}},"genesyscloud_integration_action_draft":{"version":1,"block":{"attributes":{"category":{"type":"string","description":"Category of action. Can be up to 256 characters long.","description_kind":"markdown","required":true},"config_timeout_seconds":{"type":"number","description":"Optional 1-60 second timeout enforced on the execution or test of this action. This setting is invalid for Custom Authentication Actions.","description_kind":"markdown","optional":true},"contract_input":{"type":"string","description":"JSON Schema that defines the body of the request that the client (edge/architect/postman) is sending to the service, on the /execute path. Changing the contract_input attribute will cause the existing integration_action to be dropped and recreated with a new ID.","description_kind":"markdown","required":true},"contract_output":{"type":"string","description":"JSON schema that defines the transformed, successful result that will be sent back to the caller. Changing the contract_output attribute will cause the existing integration_action to be dropped and recreated with a new ID.","description_kind":"markdown","required":true},"id":{"type":"string","description_kind":"plain","optional":true,"computed":true},"integration_id":{"type":"string","description":"The ID of the integration this action is associated with. Changing the integration_id attribute will cause the existing integration_action to be dropped and recreated with a new ID.","description_kind":"markdown","required":true},"name":{"type":"string","description":"Name of the action. Can be up to 256 characters long","description_kind":"markdown","required":true},"secure":{"type":"bool","description":"Indication of whether or not the action is designed to accept sensitive data. Changing the secure attribute will cause the existing integration_action to be dropped and recreated with a new ID. Defaults to `false`.","description_kind":"markdown","optional":true}},"block_types":{"config_request":{"nesting_mode":"list","block":{"attributes":{"headers":{"type":["map","string"],"description":"Map of headers in name, value pairs to include in request.","description_kind":"markdown","optional":true},"request_template":{"type":"string","description":"Velocity template to define request body sent to 3rd party service. Any instances of '${' must be properly escaped as '$${'","description_kind":"markdown","optional":true,"computed":true},"request_type":{"type":"string","description":"HTTP method to use for request (GET | PUT | POST | PATCH | DELETE).","description_kind":"markdown","required":true},"request_url_template":{"type":"string","description":"URL that may include placeholders for requests to 3rd party service.","description_kind":"markdown","required":true}},"description":"Configuration of outbound request.","description_kind":"markdown"},"max_items":1},"config_response":{"nesting_mode":"list","block":{"attributes":{"success_template":{"type":"string","description":"Velocity template to build response to return from Action. Any instances of '${' must be properly escaped as '$${'.","description_kind":"markdown","optional":true,"computed":true},"translation_map":{"type":["map","string"],"description":"Map 'attribute name' and 'JSON path' pairs used to extract data from REST response.","description_kind":"markdown","optional":true},"translation_map_defaults":{"type":["map","string"],"description":"Map 'attribute name' and 'default value' pairs used as fallback values if JSON path extraction fails for specified key.","description_kind":"markdown","optional":true}},"description":"Configuration of response processing.","description_kind":"markdown"},"max_items":1}},"description":"Genesys Cloud Integration Action Drafts. See this page for detailed information on configuring Actions: https://help.mypurecloud.com/articles/add-configuration-custom-actions-integrations/","description_kind":"markdown"}},"genesyscloud_integration_credential":{"version":1,"block":{"attributes":{"credential_type_name":{"type":"string","description":"Credential type name. Use [GET /api/v2/integrations/credentials/types](https://developer.genesys.cloud/api/rest/v2/integrations/#get-api-v2-integrations-credentials-types) to see the list of available integration credential types.","description_kind":"markdown","required":true},"fields":{"type":["map","string"],"description":"Credential fields. Different credential types require different fields. Missing any correct required fields will result API request failure. Use [GET /api/v2/integrations/credentials/types](https://developer.genesys.cloud/api/rest/v2/integrations/#get-api-v2-integrations-credentials-types) to check out the specific credential type schema to find out what fields are required.","description_kind":"markdown","optional":true,"computed":true,"sensitive":true},"id":{"type":"string","description_kind":"plain","optional":true,"computed":true},"name":{"type":"string","description":"Credential name.","description_kind":"markdown","optional":true}},"description":"Genesys Cloud Credential","description_kind":"markdown"}},"genesyscloud_integration_custom_auth_action":{"version":1,"block":{"attributes":{"id":{"type":"string","description_kind":"plain","optional":true,"computed":true},"integration_id":{"type":"string","description":"The ID of the integration this action is associated with. The integration is required to be of type `custom-rest-actions` and its credentials type set as `userDefinedOAuth`.","description_kind":"markdown","required":true},"name":{"type":"string","description":"Name of the action to override the default name. Can be up to 256 characters long","description_kind":"markdown","optional":true,"computed":true}},"block_types":{"config_request":{"nesting_mode":"list","block":{"attributes":{"headers":{"type":["map","string"],"description":"Map of headers in name, value pairs to include in request.","description_kind":"markdown","optional":true},"request_template":{"type":"string","description":"Velocity template to define request body sent to 3rd party service. Any instances of '${' must be properly escaped as '$${'","description_kind":"markdown","optional":true,"computed":true},"request_type":{"type":"string","description":"HTTP method to use for request (GET | PUT | POST | PATCH | DELETE).","description_kind":"markdown","required":true},"request_url_template":{"type":"string","description":"URL that may include placeholders for requests to 3rd party service.","description_kind":"markdown","required":true}},"description":"Configuration of outbound request.","description_kind":"markdown"},"max_items":1},"config_response":{"nesting_mode":"list","block":{"attributes":{"success_template":{"type":"string","description":"Velocity template to build response to return from Action. Any instances of '${' must be properly escaped as '$${'.","description_kind":"markdown","optional":true,"computed":true},"translation_map":{"type":["map","string"],"description":"Map 'attribute name' and 'JSON path' pairs used to extract data from REST response.","description_kind":"markdown","optional":true},"translation_map_defaults":{"type":["map","string"],"description":"Map 'attribute name' and 'default value' pairs used as fallback values if JSON path extraction fails for specified key.","description_kind":"markdown","optional":true}},"description":"Configuration of response processing.","description_kind":"markdown"},"max_items":1}},"description":"Genesys Cloud Integration Actions. See this page for detailed information on configuring Actions: https://help.mypurecloud.com/articles/add-configuration-custom-actions-integrations/","description_kind":"markdown"}},"genesyscloud_integration_facebook":{"version":1,"block":{"attributes":{"app_id":{"type":"string","description":"The app Id of Facebook app. The appId is required when a customer wants to use their own approved Facebook app.","description_kind":"markdown","optional":true},"app_secret":{"type":"string","description":"The app Secret of Facebook app. The appSecret is required when appId is provided.","description_kind":"markdown","optional":true},"id":{"type":"string","description_kind":"plain","optional":true,"computed":true},"messaging_setting_id":{"type":"string","description":"The messaging Setting unique identifier associated with this integration.","description_kind":"markdown","optional":true},"name":{"type":"string","description":"The name of the Facebook Integration","description_kind":"markdown","required":true},"page_access_token":{"type":"string","description":"The long-lived Page Access Token of Facebook page.\n\t\t\tSee https://developers.facebook.com/docs/facebook-login/access-tokens.\n\t\t\tEither pageAccessToken or userAccessToken should be provided.","description_kind":"markdown","optional":true},"page_id":{"type":"string","description":"The page Id of Facebook page. The pageId is required when userAccessToken is provided.","description_kind":"markdown","optional":true},"supported_content_id":{"type":"string","description":"The SupportedContent unique identifier associated with this integration.","description_kind":"markdown","optional":true},"user_access_token":{"type":"string","description":"The short-lived User Access Token of the Facebook user logged into the Facebook app.\n\t\t\tSee https://developers.facebook.com/docs/facebook-login/access-tokens.\n\t\t\tEither pageAccessToken or userAccessToken should be provided.","description_kind":"markdown","optional":true}},"block_types":{"timeouts":{"nesting_mode":"single","block":{"attributes":{"read":{"type":"string","description_kind":"plain","optional":true},"update":{"type":"string","description_kind":"plain","optional":true}},"description_kind":"plain"}}},"description":"Genesys Cloud integration facebook","description_kind":"markdown"}},"genesyscloud_intent_category":{"version":1,"block":{"attributes":{"description":{"type":"string","description":"Description of the category","description_kind":"markdown","required":true},"id":{"type":"string","description_kind":"plain","optional":true,"computed":true},"name":{"type":"string","description":"Name of the category","description_kind":"markdown","required":true}},"description":"Genesys Cloud intent category","description_kind":"markdown"}},"genesyscloud_journey_action_map":{"version":1,"block":{"attributes":{"display_name":{"type":"string","description":"Display name of the action map.","description_kind":"markdown","required":true},"end_date":{"type":"string","description":"Timestamp at which the action map is scheduled to stop firing. Date time is represented as an ISO-8601 string without a timezone. For example: 2006-01-02T15:04:05.000000.","description_kind":"markdown","optional":true},"id":{"type":"string","description_kind":"plain","optional":true,"computed":true},"ignore_frequency_cap":{"type":"bool","description":"Override organization-level frequency cap and always offer web engagements from this action map. Defaults to `false`.","description_kind":"markdown","optional":true},"is_active":{"type":"bool","description":"Whether the action map is active. Defaults to `true`.","description_kind":"markdown","optional":true},"start_date":{"type":"string","description":"Timestamp at which the action map is scheduled to start firing. Date time is represented as an ISO-8601 string without a timezone. For example: 2006-01-02T15:04:05.000000.","description_kind":"markdown","required":true},"trigger_with_segments":{"type":["set","string"],"description":"Trigger action map if any segment in the list is assigned to a given customer.","description_kind":"markdown","optional":true},"weight":{"type":"number","description":"Weight of the action map with higher number denoting higher weight. Low=1, Medium=2, High=3. Defaults to `2`.","description_kind":"markdown","optional":true}},"block_types":{"action":{"nesting_mode":"set","block":{"attributes":{"action_template_id":{"type":"string","description":"Action template associated with the action map. For media type contentOffer.","description_kind":"markdown","optional":true},"is_pacing_enabled":{"type":"bool","description":"Whether this action should be throttled. Defaults to `true`.","description_kind":"markdown","optional":true},"media_type":{"type":"string","description":"Media type of action. Valid values: webchat, webMessagingOffer, contentOffer, architectFlow, openAction.","description_kind":"markdown","required":true}},"block_types":{"architect_flow_fields":{"nesting_mode":"set","block":{"attributes":{"architect_flow_id":{"type":"string","description":"The architect flow.","description_kind":"markdown","required":true}},"block_types":{"flow_request_mappings":{"nesting_mode":"set","block":{"attributes":{"attribute_type":{"type":"string","description":"Type of the value supplied. Valid values: String, Number, Integer, Boolean.","description_kind":"markdown","required":true},"mapping_type":{"type":"string","description":"Method of finding value to use with Attribute. Valid values: Lookup, HardCoded.","description_kind":"markdown","required":true},"name":{"type":"string","description":"Name of the Integration Action Attribute to supply the value for","description_kind":"markdown","required":true},"value":{"type":"string","description":"Value to supply for the specified Attribute","description_kind":"markdown","required":true}},"description":"Collection of Architect Flow Request Mappings to use.","description_kind":"markdown"}}},"description":"Architect Flow Id and input contract. For media type architectFlow.","description_kind":"markdown"},"max_items":1},"open_action_fields":{"nesting_mode":"set","block":{"attributes":{"configuration_fields":{"type":"string","description":"Custom fields defined in the schema referenced by the open action type selected.","description_kind":"markdown","optional":true}},"block_types":{"open_action":{"nesting_mode":"set","block":{"attributes":{"id":{"type":"string","description":"Id.","description_kind":"markdown","required":true},"name":{"type":"string","description":"Name.","description_kind":"markdown","required":true}},"description":"The specific type of the open action.","description_kind":"markdown"},"min_items":1,"max_items":1}},"description":"Admin-configurable fields of an open action. For media type openAction.","description_kind":"markdown"},"max_items":1},"web_messaging_offer_fields":{"nesting_mode":"set","block":{"attributes":{"architect_flow_id":{"type":"string","description":"Flow to be invoked, overrides default flow when specified.","description_kind":"markdown","optional":true},"offer_text":{"type":"string","description":"Text value to be used when inviting a visitor to engage with a web messaging offer.","description_kind":"markdown","optional":true}},"description":"Admin-configurable fields of a web messaging offer action. For media type webMessagingOffer.","description_kind":"markdown"},"max_items":1}},"description":"The action that will be executed if this action map is triggered.","description_kind":"markdown"},"min_items":1,"max_items":1},"action_map_schedule_groups":{"nesting_mode":"set","block":{"attributes":{"action_map_schedule_group_id":{"type":"string","description":"The actions map's associated schedule group.","description_kind":"markdown","required":true},"emergency_action_map_schedule_group_id":{"type":"string","description":"The action map's associated emergency schedule group.","description_kind":"markdown","optional":true}},"description":"The action map's associated schedule groups.","description_kind":"markdown"},"max_items":1},"activation":{"nesting_mode":"set","block":{"attributes":{"delay_in_seconds":{"type":"number","description":"Activation delay time amount.","description_kind":"markdown","optional":true},"type":{"type":"string","description":"Type of activation. Valid values: immediate, on-next-visit, on-next-session, delay.","description_kind":"markdown","required":true}},"description":"Type of activation.","description_kind":"markdown"},"min_items":1,"max_items":1},"page_url_conditions":{"nesting_mode":"set","block":{"attributes":{"operator":{"type":"string","description":"The comparison operator. Valid values: containsAll, containsAny, notContainsAll, notContainsAny, equal, notEqual, greaterThan, greaterThanOrEqual, lessThan, lessThanOrEqual, startsWith, endsWith.","description_kind":"markdown","required":true},"values":{"type":["set","string"],"description":"The URL condition value.","description_kind":"markdown","required":true}},"description":"URL conditions that a page must match for web actions to be displayable.","description_kind":"markdown"}},"trigger_with_event_conditions":{"nesting_mode":"set","block":{"attributes":{"event_name":{"type":"string","description":"The name of the event for which this condition can be satisfied.","description_kind":"markdown","optional":true},"key":{"type":"string","description":"The event key.","description_kind":"markdown","required":true},"operator":{"type":"string","description":"The comparison operator. Valid values: containsAll, containsAny, notContainsAll, notContainsAny, equal, notEqual, greaterThan, greaterThanOrEqual, lessThan, lessThanOrEqual, startsWith, endsWith. Defaults to `equal`.","description_kind":"markdown","optional":true},"session_type":{"type":"string","description":"The session type for which this condition can be satisfied. Valid values: web, app.","description_kind":"markdown","required":true},"stream_type":{"type":"string","description":"The stream type for which this condition can be satisfied. Valid values: Web, App.","description_kind":"markdown","required":true},"values":{"type":["set","string"],"description":"The event values.","description_kind":"markdown","required":true}},"description":"List of event conditions that must be satisfied to trigger the action map.","description_kind":"markdown"}},"trigger_with_outcome_probability_conditions":{"nesting_mode":"set","block":{"attributes":{"maximum_probability":{"type":"number","description":"Probability value for the selected outcome at or above which the action map will trigger.","description_kind":"markdown","required":true},"outcome_id":{"type":"string","description":"The outcome ID.","description_kind":"markdown","required":true},"probability":{"type":"number","description":"Additional probability condition, where if set, the action map will trigger if the current outcome probability is lower or equal to the value.","description_kind":"markdown","optional":true}},"description":"*DEPRECATED: Use trigger_with_outcome_quantile_conditions attribute instead.* Probability conditions for outcomes that must be satisfied to trigger the action map.","description_kind":"markdown","deprecated":true}},"trigger_with_outcome_quantile_conditions":{"nesting_mode":"set","block":{"attributes":{"fallback_quantile_threshold":{"type":"number","description":"If set, this Condition is met when max_quantile_threshold is met, AND the current quantile of the OutcomeScore is below this fallback_quantile_threshold. Range 0.00-1.00","description_kind":"markdown","optional":true},"max_quantile_threshold":{"type":"number","description":"This Outcome Quantile Condition is met when sessionMaxQuantile of the OutcomeScore is above this value, (unless fallbackQuantile is set). Range 0.00-1.00","description_kind":"markdown","required":true},"outcome_id":{"type":"string","description":"The outcome ID.","description_kind":"markdown","required":true}},"description":"Quantile conditions for outcomes that must be satisfied to trigger the action map.","description_kind":"markdown"}}},"description":"Genesys Cloud Journey Action Map","description_kind":"markdown"}},"genesyscloud_journey_action_template":{"version":1,"block":{"attributes":{"description":{"type":"string","description":"Description of the action template's functionality.","description_kind":"markdown","optional":true},"id":{"type":"string","description_kind":"plain","optional":true,"computed":true},"media_type":{"type":"string","description":"The media type of the action configured by the action template.","description_kind":"markdown","required":true},"name":{"type":"string","description":"Name of the action template.","description_kind":"markdown","required":true},"state":{"type":"string","description":"The state of the action template.","description_kind":"markdown","required":true}},"block_types":{"content_offer":{"nesting_mode":"set","block":{"attributes":{"body":{"type":"string","description":"Body text of the content offer.","description_kind":"markdown","optional":true},"display_mode":{"type":"string","description":"The display mode used by Genesys Widgets when displaying the content offer.","description_kind":"markdown","required":true},"headline":{"type":"string","description":"Headline displayed above the body text of the content offer.","description_kind":"markdown","optional":true},"image_alt_text":{"type":"string","description":"Image description text for accessibility compliance and assistive technology support.","description_kind":"markdown","optional":true},"image_url":{"type":"string","description":"URL for image displayed on the content offer.","description_kind":"markdown","optional":true},"layout_mode":{"type":"string","description":"The layout mode used by Genesys Widgets when displaying the content offer.","description_kind":"markdown","required":true},"title":{"type":"string","description":"Title in the header of the content offer.","description_kind":"markdown","optional":true}},"block_types":{"call_to_action":{"nesting_mode":"set","block":{"attributes":{"target":{"type":"string","description":"Where should the URL be opened when the user clicks on the call to action button.","description_kind":"markdown","optional":true},"text":{"type":"string","description":"Text displayed on the call to action button.","description_kind":"markdown","optional":true},"url":{"type":"string","description":"URL to open when user clicks on the call to action button.","description_kind":"markdown","required":true}},"description":"Properties customizing the call to action button on the content offer.","description_kind":"markdown"}},"style":{"nesting_mode":"set","block":{"block_types":{"body":{"nesting_mode":"set","block":{"attributes":{"color":{"type":"string","description":"Color of the text.","description_kind":"markdown","optional":true},"font":{"type":"string","description":"Font of the text.","description_kind":"markdown","optional":true},"font_size":{"type":"string","description":"Font size of the text.","description_kind":"markdown","optional":true},"text_align":{"type":"string","description":"Text alignment.","description_kind":"markdown","optional":true}},"description":"Properties for customizing the appearance of the body text.","description_kind":"markdown"}},"close_button":{"nesting_mode":"set","block":{"attributes":{"color":{"type":"string","description":"Color of button.","description_kind":"markdown","optional":true},"opacity":{"type":"number","description":"Opacity of button.","description_kind":"markdown","optional":true}},"description":"Properties for customizing the appearance of the close button.","description_kind":"markdown"}},"cta_button":{"nesting_mode":"set","block":{"attributes":{"background_color":{"type":"string","description":"Background color of the CTA button.","description_kind":"markdown","optional":true},"color":{"type":"string","description":"Color of the text.","description_kind":"markdown","optional":true},"font":{"type":"string","description":"Font of the text.","description_kind":"markdown","optional":true},"font_size":{"type":"string","description":"Font size of the text.","description_kind":"markdown","optional":true},"text_align":{"type":"string","description":"Text alignment.","description_kind":"markdown","optional":true}},"description":"Properties for customizing the appearance of the CTA button.","description_kind":"markdown"}},"headline":{"nesting_mode":"set","block":{"attributes":{"color":{"type":"string","description":"Color of the text.","description_kind":"markdown","optional":true},"font":{"type":"string","description":"Font of the text.","description_kind":"markdown","optional":true},"font_size":{"type":"string","description":"Font size of the text.","description_kind":"markdown","optional":true},"text_align":{"type":"string","description":"Text alignment.","description_kind":"markdown","optional":true}},"description":"Properties for customizing the appearance of the headline text.","description_kind":"markdown"}},"offer":{"nesting_mode":"set","block":{"attributes":{"background_color":{"type":"string","description":"Background color of the offer.","description_kind":"markdown","optional":true},"color":{"type":"string","description":"Text color of the offer.","description_kind":"markdown","optional":true},"padding":{"type":"string","description":"Padding of the offer.","description_kind":"markdown","optional":true}},"description":"Properties for customizing the appearance of the content offer.","description_kind":"markdown"}},"position":{"nesting_mode":"set","block":{"attributes":{"bottom":{"type":"string","description":"Bottom positioning offset.","description_kind":"markdown","optional":true},"left":{"type":"string","description":"Left positioning offset.","description_kind":"markdown","optional":true},"right":{"type":"string","description":"Right positioning offset.","description_kind":"markdown","optional":true},"top":{"type":"string","description":"Top positioning offset.","description_kind":"markdown","optional":true}},"description":"Properties for customizing the positioning of the content offer.","description_kind":"markdown"}},"title":{"nesting_mode":"set","block":{"attributes":{"color":{"type":"string","description":"Color of the text.","description_kind":"markdown","optional":true},"font":{"type":"string","description":"Font of the text.","description_kind":"markdown","optional":true},"font_size":{"type":"string","description":"Font size of the text.","description_kind":"markdown","optional":true},"text_align":{"type":"string","description":"Text alignment.","description_kind":"markdown","optional":true}},"description":"Properties for customizing the appearance of the title text.","description_kind":"markdown"}}},"description":"Properties customizing the styling of the content offer.","description_kind":"markdown"}}},"description":"Properties for configuring a content offer action.","description_kind":"markdown"}}},"description":"Genesys Cloud Journey Action Template","description_kind":"markdown"}},"genesyscloud_journey_outcome":{"version":1,"block":{"attributes":{"description":{"type":"string","description":"A description of the outcome.","description_kind":"markdown","optional":true},"display_name":{"type":"string","description":"The display name of the outcome.","description_kind":"markdown","required":true},"id":{"type":"string","description_kind":"plain","optional":true,"computed":true},"is_active":{"type":"bool","description":"Whether or not the outcome is active. Defaults to `true`.","description_kind":"markdown","optional":true},"is_positive":{"type":"bool","description":"Whether or not the outcome is positive. Defaults to `true`.","description_kind":"markdown","optional":true}},"block_types":{"associated_value_field":{"nesting_mode":"set","block":{"attributes":{"data_type":{"type":"string","description":"The data type of the value field.Valid values: Number, Integer.","description_kind":"markdown","required":true},"name":{"type":"string","description":"The field name for extracting value from event.","description_kind":"markdown","required":true}},"description":"The field from the event indicating the associated value. Associated_value_field needs `eventtypes` to be created, which is a feature coming soon. More details available here:  https://developer.genesys.cloud/commdigital/digital/webmessaging/journey/eventtypes  https://all.docs.genesys.com/ATC/Current/AdminGuide/Custom_sessions","description_kind":"markdown"},"max_items":1},"context":{"nesting_mode":"set","block":{"block_types":{"patterns":{"nesting_mode":"set","block":{"block_types":{"criteria":{"nesting_mode":"set","block":{"attributes":{"entity_type":{"type":"string","description":"The entity to match the pattern against.Valid values: visit.","description_kind":"markdown","required":true},"key":{"type":"string","description":"The criteria key.","description_kind":"markdown","required":true},"operator":{"type":"string","description":"The comparison operator. Valid values: containsAll, containsAny, notContainsAll, notContainsAny, equal, notEqual, greaterThan, greaterThanOrEqual, lessThan, lessThanOrEqual, startsWith, endsWith. Defaults to `equal`.","description_kind":"markdown","optional":true},"should_ignore_case":{"type":"bool","description":"Should criteria be case insensitive.","description_kind":"markdown","required":true},"values":{"type":["set","string"],"description":"The criteria values.","description_kind":"markdown","required":true}},"description":"A list of one or more criteria to satisfy.","description_kind":"markdown"},"min_items":1}},"description":"A list of one or more patterns to match.","description_kind":"markdown"},"min_items":1}},"description":"The context of the outcome.","description_kind":"markdown"},"max_items":1},"journey":{"nesting_mode":"set","block":{"block_types":{"patterns":{"nesting_mode":"set","block":{"attributes":{"count":{"type":"number","description":"The number of times the pattern must match.","description_kind":"markdown","required":true},"event_name":{"type":"string","description":"The name of the event for which this pattern can be matched on.","description_kind":"markdown","optional":true},"session_type":{"type":"string","description":"The session type for which this pattern can be matched on. Valid values: web, app.","description_kind":"markdown","required":true},"stream_type":{"type":"string","description":"The stream type for which this pattern can be matched on. Valid values: Web, App.","description_kind":"markdown","required":true}},"block_types":{"criteria":{"nesting_mode":"set","block":{"attributes":{"key":{"type":"string","description":"The criteria key.","description_kind":"markdown","required":true},"operator":{"type":"string","description":"The comparison operator.Valid values: containsAll, containsAny, notContainsAll, notContainsAny, equal, notEqual, greaterThan, greaterThanOrEqual, lessThan, lessThanOrEqual, startsWith, endsWith. Defaults to `equal`.","description_kind":"markdown","optional":true},"should_ignore_case":{"type":"bool","description":"Should criteria be case insensitive.","description_kind":"markdown","required":true},"values":{"type":["set","string"],"description":"The criteria values.","description_kind":"markdown","required":true}},"description":"A list of one or more criteria to satisfy.","description_kind":"markdown"},"min_items":1}},"description":"A list of zero or more patterns to match.","description_kind":"markdown"},"min_items":1}},"description":"The pattern of rules defining the outcome.","description_kind":"markdown"},"max_items":1}},"description":"Genesys Cloud Journey Outcome","description_kind":"markdown"}},"genesyscloud_journey_outcome_predictor":{"version":1,"block":{"attributes":{"id":{"type":"string","description_kind":"plain","optional":true,"computed":true},"outcome_id":{"type":"string","description":"The outcome associated with this predictor","description_kind":"markdown","required":true}},"description":"Genesys Cloud journey outcome predictor","description_kind":"markdown"}},"genesyscloud_journey_segment":{"version":1,"block":{"attributes":{"assignment_expiration_days":{"type":"number","description":"Time, in days, from when the segment is assigned until it is automatically unassigned.","description_kind":"markdown","optional":true},"color":{"type":"string","description":"The hexadecimal color value of the segment.","description_kind":"markdown","required":true},"description":{"type":"string","description":"A description of the segment.","description_kind":"markdown","optional":true},"display_name":{"type":"string","description":"The display name of the segment.","description_kind":"markdown","required":true},"id":{"type":"string","description_kind":"plain","optional":true,"computed":true},"is_active":{"type":"bool","description":"Whether or not the segment is active. Defaults to `true`.","description_kind":"markdown","optional":true},"should_display_to_agent":{"type":"bool","description":"Whether or not the segment should be displayed to agent/supervisor users.","description_kind":"markdown","optional":true}},"block_types":{"context":{"nesting_mode":"set","block":{"block_types":{"patterns":{"nesting_mode":"set","block":{"block_types":{"criteria":{"nesting_mode":"set","block":{"attributes":{"entity_type":{"type":"string","description":"The entity to match the pattern against.Valid values: visit.","description_kind":"markdown","required":true},"key":{"type":"string","description":"The criteria key.","description_kind":"markdown","required":true},"operator":{"type":"string","description":"The comparison operator. Valid values: containsAll, containsAny, notContainsAll, notContainsAny, equal, notEqual, greaterThan, greaterThanOrEqual, lessThan, lessThanOrEqual, startsWith, endsWith. Defaults to `equal`.","description_kind":"markdown","optional":true},"should_ignore_case":{"type":"bool","description":"Should criteria be case insensitive.","description_kind":"markdown","required":true},"values":{"type":["set","string"],"description":"The criteria values.","description_kind":"markdown","required":true}},"description":"A list of one or more criteria to satisfy.","description_kind":"markdown"},"min_items":1}},"description":"A list of one or more patterns to match.","description_kind":"markdown"},"min_items":1}},"description":"The context of the segment.","description_kind":"markdown"},"max_items":1},"journey":{"nesting_mode":"set","block":{"block_types":{"patterns":{"nesting_mode":"set","block":{"attributes":{"count":{"type":"number","description":"The number of times the pattern must match.","description_kind":"markdown","required":true},"event_name":{"type":"string","description":"The name of the event for which this pattern can be matched on.","description_kind":"markdown","optional":true},"session_type":{"type":"string","description":"The session type for which this pattern can be matched on. Valid values: web, app.","description_kind":"markdown","required":true},"stream_type":{"type":"string","description":"The stream type for which this pattern can be matched on. Valid values: Web, App.","description_kind":"markdown","required":true}},"block_types":{"criteria":{"nesting_mode":"set","block":{"attributes":{"key":{"type":"string","description":"The criteria key.","description_kind":"markdown","required":true},"operator":{"type":"string","description":"The comparison operator.Valid values: containsAll, containsAny, notContainsAll, notContainsAny, equal, notEqual, greaterThan, greaterThanOrEqual, lessThan, lessThanOrEqual, startsWith, endsWith. Defaults to `equal`.","description_kind":"markdown","optional":true},"should_ignore_case":{"type":"bool","description":"Should criteria be case insensitive.","description_kind":"markdown","required":true},"values":{"type":["set","string"],"description":"The criteria values.","description_kind":"markdown","required":true}},"description":"A list of one or more criteria to satisfy.","description_kind":"markdown"},"min_items":1}},"description":"A list of zero or more patterns to match.","description_kind":"markdown"},"min_items":1}},"description":"The pattern of rules defining the segment.","description_kind":"markdown"},"max_items":1}},"description":"Genesys Cloud Journey Segment","description_kind":"markdown"}},"genesyscloud_journey_view_schedule":{"version":1,"block":{"attributes":{"frequency":{"type":"string","description":"Frequency of execution (Daily | Weekly | Monthly).","description_kind":"markdown","required":true},"id":{"type":"string","description_kind":"plain","optional":true,"computed":true},"journey_view_id":{"type":"string","description":"Journey view ID of the schedule. Changing this will cause the schedule to be dropped and recreated for the new view ID.","description_kind":"markdown","required":true}},"description":"Genesys Cloud Journey View Schedule","description_kind":"markdown"}},"genesyscloud_journey_views":{"version":1,"block":{"attributes":{"description":{"type":"string","description":"A description of the journey view.","description_kind":"markdown","optional":true},"duration":{"type":"string","description":"A relative timeframe for the journey view, expressed as an ISO 8601 duration. Only one of interval or duration must be specified. Periods are represented as an ISO-8601 string. For example: P1D or P1DT12H.","description_kind":"markdown","optional":true},"id":{"type":"string","description_kind":"plain","optional":true,"computed":true},"interval":{"type":"string","description":"An absolute timeframe for the journey view, expressed as an ISO 8601 interval. Only one of interval or duration must be specified. Intervals are represented as an ISO-8601 string. For example: YYYY-MM-DDThh:mm:ss/YYYY-MM-DDThh:mm:ss.","description_kind":"markdown","optional":true},"name":{"type":"string","description":"JourneyView name.","description_kind":"markdown","required":true},"version":{"type":"number","description":"Version of JourneyView.","description_kind":"markdown","computed":true}},"block_types":{"charts":{"nesting_mode":"list","block":{"attributes":{"group_by_max":{"type":"number","description":"A maximum on the number of values being grouped by","description_kind":"markdown","optional":true},"group_by_time":{"type":"string","description":"A time unit to group the metrics by. Valid values: Day, Week, Month, Year.","description_kind":"markdown","optional":true},"id":{"type":"string","description":"The unique identifier of the chart within the charts list.","description_kind":"markdown","computed":true},"name":{"type":"string","description":"The unique name of the chart within the view.","description_kind":"markdown","required":true},"version":{"type":"number","description":"The version of chart","description_kind":"markdown","required":true}},"block_types":{"display_attributes":{"nesting_mode":"list","block":{"attributes":{"group_by_title":{"type":"string","description":"A title for the grouped by attributes (aka the x axis).","description_kind":"markdown","optional":true},"metrics_title":{"type":"string","description":"A title for the metrics (aka the y axis).","description_kind":"markdown","optional":true},"show_legend":{"type":"bool","description":"Whether to show a legend","description_kind":"markdown","optional":true},"var_type":{"type":"string","description":"The type of chart to display. Valid values: Bar, Column, Line.","description_kind":"markdown","optional":true}},"description":"Optional display attributes for rendering the chart","description_kind":"markdown"},"max_items":1},"group_by_attributes":{"nesting_mode":"list","block":{"attributes":{"attribute":{"type":"string","description":"The attribute of the element being grouped by.","description_kind":"markdown","required":true},"element_id":{"type":"string","description":"The element in the list of elements which is being grouped by.","description_kind":"markdown","required":true}},"description":"A list of attributes to group the metrics by","description_kind":"markdown"}},"metrics":{"nesting_mode":"list","block":{"attributes":{"aggregate":{"type":"string","description":"How to aggregate the given element. Valid values: EventCount, CustomerCount.","description_kind":"markdown","optional":true},"display_label":{"type":"string","description":"Display label of metric.","description_kind":"markdown","optional":true},"element_id":{"type":"string","description":"The reference of element.","description_kind":"markdown","required":true},"id":{"type":"string","description":"The unique identifier of the metric within the metrics list.","description_kind":"markdown","required":true}},"description":"A set of metrics to be displayed on the chart.","description_kind":"markdown"},"min_items":1}},"description":"The charts within the journey view.","description_kind":"markdown"}},"elements":{"nesting_mode":"list","block":{"attributes":{"id":{"type":"string","description":"The unique identifier of the element within the elements list.","description_kind":"markdown","required":true},"name":{"type":"string","description":"The unique name of the element within the view.","description_kind":"markdown","required":true}},"block_types":{"attributes":{"nesting_mode":"list","block":{"attributes":{"id":{"type":"string","description":"The identifier for the element based on its type.","description_kind":"markdown","optional":true},"source":{"type":"string","description":"The source for the element (e.g. IVR, Voice, Chat). Used for informational purposes only.","description_kind":"markdown","optional":true},"type":{"type":"string","description":"The type of the element (e.g. Event).Valid values: Event.","description_kind":"markdown","required":true}},"description":"Attributes on an element in a journey view.","description_kind":"markdown"},"min_items":1,"max_items":1},"display_attributes":{"nesting_mode":"list","block":{"attributes":{"col":{"type":"number","description":"The column position for the element in the journey view canvas.","description_kind":"markdown","required":true},"x":{"type":"number","description":"The horizontal position (x-coordinate) of the element on the journey view canvas.","description_kind":"markdown","required":true},"y":{"type":"number","description":"The vertical position (y-coordinate) of the element on the journey view canvas.","description_kind":"markdown","required":true}},"description":"Display Attributes on an element in a journey view.","description_kind":"markdown"},"max_items":1},"filter":{"nesting_mode":"list","block":{"attributes":{"type":{"type":"string","description":"Boolean operation to apply to the provided predicates, numberPredicates and clauses. Valid values: And.","description_kind":"markdown","required":true}},"block_types":{"number_predicates":{"nesting_mode":"list","block":{"attributes":{"dimension":{"type":"string","description":"The element's attribute being filtered on.","description_kind":"markdown","required":true},"no_value":{"type":"bool","description":"set this to true if no specific value to be considered.","description_kind":"markdown","optional":true},"operator":{"type":"string","description":"Optional operator, default is Matches. Valid values: Matches.Valid values: Matches, NotMatches. Defaults to `Matches`.","description_kind":"markdown","optional":true}},"block_types":{"range":{"nesting_mode":"list","block":{"block_types":{"eq":{"nesting_mode":"set","block":{"attributes":{"duration":{"type":"string","description":"An ISO 8601 time duration. Only one of number or duration must be specified","description_kind":"markdown","optional":true},"number":{"type":"number","description":"Number value. Only one of number or duration must be specified.","description_kind":"markdown","optional":true}},"description":"Comparator: equal","description_kind":"markdown"},"max_items":1},"gt":{"nesting_mode":"set","block":{"attributes":{"duration":{"type":"string","description":"An ISO 8601 time duration. Only one of number or duration must be specified","description_kind":"markdown","optional":true},"number":{"type":"number","description":"Number value. Only one of number or duration must be specified.","description_kind":"markdown","optional":true}},"description":"Comparator: greater than","description_kind":"markdown"},"max_items":1},"gte":{"nesting_mode":"set","block":{"attributes":{"duration":{"type":"string","description":"An ISO 8601 time duration. Only one of number or duration must be specified","description_kind":"markdown","optional":true},"number":{"type":"number","description":"Number value. Only one of number or duration must be specified.","description_kind":"markdown","optional":true}},"description":"Comparator: greater than or equal","description_kind":"markdown"},"max_items":1},"lt":{"nesting_mode":"set","block":{"attributes":{"duration":{"type":"string","description":"An ISO 8601 time duration. Only one of number or duration must be specified","description_kind":"markdown","optional":true},"number":{"type":"number","description":"Number value. Only one of number or duration must be specified.","description_kind":"markdown","optional":true}},"description":"Comparator: less than","description_kind":"markdown"},"max_items":1},"lte":{"nesting_mode":"set","block":{"attributes":{"duration":{"type":"string","description":"An ISO 8601 time duration. Only one of number or duration must be specified","description_kind":"markdown","optional":true},"number":{"type":"number","description":"Number value. Only one of number or duration must be specified.","description_kind":"markdown","optional":true}},"description":"Comparator: less than or equal","description_kind":"markdown"},"max_items":1},"neq":{"nesting_mode":"set","block":{"attributes":{"duration":{"type":"string","description":"An ISO 8601 time duration. Only one of number or duration must be specified","description_kind":"markdown","optional":true},"number":{"type":"number","description":"Number value. Only one of number or duration must be specified.","description_kind":"markdown","optional":true}},"description":"Comparator: not equal","description_kind":"markdown"},"max_items":1}},"description":"the range of comparators to filter on.","description_kind":"markdown"},"min_items":1,"max_items":1}},"description":"A number filter on an element within a journey view.","description_kind":"markdown"}},"predicates":{"nesting_mode":"list","block":{"attributes":{"dimension":{"type":"string","description":"The element's attribute being filtered on.","description_kind":"markdown","required":true},"no_value":{"type":"bool","description":"set this to true if no specific value to be considered.","description_kind":"markdown","optional":true},"operator":{"type":"string","description":"Optional operator, default is Matches. Valid values: Matches.Valid values: Matches, NotMatches. Defaults to `Matches`.","description_kind":"markdown","optional":true},"values":{"type":["list","string"],"description":"The identifier for the element based on its type.","description_kind":"markdown","required":true}},"description":"A filter on an element within a journey view.","description_kind":"markdown"}}},"description":"A set of filters on an element within a journey view.","description_kind":"markdown"},"max_items":1},"followed_by":{"nesting_mode":"list","block":{"attributes":{"event_count_type":{"type":"string","description":"The type of events that will be counted. Note: Concurrent will override any JourneyViewLinkTimeConstraint. Default is Sequential.Valid values: All, Concurrent, Sequential.","description_kind":"markdown","optional":true},"id":{"type":"string","description":"The identifier of the element downstream.","description_kind":"markdown","required":true},"join_attributes":{"type":["list","string"],"description":"Other (secondary) attributes on which this link should join the customers being counted.","description_kind":"markdown","optional":true}},"block_types":{"constraint_after":{"nesting_mode":"list","block":{"attributes":{"unit":{"type":"string","description":"The unit for the link's time constraint.Valid values: Seconds, Minutes, Hours, Days, Weeks, Months.","description_kind":"markdown","optional":true},"value":{"type":"number","description":"The value for the link's time constraint.","description_kind":"markdown","optional":true}},"description":"A time constraint on this link, which requires a customer must complete the downstream element after this amount of time to be counted.","description_kind":"markdown"},"max_items":1},"constraint_within":{"nesting_mode":"list","block":{"attributes":{"unit":{"type":"string","description":"The unit for the link's time constraint.Valid values: Seconds, Minutes, Hours, Days, Weeks, Months.","description_kind":"markdown","optional":true},"value":{"type":"number","description":"The value for the link's time constraint.","description_kind":"markdown","optional":true}},"description":"A time constraint on this link, which requires a customer to complete the downstream element within this amount of time to be counted.","description_kind":"markdown"},"max_items":1}},"description":"A list of JourneyViewLink objects, listing the elements downstream of this element.","description_kind":"markdown"}}},"description":"The elements within the journey view.","description_kind":"markdown"}}},"description":"Genesys Cloud Directory JourneyView","description_kind":"markdown"}},"genesyscloud_knowledge_category":{"version":1,"block":{"attributes":{"id":{"type":"string","description_kind":"plain","optional":true,"computed":true},"knowledge_base_id":{"type":"string","description":"Knowledge base id of the category","description_kind":"markdown","required":true}},"block_types":{"knowledge_category":{"nesting_mode":"list","block":{"attributes":{"description":{"type":"string","description":"Knowledge base description","description_kind":"markdown","optional":true},"name":{"type":"string","description":"Knowledge base name. Changing the name attribute will cause the knowledge_category resource to be dropped and recreated with a new ID.","description_kind":"markdown","required":true},"parent_id":{"type":"string","description":"Knowledge category parent id","description_kind":"markdown","optional":true}},"description":"Knowledge category id","description_kind":"markdown"},"min_items":1,"max_items":1}},"description":"Genesys Cloud Knowledge Category","description_kind":"markdown"}},"genesyscloud_knowledge_document":{"version":1,"block":{"attributes":{"id":{"type":"string","description_kind":"plain","optional":true,"computed":true},"knowledge_base_id":{"type":"string","description":"Knowledge base id","description_kind":"markdown","required":true},"published":{"type":"bool","description":"*DEPRECATED: By Default a document created will be in Draft. In order to Publish a document, use knowledge_document_variation instead.* If true, the knowledge document will be published. If false, it will be a draft. The document can only be published if it has document variations.","description_kind":"markdown","deprecated":true,"optional":true,"computed":true}},"block_types":{"knowledge_document":{"nesting_mode":"list","block":{"attributes":{"category_name":{"type":"string","description":"The name of the category associated with the document.","description_kind":"markdown","optional":true},"label_names":{"type":["list","string"],"description":"The names of labels associated with the document.","description_kind":"markdown","optional":true},"title":{"type":"string","description":"Document title","description_kind":"markdown","required":true},"visible":{"type":"bool","description":"Indicates if the knowledge document should be included in search results.","description_kind":"markdown","required":true}},"block_types":{"alternatives":{"nesting_mode":"list","block":{"attributes":{"autocomplete":{"type":"bool","description":"Autocomplete enabled for the alternate phrase.","description_kind":"markdown","optional":true},"phrase":{"type":"string","description":"Alternate phrasing to the document title.","description_kind":"markdown","required":true}},"description":"List of alternate phrases related to the title which improves search results.","description_kind":"markdown"}}},"description":"Knowledge document request body","description_kind":"markdown"},"min_items":1,"max_items":1}},"description":"Genesys Cloud Knowledge document.\n\nExport block label: \"{parent knowledge base name}_{title}\"","description_kind":"markdown"}},"genesyscloud_knowledge_document_variation":{"version":1,"block":{"attributes":{"id":{"type":"string","description_kind":"plain","optional":true,"computed":true},"knowledge_base_id":{"type":"string","description":"The knowledge base id of the variation","description_kind":"markdown","required":true},"knowledge_document_id":{"type":"string","description":"The knowledge document id of the variation","description_kind":"markdown","required":true},"published":{"type":"bool","description":"If true, the document will be published with the new variation. If false, the updated document will be in a draft state.","description_kind":"markdown","optional":true}},"block_types":{"knowledge_document_variation":{"nesting_mode":"list","block":{"attributes":{"document_version":{"type":["list",["object",{"id":"string"}]],"description":"The version of the document.","description_kind":"markdown","computed":true},"name":{"type":"string","description":"The name of the variation","description_kind":"markdown","optional":true},"priority":{"type":"number","description":"The priority of the variation","description_kind":"markdown","optional":true,"computed":true}},"block_types":{"body":{"nesting_mode":"list","block":{"block_types":{"blocks":{"nesting_mode":"list","block":{"attributes":{"type":{"type":"string","description":"The type of the block for the body. This determines which body block object (paragraph, image, video, list or table) would have a value.","description_kind":"markdown","required":true}},"block_types":{"image":{"nesting_mode":"list","block":{"attributes":{"hyperlink":{"type":"string","description":"The URL of the page that the hyperlink goes to.","description_kind":"markdown","optional":true},"url":{"type":"string","description":"The URL for the image.","description_kind":"markdown","required":true}},"block_types":{"properties":{"nesting_mode":"list","block":{"attributes":{"align":{"type":"string","description":"The align type for the property. Valid values: Center, Left, Right, Justify","description_kind":"markdown","optional":true},"alt_text":{"type":"string","description":"The image alt text for the property","description_kind":"markdown","optional":true},"background_color":{"type":"string","description":"The background color for the property. The valid values in hex color code representation. For example black color - #000000","description_kind":"markdown","optional":true},"indentation":{"type":"number","description":"The indentation for the property. The valid values in 'em'","description_kind":"markdown","optional":true},"width":{"type":"number","description":"The width (without unit) for the property","description_kind":"markdown","optional":true}},"block_types":{"width_with_unit":{"nesting_mode":"list","block":{"attributes":{"unit":{"type":"string","description":"The unit of the number. Valid values: Em, Percentage, Px","description_kind":"markdown","required":true},"value":{"type":"number","description":"A number","description_kind":"markdown","required":true}},"description":"The width (with unit) for the property","description_kind":"markdown"},"max_items":1}},"description":"The properties for the image","description_kind":"markdown"}}},"description":"Image. It must contain a value if the type of the block is Image.","description_kind":"markdown"},"max_items":1},"list":{"nesting_mode":"list","block":{"block_types":{"blocks":{"nesting_mode":"list","block":{"attributes":{"type":{"type":"string","description":"The type of the list. Valid values: ListItem","description_kind":"markdown","required":true}},"block_types":{"blocks":{"nesting_mode":"list","block":{"attributes":{"type":{"type":"string","description":"The type of the block for the list. This determines which list block object (text, video, image or list) would have a value.","description_kind":"markdown","required":true}},"block_types":{"image":{"nesting_mode":"list","block":{"attributes":{"hyperlink":{"type":"string","description":"The URL of the page that the hyperlink goes to.","description_kind":"markdown","optional":true},"url":{"type":"string","description":"The URL for the image.","description_kind":"markdown","required":true}},"block_types":{"properties":{"nesting_mode":"list","block":{"attributes":{"align":{"type":"string","description":"The align type for the property. Valid values: Center, Left, Right, Justify","description_kind":"markdown","optional":true},"alt_text":{"type":"string","description":"The image alt text for the property","description_kind":"markdown","optional":true},"background_color":{"type":"string","description":"The background color for the property. The valid values in hex color code representation. For example black color - #000000","description_kind":"markdown","optional":true},"indentation":{"type":"number","description":"The indentation for the property. The valid values in 'em'","description_kind":"markdown","optional":true},"width":{"type":"number","description":"The width (without unit) for the property","description_kind":"markdown","optional":true}},"block_types":{"width_with_unit":{"nesting_mode":"list","block":{"attributes":{"unit":{"type":"string","description":"The unit of the number. Valid values: Em, Percentage, Px","description_kind":"markdown","required":true},"value":{"type":"number","description":"A number","description_kind":"markdown","required":true}},"description":"The width (with unit) for the property","description_kind":"markdown"},"max_items":1}},"description":"The properties for the image","description_kind":"markdown"}}},"description":"Image. It must contain a value if the type of the block is Image.","description_kind":"markdown"},"max_items":1},"list":{"nesting_mode":"list","block":{"block_types":{"blocks":{"nesting_mode":"list","block":{"attributes":{"type":{"type":"string","description":"The type of the list. Valid values: ListItem","description_kind":"markdown","required":true}},"block_types":{"blocks":{"nesting_mode":"list","block":{"attributes":{"type":{"type":"string","description":"The type of the block for the list. This determines which list block object (text, video, image or list) would have a value.","description_kind":"markdown","required":true}},"block_types":{"image":{"nesting_mode":"list","block":{"attributes":{"hyperlink":{"type":"string","description":"The URL of the page that the hyperlink goes to.","description_kind":"markdown","optional":true},"url":{"type":"string","description":"The URL for the image.","description_kind":"markdown","required":true}},"block_types":{"properties":{"nesting_mode":"list","block":{"attributes":{"align":{"type":"string","description":"The align type for the property. Valid values: Center, Left, Right, Justify","description_kind":"markdown","optional":true},"alt_text":{"type":"string","description":"The image alt text for the property","description_kind":"markdown","optional":true},"background_color":{"type":"string","description":"The background color for the property. The valid values in hex color code representation. For example black color - #000000","description_kind":"markdown","optional":true},"indentation":{"type":"number","description":"The indentation for the property. The valid values in 'em'","description_kind":"markdown","optional":true},"width":{"type":"number","description":"The width (without unit) for the property","description_kind":"markdown","optional":true}},"block_types":{"width_with_unit":{"nesting_mode":"list","block":{"attributes":{"unit":{"type":"string","description":"The unit of the number. Valid values: Em, Percentage, Px","description_kind":"markdown","required":true},"value":{"type":"number","description":"A number","description_kind":"markdown","required":true}},"description":"The width (with unit) for the property","description_kind":"markdown"},"max_items":1}},"description":"The properties for the image","description_kind":"markdown"}}},"description":"Image. It must contain a value if the type of the block is Image.","description_kind":"markdown"},"max_items":1},"list":{"nesting_mode":"list","block":{"block_types":{"blocks":{"nesting_mode":"list","block":{"attributes":{"type":{"type":"string","description":"The type of the list. Valid values: ListItem","description_kind":"markdown","required":true}},"block_types":{"blocks":{"nesting_mode":"list","block":{"attributes":{"type":{"type":"string","description":"The type of the block for the list. This determines which list block object (text, video, image or list) would have a value.","description_kind":"markdown","required":true}},"block_types":{"image":{"nesting_mode":"list","block":{"attributes":{"hyperlink":{"type":"string","description":"The URL of the page that the hyperlink goes to.","description_kind":"markdown","optional":true},"url":{"type":"string","description":"The URL for the image.","description_kind":"markdown","required":true}},"block_types":{"properties":{"nesting_mode":"list","block":{"attributes":{"align":{"type":"string","description":"The align type for the property. Valid values: Center, Left, Right, Justify","description_kind":"markdown","optional":true},"alt_text":{"type":"string","description":"The image alt text for the property","description_kind":"markdown","optional":true},"background_color":{"type":"string","description":"The background color for the property. The valid values in hex color code representation. For example black color - #000000","description_kind":"markdown","optional":true},"indentation":{"type":"number","description":"The indentation for the property. The valid values in 'em'","description_kind":"markdown","optional":true},"width":{"type":"number","description":"The width (without unit) for the property","description_kind":"markdown","optional":true}},"block_types":{"width_with_unit":{"nesting_mode":"list","block":{"attributes":{"unit":{"type":"string","description":"The unit of the number. Valid values: Em, Percentage, Px","description_kind":"markdown","required":true},"value":{"type":"number","description":"A number","description_kind":"markdown","required":true}},"description":"The width (with unit) for the property","description_kind":"markdown"},"max_items":1}},"description":"The properties for the image","description_kind":"markdown"}}},"description":"Image. It must contain a value if the type of the block is Image.","description_kind":"markdown"},"max_items":1},"list":{"nesting_mode":"list","block":{"block_types":{"blocks":{"nesting_mode":"list","block":{"attributes":{"type":{"type":"string","description":"The type of the list. Valid values: ListItem","description_kind":"markdown","required":true}},"block_types":{"blocks":{"nesting_mode":"list","block":{"attributes":{"type":{"type":"string","description":"The type of the block for the list. This determines which list block object (text, video, image or list) would have a value.","description_kind":"markdown","required":true}},"block_types":{"image":{"nesting_mode":"list","block":{"attributes":{"hyperlink":{"type":"string","description":"The URL of the page that the hyperlink goes to.","description_kind":"markdown","optional":true},"url":{"type":"string","description":"The URL for the image.","description_kind":"markdown","required":true}},"block_types":{"properties":{"nesting_mode":"list","block":{"attributes":{"align":{"type":"string","description":"The align type for the property. Valid values: Center, Left, Right, Justify","description_kind":"markdown","optional":true},"alt_text":{"type":"string","description":"The image alt text for the property","description_kind":"markdown","optional":true},"background_color":{"type":"string","description":"The background color for the property. The valid values in hex color code representation. For example black color - #000000","description_kind":"markdown","optional":true},"indentation":{"type":"number","description":"The indentation for the property. The valid values in 'em'","description_kind":"markdown","optional":true},"width":{"type":"number","description":"The width (without unit) for the property","description_kind":"markdown","optional":true}},"block_types":{"width_with_unit":{"nesting_mode":"list","block":{"attributes":{"unit":{"type":"string","description":"The unit of the number. Valid values: Em, Percentage, Px","description_kind":"markdown","required":true},"value":{"type":"number","description":"A number","description_kind":"markdown","required":true}},"description":"The width (with unit) for the property","description_kind":"markdown"},"max_items":1}},"description":"The properties for the image","description_kind":"markdown"}}},"description":"Image. It must contain a value if the type of the block is Image.","description_kind":"markdown"},"max_items":1},"list":{"nesting_mode":"list","block":{"block_types":{"blocks":{"nesting_mode":"list","block":{"attributes":{"type":{"type":"string","description":"The type of the list. Valid values: ListItem","description_kind":"markdown","required":true}},"block_types":{"blocks":{"nesting_mode":"list","block":{"attributes":{"type":{"type":"string","description":"The type of the block for the list. This determines which list block object (text, video, image or list) would have a value.","description_kind":"markdown","required":true}},"block_types":{"image":{"nesting_mode":"list","block":{"attributes":{"hyperlink":{"type":"string","description":"The URL of the page that the hyperlink goes to.","description_kind":"markdown","optional":true},"url":{"type":"string","description":"The URL for the image.","description_kind":"markdown","required":true}},"block_types":{"properties":{"nesting_mode":"list","block":{"attributes":{"align":{"type":"string","description":"The align type for the property. Valid values: Center, Left, Right, Justify","description_kind":"markdown","optional":true},"alt_text":{"type":"string","description":"The image alt text for the property","description_kind":"markdown","optional":true},"background_color":{"type":"string","description":"The background color for the property. The valid values in hex color code representation. For example black color - #000000","description_kind":"markdown","optional":true},"indentation":{"type":"number","description":"The indentation for the property. The valid values in 'em'","description_kind":"markdown","optional":true},"width":{"type":"number","description":"The width (without unit) for the property","description_kind":"markdown","optional":true}},"block_types":{"width_with_unit":{"nesting_mode":"list","block":{"attributes":{"unit":{"type":"string","description":"The unit of the number. Valid values: Em, Percentage, Px","description_kind":"markdown","required":true},"value":{"type":"number","description":"A number","description_kind":"markdown","required":true}},"description":"The width (with unit) for the property","description_kind":"markdown"},"max_items":1}},"description":"The properties for the image","description_kind":"markdown"}}},"description":"Image. It must contain a value if the type of the block is Image.","description_kind":"markdown"},"max_items":1},"list":{"nesting_mode":"list","block":{"block_types":{"blocks":{"nesting_mode":"list","block":{"attributes":{"type":{"type":"string","description":"The type of the list. Valid values: ListItem","description_kind":"markdown","required":true}},"block_types":{"blocks":{"nesting_mode":"list","block":{"attributes":{"type":{"type":"string","description":"The type of the block for the list. This determines which list block object (text, video, image or list) would have a value.","description_kind":"markdown","required":true}},"block_types":{"image":{"nesting_mode":"list","block":{"attributes":{"hyperlink":{"type":"string","description":"The URL of the page that the hyperlink goes to.","description_kind":"markdown","optional":true},"url":{"type":"string","description":"The URL for the image.","description_kind":"markdown","required":true}},"block_types":{"properties":{"nesting_mode":"list","block":{"attributes":{"align":{"type":"string","description":"The align type for the property. Valid values: Center, Left, Right, Justify","description_kind":"markdown","optional":true},"alt_text":{"type":"string","description":"The image alt text for the property","description_kind":"markdown","optional":true},"background_color":{"type":"string","description":"The background color for the property. The valid values in hex color code representation. For example black color - #000000","description_kind":"markdown","optional":true},"indentation":{"type":"number","description":"The indentation for the property. The valid values in 'em'","description_kind":"markdown","optional":true},"width":{"type":"number","description":"The width (without unit) for the property","description_kind":"markdown","optional":true}},"block_types":{"width_with_unit":{"nesting_mode":"list","block":{"attributes":{"unit":{"type":"string","description":"The unit of the number. Valid values: Em, Percentage, Px","description_kind":"markdown","required":true},"value":{"type":"number","description":"A number","description_kind":"markdown","required":true}},"description":"The width (with unit) for the property","description_kind":"markdown"},"max_items":1}},"description":"The properties for the image","description_kind":"markdown"}}},"description":"Image. It must contain a value if the type of the block is Image.","description_kind":"markdown"},"max_items":1},"list":{"nesting_mode":"list","block":{"block_types":{"blocks":{"nesting_mode":"list","block":{"attributes":{"type":{"type":"string","description":"The type of the list. Valid values: ListItem","description_kind":"markdown","required":true}},"block_types":{"blocks":{"nesting_mode":"list","block":{"attributes":{"type":{"type":"string","description":"The type of the block for the list. This determines which list block object (text, video, image or list) would have a value.","description_kind":"markdown","required":true}},"block_types":{"image":{"nesting_mode":"list","block":{"attributes":{"hyperlink":{"type":"string","description":"The URL of the page that the hyperlink goes to.","description_kind":"markdown","optional":true},"url":{"type":"string","description":"The URL for the image.","description_kind":"markdown","required":true}},"block_types":{"properties":{"nesting_mode":"list","block":{"attributes":{"align":{"type":"string","description":"The align type for the property. Valid values: Center, Left, Right, Justify","description_kind":"markdown","optional":true},"alt_text":{"type":"string","description":"The image alt text for the property","description_kind":"markdown","optional":true},"background_color":{"type":"string","description":"The background color for the property. The valid values in hex color code representation. For example black color - #000000","description_kind":"markdown","optional":true},"indentation":{"type":"number","description":"The indentation for the property. The valid values in 'em'","description_kind":"markdown","optional":true},"width":{"type":"number","description":"The width (without unit) for the property","description_kind":"markdown","optional":true}},"block_types":{"width_with_unit":{"nesting_mode":"list","block":{"attributes":{"unit":{"type":"string","description":"The unit of the number. Valid values: Em, Percentage, Px","description_kind":"markdown","required":true},"value":{"type":"number","description":"A number","description_kind":"markdown","required":true}},"description":"The width (with unit) for the property","description_kind":"markdown"},"max_items":1}},"description":"The properties for the image","description_kind":"markdown"}}},"description":"Image. It must contain a value if the type of the block is Image.","description_kind":"markdown"},"max_items":1},"list":{"nesting_mode":"list","block":{"block_types":{"blocks":{"nesting_mode":"list","block":{"attributes":{"type":{"type":"string","description":"The type of the list. Valid values: ListItem","description_kind":"markdown","required":true}},"block_types":{"blocks":{"nesting_mode":"list","block":{"attributes":{"type":{"type":"string","description":"The type of the block for the list. This determines which list block object (text, video, image or list) would have a value.","description_kind":"markdown","required":true}},"block_types":{"image":{"nesting_mode":"list","block":{"attributes":{"hyperlink":{"type":"string","description":"The URL of the page that the hyperlink goes to.","description_kind":"markdown","optional":true},"url":{"type":"string","description":"The URL for the image.","description_kind":"markdown","required":true}},"block_types":{"properties":{"nesting_mode":"list","block":{"attributes":{"align":{"type":"string","description":"The align type for the property. Valid values: Center, Left, Right, Justify","description_kind":"markdown","optional":true},"alt_text":{"type":"string","description":"The image alt text for the property","description_kind":"markdown","optional":true},"background_color":{"type":"string","description":"The background color for the property. The valid values in hex color code representation. For example black color - #000000","description_kind":"markdown","optional":true},"indentation":{"type":"number","description":"The indentation for the property. The valid values in 'em'","description_kind":"markdown","optional":true},"width":{"type":"number","description":"The width (without unit) for the property","description_kind":"markdown","optional":true}},"block_types":{"width_with_unit":{"nesting_mode":"list","block":{"attributes":{"unit":{"type":"string","description":"The unit of the number. Valid values: Em, Percentage, Px","description_kind":"markdown","required":true},"value":{"type":"number","description":"A number","description_kind":"markdown","required":true}},"description":"The width (with unit) for the property","description_kind":"markdown"},"max_items":1}},"description":"The properties for the image","description_kind":"markdown"}}},"description":"Image. It must contain a value if the type of the block is Image.","description_kind":"markdown"},"max_items":1},"list":{"nesting_mode":"list","block":{"block_types":{"blocks":{"nesting_mode":"list","block":{"attributes":{"type":{"type":"string","description":"The type of the list. Valid values: ListItem","description_kind":"markdown","required":true}},"block_types":{"blocks":{"nesting_mode":"list","block":{"attributes":{"type":{"type":"string","description":"The type of the block for the list. This determines which list block object (text, video, image or list) would have a value.","description_kind":"markdown","required":true}},"block_types":{"image":{"nesting_mode":"list","block":{"attributes":{"hyperlink":{"type":"string","description":"The URL of the page that the hyperlink goes to.","description_kind":"markdown","optional":true},"url":{"type":"string","description":"The URL for the image.","description_kind":"markdown","required":true}},"block_types":{"properties":{"nesting_mode":"list","block":{"attributes":{"align":{"type":"string","description":"The align type for the property. Valid values: Center, Left, Right, Justify","description_kind":"markdown","optional":true},"alt_text":{"type":"string","description":"The image alt text for the property","description_kind":"markdown","optional":true},"background_color":{"type":"string","description":"The background color for the property. The valid values in hex color code representation. For example black color - #000000","description_kind":"markdown","optional":true},"indentation":{"type":"number","description":"The indentation for the property. The valid values in 'em'","description_kind":"markdown","optional":true},"width":{"type":"number","description":"The width (without unit) for the property","description_kind":"markdown","optional":true}},"block_types":{"width_with_unit":{"nesting_mode":"list","block":{"attributes":{"unit":{"type":"string","description":"The unit of the number. Valid values: Em, Percentage, Px","description_kind":"markdown","required":true},"value":{"type":"number","description":"A number","description_kind":"markdown","required":true}},"description":"The width (with unit) for the property","description_kind":"markdown"},"max_items":1}},"description":"The properties for the image","description_kind":"markdown"}}},"description":"Image. It must contain a value if the type of the block is Image.","description_kind":"markdown"},"max_items":1},"text":{"nesting_mode":"list","block":{"attributes":{"hyperlink":{"type":"string","description":"The URL of the page that the hyperlink goes to.","description_kind":"markdown","optional":true},"marks":{"type":["set","string"],"description":"The unique list of marks (whether it is bold and/or underlined etc.) for the text. Valid values: Bold | Italic | Underline","description_kind":"markdown","optional":true},"text":{"type":"string","description":"Text","description_kind":"markdown","required":true}},"block_types":{"properties":{"nesting_mode":"list","block":{"attributes":{"background_color":{"type":"string","description":"The background color for the text. The valid values in hex color code representation. For example black color - #000000","description_kind":"markdown","optional":true},"font_size":{"type":"string","description":"The font size for the text. The valid values in 'em'. Valid values: XxSmall, XSmall, Small, Medium, Large, XLarge, XxLarge, XxxLarge","description_kind":"markdown","optional":true},"text_color":{"type":"string","description":"The text color for the text. The valid values in hex color code representation. For example black color - #000000","description_kind":"markdown","optional":true}},"description":"The properties for the text","description_kind":"markdown"}}},"description":"Text. It must contain a value if the type of the block is Text.","description_kind":"markdown"},"max_items":1},"video":{"nesting_mode":"list","block":{"attributes":{"url":{"type":"string","description":"The URL for the video.","description_kind":"markdown","required":true}},"block_types":{"properties":{"nesting_mode":"list","block":{"attributes":{"align":{"type":"string","description":"The align type for the property. Valid values: Center, Left, Right, Justify","description_kind":"markdown","optional":true},"background_color":{"type":"string","description":"The background color for the property. The valid values in hex color code representation. For example black color - #000000","description_kind":"markdown","optional":true},"indentation":{"type":"number","description":"The indentation for the property. The valid values in 'em'","description_kind":"markdown","optional":true}},"block_types":{"height":{"nesting_mode":"list","block":{"attributes":{"unit":{"type":"string","description":"The unit of the number. Valid values: Em, Percentage, Px","description_kind":"markdown","required":true},"value":{"type":"number","description":"A number","description_kind":"markdown","required":true}},"description":"The height (with unit) for the property","description_kind":"markdown"},"max_items":1},"width":{"nesting_mode":"list","block":{"attributes":{"unit":{"type":"string","description":"The unit of the number. Valid values: Em, Percentage, Px","description_kind":"markdown","required":true},"value":{"type":"number","description":"A number","description_kind":"markdown","required":true}},"description":"The width (with unit) for the property","description_kind":"markdown"},"max_items":1}},"description":"The properties for the video","description_kind":"markdown"}}},"description":"Video. It must contain a value if the type of the block is Video.","description_kind":"markdown"},"max_items":1}},"description":"The list of items for an OrderedList or an UnorderedList.","description_kind":"markdown"},"min_items":1},"properties":{"nesting_mode":"list","block":{"attributes":{"align":{"type":"string","description":"The align type for the list item. Valid values: Center, Left, Right, Justify","description_kind":"markdown","optional":true},"background_color":{"type":"string","description":"The background color for the list item. The valid values in hex color code representation. For example black color - #000000","description_kind":"markdown","optional":true},"font_size":{"type":"string","description":"The font size for the list item. The valid values in 'em'. Valid values: XxSmall, XSmall, Small, Medium, Large, XLarge, XxLarge, XxxLarge","description_kind":"markdown","optional":true},"font_type":{"type":"string","description":"The font type for the list item. Valid values: Paragraph, Heading1, Heading2, Heading3, Heading4, Heading5, Heading6, Preformatted","description_kind":"markdown","optional":true},"indentation":{"type":"number","description":"The indentation property for the list item. The valid values in 'em'","description_kind":"markdown","optional":true},"ordered_type":{"type":"string","description":"The type of icon for the ordered list. Valid values: Number, LowerAlpha, LowerGreek, LowerRoman, UpperAlpha, UpperRoman, None","description_kind":"markdown","optional":true},"text_color":{"type":"string","description":"The text color for the list item. The valid values in hex color code representation. For example black color - #000000","description_kind":"markdown","optional":true},"unordered_type":{"type":"string","description":"The type of icon for the unordered list. Valid values: Normal, Square, Circle, None","description_kind":"markdown","optional":true}},"description":"The properties for the list block","description_kind":"markdown"}}},"description":"The items in the list","description_kind":"markdown"},"min_items":1},"properties":{"nesting_mode":"list","block":{"attributes":{"ordered_type":{"type":"string","description":"The type of icon for the ordered list. Valid values: Number, LowerAlpha, LowerGreek, LowerRoman, UpperAlpha, UpperRoman, None","description_kind":"markdown","optional":true},"unordered_type":{"type":"string","description":"The type of icon for the unordered list. Valid values: Normal, Square, Circle, None","description_kind":"markdown","optional":true}},"description":"Properties for the list","description_kind":"markdown"}}},"description":"List. It must contain a value if the type of the block is UnorderedList or OrderedList.","description_kind":"markdown"},"max_items":1},"text":{"nesting_mode":"list","block":{"attributes":{"hyperlink":{"type":"string","description":"The URL of the page that the hyperlink goes to.","description_kind":"markdown","optional":true},"marks":{"type":["set","string"],"description":"The unique list of marks (whether it is bold and/or underlined etc.) for the text. Valid values: Bold | Italic | Underline","description_kind":"markdown","optional":true},"text":{"type":"string","description":"Text","description_kind":"markdown","required":true}},"block_types":{"properties":{"nesting_mode":"list","block":{"attributes":{"background_color":{"type":"string","description":"The background color for the text. The valid values in hex color code representation. For example black color - #000000","description_kind":"markdown","optional":true},"font_size":{"type":"string","description":"The font size for the text. The valid values in 'em'. Valid values: XxSmall, XSmall, Small, Medium, Large, XLarge, XxLarge, XxxLarge","description_kind":"markdown","optional":true},"text_color":{"type":"string","description":"The text color for the text. The valid values in hex color code representation. For example black color - #000000","description_kind":"markdown","optional":true}},"description":"The properties for the text","description_kind":"markdown"}}},"description":"Text. It must contain a value if the type of the block is Text.","description_kind":"markdown"},"max_items":1},"video":{"nesting_mode":"list","block":{"attributes":{"url":{"type":"string","description":"The URL for the video.","description_kind":"markdown","required":true}},"block_types":{"properties":{"nesting_mode":"list","block":{"attributes":{"align":{"type":"string","description":"The align type for the property. Valid values: Center, Left, Right, Justify","description_kind":"markdown","optional":true},"background_color":{"type":"string","description":"The background color for the property. The valid values in hex color code representation. For example black color - #000000","description_kind":"markdown","optional":true},"indentation":{"type":"number","description":"The indentation for the property. The valid values in 'em'","description_kind":"markdown","optional":true}},"block_types":{"height":{"nesting_mode":"list","block":{"attributes":{"unit":{"type":"string","description":"The unit of the number. Valid values: Em, Percentage, Px","description_kind":"markdown","required":true},"value":{"type":"number","description":"A number","description_kind":"markdown","required":true}},"description":"The height (with unit) for the property","description_kind":"markdown"},"max_items":1},"width":{"nesting_mode":"list","block":{"attributes":{"unit":{"type":"string","description":"The unit of the number. Valid values: Em, Percentage, Px","description_kind":"markdown","required":true},"value":{"type":"number","description":"A number","description_kind":"markdown","required":true}},"description":"The width (with unit) for the property","description_kind":"markdown"},"max_items":1}},"description":"The properties for the video","description_kind":"markdown"}}},"description":"Video. It must contain a value if the type of the block is Video.","description_kind":"markdown"},"max_items":1}},"description":"The list of items for an OrderedList or an UnorderedList.","description_kind":"markdown"},"min_items":1},"properties":{"nesting_mode":"list","block":{"attributes":{"align":{"type":"string","description":"The align type for the list item. Valid values: Center, Left, Right, Justify","description_kind":"markdown","optional":true},"background_color":{"type":"string","description":"The background color for the list item. The valid values in hex color code representation. For example black color - #000000","description_kind":"markdown","optional":true},"font_size":{"type":"string","description":"The font size for the list item. The valid values in 'em'. Valid values: XxSmall, XSmall, Small, Medium, Large, XLarge, XxLarge, XxxLarge","description_kind":"markdown","optional":true},"font_type":{"type":"string","description":"The font type for the list item. Valid values: Paragraph, Heading1, Heading2, Heading3, Heading4, Heading5, Heading6, Preformatted","description_kind":"markdown","optional":true},"indentation":{"type":"number","description":"The indentation property for the list item. The valid values in 'em'","description_kind":"markdown","optional":true},"ordered_type":{"type":"string","description":"The type of icon for the ordered list. Valid values: Number, LowerAlpha, LowerGreek, LowerRoman, UpperAlpha, UpperRoman, None","description_kind":"markdown","optional":true},"text_color":{"type":"string","description":"The text color for the list item. The valid values in hex color code representation. For example black color - #000000","description_kind":"markdown","optional":true},"unordered_type":{"type":"string","description":"The type of icon for the unordered list. Valid values: Normal, Square, Circle, None","description_kind":"markdown","optional":true}},"description":"The properties for the list block","description_kind":"markdown"}}},"description":"The items in the list","description_kind":"markdown"},"min_items":1},"properties":{"nesting_mode":"list","block":{"attributes":{"ordered_type":{"type":"string","description":"The type of icon for the ordered list. Valid values: Number, LowerAlpha, LowerGreek, LowerRoman, UpperAlpha, UpperRoman, None","description_kind":"markdown","optional":true},"unordered_type":{"type":"string","description":"The type of icon for the unordered list. Valid values: Normal, Square, Circle, None","description_kind":"markdown","optional":true}},"description":"Properties for the list","description_kind":"markdown"}}},"description":"List. It must contain a value if the type of the block is UnorderedList or OrderedList.","description_kind":"markdown"},"max_items":1},"text":{"nesting_mode":"list","block":{"attributes":{"hyperlink":{"type":"string","description":"The URL of the page that the hyperlink goes to.","description_kind":"markdown","optional":true},"marks":{"type":["set","string"],"description":"The unique list of marks (whether it is bold and/or underlined etc.) for the text. Valid values: Bold | Italic | Underline","description_kind":"markdown","optional":true},"text":{"type":"string","description":"Text","description_kind":"markdown","required":true}},"block_types":{"properties":{"nesting_mode":"list","block":{"attributes":{"background_color":{"type":"string","description":"The background color for the text. The valid values in hex color code representation. For example black color - #000000","description_kind":"markdown","optional":true},"font_size":{"type":"string","description":"The font size for the text. The valid values in 'em'. Valid values: XxSmall, XSmall, Small, Medium, Large, XLarge, XxLarge, XxxLarge","description_kind":"markdown","optional":true},"text_color":{"type":"string","description":"The text color for the text. The valid values in hex color code representation. For example black color - #000000","description_kind":"markdown","optional":true}},"description":"The properties for the text","description_kind":"markdown"}}},"description":"Text. It must contain a value if the type of the block is Text.","description_kind":"markdown"},"max_items":1},"video":{"nesting_mode":"list","block":{"attributes":{"url":{"type":"string","description":"The URL for the video.","description_kind":"markdown","required":true}},"block_types":{"properties":{"nesting_mode":"list","block":{"attributes":{"align":{"type":"string","description":"The align type for the property. Valid values: Center, Left, Right, Justify","description_kind":"markdown","optional":true},"background_color":{"type":"string","description":"The background color for the property. The valid values in hex color code representation. For example black color - #000000","description_kind":"markdown","optional":true},"indentation":{"type":"number","description":"The indentation for the property. The valid values in 'em'","description_kind":"markdown","optional":true}},"block_types":{"height":{"nesting_mode":"list","block":{"attributes":{"unit":{"type":"string","description":"The unit of the number. Valid values: Em, Percentage, Px","description_kind":"markdown","required":true},"value":{"type":"number","description":"A number","description_kind":"markdown","required":true}},"description":"The height (with unit) for the property","description_kind":"markdown"},"max_items":1},"width":{"nesting_mode":"list","block":{"attributes":{"unit":{"type":"string","description":"The unit of the number. Valid values: Em, Percentage, Px","description_kind":"markdown","required":true},"value":{"type":"number","description":"A number","description_kind":"markdown","required":true}},"description":"The width (with unit) for the property","description_kind":"markdown"},"max_items":1}},"description":"The properties for the video","description_kind":"markdown"}}},"description":"Video. It must contain a value if the type of the block is Video.","description_kind":"markdown"},"max_items":1}},"description":"The list of items for an OrderedList or an UnorderedList.","description_kind":"markdown"},"min_items":1},"properties":{"nesting_mode":"list","block":{"attributes":{"align":{"type":"string","description":"The align type for the list item. Valid values: Center, Left, Right, Justify","description_kind":"markdown","optional":true},"background_color":{"type":"string","description":"The background color for the list item. The valid values in hex color code representation. For example black color - #000000","description_kind":"markdown","optional":true},"font_size":{"type":"string","description":"The font size for the list item. The valid values in 'em'. Valid values: XxSmall, XSmall, Small, Medium, Large, XLarge, XxLarge, XxxLarge","description_kind":"markdown","optional":true},"font_type":{"type":"string","description":"The font type for the list item. Valid values: Paragraph, Heading1, Heading2, Heading3, Heading4, Heading5, Heading6, Preformatted","description_kind":"markdown","optional":true},"indentation":{"type":"number","description":"The indentation property for the list item. The valid values in 'em'","description_kind":"markdown","optional":true},"ordered_type":{"type":"string","description":"The type of icon for the ordered list. Valid values: Number, LowerAlpha, LowerGreek, LowerRoman, UpperAlpha, UpperRoman, None","description_kind":"markdown","optional":true},"text_color":{"type":"string","description":"The text color for the list item. The valid values in hex color code representation. For example black color - #000000","description_kind":"markdown","optional":true},"unordered_type":{"type":"string","description":"The type of icon for the unordered list. Valid values: Normal, Square, Circle, None","description_kind":"markdown","optional":true}},"description":"The properties for the list block","description_kind":"markdown"}}},"description":"The items in the list","description_kind":"markdown"},"min_items":1},"properties":{"nesting_mode":"list","block":{"attributes":{"ordered_type":{"type":"string","description":"The type of icon for the ordered list. Valid values: Number, LowerAlpha, LowerGreek, LowerRoman, UpperAlpha, UpperRoman, None","description_kind":"markdown","optional":true},"unordered_type":{"type":"string","description":"The type of icon for the unordered list. Valid values: Normal, Square, Circle, None","description_kind":"markdown","optional":true}},"description":"Properties for the list","description_kind":"markdown"}}},"description":"List. It must contain a value if the type of the block is UnorderedList or OrderedList.","description_kind":"markdown"},"max_items":1},"text":{"nesting_mode":"list","block":{"attributes":{"hyperlink":{"type":"string","description":"The URL of the page that the hyperlink goes to.","description_kind":"markdown","optional":true},"marks":{"type":["set","string"],"description":"The unique list of marks (whether it is bold and/or underlined etc.) for the text. Valid values: Bold | Italic | Underline","description_kind":"markdown","optional":true},"text":{"type":"string","description":"Text","description_kind":"markdown","required":true}},"block_types":{"properties":{"nesting_mode":"list","block":{"attributes":{"background_color":{"type":"string","description":"The background color for the text. The valid values in hex color code representation. For example black color - #000000","description_kind":"markdown","optional":true},"font_size":{"type":"string","description":"The font size for the text. The valid values in 'em'. Valid values: XxSmall, XSmall, Small, Medium, Large, XLarge, XxLarge, XxxLarge","description_kind":"markdown","optional":true},"text_color":{"type":"string","description":"The text color for the text. The valid values in hex color code representation. For example black color - #000000","description_kind":"markdown","optional":true}},"description":"The properties for the text","description_kind":"markdown"}}},"description":"Text. It must contain a value if the type of the block is Text.","description_kind":"markdown"},"max_items":1},"video":{"nesting_mode":"list","block":{"attributes":{"url":{"type":"string","description":"The URL for the video.","description_kind":"markdown","required":true}},"block_types":{"properties":{"nesting_mode":"list","block":{"attributes":{"align":{"type":"string","description":"The align type for the property. Valid values: Center, Left, Right, Justify","description_kind":"markdown","optional":true},"background_color":{"type":"string","description":"The background color for the property. The valid values in hex color code representation. For example black color - #000000","description_kind":"markdown","optional":true},"indentation":{"type":"number","description":"The indentation for the property. The valid values in 'em'","description_kind":"markdown","optional":true}},"block_types":{"height":{"nesting_mode":"list","block":{"attributes":{"unit":{"type":"string","description":"The unit of the number. Valid values: Em, Percentage, Px","description_kind":"markdown","required":true},"value":{"type":"number","description":"A number","description_kind":"markdown","required":true}},"description":"The height (with unit) for the property","description_kind":"markdown"},"max_items":1},"width":{"nesting_mode":"list","block":{"attributes":{"unit":{"type":"string","description":"The unit of the number. Valid values: Em, Percentage, Px","description_kind":"markdown","required":true},"value":{"type":"number","description":"A number","description_kind":"markdown","required":true}},"description":"The width (with unit) for the property","description_kind":"markdown"},"max_items":1}},"description":"The properties for the video","description_kind":"markdown"}}},"description":"Video. It must contain a value if the type of the block is Video.","description_kind":"markdown"},"max_items":1}},"description":"The list of items for an OrderedList or an UnorderedList.","description_kind":"markdown"},"min_items":1},"properties":{"nesting_mode":"list","block":{"attributes":{"align":{"type":"string","description":"The align type for the list item. Valid values: Center, Left, Right, Justify","description_kind":"markdown","optional":true},"background_color":{"type":"string","description":"The background color for the list item. The valid values in hex color code representation. For example black color - #000000","description_kind":"markdown","optional":true},"font_size":{"type":"string","description":"The font size for the list item. The valid values in 'em'. Valid values: XxSmall, XSmall, Small, Medium, Large, XLarge, XxLarge, XxxLarge","description_kind":"markdown","optional":true},"font_type":{"type":"string","description":"The font type for the list item. Valid values: Paragraph, Heading1, Heading2, Heading3, Heading4, Heading5, Heading6, Preformatted","description_kind":"markdown","optional":true},"indentation":{"type":"number","description":"The indentation property for the list item. The valid values in 'em'","description_kind":"markdown","optional":true},"ordered_type":{"type":"string","description":"The type of icon for the ordered list. Valid values: Number, LowerAlpha, LowerGreek, LowerRoman, UpperAlpha, UpperRoman, None","description_kind":"markdown","optional":true},"text_color":{"type":"string","description":"The text color for the list item. The valid values in hex color code representation. For example black color - #000000","description_kind":"markdown","optional":true},"unordered_type":{"type":"string","description":"The type of icon for the unordered list. Valid values: Normal, Square, Circle, None","description_kind":"markdown","optional":true}},"description":"The properties for the list block","description_kind":"markdown"}}},"description":"The items in the list","description_kind":"markdown"},"min_items":1},"properties":{"nesting_mode":"list","block":{"attributes":{"ordered_type":{"type":"string","description":"The type of icon for the ordered list. Valid values: Number, LowerAlpha, LowerGreek, LowerRoman, UpperAlpha, UpperRoman, None","description_kind":"markdown","optional":true},"unordered_type":{"type":"string","description":"The type of icon for the unordered list. Valid values: Normal, Square, Circle, None","description_kind":"markdown","optional":true}},"description":"Properties for the list","description_kind":"markdown"}}},"description":"List. It must contain a value if the type of the block is UnorderedList or OrderedList.","description_kind":"markdown"},"max_items":1},"text":{"nesting_mode":"list","block":{"attributes":{"hyperlink":{"type":"string","description":"The URL of the page that the hyperlink goes to.","description_kind":"markdown","optional":true},"marks":{"type":["set","string"],"description":"The unique list of marks (whether it is bold and/or underlined etc.) for the text. Valid values: Bold | Italic | Underline","description_kind":"markdown","optional":true},"text":{"type":"string","description":"Text","description_kind":"markdown","required":true}},"block_types":{"properties":{"nesting_mode":"list","block":{"attributes":{"background_color":{"type":"string","description":"The background color for the text. The valid values in hex color code representation. For example black color - #000000","description_kind":"markdown","optional":true},"font_size":{"type":"string","description":"The font size for the text. The valid values in 'em'. Valid values: XxSmall, XSmall, Small, Medium, Large, XLarge, XxLarge, XxxLarge","description_kind":"markdown","optional":true},"text_color":{"type":"string","description":"The text color for the text. The valid values in hex color code representation. For example black color - #000000","description_kind":"markdown","optional":true}},"description":"The properties for the text","description_kind":"markdown"}}},"description":"Text. It must contain a value if the type of the block is Text.","description_kind":"markdown"},"max_items":1},"video":{"nesting_mode":"list","block":{"attributes":{"url":{"type":"string","description":"The URL for the video.","description_kind":"markdown","required":true}},"block_types":{"properties":{"nesting_mode":"list","block":{"attributes":{"align":{"type":"string","description":"The align type for the property. Valid values: Center, Left, Right, Justify","description_kind":"markdown","optional":true},"background_color":{"type":"string","description":"The background color for the property. The valid values in hex color code representation. For example black color - #000000","description_kind":"markdown","optional":true},"indentation":{"type":"number","description":"The indentation for the property. The valid values in 'em'","description_kind":"markdown","optional":true}},"block_types":{"height":{"nesting_mode":"list","block":{"attributes":{"unit":{"type":"string","description":"The unit of the number. Valid values: Em, Percentage, Px","description_kind":"markdown","required":true},"value":{"type":"number","description":"A number","description_kind":"markdown","required":true}},"description":"The height (with unit) for the property","description_kind":"markdown"},"max_items":1},"width":{"nesting_mode":"list","block":{"attributes":{"unit":{"type":"string","description":"The unit of the number. Valid values: Em, Percentage, Px","description_kind":"markdown","required":true},"value":{"type":"number","description":"A number","description_kind":"markdown","required":true}},"description":"The width (with unit) for the property","description_kind":"markdown"},"max_items":1}},"description":"The properties for the video","description_kind":"markdown"}}},"description":"Video. It must contain a value if the type of the block is Video.","description_kind":"markdown"},"max_items":1}},"description":"The list of items for an OrderedList or an UnorderedList.","description_kind":"markdown"},"min_items":1},"properties":{"nesting_mode":"list","block":{"attributes":{"align":{"type":"string","description":"The align type for the list item. Valid values: Center, Left, Right, Justify","description_kind":"markdown","optional":true},"background_color":{"type":"string","description":"The background color for the list item. The valid values in hex color code representation. For example black color - #000000","description_kind":"markdown","optional":true},"font_size":{"type":"string","description":"The font size for the list item. The valid values in 'em'. Valid values: XxSmall, XSmall, Small, Medium, Large, XLarge, XxLarge, XxxLarge","description_kind":"markdown","optional":true},"font_type":{"type":"string","description":"The font type for the list item. Valid values: Paragraph, Heading1, Heading2, Heading3, Heading4, Heading5, Heading6, Preformatted","description_kind":"markdown","optional":true},"indentation":{"type":"number","description":"The indentation property for the list item. The valid values in 'em'","description_kind":"markdown","optional":true},"ordered_type":{"type":"string","description":"The type of icon for the ordered list. Valid values: Number, LowerAlpha, LowerGreek, LowerRoman, UpperAlpha, UpperRoman, None","description_kind":"markdown","optional":true},"text_color":{"type":"string","description":"The text color for the list item. The valid values in hex color code representation. For example black color - #000000","description_kind":"markdown","optional":true},"unordered_type":{"type":"string","description":"The type of icon for the unordered list. Valid values: Normal, Square, Circle, None","description_kind":"markdown","optional":true}},"description":"The properties for the list block","description_kind":"markdown"}}},"description":"The items in the list","description_kind":"markdown"},"min_items":1},"properties":{"nesting_mode":"list","block":{"attributes":{"ordered_type":{"type":"string","description":"The type of icon for the ordered list. Valid values: Number, LowerAlpha, LowerGreek, LowerRoman, UpperAlpha, UpperRoman, None","description_kind":"markdown","optional":true},"unordered_type":{"type":"string","description":"The type of icon for the unordered list. Valid values: Normal, Square, Circle, None","description_kind":"markdown","optional":true}},"description":"Properties for the list","description_kind":"markdown"}}},"description":"List. It must contain a value if the type of the block is UnorderedList or OrderedList.","description_kind":"markdown"},"max_items":1},"text":{"nesting_mode":"list","block":{"attributes":{"hyperlink":{"type":"string","description":"The URL of the page that the hyperlink goes to.","description_kind":"markdown","optional":true},"marks":{"type":["set","string"],"description":"The unique list of marks (whether it is bold and/or underlined etc.) for the text. Valid values: Bold | Italic | Underline","description_kind":"markdown","optional":true},"text":{"type":"string","description":"Text","description_kind":"markdown","required":true}},"block_types":{"properties":{"nesting_mode":"list","block":{"attributes":{"background_color":{"type":"string","description":"The background color for the text. The valid values in hex color code representation. For example black color - #000000","description_kind":"markdown","optional":true},"font_size":{"type":"string","description":"The font size for the text. The valid values in 'em'. Valid values: XxSmall, XSmall, Small, Medium, Large, XLarge, XxLarge, XxxLarge","description_kind":"markdown","optional":true},"text_color":{"type":"string","description":"The text color for the text. The valid values in hex color code representation. For example black color - #000000","description_kind":"markdown","optional":true}},"description":"The properties for the text","description_kind":"markdown"}}},"description":"Text. It must contain a value if the type of the block is Text.","description_kind":"markdown"},"max_items":1},"video":{"nesting_mode":"list","block":{"attributes":{"url":{"type":"string","description":"The URL for the video.","description_kind":"markdown","required":true}},"block_types":{"properties":{"nesting_mode":"list","block":{"attributes":{"align":{"type":"string","description":"The align type for the property. Valid values: Center, Left, Right, Justify","description_kind":"markdown","optional":true},"background_color":{"type":"string","description":"The background color for the property. The valid values in hex color code representation. For example black color - #000000","description_kind":"markdown","optional":true},"indentation":{"type":"number","description":"The indentation for the property. The valid values in 'em'","description_kind":"markdown","optional":true}},"block_types":{"height":{"nesting_mode":"list","block":{"attributes":{"unit":{"type":"string","description":"The unit of the number. Valid values: Em, Percentage, Px","description_kind":"markdown","required":true},"value":{"type":"number","description":"A number","description_kind":"markdown","required":true}},"description":"The height (with unit) for the property","description_kind":"markdown"},"max_items":1},"width":{"nesting_mode":"list","block":{"attributes":{"unit":{"type":"string","description":"The unit of the number. Valid values: Em, Percentage, Px","description_kind":"markdown","required":true},"value":{"type":"number","description":"A number","description_kind":"markdown","required":true}},"description":"The width (with unit) for the property","description_kind":"markdown"},"max_items":1}},"description":"The properties for the video","description_kind":"markdown"}}},"description":"Video. It must contain a value if the type of the block is Video.","description_kind":"markdown"},"max_items":1}},"description":"The list of items for an OrderedList or an UnorderedList.","description_kind":"markdown"},"min_items":1},"properties":{"nesting_mode":"list","block":{"attributes":{"align":{"type":"string","description":"The align type for the list item. Valid values: Center, Left, Right, Justify","description_kind":"markdown","optional":true},"background_color":{"type":"string","description":"The background color for the list item. The valid values in hex color code representation. For example black color - #000000","description_kind":"markdown","optional":true},"font_size":{"type":"string","description":"The font size for the list item. The valid values in 'em'. Valid values: XxSmall, XSmall, Small, Medium, Large, XLarge, XxLarge, XxxLarge","description_kind":"markdown","optional":true},"font_type":{"type":"string","description":"The font type for the list item. Valid values: Paragraph, Heading1, Heading2, Heading3, Heading4, Heading5, Heading6, Preformatted","description_kind":"markdown","optional":true},"indentation":{"type":"number","description":"The indentation property for the list item. The valid values in 'em'","description_kind":"markdown","optional":true},"ordered_type":{"type":"string","description":"The type of icon for the ordered list. Valid values: Number, LowerAlpha, LowerGreek, LowerRoman, UpperAlpha, UpperRoman, None","description_kind":"markdown","optional":true},"text_color":{"type":"string","description":"The text color for the list item. The valid values in hex color code representation. For example black color - #000000","description_kind":"markdown","optional":true},"unordered_type":{"type":"string","description":"The type of icon for the unordered list. Valid values: Normal, Square, Circle, None","description_kind":"markdown","optional":true}},"description":"The properties for the list block","description_kind":"markdown"}}},"description":"The items in the list","description_kind":"markdown"},"min_items":1},"properties":{"nesting_mode":"list","block":{"attributes":{"ordered_type":{"type":"string","description":"The type of icon for the ordered list. Valid values: Number, LowerAlpha, LowerGreek, LowerRoman, UpperAlpha, UpperRoman, None","description_kind":"markdown","optional":true},"unordered_type":{"type":"string","description":"The type of icon for the unordered list. Valid values: Normal, Square, Circle, None","description_kind":"markdown","optional":true}},"description":"Properties for the list","description_kind":"markdown"}}},"description":"List. It must contain a value if the type of the block is UnorderedList or OrderedList.","description_kind":"markdown"},"max_items":1},"text":{"nesting_mode":"list","block":{"attributes":{"hyperlink":{"type":"string","description":"The URL of the page that the hyperlink goes to.","description_kind":"markdown","optional":true},"marks":{"type":["set","string"],"description":"The unique list of marks (whether it is bold and/or underlined etc.) for the text. Valid values: Bold | Italic | Underline","description_kind":"markdown","optional":true},"text":{"type":"string","description":"Text","description_kind":"markdown","required":true}},"block_types":{"properties":{"nesting_mode":"list","block":{"attributes":{"background_color":{"type":"string","description":"The background color for the text. The valid values in hex color code representation. For example black color - #000000","description_kind":"markdown","optional":true},"font_size":{"type":"string","description":"The font size for the text. The valid values in 'em'. Valid values: XxSmall, XSmall, Small, Medium, Large, XLarge, XxLarge, XxxLarge","description_kind":"markdown","optional":true},"text_color":{"type":"string","description":"The text color for the text. The valid values in hex color code representation. For example black color - #000000","description_kind":"markdown","optional":true}},"description":"The properties for the text","description_kind":"markdown"}}},"description":"Text. It must contain a value if the type of the block is Text.","description_kind":"markdown"},"max_items":1},"video":{"nesting_mode":"list","block":{"attributes":{"url":{"type":"string","description":"The URL for the video.","description_kind":"markdown","required":true}},"block_types":{"properties":{"nesting_mode":"list","block":{"attributes":{"align":{"type":"string","description":"The align type for the property. Valid values: Center, Left, Right, Justify","description_kind":"markdown","optional":true},"background_color":{"type":"string","description":"The background color for the property. The valid values in hex color code representation. For example black color - #000000","description_kind":"markdown","optional":true},"indentation":{"type":"number","description":"The indentation for the property. The valid values in 'em'","description_kind":"markdown","optional":true}},"block_types":{"height":{"nesting_mode":"list","block":{"attributes":{"unit":{"type":"string","description":"The unit of the number. Valid values: Em, Percentage, Px","description_kind":"markdown","required":true},"value":{"type":"number","description":"A number","description_kind":"markdown","required":true}},"description":"The height (with unit) for the property","description_kind":"markdown"},"max_items":1},"width":{"nesting_mode":"list","block":{"attributes":{"unit":{"type":"string","description":"The unit of the number. Valid values: Em, Percentage, Px","description_kind":"markdown","required":true},"value":{"type":"number","description":"A number","description_kind":"markdown","required":true}},"description":"The width (with unit) for the property","description_kind":"markdown"},"max_items":1}},"description":"The properties for the video","description_kind":"markdown"}}},"description":"Video. It must contain a value if the type of the block is Video.","description_kind":"markdown"},"max_items":1}},"description":"The list of items for an OrderedList or an UnorderedList.","description_kind":"markdown"},"min_items":1},"properties":{"nesting_mode":"list","block":{"attributes":{"align":{"type":"string","description":"The align type for the list item. Valid values: Center, Left, Right, Justify","description_kind":"markdown","optional":true},"background_color":{"type":"string","description":"The background color for the list item. The valid values in hex color code representation. For example black color - #000000","description_kind":"markdown","optional":true},"font_size":{"type":"string","description":"The font size for the list item. The valid values in 'em'. Valid values: XxSmall, XSmall, Small, Medium, Large, XLarge, XxLarge, XxxLarge","description_kind":"markdown","optional":true},"font_type":{"type":"string","description":"The font type for the list item. Valid values: Paragraph, Heading1, Heading2, Heading3, Heading4, Heading5, Heading6, Preformatted","description_kind":"markdown","optional":true},"indentation":{"type":"number","description":"The indentation property for the list item. The valid values in 'em'","description_kind":"markdown","optional":true},"ordered_type":{"type":"string","description":"The type of icon for the ordered list. Valid values: Number, LowerAlpha, LowerGreek, LowerRoman, UpperAlpha, UpperRoman, None","description_kind":"markdown","optional":true},"text_color":{"type":"string","description":"The text color for the list item. The valid values in hex color code representation. For example black color - #000000","description_kind":"markdown","optional":true},"unordered_type":{"type":"string","description":"The type of icon for the unordered list. Valid values: Normal, Square, Circle, None","description_kind":"markdown","optional":true}},"description":"The properties for the list block","description_kind":"markdown"}}},"description":"The items in the list","description_kind":"markdown"},"min_items":1},"properties":{"nesting_mode":"list","block":{"attributes":{"ordered_type":{"type":"string","description":"The type of icon for the ordered list. Valid values: Number, LowerAlpha, LowerGreek, LowerRoman, UpperAlpha, UpperRoman, None","description_kind":"markdown","optional":true},"unordered_type":{"type":"string","description":"The type of icon for the unordered list. Valid values: Normal, Square, Circle, None","description_kind":"markdown","optional":true}},"description":"Properties for the list","description_kind":"markdown"}}},"description":"List. It must contain a value if the type of the block is UnorderedList or OrderedList.","description_kind":"markdown"},"max_items":1},"text":{"nesting_mode":"list","block":{"attributes":{"hyperlink":{"type":"string","description":"The URL of the page that the hyperlink goes to.","description_kind":"markdown","optional":true},"marks":{"type":["set","string"],"description":"The unique list of marks (whether it is bold and/or underlined etc.) for the text. Valid values: Bold | Italic | Underline","description_kind":"markdown","optional":true},"text":{"type":"string","description":"Text","description_kind":"markdown","required":true}},"block_types":{"properties":{"nesting_mode":"list","block":{"attributes":{"background_color":{"type":"string","description":"The background color for the text. The valid values in hex color code representation. For example black color - #000000","description_kind":"markdown","optional":true},"font_size":{"type":"string","description":"The font size for the text. The valid values in 'em'. Valid values: XxSmall, XSmall, Small, Medium, Large, XLarge, XxLarge, XxxLarge","description_kind":"markdown","optional":true},"text_color":{"type":"string","description":"The text color for the text. The valid values in hex color code representation. For example black color - #000000","description_kind":"markdown","optional":true}},"description":"The properties for the text","description_kind":"markdown"}}},"description":"Text. It must contain a value if the type of the block is Text.","description_kind":"markdown"},"max_items":1},"video":{"nesting_mode":"list","block":{"attributes":{"url":{"type":"string","description":"The URL for the video.","description_kind":"markdown","required":true}},"block_types":{"properties":{"nesting_mode":"list","block":{"attributes":{"align":{"type":"string","description":"The align type for the property. Valid values: Center, Left, Right, Justify","description_kind":"markdown","optional":true},"background_color":{"type":"string","description":"The background color for the property. The valid values in hex color code representation. For example black color - #000000","description_kind":"markdown","optional":true},"indentation":{"type":"number","description":"The indentation for the property. The valid values in 'em'","description_kind":"markdown","optional":true}},"block_types":{"height":{"nesting_mode":"list","block":{"attributes":{"unit":{"type":"string","description":"The unit of the number. Valid values: Em, Percentage, Px","description_kind":"markdown","required":true},"value":{"type":"number","description":"A number","description_kind":"markdown","required":true}},"description":"The height (with unit) for the property","description_kind":"markdown"},"max_items":1},"width":{"nesting_mode":"list","block":{"attributes":{"unit":{"type":"string","description":"The unit of the number. Valid values: Em, Percentage, Px","description_kind":"markdown","required":true},"value":{"type":"number","description":"A number","description_kind":"markdown","required":true}},"description":"The width (with unit) for the property","description_kind":"markdown"},"max_items":1}},"description":"The properties for the video","description_kind":"markdown"}}},"description":"Video. It must contain a value if the type of the block is Video.","description_kind":"markdown"},"max_items":1}},"description":"The list of items for an OrderedList or an UnorderedList.","description_kind":"markdown"},"min_items":1},"properties":{"nesting_mode":"list","block":{"attributes":{"align":{"type":"string","description":"The align type for the list item. Valid values: Center, Left, Right, Justify","description_kind":"markdown","optional":true},"background_color":{"type":"string","description":"The background color for the list item. The valid values in hex color code representation. For example black color - #000000","description_kind":"markdown","optional":true},"font_size":{"type":"string","description":"The font size for the list item. The valid values in 'em'. Valid values: XxSmall, XSmall, Small, Medium, Large, XLarge, XxLarge, XxxLarge","description_kind":"markdown","optional":true},"font_type":{"type":"string","description":"The font type for the list item. Valid values: Paragraph, Heading1, Heading2, Heading3, Heading4, Heading5, Heading6, Preformatted","description_kind":"markdown","optional":true},"indentation":{"type":"number","description":"The indentation property for the list item. The valid values in 'em'","description_kind":"markdown","optional":true},"ordered_type":{"type":"string","description":"The type of icon for the ordered list. Valid values: Number, LowerAlpha, LowerGreek, LowerRoman, UpperAlpha, UpperRoman, None","description_kind":"markdown","optional":true},"text_color":{"type":"string","description":"The text color for the list item. The valid values in hex color code representation. For example black color - #000000","description_kind":"markdown","optional":true},"unordered_type":{"type":"string","description":"The type of icon for the unordered list. Valid values: Normal, Square, Circle, None","description_kind":"markdown","optional":true}},"description":"The properties for the list block","description_kind":"markdown"}}},"description":"The items in the list","description_kind":"markdown"},"min_items":1},"properties":{"nesting_mode":"list","block":{"attributes":{"ordered_type":{"type":"string","description":"The type of icon for the ordered list. Valid values: Number, LowerAlpha, LowerGreek, LowerRoman, UpperAlpha, UpperRoman, None","description_kind":"markdown","optional":true},"unordered_type":{"type":"string","description":"The type of icon for the unordered list. Valid values: Normal, Square, Circle, None","description_kind":"markdown","optional":true}},"description":"Properties for the list","description_kind":"markdown"}}},"description":"List. It must contain a value if the type of the block is UnorderedList or OrderedList.","description_kind":"markdown"},"max_items":1},"text":{"nesting_mode":"list","block":{"attributes":{"hyperlink":{"type":"string","description":"The URL of the page that the hyperlink goes to.","description_kind":"markdown","optional":true},"marks":{"type":["set","string"],"description":"The unique list of marks (whether it is bold and/or underlined etc.) for the text. Valid values: Bold | Italic | Underline","description_kind":"markdown","optional":true},"text":{"type":"string","description":"Text","description_kind":"markdown","required":true}},"block_types":{"properties":{"nesting_mode":"list","block":{"attributes":{"background_color":{"type":"string","description":"The background color for the text. The valid values in hex color code representation. For example black color - #000000","description_kind":"markdown","optional":true},"font_size":{"type":"string","description":"The font size for the text. The valid values in 'em'. Valid values: XxSmall, XSmall, Small, Medium, Large, XLarge, XxLarge, XxxLarge","description_kind":"markdown","optional":true},"text_color":{"type":"string","description":"The text color for the text. The valid values in hex color code representation. For example black color - #000000","description_kind":"markdown","optional":true}},"description":"The properties for the text","description_kind":"markdown"}}},"description":"Text. It must contain a value if the type of the block is Text.","description_kind":"markdown"},"max_items":1},"video":{"nesting_mode":"list","block":{"attributes":{"url":{"type":"string","description":"The URL for the video.","description_kind":"markdown","required":true}},"block_types":{"properties":{"nesting_mode":"list","block":{"attributes":{"align":{"type":"string","description":"The align type for the property. Valid values: Center, Left, Right, Justify","description_kind":"markdown","optional":true},"background_color":{"type":"string","description":"The background color for the property. The valid values in hex color code representation. For example black color - #000000","description_kind":"markdown","optional":true},"indentation":{"type":"number","description":"The indentation for the property. The valid values in 'em'","description_kind":"markdown","optional":true}},"block_types":{"height":{"nesting_mode":"list","block":{"attributes":{"unit":{"type":"string","description":"The unit of the number. Valid values: Em, Percentage, Px","description_kind":"markdown","required":true},"value":{"type":"number","description":"A number","description_kind":"markdown","required":true}},"description":"The height (with unit) for the property","description_kind":"markdown"},"max_items":1},"width":{"nesting_mode":"list","block":{"attributes":{"unit":{"type":"string","description":"The unit of the number. Valid values: Em, Percentage, Px","description_kind":"markdown","required":true},"value":{"type":"number","description":"A number","description_kind":"markdown","required":true}},"description":"The width (with unit) for the property","description_kind":"markdown"},"max_items":1}},"description":"The properties for the video","description_kind":"markdown"}}},"description":"Video. It must contain a value if the type of the block is Video.","description_kind":"markdown"},"max_items":1}},"description":"The list of items for an OrderedList or an UnorderedList.","description_kind":"markdown"},"min_items":1},"properties":{"nesting_mode":"list","block":{"attributes":{"align":{"type":"string","description":"The align type for the list item. Valid values: Center, Left, Right, Justify","description_kind":"markdown","optional":true},"background_color":{"type":"string","description":"The background color for the list item. The valid values in hex color code representation. For example black color - #000000","description_kind":"markdown","optional":true},"font_size":{"type":"string","description":"The font size for the list item. The valid values in 'em'. Valid values: XxSmall, XSmall, Small, Medium, Large, XLarge, XxLarge, XxxLarge","description_kind":"markdown","optional":true},"font_type":{"type":"string","description":"The font type for the list item. Valid values: Paragraph, Heading1, Heading2, Heading3, Heading4, Heading5, Heading6, Preformatted","description_kind":"markdown","optional":true},"indentation":{"type":"number","description":"The indentation property for the list item. The valid values in 'em'","description_kind":"markdown","optional":true},"ordered_type":{"type":"string","description":"The type of icon for the ordered list. Valid values: Number, LowerAlpha, LowerGreek, LowerRoman, UpperAlpha, UpperRoman, None","description_kind":"markdown","optional":true},"text_color":{"type":"string","description":"The text color for the list item. The valid values in hex color code representation. For example black color - #000000","description_kind":"markdown","optional":true},"unordered_type":{"type":"string","description":"The type of icon for the unordered list. Valid values: Normal, Square, Circle, None","description_kind":"markdown","optional":true}},"description":"The properties for the list block","description_kind":"markdown"}}},"description":"The items in the list","description_kind":"markdown"},"min_items":1},"properties":{"nesting_mode":"list","block":{"attributes":{"ordered_type":{"type":"string","description":"The type of icon for the ordered list. Valid values: Number, LowerAlpha, LowerGreek, LowerRoman, UpperAlpha, UpperRoman, None","description_kind":"markdown","optional":true},"unordered_type":{"type":"string","description":"The type of icon for the unordered list. Valid values: Normal, Square, Circle, None","description_kind":"markdown","optional":true}},"description":"Properties for the list","description_kind":"markdown"}}},"description":"List. It must contain a value if the type of the block is UnorderedList or OrderedList.","description_kind":"markdown"},"max_items":1},"paragraph":{"nesting_mode":"list","block":{"block_types":{"blocks":{"nesting_mode":"list","block":{"attributes":{"type":{"type":"string","description":"The type of the content block. Valid values: Text, Image, Video","description_kind":"markdown","required":true}},"block_types":{"image":{"nesting_mode":"list","block":{"attributes":{"hyperlink":{"type":"string","description":"The URL of the page that the hyperlink goes to.","description_kind":"markdown","optional":true},"url":{"type":"string","description":"The URL for the image.","description_kind":"markdown","required":true}},"block_types":{"properties":{"nesting_mode":"list","block":{"attributes":{"align":{"type":"string","description":"The align type for the property. Valid values: Center, Left, Right, Justify","description_kind":"markdown","optional":true},"alt_text":{"type":"string","description":"The image alt text for the property","description_kind":"markdown","optional":true},"background_color":{"type":"string","description":"The background color for the property. The valid values in hex color code representation. For example black color - #000000","description_kind":"markdown","optional":true},"indentation":{"type":"number","description":"The indentation for the property. The valid values in 'em'","description_kind":"markdown","optional":true},"width":{"type":"number","description":"The width (without unit) for the property","description_kind":"markdown","optional":true}},"block_types":{"width_with_unit":{"nesting_mode":"list","block":{"attributes":{"unit":{"type":"string","description":"The unit of the number. Valid values: Em, Percentage, Px","description_kind":"markdown","required":true},"value":{"type":"number","description":"A number","description_kind":"markdown","required":true}},"description":"The width (with unit) for the property","description_kind":"markdown"},"max_items":1}},"description":"The properties for the image","description_kind":"markdown"}}},"description":"Image. It must contain a value if the type of the block is Image.","description_kind":"markdown"},"max_items":1},"text":{"nesting_mode":"list","block":{"attributes":{"hyperlink":{"type":"string","description":"The URL of the page that the hyperlink goes to.","description_kind":"markdown","optional":true},"marks":{"type":["set","string"],"description":"The unique list of marks (whether it is bold and/or underlined etc.) for the text. Valid values: Bold | Italic | Underline","description_kind":"markdown","optional":true},"text":{"type":"string","description":"Text","description_kind":"markdown","required":true}},"block_types":{"properties":{"nesting_mode":"list","block":{"attributes":{"background_color":{"type":"string","description":"The background color for the text. The valid values in hex color code representation. For example black color - #000000","description_kind":"markdown","optional":true},"font_size":{"type":"string","description":"The font size for the text. The valid values in 'em'. Valid values: XxSmall, XSmall, Small, Medium, Large, XLarge, XxLarge, XxxLarge","description_kind":"markdown","optional":true},"text_color":{"type":"string","description":"The text color for the text. The valid values in hex color code representation. For example black color - #000000","description_kind":"markdown","optional":true}},"description":"The properties for the text","description_kind":"markdown"}}},"description":"Text. It must contain a value if the type of the block is Text.","description_kind":"markdown"},"max_items":1},"video":{"nesting_mode":"list","block":{"attributes":{"url":{"type":"string","description":"The URL for the video.","description_kind":"markdown","required":true}},"block_types":{"properties":{"nesting_mode":"list","block":{"attributes":{"align":{"type":"string","description":"The align type for the property. Valid values: Center, Left, Right, Justify","description_kind":"markdown","optional":true},"background_color":{"type":"string","description":"The background color for the property. The valid values in hex color code representation. For example black color - #000000","description_kind":"markdown","optional":true},"indentation":{"type":"number","description":"The indentation for the property. The valid values in 'em'","description_kind":"markdown","optional":true}},"block_types":{"height":{"nesting_mode":"list","block":{"attributes":{"unit":{"type":"string","description":"The unit of the number. Valid values: Em, Percentage, Px","description_kind":"markdown","required":true},"value":{"type":"number","description":"A number","description_kind":"markdown","required":true}},"description":"The height (with unit) for the property","description_kind":"markdown"},"max_items":1},"width":{"nesting_mode":"list","block":{"attributes":{"unit":{"type":"string","description":"The unit of the number. Valid values: Em, Percentage, Px","description_kind":"markdown","required":true},"value":{"type":"number","description":"A number","description_kind":"markdown","required":true}},"description":"The width (with unit) for the property","description_kind":"markdown"},"max_items":1}},"description":"The properties for the video","description_kind":"markdown"}}},"description":"Video. It must contain a value if the type of the block is Video.","description_kind":"markdown"},"max_items":1}},"description":"The content for the paragraph.","description_kind":"markdown"},"min_items":1},"properties":{"nesting_mode":"list","block":{"attributes":{"align":{"type":"string","description":"The align type for the paragraph. Valid values: Center, Left, Right, Justify","description_kind":"markdown","optional":true},"background_color":{"type":"string","description":"The background color for the paragraph. The valid values in hex color code representation. For example black color - #000000","description_kind":"markdown","optional":true},"font_size":{"type":"string","description":"The font size for the paragraph. The valid values in 'em'. Valid values: XxSmall, XSmall, Small, Medium, Large, XLarge, XxLarge, XxxLarge","description_kind":"markdown","optional":true},"font_type":{"type":"string","description":"The font type for the paragraph. Valid values: Paragraph, Heading1, Heading2, Heading3, Heading4, Heading5, Heading6, Preformatted","description_kind":"markdown","optional":true},"indentation":{"type":"number","description":"The indentation property for the paragraph. The valid values in 'em'","description_kind":"markdown","optional":true},"text_color":{"type":"string","description":"The text color for the paragraph. The valid values in hex color code representation. For example black color - #000000","description_kind":"markdown","optional":true}},"description":"The properties for the paragraph","description_kind":"markdown"}}},"description":"Paragraph. It must contain a value if the type of the block is Paragraph.","description_kind":"markdown"},"max_items":1},"table":{"nesting_mode":"list","block":{"block_types":{"properties":{"nesting_mode":"list","block":{"attributes":{"alignment":{"type":"string","description":"The alignment of the table. Valid values: Center, Left, Right","description_kind":"markdown","optional":true},"background_color":{"type":"string","description":"The background color of the table","description_kind":"markdown","optional":true},"border_color":{"type":"string","description":"The color of the table's border","description_kind":"markdown","optional":true},"border_style":{"type":"string","description":"The style of the table's border. Valid values: Solid, Dotted, Dashed, Double, Groove, Ridge, Inset, Outset, Hidden, None","description_kind":"markdown","optional":true},"border_width":{"type":"number","description":"The width of the table's border","description_kind":"markdown","optional":true},"cell_padding":{"type":"number","description":"The padding of cells in the table","description_kind":"markdown","optional":true},"cell_spacing":{"type":"number","description":"The spacing of cells in the table","description_kind":"markdown","optional":true},"height":{"type":"number","description":"The height of the table","description_kind":"markdown","optional":true},"width":{"type":"number","description":"The width of the table (without unit)","description_kind":"markdown","optional":true}},"block_types":{"caption":{"nesting_mode":"list","block":{"block_types":{"blocks":{"nesting_mode":"list","block":{"attributes":{"type":{"type":"string","description":"The type of the table caption. Valid Values: Paragraph, Text, Image, Video, OrderedList, UnorderedList","description_kind":"markdown","required":true}},"block_types":{"image":{"nesting_mode":"list","block":{"attributes":{"hyperlink":{"type":"string","description":"The URL of the page that the hyperlink goes to.","description_kind":"markdown","optional":true},"url":{"type":"string","description":"The URL for the image.","description_kind":"markdown","required":true}},"block_types":{"properties":{"nesting_mode":"list","block":{"attributes":{"align":{"type":"string","description":"The align type for the property. Valid values: Center, Left, Right, Justify","description_kind":"markdown","optional":true},"alt_text":{"type":"string","description":"The image alt text for the property","description_kind":"markdown","optional":true},"background_color":{"type":"string","description":"The background color for the property. The valid values in hex color code representation. For example black color - #000000","description_kind":"markdown","optional":true},"indentation":{"type":"number","description":"The indentation for the property. The valid values in 'em'","description_kind":"markdown","optional":true},"width":{"type":"number","description":"The width (without unit) for the property","description_kind":"markdown","optional":true}},"block_types":{"width_with_unit":{"nesting_mode":"list","block":{"attributes":{"unit":{"type":"string","description":"The unit of the number. Valid values: Em, Percentage, Px","description_kind":"markdown","required":true},"value":{"type":"number","description":"A number","description_kind":"markdown","required":true}},"description":"The width (with unit) for the property","description_kind":"markdown"},"max_items":1}},"description":"The properties for the image","description_kind":"markdown"}}},"description":"Image. It must contain a value if the type of the caption is Image.","description_kind":"markdown"},"max_items":1},"list":{"nesting_mode":"list","block":{"block_types":{"blocks":{"nesting_mode":"list","block":{"attributes":{"type":{"type":"string","description":"The type of the list. Valid values: ListItem","description_kind":"markdown","required":true}},"block_types":{"blocks":{"nesting_mode":"list","block":{"attributes":{"type":{"type":"string","description":"The type of the block for the list. This determines which list block object (text, video, image or list) would have a value.","description_kind":"markdown","required":true}},"block_types":{"image":{"nesting_mode":"list","block":{"attributes":{"hyperlink":{"type":"string","description":"The URL of the page that the hyperlink goes to.","description_kind":"markdown","optional":true},"url":{"type":"string","description":"The URL for the image.","description_kind":"markdown","required":true}},"block_types":{"properties":{"nesting_mode":"list","block":{"attributes":{"align":{"type":"string","description":"The align type for the property. Valid values: Center, Left, Right, Justify","description_kind":"markdown","optional":true},"alt_text":{"type":"string","description":"The image alt text for the property","description_kind":"markdown","optional":true},"background_color":{"type":"string","description":"The background color for the property. The valid values in hex color code representation. For example black color - #000000","description_kind":"markdown","optional":true},"indentation":{"type":"number","description":"The indentation for the property. The valid values in 'em'","description_kind":"markdown","optional":true},"width":{"type":"number","description":"The width (without unit) for the property","description_kind":"markdown","optional":true}},"block_types":{"width_with_unit":{"nesting_mode":"list","block":{"attributes":{"unit":{"type":"string","description":"The unit of the number. Valid values: Em, Percentage, Px","description_kind":"markdown","required":true},"value":{"type":"number","description":"A number","description_kind":"markdown","required":true}},"description":"The width (with unit) for the property","description_kind":"markdown"},"max_items":1}},"description":"The properties for the image","description_kind":"markdown"}}},"description":"Image. It must contain a value if the type of the block is Image.","description_kind":"markdown"},"max_items":1},"list":{"nesting_mode":"list","block":{"block_types":{"blocks":{"nesting_mode":"list","block":{"attributes":{"type":{"type":"string","description":"The type of the list. Valid values: ListItem","description_kind":"markdown","required":true}},"block_types":{"blocks":{"nesting_mode":"list","block":{"attributes":{"type":{"type":"string","description":"The type of the block for the list. This determines which list block object (text, video, image or list) would have a value.","description_kind":"markdown","required":true}},"block_types":{"image":{"nesting_mode":"list","block":{"attributes":{"hyperlink":{"type":"string","description":"The URL of the page that the hyperlink goes to.","description_kind":"markdown","optional":true},"url":{"type":"string","description":"The URL for the image.","description_kind":"markdown","required":true}},"block_types":{"properties":{"nesting_mode":"list","block":{"attributes":{"align":{"type":"string","description":"The align type for the property. Valid values: Center, Left, Right, Justify","description_kind":"markdown","optional":true},"alt_text":{"type":"string","description":"The image alt text for the property","description_kind":"markdown","optional":true},"background_color":{"type":"string","description":"The background color for the property. The valid values in hex color code representation. For example black color - #000000","description_kind":"markdown","optional":true},"indentation":{"type":"number","description":"The indentation for the property. The valid values in 'em'","description_kind":"markdown","optional":true},"width":{"type":"number","description":"The width (without unit) for the property","description_kind":"markdown","optional":true}},"block_types":{"width_with_unit":{"nesting_mode":"list","block":{"attributes":{"unit":{"type":"string","description":"The unit of the number. Valid values: Em, Percentage, Px","description_kind":"markdown","required":true},"value":{"type":"number","description":"A number","description_kind":"markdown","required":true}},"description":"The width (with unit) for the property","description_kind":"markdown"},"max_items":1}},"description":"The properties for the image","description_kind":"markdown"}}},"description":"Image. It must contain a value if the type of the block is Image.","description_kind":"markdown"},"max_items":1},"list":{"nesting_mode":"list","block":{"block_types":{"blocks":{"nesting_mode":"list","block":{"attributes":{"type":{"type":"string","description":"The type of the list. Valid values: ListItem","description_kind":"markdown","required":true}},"block_types":{"blocks":{"nesting_mode":"list","block":{"attributes":{"type":{"type":"string","description":"The type of the block for the list. This determines which list block object (text, video, image or list) would have a value.","description_kind":"markdown","required":true}},"block_types":{"image":{"nesting_mode":"list","block":{"attributes":{"hyperlink":{"type":"string","description":"The URL of the page that the hyperlink goes to.","description_kind":"markdown","optional":true},"url":{"type":"string","description":"The URL for the image.","description_kind":"markdown","required":true}},"block_types":{"properties":{"nesting_mode":"list","block":{"attributes":{"align":{"type":"string","description":"The align type for the property. Valid values: Center, Left, Right, Justify","description_kind":"markdown","optional":true},"alt_text":{"type":"string","description":"The image alt text for the property","description_kind":"markdown","optional":true},"background_color":{"type":"string","description":"The background color for the property. The valid values in hex color code representation. For example black color - #000000","description_kind":"markdown","optional":true},"indentation":{"type":"number","description":"The indentation for the property. The valid values in 'em'","description_kind":"markdown","optional":true},"width":{"type":"number","description":"The width (without unit) for the property","description_kind":"markdown","optional":true}},"block_types":{"width_with_unit":{"nesting_mode":"list","block":{"attributes":{"unit":{"type":"string","description":"The unit of the number. Valid values: Em, Percentage, Px","description_kind":"markdown","required":true},"value":{"type":"number","description":"A number","description_kind":"markdown","required":true}},"description":"The width (with unit) for the property","description_kind":"markdown"},"max_items":1}},"description":"The properties for the image","description_kind":"markdown"}}},"description":"Image. It must contain a value if the type of the block is Image.","description_kind":"markdown"},"max_items":1},"list":{"nesting_mode":"list","block":{"block_types":{"blocks":{"nesting_mode":"list","block":{"attributes":{"type":{"type":"string","description":"The type of the list. Valid values: ListItem","description_kind":"markdown","required":true}},"block_types":{"blocks":{"nesting_mode":"list","block":{"attributes":{"type":{"type":"string","description":"The type of the block for the list. This determines which list block object (text, video, image or list) would have a value.","description_kind":"markdown","required":true}},"block_types":{"image":{"nesting_mode":"list","block":{"attributes":{"hyperlink":{"type":"string","description":"The URL of the page that the hyperlink goes to.","description_kind":"markdown","optional":true},"url":{"type":"string","description":"The URL for the image.","description_kind":"markdown","required":true}},"block_types":{"properties":{"nesting_mode":"list","block":{"attributes":{"align":{"type":"string","description":"The align type for the property. Valid values: Center, Left, Right, Justify","description_kind":"markdown","optional":true},"alt_text":{"type":"string","description":"The image alt text for the property","description_kind":"markdown","optional":true},"background_color":{"type":"string","description":"The background color for the property. The valid values in hex color code representation. For example black color - #000000","description_kind":"markdown","optional":true},"indentation":{"type":"number","description":"The indentation for the property. The valid values in 'em'","description_kind":"markdown","optional":true},"width":{"type":"number","description":"The width (without unit) for the property","description_kind":"markdown","optional":true}},"block_types":{"width_with_unit":{"nesting_mode":"list","block":{"attributes":{"unit":{"type":"string","description":"The unit of the number. Valid values: Em, Percentage, Px","description_kind":"markdown","required":true},"value":{"type":"number","description":"A number","description_kind":"markdown","required":true}},"description":"The width (with unit) for the property","description_kind":"markdown"},"max_items":1}},"description":"The properties for the image","description_kind":"markdown"}}},"description":"Image. It must contain a value if the type of the block is Image.","description_kind":"markdown"},"max_items":1},"list":{"nesting_mode":"list","block":{"block_types":{"blocks":{"nesting_mode":"list","block":{"attributes":{"type":{"type":"string","description":"The type of the list. Valid values: ListItem","description_kind":"markdown","required":true}},"block_types":{"blocks":{"nesting_mode":"list","block":{"attributes":{"type":{"type":"string","description":"The type of the block for the list. This determines which list block object (text, video, image or list) would have a value.","description_kind":"markdown","required":true}},"block_types":{"image":{"nesting_mode":"list","block":{"attributes":{"hyperlink":{"type":"string","description":"The URL of the page that the hyperlink goes to.","description_kind":"markdown","optional":true},"url":{"type":"string","description":"The URL for the image.","description_kind":"markdown","required":true}},"block_types":{"properties":{"nesting_mode":"list","block":{"attributes":{"align":{"type":"string","description":"The align type for the property. Valid values: Center, Left, Right, Justify","description_kind":"markdown","optional":true},"alt_text":{"type":"string","description":"The image alt text for the property","description_kind":"markdown","optional":true},"background_color":{"type":"string","description":"The background color for the property. The valid values in hex color code representation. For example black color - #000000","description_kind":"markdown","optional":true},"indentation":{"type":"number","description":"The indentation for the property. The valid values in 'em'","description_kind":"markdown","optional":true},"width":{"type":"number","description":"The width (without unit) for the property","description_kind":"markdown","optional":true}},"block_types":{"width_with_unit":{"nesting_mode":"list","block":{"attributes":{"unit":{"type":"string","description":"The unit of the number. Valid values: Em, Percentage, Px","description_kind":"markdown","required":true},"value":{"type":"number","description":"A number","description_kind":"markdown","required":true}},"description":"The width (with unit) for the property","description_kind":"markdown"},"max_items":1}},"description":"The properties for the image","description_kind":"markdown"}}},"description":"Image. It must contain a value if the type of the block is Image.","description_kind":"markdown"},"max_items":1},"list":{"nesting_mode":"list","block":{"block_types":{"blocks":{"nesting_mode":"list","block":{"attributes":{"type":{"type":"string","description":"The type of the list. Valid values: ListItem","description_kind":"markdown","required":true}},"block_types":{"blocks":{"nesting_mode":"list","block":{"attributes":{"type":{"type":"string","description":"The type of the block for the list. This determines which list block object (text, video, image or list) would have a value.","description_kind":"markdown","required":true}},"block_types":{"image":{"nesting_mode":"list","block":{"attributes":{"hyperlink":{"type":"string","description":"The URL of the page that the hyperlink goes to.","description_kind":"markdown","optional":true},"url":{"type":"string","description":"The URL for the image.","description_kind":"markdown","required":true}},"block_types":{"properties":{"nesting_mode":"list","block":{"attributes":{"align":{"type":"string","description":"The align type for the property. Valid values: Center, Left, Right, Justify","description_kind":"markdown","optional":true},"alt_text":{"type":"string","description":"The image alt text for the property","description_kind":"markdown","optional":true},"background_color":{"type":"string","description":"The background color for the property. The valid values in hex color code representation. For example black color - #000000","description_kind":"markdown","optional":true},"indentation":{"type":"number","description":"The indentation for the property. The valid values in 'em'","description_kind":"markdown","optional":true},"width":{"type":"number","description":"The width (without unit) for the property","description_kind":"markdown","optional":true}},"block_types":{"width_with_unit":{"nesting_mode":"list","block":{"attributes":{"unit":{"type":"string","description":"The unit of the number. Valid values: Em, Percentage, Px","description_kind":"markdown","required":true},"value":{"type":"number","description":"A number","description_kind":"markdown","required":true}},"description":"The width (with unit) for the property","description_kind":"markdown"},"max_items":1}},"description":"The properties for the image","description_kind":"markdown"}}},"description":"Image. It must contain a value if the type of the block is Image.","description_kind":"markdown"},"max_items":1},"list":{"nesting_mode":"list","block":{"block_types":{"blocks":{"nesting_mode":"list","block":{"attributes":{"type":{"type":"string","description":"The type of the list. Valid values: ListItem","description_kind":"markdown","required":true}},"block_types":{"blocks":{"nesting_mode":"list","block":{"attributes":{"type":{"type":"string","description":"The type of the block for the list. This determines which list block object (text, video, image or list) would have a value.","description_kind":"markdown","required":true}},"block_types":{"image":{"nesting_mode":"list","block":{"attributes":{"hyperlink":{"type":"string","description":"The URL of the page that the hyperlink goes to.","description_kind":"markdown","optional":true},"url":{"type":"string","description":"The URL for the image.","description_kind":"markdown","required":true}},"block_types":{"properties":{"nesting_mode":"list","block":{"attributes":{"align":{"type":"string","description":"The align type for the property. Valid values: Center, Left, Right, Justify","description_kind":"markdown","optional":true},"alt_text":{"type":"string","description":"The image alt text for the property","description_kind":"markdown","optional":true},"background_color":{"type":"string","description":"The background color for the property. The valid values in hex color code representation. For example black color - #000000","description_kind":"markdown","optional":true},"indentation":{"type":"number","description":"The indentation for the property. The valid values in 'em'","description_kind":"markdown","optional":true},"width":{"type":"number","description":"The width (without unit) for the property","description_kind":"markdown","optional":true}},"block_types":{"width_with_unit":{"nesting_mode":"list","block":{"attributes":{"unit":{"type":"string","description":"The unit of the number. Valid values: Em, Percentage, Px","description_kind":"markdown","required":true},"value":{"type":"number","description":"A number","description_kind":"markdown","required":true}},"description":"The width (with unit) for the property","description_kind":"markdown"},"max_items":1}},"description":"The properties for the image","description_kind":"markdown"}}},"description":"Image. It must contain a value if the type of the block is Image.","description_kind":"markdown"},"max_items":1},"list":{"nesting_mode":"list","block":{"block_types":{"blocks":{"nesting_mode":"list","block":{"attributes":{"type":{"type":"string","description":"The type of the list. Valid values: ListItem","description_kind":"markdown","required":true}},"block_types":{"blocks":{"nesting_mode":"list","block":{"attributes":{"type":{"type":"string","description":"The type of the block for the list. This determines which list block object (text, video, image or list) would have a value.","description_kind":"markdown","required":true}},"block_types":{"image":{"nesting_mode":"list","block":{"attributes":{"hyperlink":{"type":"string","description":"The URL of the page that the hyperlink goes to.","description_kind":"markdown","optional":true},"url":{"type":"string","description":"The URL for the image.","description_kind":"markdown","required":true}},"block_types":{"properties":{"nesting_mode":"list","block":{"attributes":{"align":{"type":"string","description":"The align type for the property. Valid values: Center, Left, Right, Justify","description_kind":"markdown","optional":true},"alt_text":{"type":"string","description":"The image alt text for the property","description_kind":"markdown","optional":true},"background_color":{"type":"string","description":"The background color for the property. The valid values in hex color code representation. For example black color - #000000","description_kind":"markdown","optional":true},"indentation":{"type":"number","description":"The indentation for the property. The valid values in 'em'","description_kind":"markdown","optional":true},"width":{"type":"number","description":"The width (without unit) for the property","description_kind":"markdown","optional":true}},"block_types":{"width_with_unit":{"nesting_mode":"list","block":{"attributes":{"unit":{"type":"string","description":"The unit of the number. Valid values: Em, Percentage, Px","description_kind":"markdown","required":true},"value":{"type":"number","description":"A number","description_kind":"markdown","required":true}},"description":"The width (with unit) for the property","description_kind":"markdown"},"max_items":1}},"description":"The properties for the image","description_kind":"markdown"}}},"description":"Image. It must contain a value if the type of the block is Image.","description_kind":"markdown"},"max_items":1},"list":{"nesting_mode":"list","block":{"block_types":{"blocks":{"nesting_mode":"list","block":{"attributes":{"type":{"type":"string","description":"The type of the list. Valid values: ListItem","description_kind":"markdown","required":true}},"block_types":{"blocks":{"nesting_mode":"list","block":{"attributes":{"type":{"type":"string","description":"The type of the block for the list. This determines which list block object (text, video, image or list) would have a value.","description_kind":"markdown","required":true}},"block_types":{"image":{"nesting_mode":"list","block":{"attributes":{"hyperlink":{"type":"string","description":"The URL of the page that the hyperlink goes to.","description_kind":"markdown","optional":true},"url":{"type":"string","description":"The URL for the image.","description_kind":"markdown","required":true}},"block_types":{"properties":{"nesting_mode":"list","block":{"attributes":{"align":{"type":"string","description":"The align type for the property. Valid values: Center, Left, Right, Justify","description_kind":"markdown","optional":true},"alt_text":{"type":"string","description":"The image alt text for the property","description_kind":"markdown","optional":true},"background_color":{"type":"string","description":"The background color for the property. The valid values in hex color code representation. For example black color - #000000","description_kind":"markdown","optional":true},"indentation":{"type":"number","description":"The indentation for the property. The valid values in 'em'","description_kind":"markdown","optional":true},"width":{"type":"number","description":"The width (without unit) for the property","description_kind":"markdown","optional":true}},"block_types":{"width_with_unit":{"nesting_mode":"list","block":{"attributes":{"unit":{"type":"string","description":"The unit of the number. Valid values: Em, Percentage, Px","description_kind":"markdown","required":true},"value":{"type":"number","description":"A number","description_kind":"markdown","required":true}},"description":"The width (with unit) for the property","description_kind":"markdown"},"max_items":1}},"description":"The properties for the image","description_kind":"markdown"}}},"description":"Image. It must contain a value if the type of the block is Image.","description_kind":"markdown"},"max_items":1},"text":{"nesting_mode":"list","block":{"attributes":{"hyperlink":{"type":"string","description":"The URL of the page that the hyperlink goes to.","description_kind":"markdown","optional":true},"marks":{"type":["set","string"],"description":"The unique list of marks (whether it is bold and/or underlined etc.) for the text. Valid values: Bold | Italic | Underline","description_kind":"markdown","optional":true},"text":{"type":"string","description":"Text","description_kind":"markdown","required":true}},"block_types":{"properties":{"nesting_mode":"list","block":{"attributes":{"background_color":{"type":"string","description":"The background color for the text. The valid values in hex color code representation. For example black color - #000000","description_kind":"markdown","optional":true},"font_size":{"type":"string","description":"The font size for the text. The valid values in 'em'. Valid values: XxSmall, XSmall, Small, Medium, Large, XLarge, XxLarge, XxxLarge","description_kind":"markdown","optional":true},"text_color":{"type":"string","description":"The text color for the text. The valid values in hex color code representation. For example black color - #000000","description_kind":"markdown","optional":true}},"description":"The properties for the text","description_kind":"markdown"}}},"description":"Text. It must contain a value if the type of the block is Text.","description_kind":"markdown"},"max_items":1},"video":{"nesting_mode":"list","block":{"attributes":{"url":{"type":"string","description":"The URL for the video.","description_kind":"markdown","required":true}},"block_types":{"properties":{"nesting_mode":"list","block":{"attributes":{"align":{"type":"string","description":"The align type for the property. Valid values: Center, Left, Right, Justify","description_kind":"markdown","optional":true},"background_color":{"type":"string","description":"The background color for the property. The valid values in hex color code representation. For example black color - #000000","description_kind":"markdown","optional":true},"indentation":{"type":"number","description":"The indentation for the property. The valid values in 'em'","description_kind":"markdown","optional":true}},"block_types":{"height":{"nesting_mode":"list","block":{"attributes":{"unit":{"type":"string","description":"The unit of the number. Valid values: Em, Percentage, Px","description_kind":"markdown","required":true},"value":{"type":"number","description":"A number","description_kind":"markdown","required":true}},"description":"The height (with unit) for the property","description_kind":"markdown"},"max_items":1},"width":{"nesting_mode":"list","block":{"attributes":{"unit":{"type":"string","description":"The unit of the number. Valid values: Em, Percentage, Px","description_kind":"markdown","required":true},"value":{"type":"number","description":"A number","description_kind":"markdown","required":true}},"description":"The width (with unit) for the property","description_kind":"markdown"},"max_items":1}},"description":"The properties for the video","description_kind":"markdown"}}},"description":"Video. It must contain a value if the type of the block is Video.","description_kind":"markdown"},"max_items":1}},"description":"The list of items for an OrderedList or an UnorderedList.","description_kind":"markdown"},"min_items":1},"properties":{"nesting_mode":"list","block":{"attributes":{"align":{"type":"string","description":"The align type for the list item. Valid values: Center, Left, Right, Justify","description_kind":"markdown","optional":true},"background_color":{"type":"string","description":"The background color for the list item. The valid values in hex color code representation. For example black color - #000000","description_kind":"markdown","optional":true},"font_size":{"type":"string","description":"The font size for the list item. The valid values in 'em'. Valid values: XxSmall, XSmall, Small, Medium, Large, XLarge, XxLarge, XxxLarge","description_kind":"markdown","optional":true},"font_type":{"type":"string","description":"The font type for the list item. Valid values: Paragraph, Heading1, Heading2, Heading3, Heading4, Heading5, Heading6, Preformatted","description_kind":"markdown","optional":true},"indentation":{"type":"number","description":"The indentation property for the list item. The valid values in 'em'","description_kind":"markdown","optional":true},"ordered_type":{"type":"string","description":"The type of icon for the ordered list. Valid values: Number, LowerAlpha, LowerGreek, LowerRoman, UpperAlpha, UpperRoman, None","description_kind":"markdown","optional":true},"text_color":{"type":"string","description":"The text color for the list item. The valid values in hex color code representation. For example black color - #000000","description_kind":"markdown","optional":true},"unordered_type":{"type":"string","description":"The type of icon for the unordered list. Valid values: Normal, Square, Circle, None","description_kind":"markdown","optional":true}},"description":"The properties for the list block","description_kind":"markdown"}}},"description":"The items in the list","description_kind":"markdown"},"min_items":1},"properties":{"nesting_mode":"list","block":{"attributes":{"ordered_type":{"type":"string","description":"The type of icon for the ordered list. Valid values: Number, LowerAlpha, LowerGreek, LowerRoman, UpperAlpha, UpperRoman, None","description_kind":"markdown","optional":true},"unordered_type":{"type":"string","description":"The type of icon for the unordered list. Valid values: Normal, Square, Circle, None","description_kind":"markdown","optional":true}},"description":"Properties for the list","description_kind":"markdown"}}},"description":"List. It must contain a value if the type of the block is UnorderedList or OrderedList.","description_kind":"markdown"},"max_items":1},"text":{"nesting_mode":"list","block":{"attributes":{"hyperlink":{"type":"string","description":"The URL of the page that the hyperlink goes to.","description_kind":"markdown","optional":true},"marks":{"type":["set","string"],"description":"The unique list of marks (whether it is bold and/or underlined etc.) for the text. Valid values: Bold | Italic | Underline","description_kind":"markdown","optional":true},"text":{"type":"string","description":"Text","description_kind":"markdown","required":true}},"block_types":{"properties":{"nesting_mode":"list","block":{"attributes":{"background_color":{"type":"string","description":"The background color for the text. The valid values in hex color code representation. For example black color - #000000","description_kind":"markdown","optional":true},"font_size":{"type":"string","description":"The font size for the text. The valid values in 'em'. Valid values: XxSmall, XSmall, Small, Medium, Large, XLarge, XxLarge, XxxLarge","description_kind":"markdown","optional":true},"text_color":{"type":"string","description":"The text color for the text. The valid values in hex color code representation. For example black color - #000000","description_kind":"markdown","optional":true}},"description":"The properties for the text","description_kind":"markdown"}}},"description":"Text. It must contain a value if the type of the block is Text.","description_kind":"markdown"},"max_items":1},"video":{"nesting_mode":"list","block":{"attributes":{"url":{"type":"string","description":"The URL for the video.","description_kind":"markdown","required":true}},"block_types":{"properties":{"nesting_mode":"list","block":{"attributes":{"align":{"type":"string","description":"The align type for the property. Valid values: Center, Left, Right, Justify","description_kind":"markdown","optional":true},"background_color":{"type":"string","description":"The background color for the property. The valid values in hex color code representation. For example black color - #000000","description_kind":"markdown","optional":true},"indentation":{"type":"number","description":"The indentation for the property. The valid values in 'em'","description_kind":"markdown","optional":true}},"block_types":{"height":{"nesting_mode":"list","block":{"attributes":{"unit":{"type":"string","description":"The unit of the number. Valid values: Em, Percentage, Px","description_kind":"markdown","required":true},"value":{"type":"number","description":"A number","description_kind":"markdown","required":true}},"description":"The height (with unit) for the property","description_kind":"markdown"},"max_items":1},"width":{"nesting_mode":"list","block":{"attributes":{"unit":{"type":"string","description":"The unit of the number. Valid values: Em, Percentage, Px","description_kind":"markdown","required":true},"value":{"type":"number","description":"A number","description_kind":"markdown","required":true}},"description":"The width (with unit) for the property","description_kind":"markdown"},"max_items":1}},"description":"The properties for the video","description_kind":"markdown"}}},"description":"Video. It must contain a value if the type of the block is Video.","description_kind":"markdown"},"max_items":1}},"description":"The list of items for an OrderedList or an UnorderedList.","description_kind":"markdown"},"min_items":1},"properties":{"nesting_mode":"list","block":{"attributes":{"align":{"type":"string","description":"The align type for the list item. Valid values: Center, Left, Right, Justify","description_kind":"markdown","optional":true},"background_color":{"type":"string","description":"The background color for the list item. The valid values in hex color code representation. For example black color - #000000","description_kind":"markdown","optional":true},"font_size":{"type":"string","description":"The font size for the list item. The valid values in 'em'. Valid values: XxSmall, XSmall, Small, Medium, Large, XLarge, XxLarge, XxxLarge","description_kind":"markdown","optional":true},"font_type":{"type":"string","description":"The font type for the list item. Valid values: Paragraph, Heading1, Heading2, Heading3, Heading4, Heading5, Heading6, Preformatted","description_kind":"markdown","optional":true},"indentation":{"type":"number","description":"The indentation property for the list item. The valid values in 'em'","description_kind":"markdown","optional":true},"ordered_type":{"type":"string","description":"The type of icon for the ordered list. Valid values: Number, LowerAlpha, LowerGreek, LowerRoman, UpperAlpha, UpperRoman, None","description_kind":"markdown","optional":true},"text_color":{"type":"string","description":"The text color for the list item. The valid values in hex color code representation. For example black color - #000000","description_kind":"markdown","optional":true},"unordered_type":{"type":"string","description":"The type of icon for the unordered list. Valid values: Normal, Square, Circle, None","description_kind":"markdown","optional":true}},"description":"The properties for the list block","description_kind":"markdown"}}},"description":"The items in the list","description_kind":"markdown"},"min_items":1},"properties":{"nesting_mode":"list","block":{"attributes":{"ordered_type":{"type":"string","description":"The type of icon for the ordered list. Valid values: Number, LowerAlpha, LowerGreek, LowerRoman, UpperAlpha, UpperRoman, None","description_kind":"markdown","optional":true},"unordered_type":{"type":"string","description":"The type of icon for the unordered list. Valid values: Normal, Square, Circle, None","description_kind":"markdown","optional":true}},"description":"Properties for the list","description_kind":"markdown"}}},"description":"List. It must contain a value if the type of the block is UnorderedList or OrderedList.","description_kind":"markdown"},"max_items":1},"text":{"nesting_mode":"list","block":{"attributes":{"hyperlink":{"type":"string","description":"The URL of the page that the hyperlink goes to.","description_kind":"markdown","optional":true},"marks":{"type":["set","string"],"description":"The unique list of marks (whether it is bold and/or underlined etc.) for the text. Valid values: Bold | Italic | Underline","description_kind":"markdown","optional":true},"text":{"type":"string","description":"Text","description_kind":"markdown","required":true}},"block_types":{"properties":{"nesting_mode":"list","block":{"attributes":{"background_color":{"type":"string","description":"The background color for the text. The valid values in hex color code representation. For example black color - #000000","description_kind":"markdown","optional":true},"font_size":{"type":"string","description":"The font size for the text. The valid values in 'em'. Valid values: XxSmall, XSmall, Small, Medium, Large, XLarge, XxLarge, XxxLarge","description_kind":"markdown","optional":true},"text_color":{"type":"string","description":"The text color for the text. The valid values in hex color code representation. For example black color - #000000","description_kind":"markdown","optional":true}},"description":"The properties for the text","description_kind":"markdown"}}},"description":"Text. It must contain a value if the type of the block is Text.","description_kind":"markdown"},"max_items":1},"video":{"nesting_mode":"list","block":{"attributes":{"url":{"type":"string","description":"The URL for the video.","description_kind":"markdown","required":true}},"block_types":{"properties":{"nesting_mode":"list","block":{"attributes":{"align":{"type":"string","description":"The align type for the property. Valid values: Center, Left, Right, Justify","description_kind":"markdown","optional":true},"background_color":{"type":"string","description":"The background color for the property. The valid values in hex color code representation. For example black color - #000000","description_kind":"markdown","optional":true},"indentation":{"type":"number","description":"The indentation for the property. The valid values in 'em'","description_kind":"markdown","optional":true}},"block_types":{"height":{"nesting_mode":"list","block":{"attributes":{"unit":{"type":"string","description":"The unit of the number. Valid values: Em, Percentage, Px","description_kind":"markdown","required":true},"value":{"type":"number","description":"A number","description_kind":"markdown","required":true}},"description":"The height (with unit) for the property","description_kind":"markdown"},"max_items":1},"width":{"nesting_mode":"list","block":{"attributes":{"unit":{"type":"string","description":"The unit of the number. Valid values: Em, Percentage, Px","description_kind":"markdown","required":true},"value":{"type":"number","description":"A number","description_kind":"markdown","required":true}},"description":"The width (with unit) for the property","description_kind":"markdown"},"max_items":1}},"description":"The properties for the video","description_kind":"markdown"}}},"description":"Video. It must contain a value if the type of the block is Video.","description_kind":"markdown"},"max_items":1}},"description":"The list of items for an OrderedList or an UnorderedList.","description_kind":"markdown"},"min_items":1},"properties":{"nesting_mode":"list","block":{"attributes":{"align":{"type":"string","description":"The align type for the list item. Valid values: Center, Left, Right, Justify","description_kind":"markdown","optional":true},"background_color":{"type":"string","description":"The background color for the list item. The valid values in hex color code representation. For example black color - #000000","description_kind":"markdown","optional":true},"font_size":{"type":"string","description":"The font size for the list item. The valid values in 'em'. Valid values: XxSmall, XSmall, Small, Medium, Large, XLarge, XxLarge, XxxLarge","description_kind":"markdown","optional":true},"font_type":{"type":"string","description":"The font type for the list item. Valid values: Paragraph, Heading1, Heading2, Heading3, Heading4, Heading5, Heading6, Preformatted","description_kind":"markdown","optional":true},"indentation":{"type":"number","description":"The indentation property for the list item. The valid values in 'em'","description_kind":"markdown","optional":true},"ordered_type":{"type":"string","description":"The type of icon for the ordered list. Valid values: Number, LowerAlpha, LowerGreek, LowerRoman, UpperAlpha, UpperRoman, None","description_kind":"markdown","optional":true},"text_color":{"type":"string","description":"The text color for the list item. The valid values in hex color code representation. For example black color - #000000","description_kind":"markdown","optional":true},"unordered_type":{"type":"string","description":"The type of icon for the unordered list. Valid values: Normal, Square, Circle, None","description_kind":"markdown","optional":true}},"description":"The properties for the list block","description_kind":"markdown"}}},"description":"The items in the list","description_kind":"markdown"},"min_items":1},"properties":{"nesting_mode":"list","block":{"attributes":{"ordered_type":{"type":"string","description":"The type of icon for the ordered list. Valid values: Number, LowerAlpha, LowerGreek, LowerRoman, UpperAlpha, UpperRoman, None","description_kind":"markdown","optional":true},"unordered_type":{"type":"string","description":"The type of icon for the unordered list. Valid values: Normal, Square, Circle, None","description_kind":"markdown","optional":true}},"description":"Properties for the list","description_kind":"markdown"}}},"description":"List. It must contain a value if the type of the block is UnorderedList or OrderedList.","description_kind":"markdown"},"max_items":1},"text":{"nesting_mode":"list","block":{"attributes":{"hyperlink":{"type":"string","description":"The URL of the page that the hyperlink goes to.","description_kind":"markdown","optional":true},"marks":{"type":["set","string"],"description":"The unique list of marks (whether it is bold and/or underlined etc.) for the text. Valid values: Bold | Italic | Underline","description_kind":"markdown","optional":true},"text":{"type":"string","description":"Text","description_kind":"markdown","required":true}},"block_types":{"properties":{"nesting_mode":"list","block":{"attributes":{"background_color":{"type":"string","description":"The background color for the text. The valid values in hex color code representation. For example black color - #000000","description_kind":"markdown","optional":true},"font_size":{"type":"string","description":"The font size for the text. The valid values in 'em'. Valid values: XxSmall, XSmall, Small, Medium, Large, XLarge, XxLarge, XxxLarge","description_kind":"markdown","optional":true},"text_color":{"type":"string","description":"The text color for the text. The valid values in hex color code representation. For example black color - #000000","description_kind":"markdown","optional":true}},"description":"The properties for the text","description_kind":"markdown"}}},"description":"Text. It must contain a value if the type of the block is Text.","description_kind":"markdown"},"max_items":1},"video":{"nesting_mode":"list","block":{"attributes":{"url":{"type":"string","description":"The URL for the video.","description_kind":"markdown","required":true}},"block_types":{"properties":{"nesting_mode":"list","block":{"attributes":{"align":{"type":"string","description":"The align type for the property. Valid values: Center, Left, Right, Justify","description_kind":"markdown","optional":true},"background_color":{"type":"string","description":"The background color for the property. The valid values in hex color code representation. For example black color - #000000","description_kind":"markdown","optional":true},"indentation":{"type":"number","description":"The indentation for the property. The valid values in 'em'","description_kind":"markdown","optional":true}},"block_types":{"height":{"nesting_mode":"list","block":{"attributes":{"unit":{"type":"string","description":"The unit of the number. Valid values: Em, Percentage, Px","description_kind":"markdown","required":true},"value":{"type":"number","description":"A number","description_kind":"markdown","required":true}},"description":"The height (with unit) for the property","description_kind":"markdown"},"max_items":1},"width":{"nesting_mode":"list","block":{"attributes":{"unit":{"type":"string","description":"The unit of the number. Valid values: Em, Percentage, Px","description_kind":"markdown","required":true},"value":{"type":"number","description":"A number","description_kind":"markdown","required":true}},"description":"The width (with unit) for the property","description_kind":"markdown"},"max_items":1}},"description":"The properties for the video","description_kind":"markdown"}}},"description":"Video. It must contain a value if the type of the block is Video.","description_kind":"markdown"},"max_items":1}},"description":"The list of items for an OrderedList or an UnorderedList.","description_kind":"markdown"},"min_items":1},"properties":{"nesting_mode":"list","block":{"attributes":{"align":{"type":"string","description":"The align type for the list item. Valid values: Center, Left, Right, Justify","description_kind":"markdown","optional":true},"background_color":{"type":"string","description":"The background color for the list item. The valid values in hex color code representation. For example black color - #000000","description_kind":"markdown","optional":true},"font_size":{"type":"string","description":"The font size for the list item. The valid values in 'em'. Valid values: XxSmall, XSmall, Small, Medium, Large, XLarge, XxLarge, XxxLarge","description_kind":"markdown","optional":true},"font_type":{"type":"string","description":"The font type for the list item. Valid values: Paragraph, Heading1, Heading2, Heading3, Heading4, Heading5, Heading6, Preformatted","description_kind":"markdown","optional":true},"indentation":{"type":"number","description":"The indentation property for the list item. The valid values in 'em'","description_kind":"markdown","optional":true},"ordered_type":{"type":"string","description":"The type of icon for the ordered list. Valid values: Number, LowerAlpha, LowerGreek, LowerRoman, UpperAlpha, UpperRoman, None","description_kind":"markdown","optional":true},"text_color":{"type":"string","description":"The text color for the list item. The valid values in hex color code representation. For example black color - #000000","description_kind":"markdown","optional":true},"unordered_type":{"type":"string","description":"The type of icon for the unordered list. Valid values: Normal, Square, Circle, None","description_kind":"markdown","optional":true}},"description":"The properties for the list block","description_kind":"markdown"}}},"description":"The items in the list","description_kind":"markdown"},"min_items":1},"properties":{"nesting_mode":"list","block":{"attributes":{"ordered_type":{"type":"string","description":"The type of icon for the ordered list. Valid values: Number, LowerAlpha, LowerGreek, LowerRoman, UpperAlpha, UpperRoman, None","description_kind":"markdown","optional":true},"unordered_type":{"type":"string","description":"The type of icon for the unordered list. Valid values: Normal, Square, Circle, None","description_kind":"markdown","optional":true}},"description":"Properties for the list","description_kind":"markdown"}}},"description":"List. It must contain a value if the type of the block is UnorderedList or OrderedList.","description_kind":"markdown"},"max_items":1},"text":{"nesting_mode":"list","block":{"attributes":{"hyperlink":{"type":"string","description":"The URL of the page that the hyperlink goes to.","description_kind":"markdown","optional":true},"marks":{"type":["set","string"],"description":"The unique list of marks (whether it is bold and/or underlined etc.) for the text. Valid values: Bold | Italic | Underline","description_kind":"markdown","optional":true},"text":{"type":"string","description":"Text","description_kind":"markdown","required":true}},"block_types":{"properties":{"nesting_mode":"list","block":{"attributes":{"background_color":{"type":"string","description":"The background color for the text. The valid values in hex color code representation. For example black color - #000000","description_kind":"markdown","optional":true},"font_size":{"type":"string","description":"The font size for the text. The valid values in 'em'. Valid values: XxSmall, XSmall, Small, Medium, Large, XLarge, XxLarge, XxxLarge","description_kind":"markdown","optional":true},"text_color":{"type":"string","description":"The text color for the text. The valid values in hex color code representation. For example black color - #000000","description_kind":"markdown","optional":true}},"description":"The properties for the text","description_kind":"markdown"}}},"description":"Text. It must contain a value if the type of the block is Text.","description_kind":"markdown"},"max_items":1},"video":{"nesting_mode":"list","block":{"attributes":{"url":{"type":"string","description":"The URL for the video.","description_kind":"markdown","required":true}},"block_types":{"properties":{"nesting_mode":"list","block":{"attributes":{"align":{"type":"string","description":"The align type for the property. Valid values: Center, Left, Right, Justify","description_kind":"markdown","optional":true},"background_color":{"type":"string","description":"The background color for the property. The valid values in hex color code representation. For example black color - #000000","description_kind":"markdown","optional":true},"indentation":{"type":"number","description":"The indentation for the property. The valid values in 'em'","description_kind":"markdown","optional":true}},"block_types":{"height":{"nesting_mode":"list","block":{"attributes":{"unit":{"type":"string","description":"The unit of the number. Valid values: Em, Percentage, Px","description_kind":"markdown","required":true},"value":{"type":"number","description":"A number","description_kind":"markdown","required":true}},"description":"The height (with unit) for the property","description_kind":"markdown"},"max_items":1},"width":{"nesting_mode":"list","block":{"attributes":{"unit":{"type":"string","description":"The unit of the number. Valid values: Em, Percentage, Px","description_kind":"markdown","required":true},"value":{"type":"number","description":"A number","description_kind":"markdown","required":true}},"description":"The width (with unit) for the property","description_kind":"markdown"},"max_items":1}},"description":"The properties for the video","description_kind":"markdown"}}},"description":"Video. It must contain a value if the type of the block is Video.","description_kind":"markdown"},"max_items":1}},"description":"The list of items for an OrderedList or an UnorderedList.","description_kind":"markdown"},"min_items":1},"properties":{"nesting_mode":"list","block":{"attributes":{"align":{"type":"string","description":"The align type for the list item. Valid values: Center, Left, Right, Justify","description_kind":"markdown","optional":true},"background_color":{"type":"string","description":"The background color for the list item. The valid values in hex color code representation. For example black color - #000000","description_kind":"markdown","optional":true},"font_size":{"type":"string","description":"The font size for the list item. The valid values in 'em'. Valid values: XxSmall, XSmall, Small, Medium, Large, XLarge, XxLarge, XxxLarge","description_kind":"markdown","optional":true},"font_type":{"type":"string","description":"The font type for the list item. Valid values: Paragraph, Heading1, Heading2, Heading3, Heading4, Heading5, Heading6, Preformatted","description_kind":"markdown","optional":true},"indentation":{"type":"number","description":"The indentation property for the list item. The valid values in 'em'","description_kind":"markdown","optional":true},"ordered_type":{"type":"string","description":"The type of icon for the ordered list. Valid values: Number, LowerAlpha, LowerGreek, LowerRoman, UpperAlpha, UpperRoman, None","description_kind":"markdown","optional":true},"text_color":{"type":"string","description":"The text color for the list item. The valid values in hex color code representation. For example black color - #000000","description_kind":"markdown","optional":true},"unordered_type":{"type":"string","description":"The type of icon for the unordered list. Valid values: Normal, Square, Circle, None","description_kind":"markdown","optional":true}},"description":"The properties for the list block","description_kind":"markdown"}}},"description":"The items in the list","description_kind":"markdown"},"min_items":1},"properties":{"nesting_mode":"list","block":{"attributes":{"ordered_type":{"type":"string","description":"The type of icon for the ordered list. Valid values: Number, LowerAlpha, LowerGreek, LowerRoman, UpperAlpha, UpperRoman, None","description_kind":"markdown","optional":true},"unordered_type":{"type":"string","description":"The type of icon for the unordered list. Valid values: Normal, Square, Circle, None","description_kind":"markdown","optional":true}},"description":"Properties for the list","description_kind":"markdown"}}},"description":"List. It must contain a value if the type of the block is UnorderedList or OrderedList.","description_kind":"markdown"},"max_items":1},"text":{"nesting_mode":"list","block":{"attributes":{"hyperlink":{"type":"string","description":"The URL of the page that the hyperlink goes to.","description_kind":"markdown","optional":true},"marks":{"type":["set","string"],"description":"The unique list of marks (whether it is bold and/or underlined etc.) for the text. Valid values: Bold | Italic | Underline","description_kind":"markdown","optional":true},"text":{"type":"string","description":"Text","description_kind":"markdown","required":true}},"block_types":{"properties":{"nesting_mode":"list","block":{"attributes":{"background_color":{"type":"string","description":"The background color for the text. The valid values in hex color code representation. For example black color - #000000","description_kind":"markdown","optional":true},"font_size":{"type":"string","description":"The font size for the text. The valid values in 'em'. Valid values: XxSmall, XSmall, Small, Medium, Large, XLarge, XxLarge, XxxLarge","description_kind":"markdown","optional":true},"text_color":{"type":"string","description":"The text color for the text. The valid values in hex color code representation. For example black color - #000000","description_kind":"markdown","optional":true}},"description":"The properties for the text","description_kind":"markdown"}}},"description":"Text. It must contain a value if the type of the block is Text.","description_kind":"markdown"},"max_items":1},"video":{"nesting_mode":"list","block":{"attributes":{"url":{"type":"string","description":"The URL for the video.","description_kind":"markdown","required":true}},"block_types":{"properties":{"nesting_mode":"list","block":{"attributes":{"align":{"type":"string","description":"The align type for the property. Valid values: Center, Left, Right, Justify","description_kind":"markdown","optional":true},"background_color":{"type":"string","description":"The background color for the property. The valid values in hex color code representation. For example black color - #000000","description_kind":"markdown","optional":true},"indentation":{"type":"number","description":"The indentation for the property. The valid values in 'em'","description_kind":"markdown","optional":true}},"block_types":{"height":{"nesting_mode":"list","block":{"attributes":{"unit":{"type":"string","description":"The unit of the number. Valid values: Em, Percentage, Px","description_kind":"markdown","required":true},"value":{"type":"number","description":"A number","description_kind":"markdown","required":true}},"description":"The height (with unit) for the property","description_kind":"markdown"},"max_items":1},"width":{"nesting_mode":"list","block":{"attributes":{"unit":{"type":"string","description":"The unit of the number. Valid values: Em, Percentage, Px","description_kind":"markdown","required":true},"value":{"type":"number","description":"A number","description_kind":"markdown","required":true}},"description":"The width (with unit) for the property","description_kind":"markdown"},"max_items":1}},"description":"The properties for the video","description_kind":"markdown"}}},"description":"Video. It must contain a value if the type of the block is Video.","description_kind":"markdown"},"max_items":1}},"description":"The list of items for an OrderedList or an UnorderedList.","description_kind":"markdown"},"min_items":1},"properties":{"nesting_mode":"list","block":{"attributes":{"align":{"type":"string","description":"The align type for the list item. Valid values: Center, Left, Right, Justify","description_kind":"markdown","optional":true},"background_color":{"type":"string","description":"The background color for the list item. The valid values in hex color code representation. For example black color - #000000","description_kind":"markdown","optional":true},"font_size":{"type":"string","description":"The font size for the list item. The valid values in 'em'. Valid values: XxSmall, XSmall, Small, Medium, Large, XLarge, XxLarge, XxxLarge","description_kind":"markdown","optional":true},"font_type":{"type":"string","description":"The font type for the list item. Valid values: Paragraph, Heading1, Heading2, Heading3, Heading4, Heading5, Heading6, Preformatted","description_kind":"markdown","optional":true},"indentation":{"type":"number","description":"The indentation property for the list item. The valid values in 'em'","description_kind":"markdown","optional":true},"ordered_type":{"type":"string","description":"The type of icon for the ordered list. Valid values: Number, LowerAlpha, LowerGreek, LowerRoman, UpperAlpha, UpperRoman, None","description_kind":"markdown","optional":true},"text_color":{"type":"string","description":"The text color for the list item. The valid values in hex color code representation. For example black color - #000000","description_kind":"markdown","optional":true},"unordered_type":{"type":"string","description":"The type of icon for the unordered list. Valid values: Normal, Square, Circle, None","description_kind":"markdown","optional":true}},"description":"The properties for the list block","description_kind":"markdown"}}},"description":"The items in the list","description_kind":"markdown"},"min_items":1},"properties":{"nesting_mode":"list","block":{"attributes":{"ordered_type":{"type":"string","description":"The type of icon for the ordered list. Valid values: Number, LowerAlpha, LowerGreek, LowerRoman, UpperAlpha, UpperRoman, None","description_kind":"markdown","optional":true},"unordered_type":{"type":"string","description":"The type of icon for the unordered list. Valid values: Normal, Square, Circle, None","description_kind":"markdown","optional":true}},"description":"Properties for the list","description_kind":"markdown"}}},"description":"List. It must contain a value if the type of the block is UnorderedList or OrderedList.","description_kind":"markdown"},"max_items":1},"text":{"nesting_mode":"list","block":{"attributes":{"hyperlink":{"type":"string","description":"The URL of the page that the hyperlink goes to.","description_kind":"markdown","optional":true},"marks":{"type":["set","string"],"description":"The unique list of marks (whether it is bold and/or underlined etc.) for the text. Valid values: Bold | Italic | Underline","description_kind":"markdown","optional":true},"text":{"type":"string","description":"Text","description_kind":"markdown","required":true}},"block_types":{"properties":{"nesting_mode":"list","block":{"attributes":{"background_color":{"type":"string","description":"The background color for the text. The valid values in hex color code representation. For example black color - #000000","description_kind":"markdown","optional":true},"font_size":{"type":"string","description":"The font size for the text. The valid values in 'em'. Valid values: XxSmall, XSmall, Small, Medium, Large, XLarge, XxLarge, XxxLarge","description_kind":"markdown","optional":true},"text_color":{"type":"string","description":"The text color for the text. The valid values in hex color code representation. For example black color - #000000","description_kind":"markdown","optional":true}},"description":"The properties for the text","description_kind":"markdown"}}},"description":"Text. It must contain a value if the type of the block is Text.","description_kind":"markdown"},"max_items":1},"video":{"nesting_mode":"list","block":{"attributes":{"url":{"type":"string","description":"The URL for the video.","description_kind":"markdown","required":true}},"block_types":{"properties":{"nesting_mode":"list","block":{"attributes":{"align":{"type":"string","description":"The align type for the property. Valid values: Center, Left, Right, Justify","description_kind":"markdown","optional":true},"background_color":{"type":"string","description":"The background color for the property. The valid values in hex color code representation. For example black color - #000000","description_kind":"markdown","optional":true},"indentation":{"type":"number","description":"The indentation for the property. The valid values in 'em'","description_kind":"markdown","optional":true}},"block_types":{"height":{"nesting_mode":"list","block":{"attributes":{"unit":{"type":"string","description":"The unit of the number. Valid values: Em, Percentage, Px","description_kind":"markdown","required":true},"value":{"type":"number","description":"A number","description_kind":"markdown","required":true}},"description":"The height (with unit) for the property","description_kind":"markdown"},"max_items":1},"width":{"nesting_mode":"list","block":{"attributes":{"unit":{"type":"string","description":"The unit of the number. Valid values: Em, Percentage, Px","description_kind":"markdown","required":true},"value":{"type":"number","description":"A number","description_kind":"markdown","required":true}},"description":"The width (with unit) for the property","description_kind":"markdown"},"max_items":1}},"description":"The properties for the video","description_kind":"markdown"}}},"description":"Video. It must contain a value if the type of the block is Video.","description_kind":"markdown"},"max_items":1}},"description":"The list of items for an OrderedList or an UnorderedList.","description_kind":"markdown"},"min_items":1},"properties":{"nesting_mode":"list","block":{"attributes":{"align":{"type":"string","description":"The align type for the list item. Valid values: Center, Left, Right, Justify","description_kind":"markdown","optional":true},"background_color":{"type":"string","description":"The background color for the list item. The valid values in hex color code representation. For example black color - #000000","description_kind":"markdown","optional":true},"font_size":{"type":"string","description":"The font size for the list item. The valid values in 'em'. Valid values: XxSmall, XSmall, Small, Medium, Large, XLarge, XxLarge, XxxLarge","description_kind":"markdown","optional":true},"font_type":{"type":"string","description":"The font type for the list item. Valid values: Paragraph, Heading1, Heading2, Heading3, Heading4, Heading5, Heading6, Preformatted","description_kind":"markdown","optional":true},"indentation":{"type":"number","description":"The indentation property for the list item. The valid values in 'em'","description_kind":"markdown","optional":true},"ordered_type":{"type":"string","description":"The type of icon for the ordered list. Valid values: Number, LowerAlpha, LowerGreek, LowerRoman, UpperAlpha, UpperRoman, None","description_kind":"markdown","optional":true},"text_color":{"type":"string","description":"The text color for the list item. The valid values in hex color code representation. For example black color - #000000","description_kind":"markdown","optional":true},"unordered_type":{"type":"string","description":"The type of icon for the unordered list. Valid values: Normal, Square, Circle, None","description_kind":"markdown","optional":true}},"description":"The properties for the list block","description_kind":"markdown"}}},"description":"The items in the list","description_kind":"markdown"},"min_items":1},"properties":{"nesting_mode":"list","block":{"attributes":{"ordered_type":{"type":"string","description":"The type of icon for the ordered list. Valid values: Number, LowerAlpha, LowerGreek, LowerRoman, UpperAlpha, UpperRoman, None","description_kind":"markdown","optional":true},"unordered_type":{"type":"string","description":"The type of icon for the unordered list. Valid values: Normal, Square, Circle, None","description_kind":"markdown","optional":true}},"description":"Properties for the list","description_kind":"markdown"}}},"description":"List. It must contain a value if the type of the block is UnorderedList or OrderedList.","description_kind":"markdown"},"max_items":1},"text":{"nesting_mode":"list","block":{"attributes":{"hyperlink":{"type":"string","description":"The URL of the page that the hyperlink goes to.","description_kind":"markdown","optional":true},"marks":{"type":["set","string"],"description":"The unique list of marks (whether it is bold and/or underlined etc.) for the text. Valid values: Bold | Italic | Underline","description_kind":"markdown","optional":true},"text":{"type":"string","description":"Text","description_kind":"markdown","required":true}},"block_types":{"properties":{"nesting_mode":"list","block":{"attributes":{"background_color":{"type":"string","description":"The background color for the text. The valid values in hex color code representation. For example black color - #000000","description_kind":"markdown","optional":true},"font_size":{"type":"string","description":"The font size for the text. The valid values in 'em'. Valid values: XxSmall, XSmall, Small, Medium, Large, XLarge, XxLarge, XxxLarge","description_kind":"markdown","optional":true},"text_color":{"type":"string","description":"The text color for the text. The valid values in hex color code representation. For example black color - #000000","description_kind":"markdown","optional":true}},"description":"The properties for the text","description_kind":"markdown"}}},"description":"Text. It must contain a value if the type of the block is Text.","description_kind":"markdown"},"max_items":1},"video":{"nesting_mode":"list","block":{"attributes":{"url":{"type":"string","description":"The URL for the video.","description_kind":"markdown","required":true}},"block_types":{"properties":{"nesting_mode":"list","block":{"attributes":{"align":{"type":"string","description":"The align type for the property. Valid values: Center, Left, Right, Justify","description_kind":"markdown","optional":true},"background_color":{"type":"string","description":"The background color for the property. The valid values in hex color code representation. For example black color - #000000","description_kind":"markdown","optional":true},"indentation":{"type":"number","description":"The indentation for the property. The valid values in 'em'","description_kind":"markdown","optional":true}},"block_types":{"height":{"nesting_mode":"list","block":{"attributes":{"unit":{"type":"string","description":"The unit of the number. Valid values: Em, Percentage, Px","description_kind":"markdown","required":true},"value":{"type":"number","description":"A number","description_kind":"markdown","required":true}},"description":"The height (with unit) for the property","description_kind":"markdown"},"max_items":1},"width":{"nesting_mode":"list","block":{"attributes":{"unit":{"type":"string","description":"The unit of the number. Valid values: Em, Percentage, Px","description_kind":"markdown","required":true},"value":{"type":"number","description":"A number","description_kind":"markdown","required":true}},"description":"The width (with unit) for the property","description_kind":"markdown"},"max_items":1}},"description":"The properties for the video","description_kind":"markdown"}}},"description":"Video. It must contain a value if the type of the block is Video.","description_kind":"markdown"},"max_items":1}},"description":"The list of items for an OrderedList or an UnorderedList.","description_kind":"markdown"},"min_items":1},"properties":{"nesting_mode":"list","block":{"attributes":{"align":{"type":"string","description":"The align type for the list item. Valid values: Center, Left, Right, Justify","description_kind":"markdown","optional":true},"background_color":{"type":"string","description":"The background color for the list item. The valid values in hex color code representation. For example black color - #000000","description_kind":"markdown","optional":true},"font_size":{"type":"string","description":"The font size for the list item. The valid values in 'em'. Valid values: XxSmall, XSmall, Small, Medium, Large, XLarge, XxLarge, XxxLarge","description_kind":"markdown","optional":true},"font_type":{"type":"string","description":"The font type for the list item. Valid values: Paragraph, Heading1, Heading2, Heading3, Heading4, Heading5, Heading6, Preformatted","description_kind":"markdown","optional":true},"indentation":{"type":"number","description":"The indentation property for the list item. The valid values in 'em'","description_kind":"markdown","optional":true},"ordered_type":{"type":"string","description":"The type of icon for the ordered list. Valid values: Number, LowerAlpha, LowerGreek, LowerRoman, UpperAlpha, UpperRoman, None","description_kind":"markdown","optional":true},"text_color":{"type":"string","description":"The text color for the list item. The valid values in hex color code representation. For example black color - #000000","description_kind":"markdown","optional":true},"unordered_type":{"type":"string","description":"The type of icon for the unordered list. Valid values: Normal, Square, Circle, None","description_kind":"markdown","optional":true}},"description":"The properties for the list block","description_kind":"markdown"}}},"description":"The items in the list","description_kind":"markdown"},"min_items":1},"properties":{"nesting_mode":"list","block":{"attributes":{"ordered_type":{"type":"string","description":"The type of icon for the ordered list. Valid values: Number, LowerAlpha, LowerGreek, LowerRoman, UpperAlpha, UpperRoman, None","description_kind":"markdown","optional":true},"unordered_type":{"type":"string","description":"The type of icon for the unordered list. Valid values: Normal, Square, Circle, None","description_kind":"markdown","optional":true}},"description":"Properties for the list","description_kind":"markdown"}}},"description":"List. It must contain a value if the type of the block is UnorderedList or OrderedList.","description_kind":"markdown"},"max_items":1},"text":{"nesting_mode":"list","block":{"attributes":{"hyperlink":{"type":"string","description":"The URL of the page that the hyperlink goes to.","description_kind":"markdown","optional":true},"marks":{"type":["set","string"],"description":"The unique list of marks (whether it is bold and/or underlined etc.) for the text. Valid values: Bold | Italic | Underline","description_kind":"markdown","optional":true},"text":{"type":"string","description":"Text","description_kind":"markdown","required":true}},"block_types":{"properties":{"nesting_mode":"list","block":{"attributes":{"background_color":{"type":"string","description":"The background color for the text. The valid values in hex color code representation. For example black color - #000000","description_kind":"markdown","optional":true},"font_size":{"type":"string","description":"The font size for the text. The valid values in 'em'. Valid values: XxSmall, XSmall, Small, Medium, Large, XLarge, XxLarge, XxxLarge","description_kind":"markdown","optional":true},"text_color":{"type":"string","description":"The text color for the text. The valid values in hex color code representation. For example black color - #000000","description_kind":"markdown","optional":true}},"description":"The properties for the text","description_kind":"markdown"}}},"description":"Text. It must contain a value if the type of the block is Text.","description_kind":"markdown"},"max_items":1},"video":{"nesting_mode":"list","block":{"attributes":{"url":{"type":"string","description":"The URL for the video.","description_kind":"markdown","required":true}},"block_types":{"properties":{"nesting_mode":"list","block":{"attributes":{"align":{"type":"string","description":"The align type for the property. Valid values: Center, Left, Right, Justify","description_kind":"markdown","optional":true},"background_color":{"type":"string","description":"The background color for the property. The valid values in hex color code representation. For example black color - #000000","description_kind":"markdown","optional":true},"indentation":{"type":"number","description":"The indentation for the property. The valid values in 'em'","description_kind":"markdown","optional":true}},"block_types":{"height":{"nesting_mode":"list","block":{"attributes":{"unit":{"type":"string","description":"The unit of the number. Valid values: Em, Percentage, Px","description_kind":"markdown","required":true},"value":{"type":"number","description":"A number","description_kind":"markdown","required":true}},"description":"The height (with unit) for the property","description_kind":"markdown"},"max_items":1},"width":{"nesting_mode":"list","block":{"attributes":{"unit":{"type":"string","description":"The unit of the number. Valid values: Em, Percentage, Px","description_kind":"markdown","required":true},"value":{"type":"number","description":"A number","description_kind":"markdown","required":true}},"description":"The width (with unit) for the property","description_kind":"markdown"},"max_items":1}},"description":"The properties for the video","description_kind":"markdown"}}},"description":"Video. It must contain a value if the type of the block is Video.","description_kind":"markdown"},"max_items":1}},"description":"The list of items for an OrderedList or an UnorderedList.","description_kind":"markdown"},"min_items":1},"properties":{"nesting_mode":"list","block":{"attributes":{"align":{"type":"string","description":"The align type for the list item. Valid values: Center, Left, Right, Justify","description_kind":"markdown","optional":true},"background_color":{"type":"string","description":"The background color for the list item. The valid values in hex color code representation. For example black color - #000000","description_kind":"markdown","optional":true},"font_size":{"type":"string","description":"The font size for the list item. The valid values in 'em'. Valid values: XxSmall, XSmall, Small, Medium, Large, XLarge, XxLarge, XxxLarge","description_kind":"markdown","optional":true},"font_type":{"type":"string","description":"The font type for the list item. Valid values: Paragraph, Heading1, Heading2, Heading3, Heading4, Heading5, Heading6, Preformatted","description_kind":"markdown","optional":true},"indentation":{"type":"number","description":"The indentation property for the list item. The valid values in 'em'","description_kind":"markdown","optional":true},"ordered_type":{"type":"string","description":"The type of icon for the ordered list. Valid values: Number, LowerAlpha, LowerGreek, LowerRoman, UpperAlpha, UpperRoman, None","description_kind":"markdown","optional":true},"text_color":{"type":"string","description":"The text color for the list item. The valid values in hex color code representation. For example black color - #000000","description_kind":"markdown","optional":true},"unordered_type":{"type":"string","description":"The type of icon for the unordered list. Valid values: Normal, Square, Circle, None","description_kind":"markdown","optional":true}},"description":"The properties for the list block","description_kind":"markdown"}}},"description":"The items in the list","description_kind":"markdown"},"min_items":1},"properties":{"nesting_mode":"list","block":{"attributes":{"ordered_type":{"type":"string","description":"The type of icon for the ordered list. Valid values: Number, LowerAlpha, LowerGreek, LowerRoman, UpperAlpha, UpperRoman, None","description_kind":"markdown","optional":true},"unordered_type":{"type":"string","description":"The type of icon for the unordered list. Valid values: Normal, Square, Circle, None","description_kind":"markdown","optional":true}},"description":"Properties for the list","description_kind":"markdown"}}},"description":"List. It must contain a value if the type of the caption is UnorderedList or OrderedList.","description_kind":"markdown"},"max_items":1},"paragraph":{"nesting_mode":"list","block":{"block_types":{"blocks":{"nesting_mode":"list","block":{"attributes":{"type":{"type":"string","description":"The type of the content block. Valid values: Text, Image, Video","description_kind":"markdown","required":true}},"block_types":{"image":{"nesting_mode":"list","block":{"attributes":{"hyperlink":{"type":"string","description":"The URL of the page that the hyperlink goes to.","description_kind":"markdown","optional":true},"url":{"type":"string","description":"The URL for the image.","description_kind":"markdown","required":true}},"block_types":{"properties":{"nesting_mode":"list","block":{"attributes":{"align":{"type":"string","description":"The align type for the property. Valid values: Center, Left, Right, Justify","description_kind":"markdown","optional":true},"alt_text":{"type":"string","description":"The image alt text for the property","description_kind":"markdown","optional":true},"background_color":{"type":"string","description":"The background color for the property. The valid values in hex color code representation. For example black color - #000000","description_kind":"markdown","optional":true},"indentation":{"type":"number","description":"The indentation for the property. The valid values in 'em'","description_kind":"markdown","optional":true},"width":{"type":"number","description":"The width (without unit) for the property","description_kind":"markdown","optional":true}},"block_types":{"width_with_unit":{"nesting_mode":"list","block":{"attributes":{"unit":{"type":"string","description":"The unit of the number. Valid values: Em, Percentage, Px","description_kind":"markdown","required":true},"value":{"type":"number","description":"A number","description_kind":"markdown","required":true}},"description":"The width (with unit) for the property","description_kind":"markdown"},"max_items":1}},"description":"The properties for the image","description_kind":"markdown"}}},"description":"Image. It must contain a value if the type of the block is Image.","description_kind":"markdown"},"max_items":1},"text":{"nesting_mode":"list","block":{"attributes":{"hyperlink":{"type":"string","description":"The URL of the page that the hyperlink goes to.","description_kind":"markdown","optional":true},"marks":{"type":["set","string"],"description":"The unique list of marks (whether it is bold and/or underlined etc.) for the text. Valid values: Bold | Italic | Underline","description_kind":"markdown","optional":true},"text":{"type":"string","description":"Text","description_kind":"markdown","required":true}},"block_types":{"properties":{"nesting_mode":"list","block":{"attributes":{"background_color":{"type":"string","description":"The background color for the text. The valid values in hex color code representation. For example black color - #000000","description_kind":"markdown","optional":true},"font_size":{"type":"string","description":"The font size for the text. The valid values in 'em'. Valid values: XxSmall, XSmall, Small, Medium, Large, XLarge, XxLarge, XxxLarge","description_kind":"markdown","optional":true},"text_color":{"type":"string","description":"The text color for the text. The valid values in hex color code representation. For example black color - #000000","description_kind":"markdown","optional":true}},"description":"The properties for the text","description_kind":"markdown"}}},"description":"Text. It must contain a value if the type of the block is Text.","description_kind":"markdown"},"max_items":1},"video":{"nesting_mode":"list","block":{"attributes":{"url":{"type":"string","description":"The URL for the video.","description_kind":"markdown","required":true}},"block_types":{"properties":{"nesting_mode":"list","block":{"attributes":{"align":{"type":"string","description":"The align type for the property. Valid values: Center, Left, Right, Justify","description_kind":"markdown","optional":true},"background_color":{"type":"string","description":"The background color for the property. The valid values in hex color code representation. For example black color - #000000","description_kind":"markdown","optional":true},"indentation":{"type":"number","description":"The indentation for the property. The valid values in 'em'","description_kind":"markdown","optional":true}},"block_types":{"height":{"nesting_mode":"list","block":{"attributes":{"unit":{"type":"string","description":"The unit of the number. Valid values: Em, Percentage, Px","description_kind":"markdown","required":true},"value":{"type":"number","description":"A number","description_kind":"markdown","required":true}},"description":"The height (with unit) for the property","description_kind":"markdown"},"max_items":1},"width":{"nesting_mode":"list","block":{"attributes":{"unit":{"type":"string","description":"The unit of the number. Valid values: Em, Percentage, Px","description_kind":"markdown","required":true},"value":{"type":"number","description":"A number","description_kind":"markdown","required":true}},"description":"The width (with unit) for the property","description_kind":"markdown"},"max_items":1}},"description":"The properties for the video","description_kind":"markdown"}}},"description":"Video. It must contain a value if the type of the block is Video.","description_kind":"markdown"},"max_items":1}},"description":"The content for the paragraph.","description_kind":"markdown"},"min_items":1},"properties":{"nesting_mode":"list","block":{"attributes":{"align":{"type":"string","description":"The align type for the paragraph. Valid values: Center, Left, Right, Justify","description_kind":"markdown","optional":true},"background_color":{"type":"string","description":"The background color for the paragraph. The valid values in hex color code representation. For example black color - #000000","description_kind":"markdown","optional":true},"font_size":{"type":"string","description":"The font size for the paragraph. The valid values in 'em'. Valid values: XxSmall, XSmall, Small, Medium, Large, XLarge, XxLarge, XxxLarge","description_kind":"markdown","optional":true},"font_type":{"type":"string","description":"The font type for the paragraph. Valid values: Paragraph, Heading1, Heading2, Heading3, Heading4, Heading5, Heading6, Preformatted","description_kind":"markdown","optional":true},"indentation":{"type":"number","description":"The indentation property for the paragraph. The valid values in 'em'","description_kind":"markdown","optional":true},"text_color":{"type":"string","description":"The text color for the paragraph. The valid values in hex color code representation. For example black color - #000000","description_kind":"markdown","optional":true}},"description":"The properties for the paragraph","description_kind":"markdown"}}},"description":"Paragraph. It must contain a value if the type of the caption is Paragraph.","description_kind":"markdown"},"max_items":1},"text":{"nesting_mode":"list","block":{"attributes":{"hyperlink":{"type":"string","description":"The URL of the page that the hyperlink goes to.","description_kind":"markdown","optional":true},"marks":{"type":["set","string"],"description":"The unique list of marks (whether it is bold and/or underlined etc.) for the text. Valid values: Bold | Italic | Underline","description_kind":"markdown","optional":true},"text":{"type":"string","description":"Text","description_kind":"markdown","required":true}},"block_types":{"properties":{"nesting_mode":"list","block":{"attributes":{"background_color":{"type":"string","description":"The background color for the text. The valid values in hex color code representation. For example black color - #000000","description_kind":"markdown","optional":true},"font_size":{"type":"string","description":"The font size for the text. The valid values in 'em'. Valid values: XxSmall, XSmall, Small, Medium, Large, XLarge, XxLarge, XxxLarge","description_kind":"markdown","optional":true},"text_color":{"type":"string","description":"The text color for the text. The valid values in hex color code representation. For example black color - #000000","description_kind":"markdown","optional":true}},"description":"The properties for the text","description_kind":"markdown"}}},"description":"Text. It must contain a value if the type of the caption is Text.","description_kind":"markdown"},"max_items":1},"video":{"nesting_mode":"list","block":{"attributes":{"url":{"type":"string","description":"The URL for the video.","description_kind":"markdown","required":true}},"block_types":{"properties":{"nesting_mode":"list","block":{"attributes":{"align":{"type":"string","description":"The align type for the property. Valid values: Center, Left, Right, Justify","description_kind":"markdown","optional":true},"background_color":{"type":"string","description":"The background color for the property. The valid values in hex color code representation. For example black color - #000000","description_kind":"markdown","optional":true},"indentation":{"type":"number","description":"The indentation for the property. The valid values in 'em'","description_kind":"markdown","optional":true}},"block_types":{"height":{"nesting_mode":"list","block":{"attributes":{"unit":{"type":"string","description":"The unit of the number. Valid values: Em, Percentage, Px","description_kind":"markdown","required":true},"value":{"type":"number","description":"A number","description_kind":"markdown","required":true}},"description":"The height (with unit) for the property","description_kind":"markdown"},"max_items":1},"width":{"nesting_mode":"list","block":{"attributes":{"unit":{"type":"string","description":"The unit of the number. Valid values: Em, Percentage, Px","description_kind":"markdown","required":true},"value":{"type":"number","description":"A number","description_kind":"markdown","required":true}},"description":"The width (with unit) for the property","description_kind":"markdown"},"max_items":1}},"description":"The properties for the video","description_kind":"markdown"}}},"description":"Video. It must contain a value if the type of the caption is Video.","description_kind":"markdown"},"max_items":1}},"description":"The list of captions for a Table.","description_kind":"markdown"},"min_items":1}},"description":"The caption of the table","description_kind":"markdown"}},"width_with_unit":{"nesting_mode":"list","block":{"attributes":{"unit":{"type":"string","description":"The unit of the number. Valid values: Em, Percentage, Px","description_kind":"markdown","required":true},"value":{"type":"number","description":"A number","description_kind":"markdown","required":true}},"description":"The width of the table (with unit)","description_kind":"markdown"},"max_items":1}},"description":"The properties for the table","description_kind":"markdown"}},"rows":{"nesting_mode":"list","block":{"block_types":{"cells":{"nesting_mode":"list","block":{"block_types":{"blocks":{"nesting_mode":"list","block":{"attributes":{"type":{"type":"string","description":"The type of the block for the table. This determines which table block object (text, image, video, list, paragraph, or table) would have a value.","description_kind":"markdown","required":true}},"block_types":{"image":{"nesting_mode":"list","block":{"attributes":{"hyperlink":{"type":"string","description":"The URL of the page that the hyperlink goes to.","description_kind":"markdown","optional":true},"url":{"type":"string","description":"The URL for the image.","description_kind":"markdown","required":true}},"block_types":{"properties":{"nesting_mode":"list","block":{"attributes":{"align":{"type":"string","description":"The align type for the property. Valid values: Center, Left, Right, Justify","description_kind":"markdown","optional":true},"alt_text":{"type":"string","description":"The image alt text for the property","description_kind":"markdown","optional":true},"background_color":{"type":"string","description":"The background color for the property. The valid values in hex color code representation. For example black color - #000000","description_kind":"markdown","optional":true},"indentation":{"type":"number","description":"The indentation for the property. The valid values in 'em'","description_kind":"markdown","optional":true},"width":{"type":"number","description":"The width (without unit) for the property","description_kind":"markdown","optional":true}},"block_types":{"width_with_unit":{"nesting_mode":"list","block":{"attributes":{"unit":{"type":"string","description":"The unit of the number. Valid values: Em, Percentage, Px","description_kind":"markdown","required":true},"value":{"type":"number","description":"A number","description_kind":"markdown","required":true}},"description":"The width (with unit) for the property","description_kind":"markdown"},"max_items":1}},"description":"The properties for the image","description_kind":"markdown"}}},"description":"Image. It must contain a value if the type of the block is Image.","description_kind":"markdown"},"max_items":1},"list":{"nesting_mode":"list","block":{"block_types":{"blocks":{"nesting_mode":"list","block":{"attributes":{"type":{"type":"string","description":"The type of the list. Valid values: ListItem","description_kind":"markdown","required":true}},"block_types":{"blocks":{"nesting_mode":"list","block":{"attributes":{"type":{"type":"string","description":"The type of the block for the list. This determines which list block object (text, video, image or list) would have a value.","description_kind":"markdown","required":true}},"block_types":{"image":{"nesting_mode":"list","block":{"attributes":{"hyperlink":{"type":"string","description":"The URL of the page that the hyperlink goes to.","description_kind":"markdown","optional":true},"url":{"type":"string","description":"The URL for the image.","description_kind":"markdown","required":true}},"block_types":{"properties":{"nesting_mode":"list","block":{"attributes":{"align":{"type":"string","description":"The align type for the property. Valid values: Center, Left, Right, Justify","description_kind":"markdown","optional":true},"alt_text":{"type":"string","description":"The image alt text for the property","description_kind":"markdown","optional":true},"background_color":{"type":"string","description":"The background color for the property. The valid values in hex color code representation. For example black color - #000000","description_kind":"markdown","optional":true},"indentation":{"type":"number","description":"The indentation for the property. The valid values in 'em'","description_kind":"markdown","optional":true},"width":{"type":"number","description":"The width (without unit) for the property","description_kind":"markdown","optional":true}},"block_types":{"width_with_unit":{"nesting_mode":"list","block":{"attributes":{"unit":{"type":"string","description":"The unit of the number. Valid values: Em, Percentage, Px","description_kind":"markdown","required":true},"value":{"type":"number","description":"A number","description_kind":"markdown","required":true}},"description":"The width (with unit) for the property","description_kind":"markdown"},"max_items":1}},"description":"The properties for the image","description_kind":"markdown"}}},"description":"Image. It must contain a value if the type of the block is Image.","description_kind":"markdown"},"max_items":1},"list":{"nesting_mode":"list","block":{"block_types":{"blocks":{"nesting_mode":"list","block":{"attributes":{"type":{"type":"string","description":"The type of the list. Valid values: ListItem","description_kind":"markdown","required":true}},"block_types":{"blocks":{"nesting_mode":"list","block":{"attributes":{"type":{"type":"string","description":"The type of the block for the list. This determines which list block object (text, video, image or list) would have a value.","description_kind":"markdown","required":true}},"block_types":{"image":{"nesting_mode":"list","block":{"attributes":{"hyperlink":{"type":"string","description":"The URL of the page that the hyperlink goes to.","description_kind":"markdown","optional":true},"url":{"type":"string","description":"The URL for the image.","description_kind":"markdown","required":true}},"block_types":{"properties":{"nesting_mode":"list","block":{"attributes":{"align":{"type":"string","description":"The align type for the property. Valid values: Center, Left, Right, Justify","description_kind":"markdown","optional":true},"alt_text":{"type":"string","description":"The image alt text for the property","description_kind":"markdown","optional":true},"background_color":{"type":"string","description":"The background color for the property. The valid values in hex color code representation. For example black color - #000000","description_kind":"markdown","optional":true},"indentation":{"type":"number","description":"The indentation for the property. The valid values in 'em'","description_kind":"markdown","optional":true},"width":{"type":"number","description":"The width (without unit) for the property","description_kind":"markdown","optional":true}},"block_types":{"width_with_unit":{"nesting_mode":"list","block":{"attributes":{"unit":{"type":"string","description":"The unit of the number. Valid values: Em, Percentage, Px","description_kind":"markdown","required":true},"value":{"type":"number","description":"A number","description_kind":"markdown","required":true}},"description":"The width (with unit) for the property","description_kind":"markdown"},"max_items":1}},"description":"The properties for the image","description_kind":"markdown"}}},"description":"Image. It must contain a value if the type of the block is Image.","description_kind":"markdown"},"max_items":1},"list":{"nesting_mode":"list","block":{"block_types":{"blocks":{"nesting_mode":"list","block":{"attributes":{"type":{"type":"string","description":"The type of the list. Valid values: ListItem","description_kind":"markdown","required":true}},"block_types":{"blocks":{"nesting_mode":"list","block":{"attributes":{"type":{"type":"string","description":"The type of the block for the list. This determines which list block object (text, video, image or list) would have a value.","description_kind":"markdown","required":true}},"block_types":{"image":{"nesting_mode":"list","block":{"attributes":{"hyperlink":{"type":"string","description":"The URL of the page that the hyperlink goes to.","description_kind":"markdown","optional":true},"url":{"type":"string","description":"The URL for the image.","description_kind":"markdown","required":true}},"block_types":{"properties":{"nesting_mode":"list","block":{"attributes":{"align":{"type":"string","description":"The align type for the property. Valid values: Center, Left, Right, Justify","description_kind":"markdown","optional":true},"alt_text":{"type":"string","description":"The image alt text for the property","description_kind":"markdown","optional":true},"background_color":{"type":"string","description":"The background color for the property. The valid values in hex color code representation. For example black color - #000000","description_kind":"markdown","optional":true},"indentation":{"type":"number","description":"The indentation for the property. The valid values in 'em'","description_kind":"markdown","optional":true},"width":{"type":"number","description":"The width (without unit) for the property","description_kind":"markdown","optional":true}},"block_types":{"width_with_unit":{"nesting_mode":"list","block":{"attributes":{"unit":{"type":"string","description":"The unit of the number. Valid values: Em, Percentage, Px","description_kind":"markdown","required":true},"value":{"type":"number","description":"A number","description_kind":"markdown","required":true}},"description":"The width (with unit) for the property","description_kind":"markdown"},"max_items":1}},"description":"The properties for the image","description_kind":"markdown"}}},"description":"Image. It must contain a value if the type of the block is Image.","description_kind":"markdown"},"max_items":1},"list":{"nesting_mode":"list","block":{"block_types":{"blocks":{"nesting_mode":"list","block":{"attributes":{"type":{"type":"string","description":"The type of the list. Valid values: ListItem","description_kind":"markdown","required":true}},"block_types":{"blocks":{"nesting_mode":"list","block":{"attributes":{"type":{"type":"string","description":"The type of the block for the list. This determines which list block object (text, video, image or list) would have a value.","description_kind":"markdown","required":true}},"block_types":{"image":{"nesting_mode":"list","block":{"attributes":{"hyperlink":{"type":"string","description":"The URL of the page that the hyperlink goes to.","description_kind":"markdown","optional":true},"url":{"type":"string","description":"The URL for the image.","description_kind":"markdown","required":true}},"block_types":{"properties":{"nesting_mode":"list","block":{"attributes":{"align":{"type":"string","description":"The align type for the property. Valid values: Center, Left, Right, Justify","description_kind":"markdown","optional":true},"alt_text":{"type":"string","description":"The image alt text for the property","description_kind":"markdown","optional":true},"background_color":{"type":"string","description":"The background color for the property. The valid values in hex color code representation. For example black color - #000000","description_kind":"markdown","optional":true},"indentation":{"type":"number","description":"The indentation for the property. The valid values in 'em'","description_kind":"markdown","optional":true},"width":{"type":"number","description":"The width (without unit) for the property","description_kind":"markdown","optional":true}},"block_types":{"width_with_unit":{"nesting_mode":"list","block":{"attributes":{"unit":{"type":"string","description":"The unit of the number. Valid values: Em, Percentage, Px","description_kind":"markdown","required":true},"value":{"type":"number","description":"A number","description_kind":"markdown","required":true}},"description":"The width (with unit) for the property","description_kind":"markdown"},"max_items":1}},"description":"The properties for the image","description_kind":"markdown"}}},"description":"Image. It must contain a value if the type of the block is Image.","description_kind":"markdown"},"max_items":1},"list":{"nesting_mode":"list","block":{"block_types":{"blocks":{"nesting_mode":"list","block":{"attributes":{"type":{"type":"string","description":"The type of the list. Valid values: ListItem","description_kind":"markdown","required":true}},"block_types":{"blocks":{"nesting_mode":"list","block":{"attributes":{"type":{"type":"string","description":"The type of the block for the list. This determines which list block object (text, video, image or list) would have a value.","description_kind":"markdown","required":true}},"block_types":{"image":{"nesting_mode":"list","block":{"attributes":{"hyperlink":{"type":"string","description":"The URL of the page that the hyperlink goes to.","description_kind":"markdown","optional":true},"url":{"type":"string","description":"The URL for the image.","description_kind":"markdown","required":true}},"block_types":{"properties":{"nesting_mode":"list","block":{"attributes":{"align":{"type":"string","description":"The align type for the property. Valid values: Center, Left, Right, Justify","description_kind":"markdown","optional":true},"alt_text":{"type":"string","description":"The image alt text for the property","description_kind":"markdown","optional":true},"background_color":{"type":"string","description":"The background color for the property. The valid values in hex color code representation. For example black color - #000000","description_kind":"markdown","optional":true},"indentation":{"type":"number","description":"The indentation for the property. The valid values in 'em'","description_kind":"markdown","optional":true},"width":{"type":"number","description":"The width (without unit) for the property","description_kind":"markdown","optional":true}},"block_types":{"width_with_unit":{"nesting_mode":"list","block":{"attributes":{"unit":{"type":"string","description":"The unit of the number. Valid values: Em, Percentage, Px","description_kind":"markdown","required":true},"value":{"type":"number","description":"A number","description_kind":"markdown","required":true}},"description":"The width (with unit) for the property","description_kind":"markdown"},"max_items":1}},"description":"The properties for the image","description_kind":"markdown"}}},"description":"Image. It must contain a value if the type of the block is Image.","description_kind":"markdown"},"max_items":1},"list":{"nesting_mode":"list","block":{"block_types":{"blocks":{"nesting_mode":"list","block":{"attributes":{"type":{"type":"string","description":"The type of the list. Valid values: ListItem","description_kind":"markdown","required":true}},"block_types":{"blocks":{"nesting_mode":"list","block":{"attributes":{"type":{"type":"string","description":"The type of the block for the list. This determines which list block object (text, video, image or list) would have a value.","description_kind":"markdown","required":true}},"block_types":{"image":{"nesting_mode":"list","block":{"attributes":{"hyperlink":{"type":"string","description":"The URL of the page that the hyperlink goes to.","description_kind":"markdown","optional":true},"url":{"type":"string","description":"The URL for the image.","description_kind":"markdown","required":true}},"block_types":{"properties":{"nesting_mode":"list","block":{"attributes":{"align":{"type":"string","description":"The align type for the property. Valid values: Center, Left, Right, Justify","description_kind":"markdown","optional":true},"alt_text":{"type":"string","description":"The image alt text for the property","description_kind":"markdown","optional":true},"background_color":{"type":"string","description":"The background color for the property. The valid values in hex color code representation. For example black color - #000000","description_kind":"markdown","optional":true},"indentation":{"type":"number","description":"The indentation for the property. The valid values in 'em'","description_kind":"markdown","optional":true},"width":{"type":"number","description":"The width (without unit) for the property","description_kind":"markdown","optional":true}},"block_types":{"width_with_unit":{"nesting_mode":"list","block":{"attributes":{"unit":{"type":"string","description":"The unit of the number. Valid values: Em, Percentage, Px","description_kind":"markdown","required":true},"value":{"type":"number","description":"A number","description_kind":"markdown","required":true}},"description":"The width (with unit) for the property","description_kind":"markdown"},"max_items":1}},"description":"The properties for the image","description_kind":"markdown"}}},"description":"Image. It must contain a value if the type of the block is Image.","description_kind":"markdown"},"max_items":1},"list":{"nesting_mode":"list","block":{"block_types":{"blocks":{"nesting_mode":"list","block":{"attributes":{"type":{"type":"string","description":"The type of the list. Valid values: ListItem","description_kind":"markdown","required":true}},"block_types":{"blocks":{"nesting_mode":"list","block":{"attributes":{"type":{"type":"string","description":"The type of the block for the list. This determines which list block object (text, video, image or list) would have a value.","description_kind":"markdown","required":true}},"block_types":{"image":{"nesting_mode":"list","block":{"attributes":{"hyperlink":{"type":"string","description":"The URL of the page that the hyperlink goes to.","description_kind":"markdown","optional":true},"url":{"type":"string","description":"The URL for the image.","description_kind":"markdown","required":true}},"block_types":{"properties":{"nesting_mode":"list","block":{"attributes":{"align":{"type":"string","description":"The align type for the property. Valid values: Center, Left, Right, Justify","description_kind":"markdown","optional":true},"alt_text":{"type":"string","description":"The image alt text for the property","description_kind":"markdown","optional":true},"background_color":{"type":"string","description":"The background color for the property. The valid values in hex color code representation. For example black color - #000000","description_kind":"markdown","optional":true},"indentation":{"type":"number","description":"The indentation for the property. The valid values in 'em'","description_kind":"markdown","optional":true},"width":{"type":"number","description":"The width (without unit) for the property","description_kind":"markdown","optional":true}},"block_types":{"width_with_unit":{"nesting_mode":"list","block":{"attributes":{"unit":{"type":"string","description":"The unit of the number. Valid values: Em, Percentage, Px","description_kind":"markdown","required":true},"value":{"type":"number","description":"A number","description_kind":"markdown","required":true}},"description":"The width (with unit) for the property","description_kind":"markdown"},"max_items":1}},"description":"The properties for the image","description_kind":"markdown"}}},"description":"Image. It must contain a value if the type of the block is Image.","description_kind":"markdown"},"max_items":1},"list":{"nesting_mode":"list","block":{"block_types":{"blocks":{"nesting_mode":"list","block":{"attributes":{"type":{"type":"string","description":"The type of the list. Valid values: ListItem","description_kind":"markdown","required":true}},"block_types":{"blocks":{"nesting_mode":"list","block":{"attributes":{"type":{"type":"string","description":"The type of the block for the list. This determines which list block object (text, video, image or list) would have a value.","description_kind":"markdown","required":true}},"block_types":{"image":{"nesting_mode":"list","block":{"attributes":{"hyperlink":{"type":"string","description":"The URL of the page that the hyperlink goes to.","description_kind":"markdown","optional":true},"url":{"type":"string","description":"The URL for the image.","description_kind":"markdown","required":true}},"block_types":{"properties":{"nesting_mode":"list","block":{"attributes":{"align":{"type":"string","description":"The align type for the property. Valid values: Center, Left, Right, Justify","description_kind":"markdown","optional":true},"alt_text":{"type":"string","description":"The image alt text for the property","description_kind":"markdown","optional":true},"background_color":{"type":"string","description":"The background color for the property. The valid values in hex color code representation. For example black color - #000000","description_kind":"markdown","optional":true},"indentation":{"type":"number","description":"The indentation for the property. The valid values in 'em'","description_kind":"markdown","optional":true},"width":{"type":"number","description":"The width (without unit) for the property","description_kind":"markdown","optional":true}},"block_types":{"width_with_unit":{"nesting_mode":"list","block":{"attributes":{"unit":{"type":"string","description":"The unit of the number. Valid values: Em, Percentage, Px","description_kind":"markdown","required":true},"value":{"type":"number","description":"A number","description_kind":"markdown","required":true}},"description":"The width (with unit) for the property","description_kind":"markdown"},"max_items":1}},"description":"The properties for the image","description_kind":"markdown"}}},"description":"Image. It must contain a value if the type of the block is Image.","description_kind":"markdown"},"max_items":1},"list":{"nesting_mode":"list","block":{"block_types":{"blocks":{"nesting_mode":"list","block":{"attributes":{"type":{"type":"string","description":"The type of the list. Valid values: ListItem","description_kind":"markdown","required":true}},"block_types":{"blocks":{"nesting_mode":"list","block":{"attributes":{"type":{"type":"string","description":"The type of the block for the list. This determines which list block object (text, video, image or list) would have a value.","description_kind":"markdown","required":true}},"block_types":{"image":{"nesting_mode":"list","block":{"attributes":{"hyperlink":{"type":"string","description":"The URL of the page that the hyperlink goes to.","description_kind":"markdown","optional":true},"url":{"type":"string","description":"The URL for the image.","description_kind":"markdown","required":true}},"block_types":{"properties":{"nesting_mode":"list","block":{"attributes":{"align":{"type":"string","description":"The align type for the property. Valid values: Center, Left, Right, Justify","description_kind":"markdown","optional":true},"alt_text":{"type":"string","description":"The image alt text for the property","description_kind":"markdown","optional":true},"background_color":{"type":"string","description":"The background color for the property. The valid values in hex color code representation. For example black color - #000000","description_kind":"markdown","optional":true},"indentation":{"type":"number","description":"The indentation for the property. The valid values in 'em'","description_kind":"markdown","optional":true},"width":{"type":"number","description":"The width (without unit) for the property","description_kind":"markdown","optional":true}},"block_types":{"width_with_unit":{"nesting_mode":"list","block":{"attributes":{"unit":{"type":"string","description":"The unit of the number. Valid values: Em, Percentage, Px","description_kind":"markdown","required":true},"value":{"type":"number","description":"A number","description_kind":"markdown","required":true}},"description":"The width (with unit) for the property","description_kind":"markdown"},"max_items":1}},"description":"The properties for the image","description_kind":"markdown"}}},"description":"Image. It must contain a value if the type of the block is Image.","description_kind":"markdown"},"max_items":1},"text":{"nesting_mode":"list","block":{"attributes":{"hyperlink":{"type":"string","description":"The URL of the page that the hyperlink goes to.","description_kind":"markdown","optional":true},"marks":{"type":["set","string"],"description":"The unique list of marks (whether it is bold and/or underlined etc.) for the text. Valid values: Bold | Italic | Underline","description_kind":"markdown","optional":true},"text":{"type":"string","description":"Text","description_kind":"markdown","required":true}},"block_types":{"properties":{"nesting_mode":"list","block":{"attributes":{"background_color":{"type":"string","description":"The background color for the text. The valid values in hex color code representation. For example black color - #000000","description_kind":"markdown","optional":true},"font_size":{"type":"string","description":"The font size for the text. The valid values in 'em'. Valid values: XxSmall, XSmall, Small, Medium, Large, XLarge, XxLarge, XxxLarge","description_kind":"markdown","optional":true},"text_color":{"type":"string","description":"The text color for the text. The valid values in hex color code representation. For example black color - #000000","description_kind":"markdown","optional":true}},"description":"The properties for the text","description_kind":"markdown"}}},"description":"Text. It must contain a value if the type of the block is Text.","description_kind":"markdown"},"max_items":1},"video":{"nesting_mode":"list","block":{"attributes":{"url":{"type":"string","description":"The URL for the video.","description_kind":"markdown","required":true}},"block_types":{"properties":{"nesting_mode":"list","block":{"attributes":{"align":{"type":"string","description":"The align type for the property. Valid values: Center, Left, Right, Justify","description_kind":"markdown","optional":true},"background_color":{"type":"string","description":"The background color for the property. The valid values in hex color code representation. For example black color - #000000","description_kind":"markdown","optional":true},"indentation":{"type":"number","description":"The indentation for the property. The valid values in 'em'","description_kind":"markdown","optional":true}},"block_types":{"height":{"nesting_mode":"list","block":{"attributes":{"unit":{"type":"string","description":"The unit of the number. Valid values: Em, Percentage, Px","description_kind":"markdown","required":true},"value":{"type":"number","description":"A number","description_kind":"markdown","required":true}},"description":"The height (with unit) for the property","description_kind":"markdown"},"max_items":1},"width":{"nesting_mode":"list","block":{"attributes":{"unit":{"type":"string","description":"The unit of the number. Valid values: Em, Percentage, Px","description_kind":"markdown","required":true},"value":{"type":"number","description":"A number","description_kind":"markdown","required":true}},"description":"The width (with unit) for the property","description_kind":"markdown"},"max_items":1}},"description":"The properties for the video","description_kind":"markdown"}}},"description":"Video. It must contain a value if the type of the block is Video.","description_kind":"markdown"},"max_items":1}},"description":"The list of items for an OrderedList or an UnorderedList.","description_kind":"markdown"},"min_items":1},"properties":{"nesting_mode":"list","block":{"attributes":{"align":{"type":"string","description":"The align type for the list item. Valid values: Center, Left, Right, Justify","description_kind":"markdown","optional":true},"background_color":{"type":"string","description":"The background color for the list item. The valid values in hex color code representation. For example black color - #000000","description_kind":"markdown","optional":true},"font_size":{"type":"string","description":"The font size for the list item. The valid values in 'em'. Valid values: XxSmall, XSmall, Small, Medium, Large, XLarge, XxLarge, XxxLarge","description_kind":"markdown","optional":true},"font_type":{"type":"string","description":"The font type for the list item. Valid values: Paragraph, Heading1, Heading2, Heading3, Heading4, Heading5, Heading6, Preformatted","description_kind":"markdown","optional":true},"indentation":{"type":"number","description":"The indentation property for the list item. The valid values in 'em'","description_kind":"markdown","optional":true},"ordered_type":{"type":"string","description":"The type of icon for the ordered list. Valid values: Number, LowerAlpha, LowerGreek, LowerRoman, UpperAlpha, UpperRoman, None","description_kind":"markdown","optional":true},"text_color":{"type":"string","description":"The text color for the list item. The valid values in hex color code representation. For example black color - #000000","description_kind":"markdown","optional":true},"unordered_type":{"type":"string","description":"The type of icon for the unordered list. Valid values: Normal, Square, Circle, None","description_kind":"markdown","optional":true}},"description":"The properties for the list block","description_kind":"markdown"}}},"description":"The items in the list","description_kind":"markdown"},"min_items":1},"properties":{"nesting_mode":"list","block":{"attributes":{"ordered_type":{"type":"string","description":"The type of icon for the ordered list. Valid values: Number, LowerAlpha, LowerGreek, LowerRoman, UpperAlpha, UpperRoman, None","description_kind":"markdown","optional":true},"unordered_type":{"type":"string","description":"The type of icon for the unordered list. Valid values: Normal, Square, Circle, None","description_kind":"markdown","optional":true}},"description":"Properties for the list","description_kind":"markdown"}}},"description":"List. It must contain a value if the type of the block is UnorderedList or OrderedList.","description_kind":"markdown"},"max_items":1},"text":{"nesting_mode":"list","block":{"attributes":{"hyperlink":{"type":"string","description":"The URL of the page that the hyperlink goes to.","description_kind":"markdown","optional":true},"marks":{"type":["set","string"],"description":"The unique list of marks (whether it is bold and/or underlined etc.) for the text. Valid values: Bold | Italic | Underline","description_kind":"markdown","optional":true},"text":{"type":"string","description":"Text","description_kind":"markdown","required":true}},"block_types":{"properties":{"nesting_mode":"list","block":{"attributes":{"background_color":{"type":"string","description":"The background color for the text. The valid values in hex color code representation. For example black color - #000000","description_kind":"markdown","optional":true},"font_size":{"type":"string","description":"The font size for the text. The valid values in 'em'. Valid values: XxSmall, XSmall, Small, Medium, Large, XLarge, XxLarge, XxxLarge","description_kind":"markdown","optional":true},"text_color":{"type":"string","description":"The text color for the text. The valid values in hex color code representation. For example black color - #000000","description_kind":"markdown","optional":true}},"description":"The properties for the text","description_kind":"markdown"}}},"description":"Text. It must contain a value if the type of the block is Text.","description_kind":"markdown"},"max_items":1},"video":{"nesting_mode":"list","block":{"attributes":{"url":{"type":"string","description":"The URL for the video.","description_kind":"markdown","required":true}},"block_types":{"properties":{"nesting_mode":"list","block":{"attributes":{"align":{"type":"string","description":"The align type for the property. Valid values: Center, Left, Right, Justify","description_kind":"markdown","optional":true},"background_color":{"type":"string","description":"The background color for the property. The valid values in hex color code representation. For example black color - #000000","description_kind":"markdown","optional":true},"indentation":{"type":"number","description":"The indentation for the property. The valid values in 'em'","description_kind":"markdown","optional":true}},"block_types":{"height":{"nesting_mode":"list","block":{"attributes":{"unit":{"type":"string","description":"The unit of the number. Valid values: Em, Percentage, Px","description_kind":"markdown","required":true},"value":{"type":"number","description":"A number","description_kind":"markdown","required":true}},"description":"The height (with unit) for the property","description_kind":"markdown"},"max_items":1},"width":{"nesting_mode":"list","block":{"attributes":{"unit":{"type":"string","description":"The unit of the number. Valid values: Em, Percentage, Px","description_kind":"markdown","required":true},"value":{"type":"number","description":"A number","description_kind":"markdown","required":true}},"description":"The width (with unit) for the property","description_kind":"markdown"},"max_items":1}},"description":"The properties for the video","description_kind":"markdown"}}},"description":"Video. It must contain a value if the type of the block is Video.","description_kind":"markdown"},"max_items":1}},"description":"The list of items for an OrderedList or an UnorderedList.","description_kind":"markdown"},"min_items":1},"properties":{"nesting_mode":"list","block":{"attributes":{"align":{"type":"string","description":"The align type for the list item. Valid values: Center, Left, Right, Justify","description_kind":"markdown","optional":true},"background_color":{"type":"string","description":"The background color for the list item. The valid values in hex color code representation. For example black color - #000000","description_kind":"markdown","optional":true},"font_size":{"type":"string","description":"The font size for the list item. The valid values in 'em'. Valid values: XxSmall, XSmall, Small, Medium, Large, XLarge, XxLarge, XxxLarge","description_kind":"markdown","optional":true},"font_type":{"type":"string","description":"The font type for the list item. Valid values: Paragraph, Heading1, Heading2, Heading3, Heading4, Heading5, Heading6, Preformatted","description_kind":"markdown","optional":true},"indentation":{"type":"number","description":"The indentation property for the list item. The valid values in 'em'","description_kind":"markdown","optional":true},"ordered_type":{"type":"string","description":"The type of icon for the ordered list. Valid values: Number, LowerAlpha, LowerGreek, LowerRoman, UpperAlpha, UpperRoman, None","description_kind":"markdown","optional":true},"text_color":{"type":"string","description":"The text color for the list item. The valid values in hex color code representation. For example black color - #000000","description_kind":"markdown","optional":true},"unordered_type":{"type":"string","description":"The type of icon for the unordered list. Valid values: Normal, Square, Circle, None","description_kind":"markdown","optional":true}},"description":"The properties for the list block","description_kind":"markdown"}}},"description":"The items in the list","description_kind":"markdown"},"min_items":1},"properties":{"nesting_mode":"list","block":{"attributes":{"ordered_type":{"type":"string","description":"The type of icon for the ordered list. Valid values: Number, LowerAlpha, LowerGreek, LowerRoman, UpperAlpha, UpperRoman, None","description_kind":"markdown","optional":true},"unordered_type":{"type":"string","description":"The type of icon for the unordered list. Valid values: Normal, Square, Circle, None","description_kind":"markdown","optional":true}},"description":"Properties for the list","description_kind":"markdown"}}},"description":"List. It must contain a value if the type of the block is UnorderedList or OrderedList.","description_kind":"markdown"},"max_items":1},"text":{"nesting_mode":"list","block":{"attributes":{"hyperlink":{"type":"string","description":"The URL of the page that the hyperlink goes to.","description_kind":"markdown","optional":true},"marks":{"type":["set","string"],"description":"The unique list of marks (whether it is bold and/or underlined etc.) for the text. Valid values: Bold | Italic | Underline","description_kind":"markdown","optional":true},"text":{"type":"string","description":"Text","description_kind":"markdown","required":true}},"block_types":{"properties":{"nesting_mode":"list","block":{"attributes":{"background_color":{"type":"string","description":"The background color for the text. The valid values in hex color code representation. For example black color - #000000","description_kind":"markdown","optional":true},"font_size":{"type":"string","description":"The font size for the text. The valid values in 'em'. Valid values: XxSmall, XSmall, Small, Medium, Large, XLarge, XxLarge, XxxLarge","description_kind":"markdown","optional":true},"text_color":{"type":"string","description":"The text color for the text. The valid values in hex color code representation. For example black color - #000000","description_kind":"markdown","optional":true}},"description":"The properties for the text","description_kind":"markdown"}}},"description":"Text. It must contain a value if the type of the block is Text.","description_kind":"markdown"},"max_items":1},"video":{"nesting_mode":"list","block":{"attributes":{"url":{"type":"string","description":"The URL for the video.","description_kind":"markdown","required":true}},"block_types":{"properties":{"nesting_mode":"list","block":{"attributes":{"align":{"type":"string","description":"The align type for the property. Valid values: Center, Left, Right, Justify","description_kind":"markdown","optional":true},"background_color":{"type":"string","description":"The background color for the property. The valid values in hex color code representation. For example black color - #000000","description_kind":"markdown","optional":true},"indentation":{"type":"number","description":"The indentation for the property. The valid values in 'em'","description_kind":"markdown","optional":true}},"block_types":{"height":{"nesting_mode":"list","block":{"attributes":{"unit":{"type":"string","description":"The unit of the number. Valid values: Em, Percentage, Px","description_kind":"markdown","required":true},"value":{"type":"number","description":"A number","description_kind":"markdown","required":true}},"description":"The height (with unit) for the property","description_kind":"markdown"},"max_items":1},"width":{"nesting_mode":"list","block":{"attributes":{"unit":{"type":"string","description":"The unit of the number. Valid values: Em, Percentage, Px","description_kind":"markdown","required":true},"value":{"type":"number","description":"A number","description_kind":"markdown","required":true}},"description":"The width (with unit) for the property","description_kind":"markdown"},"max_items":1}},"description":"The properties for the video","description_kind":"markdown"}}},"description":"Video. It must contain a value if the type of the block is Video.","description_kind":"markdown"},"max_items":1}},"description":"The list of items for an OrderedList or an UnorderedList.","description_kind":"markdown"},"min_items":1},"properties":{"nesting_mode":"list","block":{"attributes":{"align":{"type":"string","description":"The align type for the list item. Valid values: Center, Left, Right, Justify","description_kind":"markdown","optional":true},"background_color":{"type":"string","description":"The background color for the list item. The valid values in hex color code representation. For example black color - #000000","description_kind":"markdown","optional":true},"font_size":{"type":"string","description":"The font size for the list item. The valid values in 'em'. Valid values: XxSmall, XSmall, Small, Medium, Large, XLarge, XxLarge, XxxLarge","description_kind":"markdown","optional":true},"font_type":{"type":"string","description":"The font type for the list item. Valid values: Paragraph, Heading1, Heading2, Heading3, Heading4, Heading5, Heading6, Preformatted","description_kind":"markdown","optional":true},"indentation":{"type":"number","description":"The indentation property for the list item. The valid values in 'em'","description_kind":"markdown","optional":true},"ordered_type":{"type":"string","description":"The type of icon for the ordered list. Valid values: Number, LowerAlpha, LowerGreek, LowerRoman, UpperAlpha, UpperRoman, None","description_kind":"markdown","optional":true},"text_color":{"type":"string","description":"The text color for the list item. The valid values in hex color code representation. For example black color - #000000","description_kind":"markdown","optional":true},"unordered_type":{"type":"string","description":"The type of icon for the unordered list. Valid values: Normal, Square, Circle, None","description_kind":"markdown","optional":true}},"description":"The properties for the list block","description_kind":"markdown"}}},"description":"The items in the list","description_kind":"markdown"},"min_items":1},"properties":{"nesting_mode":"list","block":{"attributes":{"ordered_type":{"type":"string","description":"The type of icon for the ordered list. Valid values: Number, LowerAlpha, LowerGreek, LowerRoman, UpperAlpha, UpperRoman, None","description_kind":"markdown","optional":true},"unordered_type":{"type":"string","description":"The type of icon for the unordered list. Valid values: Normal, Square, Circle, None","description_kind":"markdown","optional":true}},"description":"Properties for the list","description_kind":"markdown"}}},"description":"List. It must contain a value if the type of the block is UnorderedList or OrderedList.","description_kind":"markdown"},"max_items":1},"text":{"nesting_mode":"list","block":{"attributes":{"hyperlink":{"type":"string","description":"The URL of the page that the hyperlink goes to.","description_kind":"markdown","optional":true},"marks":{"type":["set","string"],"description":"The unique list of marks (whether it is bold and/or underlined etc.) for the text. Valid values: Bold | Italic | Underline","description_kind":"markdown","optional":true},"text":{"type":"string","description":"Text","description_kind":"markdown","required":true}},"block_types":{"properties":{"nesting_mode":"list","block":{"attributes":{"background_color":{"type":"string","description":"The background color for the text. The valid values in hex color code representation. For example black color - #000000","description_kind":"markdown","optional":true},"font_size":{"type":"string","description":"The font size for the text. The valid values in 'em'. Valid values: XxSmall, XSmall, Small, Medium, Large, XLarge, XxLarge, XxxLarge","description_kind":"markdown","optional":true},"text_color":{"type":"string","description":"The text color for the text. The valid values in hex color code representation. For example black color - #000000","description_kind":"markdown","optional":true}},"description":"The properties for the text","description_kind":"markdown"}}},"description":"Text. It must contain a value if the type of the block is Text.","description_kind":"markdown"},"max_items":1},"video":{"nesting_mode":"list","block":{"attributes":{"url":{"type":"string","description":"The URL for the video.","description_kind":"markdown","required":true}},"block_types":{"properties":{"nesting_mode":"list","block":{"attributes":{"align":{"type":"string","description":"The align type for the property. Valid values: Center, Left, Right, Justify","description_kind":"markdown","optional":true},"background_color":{"type":"string","description":"The background color for the property. The valid values in hex color code representation. For example black color - #000000","description_kind":"markdown","optional":true},"indentation":{"type":"number","description":"The indentation for the property. The valid values in 'em'","description_kind":"markdown","optional":true}},"block_types":{"height":{"nesting_mode":"list","block":{"attributes":{"unit":{"type":"string","description":"The unit of the number. Valid values: Em, Percentage, Px","description_kind":"markdown","required":true},"value":{"type":"number","description":"A number","description_kind":"markdown","required":true}},"description":"The height (with unit) for the property","description_kind":"markdown"},"max_items":1},"width":{"nesting_mode":"list","block":{"attributes":{"unit":{"type":"string","description":"The unit of the number. Valid values: Em, Percentage, Px","description_kind":"markdown","required":true},"value":{"type":"number","description":"A number","description_kind":"markdown","required":true}},"description":"The width (with unit) for the property","description_kind":"markdown"},"max_items":1}},"description":"The properties for the video","description_kind":"markdown"}}},"description":"Video. It must contain a value if the type of the block is Video.","description_kind":"markdown"},"max_items":1}},"description":"The list of items for an OrderedList or an UnorderedList.","description_kind":"markdown"},"min_items":1},"properties":{"nesting_mode":"list","block":{"attributes":{"align":{"type":"string","description":"The align type for the list item. Valid values: Center, Left, Right, Justify","description_kind":"markdown","optional":true},"background_color":{"type":"string","description":"The background color for the list item. The valid values in hex color code representation. For example black color - #000000","description_kind":"markdown","optional":true},"font_size":{"type":"string","description":"The font size for the list item. The valid values in 'em'. Valid values: XxSmall, XSmall, Small, Medium, Large, XLarge, XxLarge, XxxLarge","description_kind":"markdown","optional":true},"font_type":{"type":"string","description":"The font type for the list item. Valid values: Paragraph, Heading1, Heading2, Heading3, Heading4, Heading5, Heading6, Preformatted","description_kind":"markdown","optional":true},"indentation":{"type":"number","description":"The indentation property for the list item. The valid values in 'em'","description_kind":"markdown","optional":true},"ordered_type":{"type":"string","description":"The type of icon for the ordered list. Valid values: Number, LowerAlpha, LowerGreek, LowerRoman, UpperAlpha, UpperRoman, None","description_kind":"markdown","optional":true},"text_color":{"type":"string","description":"The text color for the list item. The valid values in hex color code representation. For example black color - #000000","description_kind":"markdown","optional":true},"unordered_type":{"type":"string","description":"The type of icon for the unordered list. Valid values: Normal, Square, Circle, None","description_kind":"markdown","optional":true}},"description":"The properties for the list block","description_kind":"markdown"}}},"description":"The items in the list","description_kind":"markdown"},"min_items":1},"properties":{"nesting_mode":"list","block":{"attributes":{"ordered_type":{"type":"string","description":"The type of icon for the ordered list. Valid values: Number, LowerAlpha, LowerGreek, LowerRoman, UpperAlpha, UpperRoman, None","description_kind":"markdown","optional":true},"unordered_type":{"type":"string","description":"The type of icon for the unordered list. Valid values: Normal, Square, Circle, None","description_kind":"markdown","optional":true}},"description":"Properties for the list","description_kind":"markdown"}}},"description":"List. It must contain a value if the type of the block is UnorderedList or OrderedList.","description_kind":"markdown"},"max_items":1},"text":{"nesting_mode":"list","block":{"attributes":{"hyperlink":{"type":"string","description":"The URL of the page that the hyperlink goes to.","description_kind":"markdown","optional":true},"marks":{"type":["set","string"],"description":"The unique list of marks (whether it is bold and/or underlined etc.) for the text. Valid values: Bold | Italic | Underline","description_kind":"markdown","optional":true},"text":{"type":"string","description":"Text","description_kind":"markdown","required":true}},"block_types":{"properties":{"nesting_mode":"list","block":{"attributes":{"background_color":{"type":"string","description":"The background color for the text. The valid values in hex color code representation. For example black color - #000000","description_kind":"markdown","optional":true},"font_size":{"type":"string","description":"The font size for the text. The valid values in 'em'. Valid values: XxSmall, XSmall, Small, Medium, Large, XLarge, XxLarge, XxxLarge","description_kind":"markdown","optional":true},"text_color":{"type":"string","description":"The text color for the text. The valid values in hex color code representation. For example black color - #000000","description_kind":"markdown","optional":true}},"description":"The properties for the text","description_kind":"markdown"}}},"description":"Text. It must contain a value if the type of the block is Text.","description_kind":"markdown"},"max_items":1},"video":{"nesting_mode":"list","block":{"attributes":{"url":{"type":"string","description":"The URL for the video.","description_kind":"markdown","required":true}},"block_types":{"properties":{"nesting_mode":"list","block":{"attributes":{"align":{"type":"string","description":"The align type for the property. Valid values: Center, Left, Right, Justify","description_kind":"markdown","optional":true},"background_color":{"type":"string","description":"The background color for the property. The valid values in hex color code representation. For example black color - #000000","description_kind":"markdown","optional":true},"indentation":{"type":"number","description":"The indentation for the property. The valid values in 'em'","description_kind":"markdown","optional":true}},"block_types":{"height":{"nesting_mode":"list","block":{"attributes":{"unit":{"type":"string","description":"The unit of the number. Valid values: Em, Percentage, Px","description_kind":"markdown","required":true},"value":{"type":"number","description":"A number","description_kind":"markdown","required":true}},"description":"The height (with unit) for the property","description_kind":"markdown"},"max_items":1},"width":{"nesting_mode":"list","block":{"attributes":{"unit":{"type":"string","description":"The unit of the number. Valid values: Em, Percentage, Px","description_kind":"markdown","required":true},"value":{"type":"number","description":"A number","description_kind":"markdown","required":true}},"description":"The width (with unit) for the property","description_kind":"markdown"},"max_items":1}},"description":"The properties for the video","description_kind":"markdown"}}},"description":"Video. It must contain a value if the type of the block is Video.","description_kind":"markdown"},"max_items":1}},"description":"The list of items for an OrderedList or an UnorderedList.","description_kind":"markdown"},"min_items":1},"properties":{"nesting_mode":"list","block":{"attributes":{"align":{"type":"string","description":"The align type for the list item. Valid values: Center, Left, Right, Justify","description_kind":"markdown","optional":true},"background_color":{"type":"string","description":"The background color for the list item. The valid values in hex color code representation. For example black color - #000000","description_kind":"markdown","optional":true},"font_size":{"type":"string","description":"The font size for the list item. The valid values in 'em'. Valid values: XxSmall, XSmall, Small, Medium, Large, XLarge, XxLarge, XxxLarge","description_kind":"markdown","optional":true},"font_type":{"type":"string","description":"The font type for the list item. Valid values: Paragraph, Heading1, Heading2, Heading3, Heading4, Heading5, Heading6, Preformatted","description_kind":"markdown","optional":true},"indentation":{"type":"number","description":"The indentation property for the list item. The valid values in 'em'","description_kind":"markdown","optional":true},"ordered_type":{"type":"string","description":"The type of icon for the ordered list. Valid values: Number, LowerAlpha, LowerGreek, LowerRoman, UpperAlpha, UpperRoman, None","description_kind":"markdown","optional":true},"text_color":{"type":"string","description":"The text color for the list item. The valid values in hex color code representation. For example black color - #000000","description_kind":"markdown","optional":true},"unordered_type":{"type":"string","description":"The type of icon for the unordered list. Valid values: Normal, Square, Circle, None","description_kind":"markdown","optional":true}},"description":"The properties for the list block","description_kind":"markdown"}}},"description":"The items in the list","description_kind":"markdown"},"min_items":1},"properties":{"nesting_mode":"list","block":{"attributes":{"ordered_type":{"type":"string","description":"The type of icon for the ordered list. Valid values: Number, LowerAlpha, LowerGreek, LowerRoman, UpperAlpha, UpperRoman, None","description_kind":"markdown","optional":true},"unordered_type":{"type":"string","description":"The type of icon for the unordered list. Valid values: Normal, Square, Circle, None","description_kind":"markdown","optional":true}},"description":"Properties for the list","description_kind":"markdown"}}},"description":"List. It must contain a value if the type of the block is UnorderedList or OrderedList.","description_kind":"markdown"},"max_items":1},"text":{"nesting_mode":"list","block":{"attributes":{"hyperlink":{"type":"string","description":"The URL of the page that the hyperlink goes to.","description_kind":"markdown","optional":true},"marks":{"type":["set","string"],"description":"The unique list of marks (whether it is bold and/or underlined etc.) for the text. Valid values: Bold | Italic | Underline","description_kind":"markdown","optional":true},"text":{"type":"string","description":"Text","description_kind":"markdown","required":true}},"block_types":{"properties":{"nesting_mode":"list","block":{"attributes":{"background_color":{"type":"string","description":"The background color for the text. The valid values in hex color code representation. For example black color - #000000","description_kind":"markdown","optional":true},"font_size":{"type":"string","description":"The font size for the text. The valid values in 'em'. Valid values: XxSmall, XSmall, Small, Medium, Large, XLarge, XxLarge, XxxLarge","description_kind":"markdown","optional":true},"text_color":{"type":"string","description":"The text color for the text. The valid values in hex color code representation. For example black color - #000000","description_kind":"markdown","optional":true}},"description":"The properties for the text","description_kind":"markdown"}}},"description":"Text. It must contain a value if the type of the block is Text.","description_kind":"markdown"},"max_items":1},"video":{"nesting_mode":"list","block":{"attributes":{"url":{"type":"string","description":"The URL for the video.","description_kind":"markdown","required":true}},"block_types":{"properties":{"nesting_mode":"list","block":{"attributes":{"align":{"type":"string","description":"The align type for the property. Valid values: Center, Left, Right, Justify","description_kind":"markdown","optional":true},"background_color":{"type":"string","description":"The background color for the property. The valid values in hex color code representation. For example black color - #000000","description_kind":"markdown","optional":true},"indentation":{"type":"number","description":"The indentation for the property. The valid values in 'em'","description_kind":"markdown","optional":true}},"block_types":{"height":{"nesting_mode":"list","block":{"attributes":{"unit":{"type":"string","description":"The unit of the number. Valid values: Em, Percentage, Px","description_kind":"markdown","required":true},"value":{"type":"number","description":"A number","description_kind":"markdown","required":true}},"description":"The height (with unit) for the property","description_kind":"markdown"},"max_items":1},"width":{"nesting_mode":"list","block":{"attributes":{"unit":{"type":"string","description":"The unit of the number. Valid values: Em, Percentage, Px","description_kind":"markdown","required":true},"value":{"type":"number","description":"A number","description_kind":"markdown","required":true}},"description":"The width (with unit) for the property","description_kind":"markdown"},"max_items":1}},"description":"The properties for the video","description_kind":"markdown"}}},"description":"Video. It must contain a value if the type of the block is Video.","description_kind":"markdown"},"max_items":1}},"description":"The list of items for an OrderedList or an UnorderedList.","description_kind":"markdown"},"min_items":1},"properties":{"nesting_mode":"list","block":{"attributes":{"align":{"type":"string","description":"The align type for the list item. Valid values: Center, Left, Right, Justify","description_kind":"markdown","optional":true},"background_color":{"type":"string","description":"The background color for the list item. The valid values in hex color code representation. For example black color - #000000","description_kind":"markdown","optional":true},"font_size":{"type":"string","description":"The font size for the list item. The valid values in 'em'. Valid values: XxSmall, XSmall, Small, Medium, Large, XLarge, XxLarge, XxxLarge","description_kind":"markdown","optional":true},"font_type":{"type":"string","description":"The font type for the list item. Valid values: Paragraph, Heading1, Heading2, Heading3, Heading4, Heading5, Heading6, Preformatted","description_kind":"markdown","optional":true},"indentation":{"type":"number","description":"The indentation property for the list item. The valid values in 'em'","description_kind":"markdown","optional":true},"ordered_type":{"type":"string","description":"The type of icon for the ordered list. Valid values: Number, LowerAlpha, LowerGreek, LowerRoman, UpperAlpha, UpperRoman, None","description_kind":"markdown","optional":true},"text_color":{"type":"string","description":"The text color for the list item. The valid values in hex color code representation. For example black color - #000000","description_kind":"markdown","optional":true},"unordered_type":{"type":"string","description":"The type of icon for the unordered list. Valid values: Normal, Square, Circle, None","description_kind":"markdown","optional":true}},"description":"The properties for the list block","description_kind":"markdown"}}},"description":"The items in the list","description_kind":"markdown"},"min_items":1},"properties":{"nesting_mode":"list","block":{"attributes":{"ordered_type":{"type":"string","description":"The type of icon for the ordered list. Valid values: Number, LowerAlpha, LowerGreek, LowerRoman, UpperAlpha, UpperRoman, None","description_kind":"markdown","optional":true},"unordered_type":{"type":"string","description":"The type of icon for the unordered list. Valid values: Normal, Square, Circle, None","description_kind":"markdown","optional":true}},"description":"Properties for the list","description_kind":"markdown"}}},"description":"List. It must contain a value if the type of the block is UnorderedList or OrderedList.","description_kind":"markdown"},"max_items":1},"text":{"nesting_mode":"list","block":{"attributes":{"hyperlink":{"type":"string","description":"The URL of the page that the hyperlink goes to.","description_kind":"markdown","optional":true},"marks":{"type":["set","string"],"description":"The unique list of marks (whether it is bold and/or underlined etc.) for the text. Valid values: Bold | Italic | Underline","description_kind":"markdown","optional":true},"text":{"type":"string","description":"Text","description_kind":"markdown","required":true}},"block_types":{"properties":{"nesting_mode":"list","block":{"attributes":{"background_color":{"type":"string","description":"The background color for the text. The valid values in hex color code representation. For example black color - #000000","description_kind":"markdown","optional":true},"font_size":{"type":"string","description":"The font size for the text. The valid values in 'em'. Valid values: XxSmall, XSmall, Small, Medium, Large, XLarge, XxLarge, XxxLarge","description_kind":"markdown","optional":true},"text_color":{"type":"string","description":"The text color for the text. The valid values in hex color code representation. For example black color - #000000","description_kind":"markdown","optional":true}},"description":"The properties for the text","description_kind":"markdown"}}},"description":"Text. It must contain a value if the type of the block is Text.","description_kind":"markdown"},"max_items":1},"video":{"nesting_mode":"list","block":{"attributes":{"url":{"type":"string","description":"The URL for the video.","description_kind":"markdown","required":true}},"block_types":{"properties":{"nesting_mode":"list","block":{"attributes":{"align":{"type":"string","description":"The align type for the property. Valid values: Center, Left, Right, Justify","description_kind":"markdown","optional":true},"background_color":{"type":"string","description":"The background color for the property. The valid values in hex color code representation. For example black color - #000000","description_kind":"markdown","optional":true},"indentation":{"type":"number","description":"The indentation for the property. The valid values in 'em'","description_kind":"markdown","optional":true}},"block_types":{"height":{"nesting_mode":"list","block":{"attributes":{"unit":{"type":"string","description":"The unit of the number. Valid values: Em, Percentage, Px","description_kind":"markdown","required":true},"value":{"type":"number","description":"A number","description_kind":"markdown","required":true}},"description":"The height (with unit) for the property","description_kind":"markdown"},"max_items":1},"width":{"nesting_mode":"list","block":{"attributes":{"unit":{"type":"string","description":"The unit of the number. Valid values: Em, Percentage, Px","description_kind":"markdown","required":true},"value":{"type":"number","description":"A number","description_kind":"markdown","required":true}},"description":"The width (with unit) for the property","description_kind":"markdown"},"max_items":1}},"description":"The properties for the video","description_kind":"markdown"}}},"description":"Video. It must contain a value if the type of the block is Video.","description_kind":"markdown"},"max_items":1}},"description":"The list of items for an OrderedList or an UnorderedList.","description_kind":"markdown"},"min_items":1},"properties":{"nesting_mode":"list","block":{"attributes":{"align":{"type":"string","description":"The align type for the list item. Valid values: Center, Left, Right, Justify","description_kind":"markdown","optional":true},"background_color":{"type":"string","description":"The background color for the list item. The valid values in hex color code representation. For example black color - #000000","description_kind":"markdown","optional":true},"font_size":{"type":"string","description":"The font size for the list item. The valid values in 'em'. Valid values: XxSmall, XSmall, Small, Medium, Large, XLarge, XxLarge, XxxLarge","description_kind":"markdown","optional":true},"font_type":{"type":"string","description":"The font type for the list item. Valid values: Paragraph, Heading1, Heading2, Heading3, Heading4, Heading5, Heading6, Preformatted","description_kind":"markdown","optional":true},"indentation":{"type":"number","description":"The indentation property for the list item. The valid values in 'em'","description_kind":"markdown","optional":true},"ordered_type":{"type":"string","description":"The type of icon for the ordered list. Valid values: Number, LowerAlpha, LowerGreek, LowerRoman, UpperAlpha, UpperRoman, None","description_kind":"markdown","optional":true},"text_color":{"type":"string","description":"The text color for the list item. The valid values in hex color code representation. For example black color - #000000","description_kind":"markdown","optional":true},"unordered_type":{"type":"string","description":"The type of icon for the unordered list. Valid values: Normal, Square, Circle, None","description_kind":"markdown","optional":true}},"description":"The properties for the list block","description_kind":"markdown"}}},"description":"The items in the list","description_kind":"markdown"},"min_items":1},"properties":{"nesting_mode":"list","block":{"attributes":{"ordered_type":{"type":"string","description":"The type of icon for the ordered list. Valid values: Number, LowerAlpha, LowerGreek, LowerRoman, UpperAlpha, UpperRoman, None","description_kind":"markdown","optional":true},"unordered_type":{"type":"string","description":"The type of icon for the unordered list. Valid values: Normal, Square, Circle, None","description_kind":"markdown","optional":true}},"description":"Properties for the list","description_kind":"markdown"}}},"description":"List. It must contain a value if the type of the block is UnorderedList or OrderedList.","description_kind":"markdown"},"max_items":1},"text":{"nesting_mode":"list","block":{"attributes":{"hyperlink":{"type":"string","description":"The URL of the page that the hyperlink goes to.","description_kind":"markdown","optional":true},"marks":{"type":["set","string"],"description":"The unique list of marks (whether it is bold and/or underlined etc.) for the text. Valid values: Bold | Italic | Underline","description_kind":"markdown","optional":true},"text":{"type":"string","description":"Text","description_kind":"markdown","required":true}},"block_types":{"properties":{"nesting_mode":"list","block":{"attributes":{"background_color":{"type":"string","description":"The background color for the text. The valid values in hex color code representation. For example black color - #000000","description_kind":"markdown","optional":true},"font_size":{"type":"string","description":"The font size for the text. The valid values in 'em'. Valid values: XxSmall, XSmall, Small, Medium, Large, XLarge, XxLarge, XxxLarge","description_kind":"markdown","optional":true},"text_color":{"type":"string","description":"The text color for the text. The valid values in hex color code representation. For example black color - #000000","description_kind":"markdown","optional":true}},"description":"The properties for the text","description_kind":"markdown"}}},"description":"Text. It must contain a value if the type of the block is Text.","description_kind":"markdown"},"max_items":1},"video":{"nesting_mode":"list","block":{"attributes":{"url":{"type":"string","description":"The URL for the video.","description_kind":"markdown","required":true}},"block_types":{"properties":{"nesting_mode":"list","block":{"attributes":{"align":{"type":"string","description":"The align type for the property. Valid values: Center, Left, Right, Justify","description_kind":"markdown","optional":true},"background_color":{"type":"string","description":"The background color for the property. The valid values in hex color code representation. For example black color - #000000","description_kind":"markdown","optional":true},"indentation":{"type":"number","description":"The indentation for the property. The valid values in 'em'","description_kind":"markdown","optional":true}},"block_types":{"height":{"nesting_mode":"list","block":{"attributes":{"unit":{"type":"string","description":"The unit of the number. Valid values: Em, Percentage, Px","description_kind":"markdown","required":true},"value":{"type":"number","description":"A number","description_kind":"markdown","required":true}},"description":"The height (with unit) for the property","description_kind":"markdown"},"max_items":1},"width":{"nesting_mode":"list","block":{"attributes":{"unit":{"type":"string","description":"The unit of the number. Valid values: Em, Percentage, Px","description_kind":"markdown","required":true},"value":{"type":"number","description":"A number","description_kind":"markdown","required":true}},"description":"The width (with unit) for the property","description_kind":"markdown"},"max_items":1}},"description":"The properties for the video","description_kind":"markdown"}}},"description":"Video. It must contain a value if the type of the block is Video.","description_kind":"markdown"},"max_items":1}},"description":"The list of items for an OrderedList or an UnorderedList.","description_kind":"markdown"},"min_items":1},"properties":{"nesting_mode":"list","block":{"attributes":{"align":{"type":"string","description":"The align type for the list item. Valid values: Center, Left, Right, Justify","description_kind":"markdown","optional":true},"background_color":{"type":"string","description":"The background color for the list item. The valid values in hex color code representation. For example black color - #000000","description_kind":"markdown","optional":true},"font_size":{"type":"string","description":"The font size for the list item. The valid values in 'em'. Valid values: XxSmall, XSmall, Small, Medium, Large, XLarge, XxLarge, XxxLarge","description_kind":"markdown","optional":true},"font_type":{"type":"string","description":"The font type for the list item. Valid values: Paragraph, Heading1, Heading2, Heading3, Heading4, Heading5, Heading6, Preformatted","description_kind":"markdown","optional":true},"indentation":{"type":"number","description":"The indentation property for the list item. The valid values in 'em'","description_kind":"markdown","optional":true},"ordered_type":{"type":"string","description":"The type of icon for the ordered list. Valid values: Number, LowerAlpha, LowerGreek, LowerRoman, UpperAlpha, UpperRoman, None","description_kind":"markdown","optional":true},"text_color":{"type":"string","description":"The text color for the list item. The valid values in hex color code representation. For example black color - #000000","description_kind":"markdown","optional":true},"unordered_type":{"type":"string","description":"The type of icon for the unordered list. Valid values: Normal, Square, Circle, None","description_kind":"markdown","optional":true}},"description":"The properties for the list block","description_kind":"markdown"}}},"description":"The items in the list","description_kind":"markdown"},"min_items":1},"properties":{"nesting_mode":"list","block":{"attributes":{"ordered_type":{"type":"string","description":"The type of icon for the ordered list. Valid values: Number, LowerAlpha, LowerGreek, LowerRoman, UpperAlpha, UpperRoman, None","description_kind":"markdown","optional":true},"unordered_type":{"type":"string","description":"The type of icon for the unordered list. Valid values: Normal, Square, Circle, None","description_kind":"markdown","optional":true}},"description":"Properties for the list","description_kind":"markdown"}}},"description":"List. It must contain a value if the type of the block is UnorderedList or OrderedList.","description_kind":"markdown"},"max_items":1},"text":{"nesting_mode":"list","block":{"attributes":{"hyperlink":{"type":"string","description":"The URL of the page that the hyperlink goes to.","description_kind":"markdown","optional":true},"marks":{"type":["set","string"],"description":"The unique list of marks (whether it is bold and/or underlined etc.) for the text. Valid values: Bold | Italic | Underline","description_kind":"markdown","optional":true},"text":{"type":"string","description":"Text","description_kind":"markdown","required":true}},"block_types":{"properties":{"nesting_mode":"list","block":{"attributes":{"background_color":{"type":"string","description":"The background color for the text. The valid values in hex color code representation. For example black color - #000000","description_kind":"markdown","optional":true},"font_size":{"type":"string","description":"The font size for the text. The valid values in 'em'. Valid values: XxSmall, XSmall, Small, Medium, Large, XLarge, XxLarge, XxxLarge","description_kind":"markdown","optional":true},"text_color":{"type":"string","description":"The text color for the text. The valid values in hex color code representation. For example black color - #000000","description_kind":"markdown","optional":true}},"description":"The properties for the text","description_kind":"markdown"}}},"description":"Text. It must contain a value if the type of the block is Text.","description_kind":"markdown"},"max_items":1},"video":{"nesting_mode":"list","block":{"attributes":{"url":{"type":"string","description":"The URL for the video.","description_kind":"markdown","required":true}},"block_types":{"properties":{"nesting_mode":"list","block":{"attributes":{"align":{"type":"string","description":"The align type for the property. Valid values: Center, Left, Right, Justify","description_kind":"markdown","optional":true},"background_color":{"type":"string","description":"The background color for the property. The valid values in hex color code representation. For example black color - #000000","description_kind":"markdown","optional":true},"indentation":{"type":"number","description":"The indentation for the property. The valid values in 'em'","description_kind":"markdown","optional":true}},"block_types":{"height":{"nesting_mode":"list","block":{"attributes":{"unit":{"type":"string","description":"The unit of the number. Valid values: Em, Percentage, Px","description_kind":"markdown","required":true},"value":{"type":"number","description":"A number","description_kind":"markdown","required":true}},"description":"The height (with unit) for the property","description_kind":"markdown"},"max_items":1},"width":{"nesting_mode":"list","block":{"attributes":{"unit":{"type":"string","description":"The unit of the number. Valid values: Em, Percentage, Px","description_kind":"markdown","required":true},"value":{"type":"number","description":"A number","description_kind":"markdown","required":true}},"description":"The width (with unit) for the property","description_kind":"markdown"},"max_items":1}},"description":"The properties for the video","description_kind":"markdown"}}},"description":"Video. It must contain a value if the type of the block is Video.","description_kind":"markdown"},"max_items":1}},"description":"The list of items for an OrderedList or an UnorderedList.","description_kind":"markdown"},"min_items":1},"properties":{"nesting_mode":"list","block":{"attributes":{"align":{"type":"string","description":"The align type for the list item. Valid values: Center, Left, Right, Justify","description_kind":"markdown","optional":true},"background_color":{"type":"string","description":"The background color for the list item. The valid values in hex color code representation. For example black color - #000000","description_kind":"markdown","optional":true},"font_size":{"type":"string","description":"The font size for the list item. The valid values in 'em'. Valid values: XxSmall, XSmall, Small, Medium, Large, XLarge, XxLarge, XxxLarge","description_kind":"markdown","optional":true},"font_type":{"type":"string","description":"The font type for the list item. Valid values: Paragraph, Heading1, Heading2, Heading3, Heading4, Heading5, Heading6, Preformatted","description_kind":"markdown","optional":true},"indentation":{"type":"number","description":"The indentation property for the list item. The valid values in 'em'","description_kind":"markdown","optional":true},"ordered_type":{"type":"string","description":"The type of icon for the ordered list. Valid values: Number, LowerAlpha, LowerGreek, LowerRoman, UpperAlpha, UpperRoman, None","description_kind":"markdown","optional":true},"text_color":{"type":"string","description":"The text color for the list item. The valid values in hex color code representation. For example black color - #000000","description_kind":"markdown","optional":true},"unordered_type":{"type":"string","description":"The type of icon for the unordered list. Valid values: Normal, Square, Circle, None","description_kind":"markdown","optional":true}},"description":"The properties for the list block","description_kind":"markdown"}}},"description":"The items in the list","description_kind":"markdown"},"min_items":1},"properties":{"nesting_mode":"list","block":{"attributes":{"ordered_type":{"type":"string","description":"The type of icon for the ordered list. Valid values: Number, LowerAlpha, LowerGreek, LowerRoman, UpperAlpha, UpperRoman, None","description_kind":"markdown","optional":true},"unordered_type":{"type":"string","description":"The type of icon for the unordered list. Valid values: Normal, Square, Circle, None","description_kind":"markdown","optional":true}},"description":"Properties for the list","description_kind":"markdown"}}},"description":"List. It must contain a value if the type of the block is UnorderedList or OrderedList.","description_kind":"markdown"},"max_items":1},"paragraph":{"nesting_mode":"list","block":{"block_types":{"blocks":{"nesting_mode":"list","block":{"attributes":{"type":{"type":"string","description":"The type of the content block. Valid values: Text, Image, Video","description_kind":"markdown","required":true}},"block_types":{"image":{"nesting_mode":"list","block":{"attributes":{"hyperlink":{"type":"string","description":"The URL of the page that the hyperlink goes to.","description_kind":"markdown","optional":true},"url":{"type":"string","description":"The URL for the image.","description_kind":"markdown","required":true}},"block_types":{"properties":{"nesting_mode":"list","block":{"attributes":{"align":{"type":"string","description":"The align type for the property. Valid values: Center, Left, Right, Justify","description_kind":"markdown","optional":true},"alt_text":{"type":"string","description":"The image alt text for the property","description_kind":"markdown","optional":true},"background_color":{"type":"string","description":"The background color for the property. The valid values in hex color code representation. For example black color - #000000","description_kind":"markdown","optional":true},"indentation":{"type":"number","description":"The indentation for the property. The valid values in 'em'","description_kind":"markdown","optional":true},"width":{"type":"number","description":"The width (without unit) for the property","description_kind":"markdown","optional":true}},"block_types":{"width_with_unit":{"nesting_mode":"list","block":{"attributes":{"unit":{"type":"string","description":"The unit of the number. Valid values: Em, Percentage, Px","description_kind":"markdown","required":true},"value":{"type":"number","description":"A number","description_kind":"markdown","required":true}},"description":"The width (with unit) for the property","description_kind":"markdown"},"max_items":1}},"description":"The properties for the image","description_kind":"markdown"}}},"description":"Image. It must contain a value if the type of the block is Image.","description_kind":"markdown"},"max_items":1},"text":{"nesting_mode":"list","block":{"attributes":{"hyperlink":{"type":"string","description":"The URL of the page that the hyperlink goes to.","description_kind":"markdown","optional":true},"marks":{"type":["set","string"],"description":"The unique list of marks (whether it is bold and/or underlined etc.) for the text. Valid values: Bold | Italic | Underline","description_kind":"markdown","optional":true},"text":{"type":"string","description":"Text","description_kind":"markdown","required":true}},"block_types":{"properties":{"nesting_mode":"list","block":{"attributes":{"background_color":{"type":"string","description":"The background color for the text. The valid values in hex color code representation. For example black color - #000000","description_kind":"markdown","optional":true},"font_size":{"type":"string","description":"The font size for the text. The valid values in 'em'. Valid values: XxSmall, XSmall, Small, Medium, Large, XLarge, XxLarge, XxxLarge","description_kind":"markdown","optional":true},"text_color":{"type":"string","description":"The text color for the text. The valid values in hex color code representation. For example black color - #000000","description_kind":"markdown","optional":true}},"description":"The properties for the text","description_kind":"markdown"}}},"description":"Text. It must contain a value if the type of the block is Text.","description_kind":"markdown"},"max_items":1},"video":{"nesting_mode":"list","block":{"attributes":{"url":{"type":"string","description":"The URL for the video.","description_kind":"markdown","required":true}},"block_types":{"properties":{"nesting_mode":"list","block":{"attributes":{"align":{"type":"string","description":"The align type for the property. Valid values: Center, Left, Right, Justify","description_kind":"markdown","optional":true},"background_color":{"type":"string","description":"The background color for the property. The valid values in hex color code representation. For example black color - #000000","description_kind":"markdown","optional":true},"indentation":{"type":"number","description":"The indentation for the property. The valid values in 'em'","description_kind":"markdown","optional":true}},"block_types":{"height":{"nesting_mode":"list","block":{"attributes":{"unit":{"type":"string","description":"The unit of the number. Valid values: Em, Percentage, Px","description_kind":"markdown","required":true},"value":{"type":"number","description":"A number","description_kind":"markdown","required":true}},"description":"The height (with unit) for the property","description_kind":"markdown"},"max_items":1},"width":{"nesting_mode":"list","block":{"attributes":{"unit":{"type":"string","description":"The unit of the number. Valid values: Em, Percentage, Px","description_kind":"markdown","required":true},"value":{"type":"number","description":"A number","description_kind":"markdown","required":true}},"description":"The width (with unit) for the property","description_kind":"markdown"},"max_items":1}},"description":"The properties for the video","description_kind":"markdown"}}},"description":"Video. It must contain a value if the type of the block is Video.","description_kind":"markdown"},"max_items":1}},"description":"The content for the paragraph.","description_kind":"markdown"},"min_items":1},"properties":{"nesting_mode":"list","block":{"attributes":{"align":{"type":"string","description":"The align type for the paragraph. Valid values: Center, Left, Right, Justify","description_kind":"markdown","optional":true},"background_color":{"type":"string","description":"The background color for the paragraph. The valid values in hex color code representation. For example black color - #000000","description_kind":"markdown","optional":true},"font_size":{"type":"string","description":"The font size for the paragraph. The valid values in 'em'. Valid values: XxSmall, XSmall, Small, Medium, Large, XLarge, XxLarge, XxxLarge","description_kind":"markdown","optional":true},"font_type":{"type":"string","description":"The font type for the paragraph. Valid values: Paragraph, Heading1, Heading2, Heading3, Heading4, Heading5, Heading6, Preformatted","description_kind":"markdown","optional":true},"indentation":{"type":"number","description":"The indentation property for the paragraph. The valid values in 'em'","description_kind":"markdown","optional":true},"text_color":{"type":"string","description":"The text color for the paragraph. The valid values in hex color code representation. For example black color - #000000","description_kind":"markdown","optional":true}},"description":"The properties for the paragraph","description_kind":"markdown"}}},"description":"Paragraph. It must contain a value if the type of the block is Paragraph.","description_kind":"markdown"},"max_items":1},"text":{"nesting_mode":"list","block":{"attributes":{"hyperlink":{"type":"string","description":"The URL of the page that the hyperlink goes to.","description_kind":"markdown","optional":true},"marks":{"type":["set","string"],"description":"The unique list of marks (whether it is bold and/or underlined etc.) for the text. Valid values: Bold | Italic | Underline","description_kind":"markdown","optional":true},"text":{"type":"string","description":"Text","description_kind":"markdown","required":true}},"block_types":{"properties":{"nesting_mode":"list","block":{"attributes":{"background_color":{"type":"string","description":"The background color for the text. The valid values in hex color code representation. For example black color - #000000","description_kind":"markdown","optional":true},"font_size":{"type":"string","description":"The font size for the text. The valid values in 'em'. Valid values: XxSmall, XSmall, Small, Medium, Large, XLarge, XxLarge, XxxLarge","description_kind":"markdown","optional":true},"text_color":{"type":"string","description":"The text color for the text. The valid values in hex color code representation. For example black color - #000000","description_kind":"markdown","optional":true}},"description":"The properties for the text","description_kind":"markdown"}}},"description":"Text. It must contain a value if the type of the block is Text.","description_kind":"markdown"},"max_items":1},"video":{"nesting_mode":"list","block":{"attributes":{"url":{"type":"string","description":"The URL for the video.","description_kind":"markdown","required":true}},"block_types":{"properties":{"nesting_mode":"list","block":{"attributes":{"align":{"type":"string","description":"The align type for the property. Valid values: Center, Left, Right, Justify","description_kind":"markdown","optional":true},"background_color":{"type":"string","description":"The background color for the property. The valid values in hex color code representation. For example black color - #000000","description_kind":"markdown","optional":true},"indentation":{"type":"number","description":"The indentation for the property. The valid values in 'em'","description_kind":"markdown","optional":true}},"block_types":{"height":{"nesting_mode":"list","block":{"attributes":{"unit":{"type":"string","description":"The unit of the number. Valid values: Em, Percentage, Px","description_kind":"markdown","required":true},"value":{"type":"number","description":"A number","description_kind":"markdown","required":true}},"description":"The height (with unit) for the property","description_kind":"markdown"},"max_items":1},"width":{"nesting_mode":"list","block":{"attributes":{"unit":{"type":"string","description":"The unit of the number. Valid values: Em, Percentage, Px","description_kind":"markdown","required":true},"value":{"type":"number","description":"A number","description_kind":"markdown","required":true}},"description":"The width (with unit) for the property","description_kind":"markdown"},"max_items":1}},"description":"The properties for the video","description_kind":"markdown"}}},"description":"Video. It must contain a value if the type of the block is Video.","description_kind":"markdown"},"max_items":1}},"description":"The list of items in a row cell","description_kind":"markdown"},"min_items":1},"properties":{"nesting_mode":"list","block":{"attributes":{"background_color":{"type":"string","description":"The background color of the cell","description_kind":"markdown","optional":true},"border_color":{"type":"string","description":"The color of the cell's border","description_kind":"markdown","optional":true},"border_style":{"type":"string","description":"The style of the cell's border. Valid values: Solid, Dotted, Dashed, Double, Groove, Ridge, Inset, Outset, Hidden, None","description_kind":"markdown","optional":true},"border_width":{"type":"number","description":"The width of the cell's border","description_kind":"markdown","optional":true},"cell_type":{"type":"string","description":"The type of cell. Valid values: Cell, HeaderCell","description_kind":"markdown","optional":true},"col_span":{"type":"number","description":"The number of columns to span for the cell","description_kind":"markdown","optional":true},"height":{"type":"number","description":"The height of the cell","description_kind":"markdown","optional":true},"horizontal_align":{"type":"string","description":"The horizontal alignment of the cell. Valid values: Center, Left, Right","description_kind":"markdown","optional":true},"row_span":{"type":"number","description":"The number of rows to span for the cell","description_kind":"markdown","optional":true},"scope":{"type":"string","description":"The scope of the cell. Valid values: Row, Column, RowGroup, ColumnGroup, None","description_kind":"markdown","optional":true},"vertical_align":{"type":"string","description":"The vertical alignment of the cell. Valid values: Top, Middle, Bottom","description_kind":"markdown","optional":true},"width":{"type":"number","description":"The width of the cell (without unit)","description_kind":"markdown","optional":true}},"block_types":{"width_with_unit":{"nesting_mode":"list","block":{"attributes":{"unit":{"type":"string","description":"The unit of the number. Valid values: Em, Percentage, Px","description_kind":"markdown","required":true},"value":{"type":"number","description":"A number","description_kind":"markdown","required":true}},"description":"The width of the cell (with unit)","description_kind":"markdown"},"max_items":1}},"description":"The properties for a row cell","description_kind":"markdown"}}},"description":"The cells in a table row","description_kind":"markdown"},"min_items":1},"properties":{"nesting_mode":"list","block":{"attributes":{"alignment":{"type":"string","description":"The alignment of the row. Valid values: Center, Left, Right","description_kind":"markdown","optional":true},"background_color":{"type":"string","description":"The background color of the row","description_kind":"markdown","optional":true},"border_color":{"type":"string","description":"The color of the row's border","description_kind":"markdown","optional":true},"border_style":{"type":"string","description":"The style of the row's border. Valid values: Solid, Dotted, Dashed, Double, Groove, Ridge, Inset, Outset, Hidden, None","description_kind":"markdown","optional":true},"height":{"type":"number","description":"The height of the row","description_kind":"markdown","optional":true},"row_type":{"type":"string","description":"The type of row. Valid values: Header, Footer, Body","description_kind":"markdown","optional":true}},"description":"The properties for a table row","description_kind":"markdown"}}},"description":"The rows in the table","description_kind":"markdown"},"min_items":1}},"description":"Table. It must contain a value if the type of the block is Table.","description_kind":"markdown"},"max_items":1},"video":{"nesting_mode":"list","block":{"attributes":{"url":{"type":"string","description":"The URL for the video.","description_kind":"markdown","required":true}},"block_types":{"properties":{"nesting_mode":"list","block":{"attributes":{"align":{"type":"string","description":"The align type for the property. Valid values: Center, Left, Right, Justify","description_kind":"markdown","optional":true},"background_color":{"type":"string","description":"The background color for the property. The valid values in hex color code representation. For example black color - #000000","description_kind":"markdown","optional":true},"indentation":{"type":"number","description":"The indentation for the property. The valid values in 'em'","description_kind":"markdown","optional":true}},"block_types":{"height":{"nesting_mode":"list","block":{"attributes":{"unit":{"type":"string","description":"The unit of the number. Valid values: Em, Percentage, Px","description_kind":"markdown","required":true},"value":{"type":"number","description":"A number","description_kind":"markdown","required":true}},"description":"The height (with unit) for the property","description_kind":"markdown"},"max_items":1},"width":{"nesting_mode":"list","block":{"attributes":{"unit":{"type":"string","description":"The unit of the number. Valid values: Em, Percentage, Px","description_kind":"markdown","required":true},"value":{"type":"number","description":"A number","description_kind":"markdown","required":true}},"description":"The width (with unit) for the property","description_kind":"markdown"},"max_items":1}},"description":"The properties for the video","description_kind":"markdown"}}},"description":"Video. It must contain a value if the type of the block is Video.","description_kind":"markdown"},"max_items":1}},"description":"The content for the body.","description_kind":"markdown"},"min_items":1}},"description":"The content for the variation.","description_kind":"markdown"},"max_items":1},"contexts":{"nesting_mode":"list","block":{"block_types":{"context":{"nesting_mode":"list","block":{"attributes":{"context_id":{"type":"string","description":"The globally unique identifier for the knowledge context","description_kind":"markdown","required":true}},"description":"The knowledge context associated with the variation","description_kind":"markdown"},"min_items":1},"values":{"nesting_mode":"list","block":{"attributes":{"value_id":{"type":"string","description":"The globally unique identifier for the knowledge context value","description_kind":"markdown","required":true}},"description":"The list of knowledge context values associated with the variation","description_kind":"markdown"}}},"description":"The context values associated with the variation","description_kind":"markdown"}}},"description":"The knowledge document variation","description_kind":"markdown"},"min_items":1,"max_items":1}},"description":"Genesys Cloud Knowledge Document Variation.\n\nExport block label: \"{parent knowledge base name}_{parent document title}_{knowledge_document_variation.name}","description_kind":"markdown"}},"genesyscloud_knowledge_knowledgebase":{"version":1,"block":{"attributes":{"core_language":{"type":"string","description":"Core language for knowledge base in which initial content must be created, language codes [en-US, en-UK, en-AU, de-DE] are supported currently, however the new DX knowledge will support all these language codes","description_kind":"markdown","required":true},"description":{"type":"string","description":"Knowledge base description","description_kind":"markdown","optional":true},"id":{"type":"string","description_kind":"plain","optional":true,"computed":true},"name":{"type":"string","description":"Knowledge base name","description_kind":"markdown","optional":true},"published":{"type":"bool","description":"Flag that indicates the knowledge base is published","description_kind":"markdown","optional":true,"computed":true}},"description":"Genesys Cloud Knowledge Base","description_kind":"markdown"}},"genesyscloud_knowledge_label":{"version":1,"block":{"attributes":{"id":{"type":"string","description_kind":"plain","optional":true,"computed":true},"knowledge_base_id":{"type":"string","description":"Knowledge base id of the label","description_kind":"markdown","required":true}},"block_types":{"knowledge_label":{"nesting_mode":"list","block":{"attributes":{"color":{"type":"string","description":"The color for the label.","description_kind":"markdown","required":true},"name":{"type":"string","description":"The name of the label.","description_kind":"markdown","required":true}},"description":"Knowledge label id","description_kind":"markdown"},"min_items":1,"max_items":1}},"description":"Genesys Cloud Knowledge Label.\n\nExport block label: \"{parent knowledge base name}_{knowledge_label.name}\"","description_kind":"markdown"}},"genesyscloud_location":{"version":1,"block":{"attributes":{"id":{"type":"string","description_kind":"plain","optional":true,"computed":true},"name":{"type":"string","description":"Location name.","description_kind":"markdown","required":true},"notes":{"type":"string","description":"Notes for this location.","description_kind":"markdown","optional":true},"path":{"type":["list","string"],"description":"A list of ancestor location IDs. This can be used to create sublocations.","description_kind":"markdown","optional":true}},"block_types":{"address":{"nesting_mode":"list","block":{"attributes":{"city":{"type":"string","description":"Location city.","description_kind":"markdown","required":true},"country":{"type":"string","description":"Country abbreviation.","description_kind":"markdown","required":true},"state":{"type":"string","description":"Location state. Required for countries with states.","description_kind":"markdown","optional":true},"street1":{"type":"string","description":"Street address 1.","description_kind":"markdown","required":true},"street2":{"type":"string","description":"Street address 2.","description_kind":"markdown","optional":true},"zip_code":{"type":"string","description":"Location zip code.","description_kind":"markdown","required":true}},"description":"Address for this location. This cannot be changed while an emergency number is assigned.","description_kind":"markdown"},"max_items":1},"emergency_number":{"nesting_mode":"list","block":{"attributes":{"number":{"type":"string","description":"Emergency phone number.  Must be in an E.164 number format.","description_kind":"markdown","required":true},"type":{"type":"string","description":"Type of emergency number (default | elin). Defaults to `default`.","description_kind":"markdown","optional":true}},"description":"Emergency phone number for this location.","description_kind":"markdown"},"max_items":1}},"description":"Genesys Cloud Location","description_kind":"markdown"}},"genesyscloud_oauth_client":{"version":1,"block":{"attributes":{"access_token_validity_seconds":{"type":"number","description":"The number of seconds, between 5mins and 48hrs, until tokens created with this client expire. Only clients using Genesys Cloud SCIM (Identity Management) can have a maximum duration of 38880000secs/450 days. Defaults to `86400`.","description_kind":"markdown","optional":true},"authorized_grant_type":{"type":"string","description":"The OAuth Grant/Client type supported by this client (CODE | TOKEN | SAML2-BEARER | PASSWORD | CLIENT-CREDENTIALS).","description_kind":"markdown","required":true},"client_id":{"type":"string","description":"Place holder that can be referred in integration_credential fields.","description_kind":"markdown","computed":true},"client_secret":{"type":"string","description":"Place holder that can be referred in integration_credential fields. Sensitive info. Only populated when expose_client_secret is true.","description_kind":"markdown","optional":true,"computed":true,"sensitive":true},"description":{"type":"string","description":"The description of the OAuth client.","description_kind":"markdown","optional":true},"directory_client_secret":{"type":"string","description":"Directory where the secret can be stored.","description_kind":"markdown","optional":true},"expose_client_secret":{"type":"bool","description":"Set this attribute to true to expose the client_secret as a sensitive output. This stores the secret in the Terraform state Defaults to `false`.","description_kind":"markdown","optional":true},"id":{"type":"string","description_kind":"plain","optional":true,"computed":true},"integration_credential_id":{"type":"string","description":"The Id of the created Integration Credential using this new OAuth Client.","description_kind":"markdown","computed":true},"integration_credential_name":{"type":"string","description":"Optionally, a Name of a Integration Credential (with credential type pureCloudOAuthClient) to be created using this new OAuth Client.","description_kind":"markdown","optional":true},"name":{"type":"string","description":"The name of the OAuth client.","description_kind":"markdown","required":true},"registered_redirect_uris":{"type":["set","string"],"description":"List of allowed callbacks for this client. For example: https://myapp.example.com/auth/callback.","description_kind":"markdown","optional":true},"scopes":{"type":["set","string"],"description":"The scopes requested by this client. Scopes must be set for clients not using the CLIENT-CREDENTIALS grant.","description_kind":"markdown","optional":true},"state":{"type":"string","description":"The state of the OAuth client (active | inactive). Access tokens cannot be created with inactive clients. Defaults to `active`.","description_kind":"markdown","optional":true}},"block_types":{"roles":{"nesting_mode":"set","block":{"attributes":{"division_id":{"type":"string","description":"Division associated with the given role which forms a grant. If not set, the home division will be used. '*' may be set for all divisions.","description_kind":"markdown","optional":true,"computed":true},"role_id":{"type":"string","description":"Role to be associated with the given division which forms a grant.","description_kind":"markdown","required":true}},"description":"Set of roles and their corresponding divisions associated with this client. Roles must be set for clients using the CLIENT-CREDENTIALS grant. The roles must also already be assigned to the OAuth Client used by Terraform.","description_kind":"markdown"}}},"description":"Genesys Cloud OAuth Clients. See this page for detailed configuration information: https://help.mypurecloud.com/articles/create-an-oauth-client/","description_kind":"markdown"}},"genesyscloud_organization_authentication_settings":{"version":1,"block":{"attributes":{"domain_allowlist":{"type":["list","string"],"description":"The list of domains that will be allowed to embed Genesys Cloud applications.","description_kind":"markdown","optional":true},"domain_allowlist_enabled":{"type":"bool","description":"Indicates whether the domain allowlist is enabled.","description_kind":"markdown","optional":true},"id":{"type":"string","description_kind":"plain","optional":true,"computed":true},"ip_address_allowlist":{"type":["list","string"],"description":"The list of IP addresses that will be allowed to authenticate with Genesys Cloud. Warning: Changing these will result in only allowing specified ip Addresses to log in and will invalidate credentials with a different ip address","description_kind":"markdown","optional":true},"multifactor_authentication_required":{"type":"bool","description":"Indicates whether multi-factor authentication is required.","description_kind":"markdown","optional":true}},"block_types":{"password_requirements":{"nesting_mode":"list","block":{"attributes":{"expiration_days":{"type":"number","description":"Length of time (in days) before a password must be changed","description_kind":"markdown","optional":true},"minimum_age_seconds":{"type":"number","description":"Minimum age of the password (in seconds) before it can be changed","description_kind":"markdown","optional":true},"minimum_digits":{"type":"number","description":"The minimum number of numerals (0-9) that must be included in passwords Defaults to `1`.","description_kind":"markdown","optional":true},"minimum_length":{"type":"number","description":"The minimum character length for passwords Defaults to `8`.","description_kind":"markdown","optional":true},"minimum_letters":{"type":"number","description":"The minimum number of characters required for passwords Defaults to `0`.","description_kind":"markdown","optional":true},"minimum_lower":{"type":"number","description":"The minimum number of lower case letters that must be included in passwords Defaults to `1`.","description_kind":"markdown","optional":true},"minimum_specials":{"type":"number","description":"The minimum number of special characters that must be included in passwords Defaults to `1`.","description_kind":"markdown","optional":true},"minimum_upper":{"type":"number","description":"The minimum number of upper case letters that must be included in passwords Defaults to `1`.","description_kind":"markdown","optional":true}},"description":"The password requirements for the organization.","description_kind":"markdown"},"max_items":1},"timeout_settings":{"nesting_mode":"list","block":{"attributes":{"enable_idle_token_timeout":{"type":"bool","description":"Indicates whether the Token Timeout should be enabled or disabled.","description_kind":"markdown","required":true},"idle_token_timeout_seconds":{"type":"number","description":"Token timeout length in seconds. Must be at least 5 minutes and 8 hours or less (if HIPAA is disabled) or 15 minutes or less (if HIPAA is enabled).","description_kind":"markdown","required":true}},"description":"the time out settings for the tokens","description_kind":"markdown"},"max_items":1}},"description":"Genesys Cloud organization authentication settings","description_kind":"markdown"}},"genesyscloud_organization_presence_definition":{"version":1,"block":{"attributes":{"deactivated":{"type":"bool","description":"If true, the presence definition is not active. If not set, the presence definition defaults to active.","description_kind":"markdown","optional":true},"division_id":{"type":"string","description":"The division to which the presence definition will belong. If not set, the presence definition will apply to all divisions.","description_kind":"markdown","optional":true,"computed":true},"id":{"type":"string","description_kind":"plain","optional":true,"computed":true},"language_labels":{"type":["map","string"],"description":"The localized language labels for the presence definition. Valid labels include: ar, cs, da, de, en, en_US, es, fi, fr, he, hi, it, ja, ko, nl, no, pl, pt, pt_BR, pt_PT, ru, sv, th, tr, uk, zh_CN, zh_TW","description_kind":"markdown","required":true},"system_presence":{"type":"string","description":"System presence to create presence definition for. Once presence definition is created, this cannot be changed. Valid presences include: Available, Away, Break, Busy, Meal, Meeting, Training, OnQueue, Offline, Idle","description_kind":"markdown","required":true}},"description":"Genesys Cloud organization presence definition","description_kind":"markdown"}},"genesyscloud_orgauthorization_pairing":{"version":1,"block":{"attributes":{"group_ids":{"type":["list","string"],"description":"The list of trustee groups that are requesting access. If no groups are specified, at least one user is required. Changing the group_ids attribute will cause the orgauthorization_pairing resource to be dropped and recreated with a new ID.","description_kind":"markdown","optional":true},"id":{"type":"string","description_kind":"plain","optional":true,"computed":true},"user_ids":{"type":["list","string"],"description":"The list of trustee users that are requesting access. If no users are specified, at least one group is required.  Changing the user_ids attribute will cause the orgauthorization_pairing resource to be dropped and recreated with a new ID.","description_kind":"markdown","optional":true}},"description":"Genesys Cloud orgauthorization pairing","description_kind":"markdown"}},"genesyscloud_outbound_attempt_limit":{"version":1,"block":{"attributes":{"id":{"type":"string","description_kind":"plain","optional":true,"computed":true},"max_attempts_per_contact":{"type":"number","description":"The maximum number of times a contact can be called within the resetPeriod. Required if maxAttemptsPerNumber is not defined.","description_kind":"markdown","optional":true},"max_attempts_per_number":{"type":"number","description":"The maximum number of times a phone number can be called within the resetPeriod. Required if maxAttemptsPerContact is not defined.","description_kind":"markdown","optional":true},"name":{"type":"string","description":"The name for the attempt limit.","description_kind":"markdown","optional":true},"reset_period":{"type":"string","description":"After how long the number of attempts will be set back to 0. Defaults to `NEVER`.","description_kind":"markdown","optional":true},"time_zone_id":{"type":"string","description":"If the resetPeriod is TODAY, this specifies the timezone in which TODAY occurs. Required if the resetPeriod is TODAY.","description_kind":"markdown","optional":true}},"block_types":{"recall_entries":{"nesting_mode":"list","block":{"block_types":{"answering_machine":{"nesting_mode":"set","block":{"attributes":{"minutes_between_attempts":{"type":"number","description":"Number of minutes between attempts. Must be greater than or equal to 5.","description_kind":"markdown","required":true},"nbr_attempts":{"type":"number","description":"Number of recall attempts. Must be less than max_attempts_per_contact.","description_kind":"markdown","optional":true,"computed":true}},"description_kind":"plain"},"max_items":1},"busy":{"nesting_mode":"set","block":{"attributes":{"minutes_between_attempts":{"type":"number","description":"Number of minutes between attempts. Must be greater than or equal to 5.","description_kind":"markdown","required":true},"nbr_attempts":{"type":"number","description":"Number of recall attempts. Must be less than max_attempts_per_contact.","description_kind":"markdown","optional":true,"computed":true}},"description_kind":"plain"},"max_items":1},"fax":{"nesting_mode":"set","block":{"attributes":{"minutes_between_attempts":{"type":"number","description":"Number of minutes between attempts. Must be greater than or equal to 5.","description_kind":"markdown","required":true},"nbr_attempts":{"type":"number","description":"Number of recall attempts. Must be less than max_attempts_per_contact.","description_kind":"markdown","optional":true,"computed":true}},"description_kind":"plain"},"max_items":1},"no_answer":{"nesting_mode":"set","block":{"attributes":{"minutes_between_attempts":{"type":"number","description":"Number of minutes between attempts. Must be greater than or equal to 5.","description_kind":"markdown","required":true},"nbr_attempts":{"type":"number","description":"Number of recall attempts. Must be less than max_attempts_per_contact.","description_kind":"markdown","optional":true,"computed":true}},"description_kind":"plain"},"max_items":1}},"description":"Configuration for recall attempts.","description_kind":"markdown"},"max_items":1}},"description":"Genesys Cloud Outbound Attempt Limit","description_kind":"markdown"}},"genesyscloud_outbound_callabletimeset":{"version":1,"block":{"attributes":{"id":{"type":"string","description_kind":"plain","optional":true,"computed":true},"name":{"type":"string","description":"The name of the CallableTimeSet.","description_kind":"markdown","required":true}},"block_types":{"callable_times":{"nesting_mode":"set","block":{"attributes":{"time_zone_id":{"type":"string","description":"The time zone for the time slots; for example, Africa/Abidjan","description_kind":"markdown","required":true}},"block_types":{"time_slots":{"nesting_mode":"set","block":{"attributes":{"day":{"type":"number","description":"The day of the interval. Valid values: [1-7], representing Monday through Sunday","description_kind":"markdown","required":true},"start_time":{"type":"string","description":"The start time of the interval as an ISO-8601 string, i.e. HH:mm:ss","description_kind":"markdown","required":true},"stop_time":{"type":"string","description":"The end time of the interval as an ISO-8601 string, i.e. HH:mm:ss","description_kind":"markdown","required":true}},"description":"The time intervals for which it is acceptable to place outbound calls.","description_kind":"markdown"},"min_items":1}},"description":"The list of CallableTimes for which it is acceptable to place outbound calls.","description_kind":"markdown"}}},"description":"Genesys Cloud outbound callabletimeset","description_kind":"markdown"}},"genesyscloud_outbound_callanalysisresponseset":{"version":1,"block":{"attributes":{"amd_speech_distinguish_enabled":{"type":"bool","description":"Whether to enable answering machine detection Defaults to `true`.","description_kind":"markdown","optional":true},"beep_detection_enabled":{"type":"bool","description":"Whether to enable answering machine beep detection Defaults to `false`.","description_kind":"markdown","optional":true},"id":{"type":"string","description_kind":"plain","optional":true,"computed":true},"live_speaker_detection_mode":{"type":"string","description":"Setting level of live speaker detection based on ringbacks. Valid values: Disabled, Low, Medium, High.","description_kind":"markdown","optional":true,"computed":true},"name":{"type":"string","description":"The name of the Response Set.","description_kind":"markdown","required":true}},"block_types":{"responses":{"nesting_mode":"list","block":{"block_types":{"callable_busy":{"nesting_mode":"set","block":{"attributes":{"data":{"type":"string","description":"Parameter for this reaction. For transfer_flow, this would be the outbound flow id.","description_kind":"markdown","optional":true},"name":{"type":"string","description":"Name of the parameter for this reaction. For transfer_flow, this would be the outbound flow name.","description_kind":"markdown","optional":true},"reaction_type":{"type":"string","description":"The reaction to take for a given call analysis result.","description_kind":"markdown","required":true}},"description_kind":"plain"},"max_items":1},"callable_disconnect":{"nesting_mode":"set","block":{"attributes":{"data":{"type":"string","description":"Parameter for this reaction. For transfer_flow, this would be the outbound flow id.","description_kind":"markdown","optional":true},"name":{"type":"string","description":"Name of the parameter for this reaction. For transfer_flow, this would be the outbound flow name.","description_kind":"markdown","optional":true},"reaction_type":{"type":"string","description":"The reaction to take for a given call analysis result.","description_kind":"markdown","required":true}},"description_kind":"plain"},"max_items":1},"callable_fax":{"nesting_mode":"set","block":{"attributes":{"data":{"type":"string","description":"Parameter for this reaction. For transfer_flow, this would be the outbound flow id.","description_kind":"markdown","optional":true},"name":{"type":"string","description":"Name of the parameter for this reaction. For transfer_flow, this would be the outbound flow name.","description_kind":"markdown","optional":true},"reaction_type":{"type":"string","description":"The reaction to take for a given call analysis result.","description_kind":"markdown","required":true}},"description_kind":"plain"},"max_items":1},"callable_lineconnected":{"nesting_mode":"set","block":{"attributes":{"data":{"type":"string","description":"Parameter for this reaction. For transfer_flow, this would be the outbound flow id.","description_kind":"markdown","optional":true},"name":{"type":"string","description":"Name of the parameter for this reaction. For transfer_flow, this would be the outbound flow name.","description_kind":"markdown","optional":true},"reaction_type":{"type":"string","description":"The reaction to take for a given call analysis result.","description_kind":"markdown","required":true}},"description_kind":"plain"},"max_items":1},"callable_machine":{"nesting_mode":"set","block":{"attributes":{"data":{"type":"string","description":"Parameter for this reaction. For transfer_flow, this would be the outbound flow id.","description_kind":"markdown","optional":true},"name":{"type":"string","description":"Name of the parameter for this reaction. For transfer_flow, this would be the outbound flow name.","description_kind":"markdown","optional":true},"reaction_type":{"type":"string","description":"The reaction to take for a given call analysis result.","description_kind":"markdown","required":true}},"description_kind":"plain"},"max_items":1},"callable_noanswer":{"nesting_mode":"set","block":{"attributes":{"data":{"type":"string","description":"Parameter for this reaction. For transfer_flow, this would be the outbound flow id.","description_kind":"markdown","optional":true},"name":{"type":"string","description":"Name of the parameter for this reaction. For transfer_flow, this would be the outbound flow name.","description_kind":"markdown","optional":true},"reaction_type":{"type":"string","description":"The reaction to take for a given call analysis result.","description_kind":"markdown","required":true}},"description_kind":"plain"},"max_items":1},"callable_person":{"nesting_mode":"set","block":{"attributes":{"data":{"type":"string","description":"Parameter for this reaction. For transfer_flow, this would be the outbound flow id.","description_kind":"markdown","optional":true},"name":{"type":"string","description":"Name of the parameter for this reaction. For transfer_flow, this would be the outbound flow name.","description_kind":"markdown","optional":true},"reaction_type":{"type":"string","description":"The reaction to take for a given call analysis result.","description_kind":"markdown","required":true}},"description_kind":"plain"},"max_items":1},"callable_sit":{"nesting_mode":"set","block":{"attributes":{"data":{"type":"string","description":"Parameter for this reaction. For transfer_flow, this would be the outbound flow id.","description_kind":"markdown","optional":true},"name":{"type":"string","description":"Name of the parameter for this reaction. For transfer_flow, this would be the outbound flow name.","description_kind":"markdown","optional":true},"reaction_type":{"type":"string","description":"The reaction to take for a given call analysis result.","description_kind":"markdown","required":true}},"description_kind":"plain"},"max_items":1},"uncallable_notfound":{"nesting_mode":"set","block":{"attributes":{"data":{"type":"string","description":"Parameter for this reaction. For transfer_flow, this would be the outbound flow id.","description_kind":"markdown","optional":true},"name":{"type":"string","description":"Name of the parameter for this reaction. For transfer_flow, this would be the outbound flow name.","description_kind":"markdown","optional":true},"reaction_type":{"type":"string","description":"The reaction to take for a given call analysis result.","description_kind":"markdown","required":true}},"description_kind":"plain"},"max_items":1},"uncallable_sit":{"nesting_mode":"set","block":{"attributes":{"data":{"type":"string","description":"Parameter for this reaction. For transfer_flow, this would be the outbound flow id.","description_kind":"markdown","optional":true},"name":{"type":"string","description":"Name of the parameter for this reaction. For transfer_flow, this would be the outbound flow name.","description_kind":"markdown","optional":true},"reaction_type":{"type":"string","description":"The reaction to take for a given call analysis result.","description_kind":"markdown","required":true}},"description_kind":"plain"},"max_items":1}},"description":"List of maps of disposition identifiers to reactions. Required if beep_detection_enabled = true.","description_kind":"markdown"},"max_items":1}},"description":"Genesys Cloud outbound Call Analysis Response Set","description_kind":"markdown"}},"genesyscloud_outbound_campaign":{"version":1,"block":{"attributes":{"abandon_rate":{"type":"number","description":"The targeted abandon rate percentage. Required for progressive, power, and predictive campaigns.","description_kind":"markdown","optional":true},"always_running":{"type":"bool","description":"Indicates (when true) that the campaign will remain on after contacts are depleted, allowing additional contacts to be appended/added to the contact list and processed by the still-running campaign. The campaign can still be turned off manually.","description_kind":"markdown","optional":true},"auto_answer":{"type":"bool","description":"The option manages the auto-answer callback calls","description_kind":"markdown","optional":true,"computed":true},"call_analysis_language":{"type":"string","description":"The language the edge will use to analyze the call.","description_kind":"markdown","optional":true},"call_analysis_response_set_id":{"type":"string","description":"The call analysis response set to handle call analysis results from the edge. Required for all dialing modes except preview.","description_kind":"markdown","optional":true},"callable_time_set_id":{"type":"string","description":"The callable time set for this campaign to check before placing a call.","description_kind":"markdown","optional":true},"caller_address":{"type":"string","description":"The caller id phone number to be displayed on the outbound call.","description_kind":"markdown","optional":true},"caller_name":{"type":"string","description":"The caller id name to be displayed on the outbound call.","description_kind":"markdown","optional":true},"campaign_status":{"type":"string","description":"The current status of the Campaign. A Campaign may be turned 'on' or 'off' (default). If this value is changed alongside other changes to the resource, a subsequent update will occur immediately afterwards to set the campaign status. This is due to behavioral requirements in the Genesys Cloud API.","description_kind":"markdown","optional":true,"computed":true},"contact_list_filter_ids":{"type":["list","string"],"description":"Filter to apply to the contact list before dialing. Currently a campaign can only have one filter applied.","description_kind":"markdown","optional":true},"contact_list_id":{"type":"string","description":"The ContactList for this Campaign to dial.","description_kind":"markdown","required":true},"dialing_mode":{"type":"string","description":"The strategy this Campaign will use for dialing.","description_kind":"markdown","required":true},"division_id":{"type":"string","description":"The division this campaign belongs to.","description_kind":"markdown","optional":true,"computed":true},"dnc_list_ids":{"type":["set","string"],"description":"DncLists for this Campaign to check before placing a call.","description_kind":"markdown","optional":true},"edge_group_id":{"type":"string","description":"The EdgeGroup that will place the calls. Required for all dialing modes except preview.","description_kind":"markdown","optional":true},"id":{"type":"string","description_kind":"plain","optional":true,"computed":true},"max_calls_per_agent":{"type":"number","description":"The maximum number of calls that can be placed per agent on this campaign.","description_kind":"markdown","optional":true},"name":{"type":"string","description":"The name of the Campaign.","description_kind":"markdown","required":true},"no_answer_timeout":{"type":"number","description":"How long to wait before dispositioning a call as 'no-answer'. Default 30 seconds. Only applicable to non-preview campaigns.","description_kind":"markdown","optional":true,"computed":true},"outbound_line_count":{"type":"number","description":"The number of outbound lines to be concurrently dialed. Only applicable to non-preview campaigns; only required for agentless.","description_kind":"markdown","optional":true},"preview_time_out_seconds":{"type":"number","description":"The number of seconds before a call will be automatically placed on a preview. A value of 0 indicates no automatic placement of calls. Only applicable to preview campaigns.","description_kind":"markdown","optional":true},"priority":{"type":"number","description":"The priority of this campaign relative to other campaigns that are running on the same queue. 5 is the highest priority, 1 the lowest.","description_kind":"markdown","optional":true,"computed":true},"queue_id":{"type":"string","description":"The Queue for this Campaign to route calls to. Required for all dialing modes except agentless.","description_kind":"markdown","optional":true},"rule_set_ids":{"type":["list","string"],"description":"Rule sets to be applied while this campaign is dialing.","description_kind":"markdown","optional":true},"script_id":{"type":"string","description":"The Script to be displayed to agents that are handling outbound calls. Required for all dialing modes except agentless.","description_kind":"markdown","optional":true},"site_id":{"type":"string","description":"The identifier of the site to be used for dialing; can be set in place of an edge group.","description_kind":"markdown","optional":true},"skill_columns":{"type":["list","string"],"description":"The skill columns on the ContactList that this Campaign should take into account when dialing.","description_kind":"markdown","optional":true},"skip_preview_disabled":{"type":"bool","description":"Whether or not agents can skip previews without placing a call. Only applicable for preview campaigns.","description_kind":"markdown","optional":true}},"block_types":{"contact_sorts":{"nesting_mode":"list","block":{"attributes":{"direction":{"type":"string","description":"The direction in which to sort contacts. Defaults to `ASC`.","description_kind":"markdown","optional":true},"field_name":{"type":"string","description":"The field name by which to sort contacts.","description_kind":"markdown","required":true},"numeric":{"type":"bool","description":"Whether or not the column contains numeric data. Defaults to `false`.","description_kind":"markdown","optional":true}},"description":"The order in which to sort contacts for dialing, based on up to four columns.","description_kind":"markdown"}},"dynamic_contact_queueing_settings":{"nesting_mode":"list","block":{"attributes":{"filter":{"type":"bool","description":"Whether to filter contacts dynamically. Note: Changing the filter value will cause the outbound campaign to be dropped and recreated with a new ID","description_kind":"markdown","optional":true,"computed":true},"sort":{"type":"bool","description":"Whether to sort contacts dynamically. Note: Changing the sort value will cause the outbound campaign to be dropped and recreated with a new ID","description_kind":"markdown","optional":true,"computed":true}},"description":"Settings for dynamic queueing of contacts. If not set, default dynamic contact queue settings will be applied","description_kind":"markdown"},"max_items":1},"dynamic_line_balancing_settings":{"nesting_mode":"list","block":{"attributes":{"enabled":{"type":"bool","description":"Indicates that this campaign is subject of dynamic line balancing.","description_kind":"markdown","optional":true},"relative_weight":{"type":"number","description":"Relative weight of this campaign in dynamic line balancing.","description_kind":"markdown","optional":true}},"description":"Dynamic line balancing settings.","description_kind":"markdown"},"max_items":1},"phone_columns":{"nesting_mode":"list","block":{"attributes":{"column_name":{"type":"string","description":"The name of the phone column.","description_kind":"markdown","required":true}},"description":"The ContactPhoneNumberColumns on the ContactList that this Campaign should dial.","description_kind":"markdown"},"min_items":1}},"description":"Genesys Cloud outbound campaign","description_kind":"markdown"}},"genesyscloud_outbound_campaignrule":{"version":1,"block":{"attributes":{"enabled":{"type":"bool","description":"Whether or not this campaign rule is currently enabled. Defaults to `false`.","description_kind":"markdown","optional":true},"id":{"type":"string","description_kind":"plain","optional":true,"computed":true},"match_any_conditions":{"type":"bool","description":"Whether actions are executed if any condition is met, or only when all conditions are met. Defaults to `false`.","description_kind":"markdown","optional":true},"name":{"type":"string","description":"The name of the campaign rule.","description_kind":"markdown","required":true}},"block_types":{"campaign_rule_actions":{"nesting_mode":"list","block":{"attributes":{"action_type":{"type":"string","description":"The action to take on the campaignRuleActionEntities (turnOnCampaign | turnOffCampaign | turnOnSequence | turnOffSequence | setCampaignPriority | recycleCampaign | setCampaignDialingMode | setCampaignAbandonRate | setCampaignNumberOfLines | setCampaignWeight | setCampaignMaxCallsPerAgent | changeCampaignQueue | changeCampaignTemplate | setCampaignMessagesPerMinute)","description_kind":"markdown","required":true},"id":{"type":"string","description":"The ID of the CampaignRuleAction.","description_kind":"markdown","optional":true,"computed":true}},"block_types":{"campaign_rule_action_entities":{"nesting_mode":"set","block":{"attributes":{"campaign_ids":{"type":["list","string"],"description":"The list of campaigns for a CampaignRule to monitor. Required if the CampaignRule has any conditions that run on a campaign. Changing the outboundCampaignRuleEntityCampaignRuleId attribute will cause the outbound_campaignrule object to be dropped and recreated with a new ID.","description_kind":"markdown","optional":true},"email_campaign_ids":{"type":["list","string"],"description":"The list of Email campaigns for a CampaignRule to monitor. Required if the CampaignRule has any conditions that run on an Email campaign. Changing the outboundCampaignRuleEntityCampaignRuleId attribute will cause the outbound_campaignrule object to be dropped and recreated with a new ID.","description_kind":"markdown","optional":true},"sequence_ids":{"type":["list","string"],"description":"The list of sequences for a CampaignRule to monitor. Required if the CampaignRule has any conditions that run on a sequence. Changing the outboundCampaignRuleEntitySequenceRuleId attribute will cause the outbound_campaignrule object to be dropped and recreated with a new ID.","description_kind":"markdown","optional":true},"sms_campaign_ids":{"type":["list","string"],"description":"The list of SMS campaigns for a CampaignRule to monitor. Required if the CampaignRule has any conditions that run on an SMS campaign. Changing the outboundCampaignRuleEntityCampaignRuleId attribute will cause the outbound_campaignrule object to be dropped and recreated with a new ID.","description_kind":"markdown","optional":true},"use_triggering_entity":{"type":"bool","description":"If true, the CampaignRuleAction will apply to the same entity that triggered the CampaignRuleCondition. Defaults to `false`.","description_kind":"markdown","optional":true}},"description":"The list of entities that this action will apply to.","description_kind":"markdown"},"min_items":1},"parameters":{"nesting_mode":"set","block":{"attributes":{"abandon_rate":{"type":"string","description":"Compliance Abandon Rate. Required for 'setCampaignAbandonRate' action","description_kind":"markdown","optional":true},"dialing_mode":{"type":"string","description":"The dialing mode to set a campaign to. Required for the 'setCampaignDialingMode' action (agentless | preview | power | predictive | progressive | external).","description_kind":"markdown","optional":true},"email_content_template_id":{"type":"string","description":"The content template to set an Email campaign to.","description_kind":"markdown","optional":true},"email_messages_per_minute":{"type":"string","description":"The number of messages per minute to set an Email messaging campaign to.","description_kind":"markdown","optional":true},"max_calls_per_agent":{"type":"string","description":"Max calls per agent. Optional parameter for 'setCampaignMaxCallsPerAgent' action","description_kind":"markdown","optional":true},"messages_per_minute":{"type":"string","description":"The number of messages per minute to set a messaging campaign to.","description_kind":"markdown","optional":true},"operator":{"type":"string","description":"The operator for comparison. Required for a CampaignRuleCondition.","description_kind":"markdown","optional":true},"outbound_line_count":{"type":"string","description":"Number of Outbound lines. Required for 'setCampaignNumberOfLines' action","description_kind":"markdown","optional":true},"priority":{"type":"string","description":"The priority to set a campaign to (1 | 2 | 3 | 4 | 5). Required for the 'setCampaignPriority' action.","description_kind":"markdown","optional":true},"queue_id":{"type":"string","description":"The ID of the Queue. Required for 'changeCampaignQueue' action","description_kind":"markdown","optional":true},"relative_weight":{"type":"string","description":"Relative weight. Required for 'setCampaignWeight' action","description_kind":"markdown","optional":true},"sms_content_template_id":{"type":"string","description":"The content template to set a SMS campaign to.","description_kind":"markdown","optional":true},"sms_messages_per_minute":{"type":"string","description":"The number of messages per minute to set a SMS messaging campaign to.","description_kind":"markdown","optional":true},"value":{"type":"string","description":"The value for comparison. Required for a CampaignRuleCondition.","description_kind":"markdown","optional":true}},"description":"The parameters for the CampaignRuleAction. Required for certain actionTypes.","description_kind":"markdown"}}},"description":"The list of actions that are executed if the conditions are satisfied.","description_kind":"markdown"},"min_items":1},"campaign_rule_conditions":{"nesting_mode":"list","block":{"attributes":{"condition_type":{"type":"string","description":"The type of condition to evaluate (campaignProgress | campaignAgents | campaignRecordsAttempted | campaignContactsMessaged | campaignBusinessSuccess | campaignBusinessNeutral | campaignBusinessFailure | campaignValidAttempts | campaignRightPartyContacts)","description_kind":"markdown","required":true},"id":{"type":"string","description":"The ID of the CampaignRuleCondition.","description_kind":"markdown","optional":true,"computed":true}},"block_types":{"parameters":{"nesting_mode":"set","block":{"attributes":{"abandon_rate":{"type":"string","description":"Compliance Abandon Rate. Required for 'setCampaignAbandonRate' action","description_kind":"markdown","optional":true},"dialing_mode":{"type":"string","description":"The dialing mode to set a campaign to. Required for the 'setCampaignDialingMode' action (agentless | preview | power | predictive | progressive | external).","description_kind":"markdown","optional":true},"email_content_template_id":{"type":"string","description":"The content template to set an Email campaign to.","description_kind":"markdown","optional":true},"email_messages_per_minute":{"type":"string","description":"The number of messages per minute to set an Email messaging campaign to.","description_kind":"markdown","optional":true},"max_calls_per_agent":{"type":"string","description":"Max calls per agent. Optional parameter for 'setCampaignMaxCallsPerAgent' action","description_kind":"markdown","optional":true},"messages_per_minute":{"type":"string","description":"The number of messages per minute to set a messaging campaign to.","description_kind":"markdown","optional":true},"operator":{"type":"string","description":"The operator for comparison. Required for a CampaignRuleCondition.","description_kind":"markdown","optional":true},"outbound_line_count":{"type":"string","description":"Number of Outbound lines. Required for 'setCampaignNumberOfLines' action","description_kind":"markdown","optional":true},"priority":{"type":"string","description":"The priority to set a campaign to (1 | 2 | 3 | 4 | 5). Required for the 'setCampaignPriority' action.","description_kind":"markdown","optional":true},"queue_id":{"type":"string","description":"The ID of the Queue. Required for 'changeCampaignQueue' action","description_kind":"markdown","optional":true},"relative_weight":{"type":"string","description":"Relative weight. Required for 'setCampaignWeight' action","description_kind":"markdown","optional":true},"sms_content_template_id":{"type":"string","description":"The content template to set a SMS campaign to.","description_kind":"markdown","optional":true},"sms_messages_per_minute":{"type":"string","description":"The number of messages per minute to set a SMS messaging campaign to.","description_kind":"markdown","optional":true},"value":{"type":"string","description":"The value for comparison. Required for a CampaignRuleCondition.","description_kind":"markdown","optional":true}},"description":"The parameters for the CampaignRuleCondition.","description_kind":"markdown"},"min_items":1}},"description":"The list of conditions that are evaluated on the entities.","description_kind":"markdown"},"min_items":1},"campaign_rule_entities":{"nesting_mode":"set","block":{"attributes":{"campaign_ids":{"type":["list","string"],"description":"The list of campaigns for a CampaignRule to monitor. Required if the CampaignRule has any conditions that run on a campaign. Changing the outboundCampaignRuleEntityCampaignRuleId attribute will cause the outbound_campaignrule object to be dropped and recreated with a new ID.","description_kind":"markdown","optional":true},"email_campaign_ids":{"type":["list","string"],"description":"The list of Email campaigns for a CampaignRule to monitor. Required if the CampaignRule has any conditions that run on an Email campaign. Changing the outboundCampaignRuleEntityCampaignRuleId attribute will cause the outbound_campaignrule object to be dropped and recreated with a new ID.","description_kind":"markdown","optional":true},"sequence_ids":{"type":["list","string"],"description":"The list of sequences for a CampaignRule to monitor. Required if the CampaignRule has any conditions that run on a sequence. Changing the outboundCampaignRuleEntitySequenceRuleId attribute will cause the outbound_campaignrule object to be dropped and recreated with a new ID.","description_kind":"markdown","optional":true},"sms_campaign_ids":{"type":["list","string"],"description":"The list of SMS campaigns for a CampaignRule to monitor. Required if the CampaignRule has any conditions that run on an SMS campaign. Changing the outboundCampaignRuleEntityCampaignRuleId attribute will cause the outbound_campaignrule object to be dropped and recreated with a new ID.","description_kind":"markdown","optional":true}},"description":"The list of entities that this campaign rule monitors.","description_kind":"markdown"},"min_items":1,"max_items":1}},"description":"Genesys Cloud outbound campaign rule","description_kind":"markdown"}},"genesyscloud_outbound_contact_list":{"version":3,"block":{"attributes":{"attempt_limit_id":{"type":"string","description":"Attempt Limit for this ContactList.","description_kind":"markdown","optional":true},"automatic_time_zone_mapping":{"type":"bool","description":"Indicates if automatic time zone mapping is to be used for this ContactList. Changing the automatic_time_zone_mappings attribute will cause the outboundcontact_list object to be dropped and recreated with a new ID","description_kind":"markdown","optional":true},"column_names":{"type":["list","string"],"description":"The names of the contact data columns. Changing the column_names attribute will cause the outbound_contact_list object to be dropped and recreated with a new ID","description_kind":"markdown","required":true},"contacts_file_content_hash":{"type":"string","description":"The hash of the contacts file to import. This is retained as a computed value in the state in order to detect when a file's contents have changed.","description_kind":"markdown","computed":true},"contacts_filepath":{"type":"string","description":"The path to a CSV file containing contacts to import into the contact list. When updated, existing contacts will be removed and replaced with contacts from the new file. If not specified, an empty contact list will be created.","description_kind":"markdown","optional":true},"contacts_id_name":{"type":"string","description":"The name of the column in the CSV file that contains the contact's unique contact id. If updated, the contact list is dropped and recreated with a new ID","description_kind":"markdown","optional":true},"contacts_record_count":{"type":"number","description":"The number of contacts in the contact list. This is a read-only attribute and sanity check","description_kind":"markdown","computed":true},"division_id":{"type":"string","description":"The division this entity belongs to.","description_kind":"markdown","optional":true,"computed":true},"id":{"type":"string","description_kind":"plain","optional":true,"computed":true},"name":{"type":"string","description":"The name for the contact list.","description_kind":"markdown","required":true},"preview_mode_accepted_values":{"type":["list","string"],"description":"The values in the previewModeColumnName column that indicate a contact should always be dialed in preview mode.","description_kind":"markdown","optional":true},"preview_mode_column_name":{"type":"string","description":"A column to check if a contact should always be dialed in preview mode.","description_kind":"markdown","optional":true},"trim_whitespace":{"type":"bool","description":"Indicates if leading and trailing whitespace will be trimmed when importing a contactlist CSV file","description_kind":"markdown","optional":true},"zip_code_column_name":{"type":"string","description":"The name of contact list column containing the zip code for use with automatic time zone mapping. Only allowed if 'automaticTimeZoneMapping' is set to true. Changing the zip_code_column_name attribute will cause the outboundcontact_list object to be dropped and recreated with a new ID","description_kind":"markdown","optional":true}},"block_types":{"column_data_type_specifications":{"nesting_mode":"list","block":{"attributes":{"column_data_type":{"type":"string","description":"The data type of the column selected for dynamic queueing (TEXT, NUMERIC or TIMESTAMP)","description_kind":"markdown","optional":true,"computed":true},"column_name":{"type":"string","description":"The column name of a column selected for dynamic queueing.","description_kind":"markdown","required":true},"max":{"type":"number","description":"The maximum length of the numeric column selected for dynamic queueing.","description_kind":"markdown","optional":true},"max_length":{"type":"number","description":"The maximum length of the text column selected for dynamic queueing.","description_kind":"markdown","optional":true},"min":{"type":"number","description":"The minimum length of the numeric column selected for dynamic queueing.","description_kind":"markdown","optional":true}},"description":"The settings of the columns selected for dynamic queueing. If updated, the contact list is dropped and recreated with a new ID","description_kind":"markdown"}},"email_columns":{"nesting_mode":"set","block":{"attributes":{"column_name":{"type":"string","description":"The name of the email column.","description_kind":"markdown","required":true},"contactable_time_column":{"type":"string","description":"*DEPRECATED: Use `contactable_time_column_name` instead.* A column that indicates the timezone to use for a given contact when checking contactable times.","description_kind":"markdown","deprecated":true,"optional":true},"contactable_time_column_name":{"type":"string","description":"A column name that indicates the timezone to use for a given contact when checking contactable times.","description_kind":"markdown","optional":true,"computed":true},"type":{"type":"string","description":"Indicates the type of the email column. For example, 'work' or 'personal'.","description_kind":"markdown","required":true}},"description":"Indicates which columns are email addresses. Changing the email_columns attribute will cause the outbound_contact_list object to be dropped and recreated with a new ID. Required if phone_columns or whats_app_columns is empty","description_kind":"markdown"}},"phone_columns":{"nesting_mode":"set","block":{"attributes":{"callable_time_column":{"type":"string","description":"*DEPRECATED: Use `callable_time_column_name` instead.* A column that indicates the timezone to use for a given contact when checking callable times. Not allowed if 'automaticTimeZoneMapping' is set to true.","description_kind":"markdown","deprecated":true,"optional":true},"callable_time_column_name":{"type":"string","description":"A column name that indicates the timezone to use for a given contact when checking callable times.","description_kind":"markdown","optional":true,"computed":true},"column_name":{"type":"string","description":"The name of the phone column.","description_kind":"markdown","required":true},"type":{"type":"string","description":"Indicates the type of the phone column. For example, 'cell' or 'home'.","description_kind":"markdown","required":true}},"description":"Indicates which columns are phone numbers. Changing the phone_columns attribute will cause the outbound_contact_list object to be dropped and recreated with a new ID. Required if email_columns or whats_app_columns is empty","description_kind":"markdown"}},"whats_app_columns":{"nesting_mode":"set","block":{"attributes":{"column_name":{"type":"string","description":"The name of the email column.","description_kind":"markdown","required":true},"type":{"type":"string","description":"Indicates the type of the email column. For example, 'work' or 'personal'.","description_kind":"markdown","required":true}},"description":"Indicates which columns are whatsApp contacts. Changing the email_columns attribute will cause the outbound_contact_list object to be dropped and recreated with a new ID. Required if email_columns or phone_columns is empty","description_kind":"markdown"}}},"description":"Genesys Cloud Outbound Contact List","description_kind":"markdown"}},"genesyscloud_outbound_contact_list_contact":{"version":1,"block":{"attributes":{"callable":{"type":"bool","description":"Indicates whether or not the contact can be called. Defaults to `false`.","description_kind":"markdown","optional":true},"clear_system_data":{"type":"bool","description":"Clear system data. True means the system columns (attempts, callable status, etc) stored on the contact will be cleared if the contact already exists; false means they won't.\nOnly applicable on the creation of a contact, so updating this field will force the contact to be deleted from the contact list and re-uploaded.","description_kind":"markdown","optional":true},"contact_id":{"type":"string","description":"The identifier of the contact list. This is usually a generated guid and not modifiable.","description_kind":"markdown","optional":true,"computed":true},"contact_list_id":{"type":"string","description":"The identifier of the contact list containing this contact.","description_kind":"markdown","required":true},"data":{"type":["map","string"],"description":"An ordered map of the contact's columns and corresponding values.","description_kind":"markdown","required":true},"do_not_queue":{"type":"bool","description":"Do not queue. True means that updated contacts will not have their positions in the queue altered, so contacts that have already been dialed will not be redialed.\nFor new contacts, this parameter has no effect; False means that updated contacts will be re-queued, according to the 'priority' parameter.\nOnly applicable on the creation of a contact, so updating this field will force the contact to be deleted from the contact list and re-uploaded.","description_kind":"markdown","optional":true},"id":{"type":"string","description_kind":"plain","optional":true,"computed":true},"priority":{"type":"bool","description":"Contact priority. True means the contact(s) will be dialed next; false means the contact will go to the end of the contact queue.\nOnly applicable on the creation of a contact, so updating this field will force the contact to be deleted from the contact list and re-uploaded.","description_kind":"markdown","optional":true}},"block_types":{"contactable_status":{"nesting_mode":"set","block":{"attributes":{"contactable":{"type":"bool","description":"Indicates whether or not the entire contact is contactable for the associated media type.","description_kind":"markdown","required":true},"media_type":{"type":"string","description":"The key which identifies the media type (Voice, SMS and Email).","description_kind":"markdown","required":true}},"block_types":{"column_status":{"nesting_mode":"set","block":{"attributes":{"column":{"type":"string","description":"The key which identifies the contact method column.","description_kind":"markdown","required":true},"contactable":{"type":"bool","description":"Indicates whether or not an individual contact method column is contactable.","description_kind":"markdown","required":true}},"description":"A map of individual contact method columns to whether the individual column is contactable for the associated media type.","description_kind":"markdown"}}},"description":"A map of media types (Voice, SMS and Email) to ContactableStatus, which indicates if the contact can be contacted using the specified media type.","description_kind":"markdown"}},"phone_number_status":{"nesting_mode":"set","block":{"attributes":{"callable":{"type":"bool","description":"Indicates whether or not a phone number is callable.","description_kind":"markdown","required":true},"key":{"type":"string","description":"Phone number column identifier.","description_kind":"markdown","required":true}},"description":"A map of phone number columns to PhoneNumberStatuses, which indicate if the phone number is callable or not.","description_kind":"markdown"}}},"description":"[DEPRECATED] Genesys Cloud Outbound Contact List Contact","description_kind":"markdown","deprecated":true}},"genesyscloud_outbound_contact_list_template":{"version":2,"block":{"attributes":{"attempt_limit_id":{"type":"string","description":"Attempt Limit for this Contact List Template.","description_kind":"markdown","optional":true},"automatic_time_zone_mapping":{"type":"bool","description":"Indicates if automatic time zone mapping is to be used for this Contact List Template. Changing the automatic_time_zone_mappings attribute will cause the outbound_contact_list_template object to be dropped and recreated with a new ID","description_kind":"markdown","optional":true},"column_names":{"type":["list","string"],"description":"The names of the contact template data columns. Changing the column_names attribute will cause the outbound_contact_list_template object to be dropped and recreated with a new ID","description_kind":"markdown","required":true},"id":{"type":"string","description_kind":"plain","optional":true,"computed":true},"name":{"type":"string","description":"The name for the contact list template.","description_kind":"markdown","required":true},"preview_mode_accepted_values":{"type":["list","string"],"description":"The values in the preview_mode_column_name column that indicate a contact should always be dialed in preview mode.","description_kind":"markdown","optional":true},"preview_mode_column_name":{"type":"string","description":"A column to check if a contact should always be dialed in preview mode.","description_kind":"markdown","optional":true},"zip_code_column_name":{"type":"string","description":"The name of contact list column containing the zip code for use with automatic time zone mapping. Only allowed if 'automatic_time_zone_mapping' is set to true. Changing the zip_code_column_name attribute will cause the outbound_contact_list_template object to be dropped and recreated with a new ID","description_kind":"markdown","optional":true}},"block_types":{"column_data_type_specifications":{"nesting_mode":"list","block":{"attributes":{"column_data_type":{"type":"string","description":"The data type of the column selected for dynamic queueing (TEXT, NUMERIC or TIMESTAMP)","description_kind":"markdown","optional":true,"computed":true},"column_name":{"type":"string","description":"The column name of a column selected for dynamic queueing.","description_kind":"markdown","required":true},"max":{"type":"number","description":"The maximum length of the numeric column selected for dynamic queueing.","description_kind":"markdown","optional":true},"max_length":{"type":"number","description":"The maximum length of the text column selected for dynamic queueing.","description_kind":"markdown","required":true},"min":{"type":"number","description":"The minimum length of the numeric column selected for dynamic queueing.","description_kind":"markdown","optional":true}},"description":"The settings of the columns selected for dynamic queueing. If updated, the contact list template is dropped and recreated with a new ID","description_kind":"markdown"}},"email_columns":{"nesting_mode":"set","block":{"attributes":{"column_name":{"type":"string","description":"The name of the email column.","description_kind":"markdown","required":true},"contactable_time_column":{"type":"string","description":"*DEPRECATED: Use `contactable_time_column_name` instead.* A column that indicates the timezone to use for a given contact when checking contactable times.","description_kind":"markdown","deprecated":true,"optional":true},"contactable_time_column_name":{"type":"string","description":"A column name that indicates the timezone to use for a given contact when checking contactable times.","description_kind":"markdown","optional":true,"computed":true},"type":{"type":"string","description":"Indicates the type of the email column. For example, 'work' or 'personal'.","description_kind":"markdown","required":true}},"description":"Indicates which columns are email addresses. Changing the email_columns attribute will cause the outbound_contact_list_template object to be dropped and recreated with a new ID. Required if phone_columns is empty","description_kind":"markdown"}},"phone_columns":{"nesting_mode":"set","block":{"attributes":{"callable_time_column":{"type":"string","description":"*DEPRECATED: Use `callable_time_column_name` instead.* A column that indicates the timezone to use for a given contact when checking callable times. Not allowed if 'automaticTimeZoneMapping' is set to true.","description_kind":"markdown","deprecated":true,"optional":true},"callable_time_column_name":{"type":"string","description":"A column name that indicates the timezone to use for a given contact when checking callable times.","description_kind":"markdown","optional":true,"computed":true},"column_name":{"type":"string","description":"The name of the phone column.","description_kind":"markdown","required":true},"type":{"type":"string","description":"Indicates the type of the phone column. For example, 'cell' or 'home'.","description_kind":"markdown","required":true}},"description":"Indicates which columns are phone numbers. Changing the phone_columns attribute will cause the outbound_contact_list_template object to be dropped and recreated with a new ID. Required if email_columns is empty","description_kind":"markdown"}}},"description":"Genesys Cloud Outbound Contact List Template","description_kind":"markdown"}},"genesyscloud_outbound_contactlistfilter":{"version":1,"block":{"attributes":{"contact_list_id":{"type":"string","description":"The contact list the filter is based on. Mutually exclusive to 'contact_list_template_id', however, one of the two must be specified","description_kind":"markdown","optional":true},"contact_list_template_id":{"type":"string","description":"The contact list template the filter is based on. Mutually exclusive to 'contact_list_id', however, one of the two must be specified.","description_kind":"markdown","optional":true},"filter_type":{"type":"string","description":"How to join clauses together.","description_kind":"markdown","optional":true,"computed":true},"id":{"type":"string","description_kind":"plain","optional":true,"computed":true},"name":{"type":"string","description":"The name of the list.","description_kind":"markdown","required":true}},"block_types":{"clauses":{"nesting_mode":"list","block":{"attributes":{"filter_type":{"type":"string","description":"How to join predicates together.","description_kind":"markdown","optional":true,"computed":true}},"block_types":{"predicates":{"nesting_mode":"list","block":{"attributes":{"column":{"type":"string","description":"Contact list column from the contact list filter's contact list.","description_kind":"markdown","optional":true},"column_type":{"type":"string","description":"The type of data in the contact column.","description_kind":"markdown","optional":true},"inverted":{"type":"bool","description":"Inverts the result of the predicate (i.e., if the predicate returns true, inverting it will return false).","description_kind":"markdown","optional":true,"computed":true},"operator":{"type":"string","description":"The operator for this contact list filter predicate.","description_kind":"markdown","required":true},"value":{"type":"string","description":"Value with which to compare the contact's data. This could be text, a number, or a relative time. A value for relative time should follow the format PxxDTyyHzzM, where xx, yy, and zz specify the days, hours and minutes. For example, a value of P01DT08H30M corresponds to 1 day, 8 hours, and 30 minutes from now. To specify a time in the past, include a negative sign before each numeric value. For example, a value of P-01DT-08H-30M corresponds to 1 day, 8 hours, and 30 minutes in the past. You can also do things like P01DT00H-30M, which would correspond to 23 hours and 30 minutes from now (1 day - 30 minutes).","description_kind":"markdown","optional":true}},"block_types":{"var_range":{"nesting_mode":"set","block":{"attributes":{"in_set":{"type":["list","string"],"description":"A set of values that the contact data should be in. Required for the IN operator.","description_kind":"markdown","optional":true},"max":{"type":"string","description":"The maximum value of the range. Required for the operator BETWEEN.","description_kind":"markdown","optional":true},"max_inclusive":{"type":"bool","description":"Whether or not to include the maximum in the range.","description_kind":"markdown","optional":true},"min":{"type":"string","description":"The minimum value of the range. Required for the operator BETWEEN.","description_kind":"markdown","optional":true},"min_inclusive":{"type":"bool","description":"Whether or not to include the minimum in the range.","description_kind":"markdown","optional":true}},"description":"A range of values. Required for operators BETWEEN and IN.","description_kind":"markdown"},"max_items":1}},"description":"Conditions to filter the contacts by.","description_kind":"markdown"}}},"description":"Groups of conditions to filter the contacts by.","description_kind":"markdown"}}},"description":"Genesys Cloud Outbound Contact List Filter","description_kind":"markdown"}},"genesyscloud_outbound_digitalruleset":{"version":1,"block":{"attributes":{"contact_list_id":{"type":"string","description":"A ContactList to provide suggestions for contact columns on relevant conditions and actions.","description_kind":"markdown","optional":true},"id":{"type":"string","description_kind":"plain","optional":true,"computed":true},"name":{"type":"string","description":"The name of the digital rule set","description_kind":"markdown","optional":true}},"block_types":{"rules":{"nesting_mode":"list","block":{"attributes":{"category":{"type":"string","description":"The category of the rule.","description_kind":"markdown","required":true},"name":{"type":"string","description":"The name of the rule.","description_kind":"markdown","required":true},"order":{"type":"number","description":"The ranked order of the rule. Rules are processed from lowest number to highest.","description_kind":"markdown","required":true}},"block_types":{"actions":{"nesting_mode":"list","block":{"attributes":{"do_not_send_action_settings":{"type":"string","description":"The settings for a 'do not send' action.","description_kind":"markdown","optional":true,"computed":true},"mark_contact_address_uncontactable_action_settings":{"type":"string","description":"The settings for an 'mark contact address uncontactable' action.","description_kind":"markdown","optional":true,"computed":true}},"block_types":{"append_to_dnc_action_settings":{"nesting_mode":"set","block":{"attributes":{"expiration_duration":{"type":"string","description":"If 'expire' is set to true, how long to keep the record.","description_kind":"markdown","optional":true},"expire":{"type":"bool","description":"Whether to expire the record appended to the DNC list.","description_kind":"markdown","required":true},"list_type":{"type":"string","description":"The Dnc List Type to append entries to","description_kind":"markdown","optional":true}},"description":"The settings for an 'Append to DNC' action.","description_kind":"markdown"},"max_items":1},"mark_contact_uncontactable_action_settings":{"nesting_mode":"set","block":{"attributes":{"media_types":{"type":["list","string"],"description":"A list of media types to evaluate.","description_kind":"markdown","required":true}},"description":"The settings for a 'mark contact uncontactable' action.","description_kind":"markdown"},"max_items":1},"set_content_template_action_settings":{"nesting_mode":"set","block":{"attributes":{"email_content_template_id":{"type":"string","description":"A string of email contentTemplateId.","description_kind":"markdown","required":true},"sms_content_template_id":{"type":"string","description":"A string of sms contentTemplateId.","description_kind":"markdown","required":true}},"description":"The settings for a 'Set content template' action.","description_kind":"markdown"},"max_items":1},"set_sms_phone_number_action_settings":{"nesting_mode":"set","block":{"attributes":{"sender_sms_phone_number":{"type":"string","description":"The string address for the sms phone number.","description_kind":"markdown","required":true}},"description":"The settings for a 'set sms phone number' action.","description_kind":"markdown"},"max_items":1},"update_contact_column_action_settings":{"nesting_mode":"set","block":{"attributes":{"properties":{"type":"string","description":"A map of key-value pairs pertinent to the DialerAction. Different types of DialerActions require different properties. MODIFY_CONTACT_ATTRIBUTE with an updateOption of SET takes a contact column as the key and accepts any value. SCHEDULE_CALLBACK takes a key 'callbackOffset' that specifies how far in the future the callback should be scheduled, in minutes. SET_CALLER_ID takes two keys: 'callerAddress', which should be the caller id phone number, and 'callerName'. For either key, you can also specify a column on the contact to get the value from. To do this, specify 'contact.Column', where 'Column' is the name of the contact column from which to get the value. SET_SKILLS takes a key 'skills' with an array of skill ids wrapped into a string (Example: {'skills': '['skillIdHere']'} ).","description_kind":"markdown","optional":true,"computed":true},"update_option":{"type":"string","description":"The type of update to make to the specified contact column(s).","description_kind":"markdown","required":true}},"description":"The settings for an 'update contact column' action.","description_kind":"markdown"},"max_items":1}},"description":"The list of actions to be taken if all conditions are true.","description_kind":"markdown"},"min_items":1},"conditions":{"nesting_mode":"list","block":{"attributes":{"inverted":{"type":"bool","description":"If true, inverts the result of evaluating this condition. Default is false.","description_kind":"markdown","optional":true}},"block_types":{"contact_address_condition_settings":{"nesting_mode":"set","block":{"attributes":{"operator":{"type":"string","description":"The operator to use when comparing address values.","description_kind":"markdown","required":true},"value":{"type":"string","description":"The value to compare against the contact's address.","description_kind":"markdown","required":true}},"description":"The settings for a 'contact address' condition.","description_kind":"markdown"},"max_items":1},"contact_address_type_condition_settings":{"nesting_mode":"set","block":{"attributes":{"operator":{"type":"string","description":"The operator to use when comparing the address types.","description_kind":"markdown","required":true},"value":{"type":"string","description":"The type value to compare against the contact column type.","description_kind":"markdown","required":true}},"description":"The settings for a 'contact address type' condition.","description_kind":"markdown"},"max_items":1},"contact_column_condition_settings":{"nesting_mode":"set","block":{"attributes":{"column_name":{"type":"string","description":"The name of the contact list column to evaluate.","description_kind":"markdown","required":true},"operator":{"type":"string","description":"The operator to use when comparing values.","description_kind":"markdown","required":true},"value":{"type":"string","description":"The value to compare against the contact's data. If 'value_type' is Numeric or Period, value is required","description_kind":"markdown","optional":true},"value_type":{"type":"string","description":"The data type the value should be treated as.","description_kind":"markdown","required":true}},"description":"The settings for a 'contact list column' condition.","description_kind":"markdown"},"max_items":1},"data_action_condition_settings":{"nesting_mode":"set","block":{"attributes":{"contact_id_field":{"type":"string","description":"The input field from the data action that the contactId will be passed into.","description_kind":"markdown","optional":true},"data_action_id":{"type":"string","description":"The Data Action Id to use for this condition.","description_kind":"markdown","required":true},"data_not_found_resolution":{"type":"bool","description":"The result of this condition if the data action returns a result indicating there was no data.","description_kind":"markdown","required":true}},"block_types":{"contact_column_to_data_action_field_mappings":{"nesting_mode":"list","block":{"attributes":{"contact_column_name":{"type":"string","description":"The name of a contact column whose data will be passed to the data action","description_kind":"markdown","required":true},"data_action_field":{"type":"string","description":"The name of an input field from the data action that the contact column data will be passed to","description_kind":"markdown","required":true}},"description":"A list of mappings defining which contact data fields will be passed to which data action input fields.","description_kind":"markdown"}},"predicates":{"nesting_mode":"list","block":{"attributes":{"comparison_value":{"type":"string","description":"The value to compare against for this condition","description_kind":"markdown","required":true},"inverted":{"type":"bool","description":"If true, inverts the result of evaluating this Predicate. Default is false.","description_kind":"markdown","required":true},"output_field":{"type":"string","description":"The name of an output field from the data action's output to use for this condition","description_kind":"markdown","required":true},"output_field_missing_resolution":{"type":"bool","description":"The result of this predicate if the requested output field is missing from the data action's result","description_kind":"markdown","required":true},"output_operator":{"type":"string","description":"The operation with which to evaluate this condition","description_kind":"markdown","required":true}},"description":"A list of predicates defining the comparisons to use for this condition.","description_kind":"markdown"}}},"description":"The settings for a 'data action' condition.","description_kind":"markdown"},"max_items":1},"last_attempt_by_column_condition_settings":{"nesting_mode":"set","block":{"attributes":{"email_column_name":{"type":"string","description":"The name of the contact column to evaluate for Email.","description_kind":"markdown","optional":true},"operator":{"type":"string","description":"The operator to use when comparing values.","description_kind":"markdown","required":true},"sms_column_name":{"type":"string","description":"The name of the contact column to evaluate for SMS.","description_kind":"markdown","optional":true},"value":{"type":"string","description":"The period value to compare against the contact's data.","description_kind":"markdown","required":true}},"description":"The settings for a 'last attempt by column' condition.","description_kind":"markdown"},"max_items":1},"last_attempt_overall_condition_settings":{"nesting_mode":"set","block":{"attributes":{"media_types":{"type":["list","string"],"description":"A list of media types to evaluate.","description_kind":"markdown","required":true},"operator":{"type":"string","description":"The operator to use when comparing values.","description_kind":"markdown","required":true},"value":{"type":"string","description":"The period value to compare against the contact's data.","description_kind":"markdown","required":true}},"description":"The settings for a 'last attempt overall' condition.","description_kind":"markdown"},"max_items":1},"last_result_by_column_condition_settings":{"nesting_mode":"set","block":{"attributes":{"email_column_name":{"type":"string","description":"The name of the contact column to evaluate for Email.","description_kind":"markdown","optional":true},"email_wrapup_codes":{"type":["list","string"],"description":"A list of wrapup code identifiers to match for Email.","description_kind":"markdown","optional":true},"sms_column_name":{"type":"string","description":"The name of the contact column to evaluate for SMS.","description_kind":"markdown","optional":true},"sms_wrapup_codes":{"type":["list","string"],"description":"A list of wrapup code identifiers to match for SMS.","description_kind":"markdown","optional":true}},"description":"The settings for a 'last result by column' condition.","description_kind":"markdown"},"max_items":1},"last_result_overall_condition_settings":{"nesting_mode":"set","block":{"attributes":{"email_wrapup_codes":{"type":["list","string"],"description":"A list of wrapup code identifiers to match for Email.","description_kind":"markdown","optional":true},"sms_wrapup_codes":{"type":["list","string"],"description":"A list of wrapup code identifiers to match for SMS.","description_kind":"markdown","optional":true}},"description":"The settings for a 'last result overall' condition.","description_kind":"markdown"},"max_items":1}},"description":"A list of conditions to evaluate. All of the Conditions must evaluate to true to trigger the actions.","description_kind":"markdown"},"min_items":1}},"description":"The list of rules.","description_kind":"markdown"}}},"description":"Genesys Cloud outbound digitalruleset","description_kind":"markdown"}},"genesyscloud_outbound_dnclist":{"version":1,"block":{"attributes":{"campaign_id":{"type":"string","description":"A dnc.com campaignId. Optional if the dncSourceType is dnc.com.","description_kind":"markdown","optional":true},"contact_method":{"type":"string","description":"The contact method. Required if dncSourceType is rds.","description_kind":"markdown","optional":true,"computed":true},"custom_exclusion_column":{"type":"string","description":"The column to evaluate exclusion against. Required if the dncSourceType is rds_custom. Since custom_exclusion_column cannot be updated, changing this value after deployment \n\t\t\t\twill cause the dnc list to be destroyed and recreated with a new GUID.","description_kind":"markdown","optional":true},"division_id":{"type":"string","description":"The division this DNC List belongs to.","description_kind":"markdown","optional":true,"computed":true},"dnc_codes":{"type":["list","string"],"description":"The list of dnc.com codes to be treated as DNC. Required if the dncSourceType is dnc.com.","description_kind":"markdown","optional":true},"dnc_source_type":{"type":"string","description":"The type of the DNC List. Changing the dnc_source_attribute will cause the outbound_dnclist object to be dropped and recreated with new ID.","description_kind":"markdown","required":true},"id":{"type":"string","description_kind":"plain","optional":true,"computed":true},"license_id":{"type":"string","description":"A gryphon license number. Required if the dncSourceType is gryphon.","description_kind":"markdown","optional":true},"login_id":{"type":"string","description":"A dnc.com loginId. Required if the dncSourceType is dnc.com.","description_kind":"markdown","optional":true},"name":{"type":"string","description":"The name of the DncList.","description_kind":"markdown","required":true}},"block_types":{"entries":{"nesting_mode":"list","block":{"attributes":{"expiration_date":{"type":"string","description":"Expiration date for DNC phone numbers in yyyy-MM-ddTHH:mmZ format.","description_kind":"markdown","optional":true},"phone_numbers":{"type":["list","string"],"description":"Phone numbers to add to a DNC list. Only possible if the dncSourceType is rds.  Phone numbers must be in an E.164 number format.","description_kind":"markdown","optional":true}},"description":"Rows to add to the DNC list. To emulate removing phone numbers, you can set expiration_date to a date in the past.","description_kind":"markdown"}}},"description":"Genesys Cloud Outbound DNC List","description_kind":"markdown"}},"genesyscloud_outbound_filespecificationtemplate":{"version":1,"block":{"attributes":{"delimiter":{"type":"string","description":"Kind of delimiter Defaults to `Comma`.","description_kind":"markdown","optional":true},"delimiter_value":{"type":"string","description":"Delimiter character, used only when delimiter=\"Custom\"","description_kind":"markdown","optional":true},"description":{"type":"string","description":"Description of the file specification template","description_kind":"markdown","optional":true},"format":{"type":"string","description":"File format","description_kind":"markdown","required":true},"header":{"type":"bool","description":"If true indicates that delimited file has a header row, which can provide column names","description_kind":"markdown","optional":true},"id":{"type":"string","description_kind":"plain","optional":true,"computed":true},"name":{"type":"string","description":"The name of the File Specification template.","description_kind":"markdown","required":true},"number_of_header_lines_skipped":{"type":"number","description":"Number of heading lines to be skipped","description_kind":"markdown","optional":true},"number_of_trailer_lines_skipped":{"type":"number","description":"Number of trailing lines to be skipped","description_kind":"markdown","optional":true}},"block_types":{"column_information":{"nesting_mode":"list","block":{"attributes":{"column_name":{"type":"string","description":"Column name. Mandatory for Fixed position/length file format.","description_kind":"markdown","optional":true},"column_number":{"type":"number","description":"0 based column number in delimited file format.","description_kind":"markdown","optional":true},"length":{"type":"number","description":"Column width. Mandatory for Fixed position/length file format.","description_kind":"markdown","optional":true},"start_position":{"type":"number","description":"Zero-based position of the first column's character. Mandatory for Fixed position/length file format.","description_kind":"markdown","optional":true}},"description":"Columns specification","description_kind":"markdown"}},"preprocessing_rule":{"nesting_mode":"list","block":{"attributes":{"find":{"type":"string","description":"The regular expression to which file lines are to be matched","description_kind":"markdown","optional":true},"global":{"type":"bool","description":"Replaces all matching substrings in every line.","description_kind":"markdown","optional":true},"ignore_case":{"type":"bool","description":"Enables case-insensitive matching.","description_kind":"markdown","optional":true},"replace_with":{"type":"string","description":"The string to be substituted for each match.","description_kind":"markdown","optional":true}},"description":"Preprocessing rule","description_kind":"markdown"}}},"description":"Genesys Cloud Outbound File Specification Template","description_kind":"markdown"}},"genesyscloud_outbound_messagingcampaign":{"version":1,"block":{"attributes":{"always_running":{"type":"bool","description":"Whether this messaging campaign is always running Defaults to `false`.","description_kind":"markdown","optional":true},"callable_time_set_id":{"type":"string","description":"The callable time set for this messaging campaign.","description_kind":"markdown","optional":true},"campaign_status":{"type":"string","description":"The current status of the messaging campaign. A messaging campaign may be turned 'on' or 'off'.","description_kind":"markdown","optional":true,"computed":true},"contact_list_filter_ids":{"type":["list","string"],"description":"The contact list filter to check before sending a message for this messaging campaign.","description_kind":"markdown","optional":true},"contact_list_id":{"type":"string","description":"The contact list that this messaging campaign will send messages for.","description_kind":"markdown","required":true},"division_id":{"type":"string","description":"The division this entity belongs to.","description_kind":"markdown","optional":true,"computed":true},"dnc_list_ids":{"type":["set","string"],"description":"The dnc lists to check before sending a message for this messaging campaign.","description_kind":"markdown","optional":true},"id":{"type":"string","description_kind":"plain","optional":true,"computed":true},"messages_per_minute":{"type":"number","description":"How many messages this messaging campaign will send per minute.","description_kind":"markdown","required":true},"name":{"type":"string","description":"The campaign name.","description_kind":"markdown","required":true},"rule_set_ids":{"type":["list","string"],"description":"Rule Sets to be applied while this campaign is sending messages","description_kind":"markdown","optional":true}},"block_types":{"contact_sorts":{"nesting_mode":"list","block":{"attributes":{"direction":{"type":"string","description":"The direction in which to sort contacts. Defaults to `ASC`.","description_kind":"markdown","optional":true},"field_name":{"type":"string","description":"The field name by which to sort contacts.","description_kind":"markdown","required":true},"numeric":{"type":"bool","description":"Whether or not the column contains numeric data. Defaults to `false`.","description_kind":"markdown","optional":true}},"description":"The order in which to sort contacts for dialing, based on up to four columns.","description_kind":"markdown"}},"dynamic_contact_queueing_settings":{"nesting_mode":"list","block":{"attributes":{"filter":{"type":"bool","description":"Whether to filter contacts dynamically","description_kind":"markdown","optional":true},"sort":{"type":"bool","description":"Whether to sort contacts dynamically","description_kind":"markdown","optional":true}},"description":"Indicates (when true) that the campaign supports dynamic queueing of the contact list at the time of a request for contacts.","description_kind":"markdown"},"max_items":1},"email_config":{"nesting_mode":"set","block":{"attributes":{"content_template_id":{"type":"string","description":"The content template used to formulate the email to send to the contact.","description_kind":"markdown","optional":true},"email_columns":{"type":["list","string"],"description":"The contact list columns specifying the email address(es) of the contact.","description_kind":"markdown","required":true}},"block_types":{"from_address":{"nesting_mode":"list","block":{"attributes":{"domain_id":{"type":"string","description":"The OutboundDomain used for the email address.","description_kind":"markdown","required":true},"friendly_name":{"type":"string","description":"The friendly name of the email address.","description_kind":"markdown","optional":true},"local_part":{"type":"string","description":"The local part of the email address.","description_kind":"markdown","optional":true}},"description":"The email address that will be used as the sender of the email.","description_kind":"markdown"},"min_items":1,"max_items":1},"reply_to_address":{"nesting_mode":"list","block":{"attributes":{"domain_id":{"type":"string","description":"The InboundDomain used for the email address.","description_kind":"markdown","required":true},"route_id":{"type":"string","description":"The InboundRoute used for the email address.","description_kind":"markdown","required":true}},"description":"The email address from which any reply will be sent.","description_kind":"markdown"},"max_items":1}},"description":"Configuration for this messaging campaign to send Email messages.","description_kind":"markdown"},"max_items":1},"errors":{"nesting_mode":"list","block":{"attributes":{"details":{"type":"string","description":"additional information regarding the error","description_kind":"markdown","optional":true},"error":{"type":"string","description":"name of the error","description_kind":"markdown","required":true}},"description":"A list of current error conditions associated with this messaging campaign.","description_kind":"markdown"}},"sms_config":{"nesting_mode":"set","block":{"attributes":{"content_template_id":{"type":"string","description":"The content template used to formulate the message to send to the contact.","description_kind":"markdown","optional":true},"message_column":{"type":"string","description":"The Contact List column specifying the message to send to the contact.","description_kind":"markdown","optional":true},"phone_column":{"type":"string","description":"The Contact List column specifying the phone number to send a message to.","description_kind":"markdown","required":true},"sender_sms_phone_number":{"type":"string","description":"A phone number provisioned for SMS communications in E.164 format. E.g. +13175555555 or +34234234234","description_kind":"markdown","required":true}},"description":"Configuration for this messaging campaign to send SMS messages.","description_kind":"markdown"},"max_items":1},"whats_app_config":{"nesting_mode":"set","block":{"attributes":{"content_template_id":{"type":"string","description":"The content template used to formulate the email to send to the contact.","description_kind":"markdown","required":true},"whats_app_columns":{"type":["list","string"],"description":"The contact list columns specifying the WhatsApp address(es) of the contact","description_kind":"markdown","required":true},"whats_app_integration_id":{"type":"string","description":"The WhatsApp integration used to send message to the contact.","description_kind":"markdown","required":true}},"description":"Configuration for this messaging campaign to send WhatsApp messages.","description_kind":"markdown"},"max_items":1}},"description":"Genesys Cloud outbound messagingcampaign","description_kind":"markdown"}},"genesyscloud_outbound_ruleset":{"version":1,"block":{"attributes":{"contact_list_id":{"type":"string","description":"A ContactList to provide user-interface suggestions for contact columns on relevant conditions and actions.","description_kind":"markdown","optional":true},"id":{"type":"string","description_kind":"plain","optional":true,"computed":true},"name":{"type":"string","description":"The name of the RuleSet.","description_kind":"markdown","required":true},"queue_id":{"type":"string","description":"A Queue to provide user-interface suggestions for wrap-up codes on relevant conditions and actions.","description_kind":"markdown","optional":true}},"block_types":{"rules":{"nesting_mode":"list","block":{"attributes":{"category":{"type":"string","description":"The category of the rule.","description_kind":"markdown","required":true},"name":{"type":"string","description":"The name of the rule.","description_kind":"markdown","required":true},"order":{"type":"number","description":"The ranked order of the rule. Rules are processed from lowest number to highest.","description_kind":"markdown","optional":true}},"block_types":{"actions":{"nesting_mode":"list","block":{"attributes":{"action_type_name":{"type":"string","description":"Additional type specification for this DialerAction.","description_kind":"markdown","required":true},"agent_wrapup_field":{"type":"string","description":"The input field from the data action that the agentWrapup will be passed to for this condition. Valid for a wrapup dataActionBehavior.","description_kind":"markdown","optional":true},"call_analysis_result_field":{"type":"string","description":"The input field from the data action that the callAnalysisResult will be passed to for this condition. Valid for a wrapup dataActionBehavior.","description_kind":"markdown","optional":true},"contact_id_field":{"type":"string","description":"The input field from the data action that the contactId will be passed to for this condition. Valid for a dataActionBehavior.","description_kind":"markdown","optional":true},"data_action_id":{"type":"string","description":"The Data Action to use for this action. Required for a dataActionBehavior.","description_kind":"markdown","optional":true},"properties":{"type":["map","string"],"description":"A map of key-value pairs pertinent to the DialerAction. Different types of DialerActions require different properties. MODIFY_CONTACT_ATTRIBUTE with an updateOption of SET takes a contact column as the key and accepts any value. SCHEDULE_CALLBACK takes a key 'callbackOffset' that specifies how far in the future the callback should be scheduled, in minutes. SET_CALLER_ID takes two keys: 'callerAddress', which should be the caller id phone number, and 'callerName'. For either key, you can also specify a column on the contact to get the value from. To do this, specify 'contact.Column', where 'Column' is the name of the contact column from which to get the value. SET_SKILLS takes a key 'skills' with an array of skill ids wrapped into a string (Example: {'skills': '['skillIdHere']'} ).","description_kind":"markdown","optional":true,"computed":true},"type":{"type":"string","description":"The type of this DialerAction.","description_kind":"markdown","required":true},"update_option":{"type":"string","description":"Specifies how a contact attribute should be updated. Required for MODIFY_CONTACT_ATTRIBUTE.","description_kind":"markdown","optional":true}},"block_types":{"contact_column_to_data_action_field_mappings":{"nesting_mode":"list","block":{"attributes":{"contact_column_name":{"type":"string","description":"The name of a contact column whose data will be passed to the data action","description_kind":"markdown","required":true},"data_action_field":{"type":"string","description":"The name of an input field from the data action that the contact column data will be passed to","description_kind":"markdown","required":true}},"description":"A list of mappings defining which contact data fields will be passed to which data action input fields for this condition. Valid for a dataActionBehavior.","description_kind":"markdown"}}},"description":"The list of actions to be taken if the conditions are true.","description_kind":"markdown"},"min_items":1},"conditions":{"nesting_mode":"list","block":{"attributes":{"agent_wrapup_field":{"type":"string","description":"The input field from the data action that the agentWrapup will be passed to for this condition. Valid for a wrapup dataActionCondition.","description_kind":"markdown","optional":true},"attribute_name":{"type":"string","description":"An attribute name associated with this Condition. Required for a contactAttributeCondition.","description_kind":"markdown","optional":true},"call_analysis_result_field":{"type":"string","description":"The input field from the data action that the callAnalysisResult will be passed to for this condition. Valid for a wrapup dataActionCondition.","description_kind":"markdown","optional":true},"codes":{"type":["list","string"],"description":"List of wrap-up code identifiers. Required for a wrapupCondition.","description_kind":"markdown","optional":true,"computed":true},"contact_id_field":{"type":"string","description":"The input field from the data action that the contactId will be passed to for this condition. Valid for a dataActionCondition.","description_kind":"markdown","optional":true},"data_action_id":{"type":"string","description":"The Data Action to use for this condition. Required for a dataActionCondition.","description_kind":"markdown","optional":true},"data_not_found_resolution":{"type":"bool","description":"The result of this condition if the data action returns a result indicating there was no data. Required for a DataActionCondition.","description_kind":"markdown","optional":true},"inverted":{"type":"bool","description":"If true, inverts the result of evaluating this Condition. Default is false.","description_kind":"markdown","optional":true},"match_any_conditions":{"type":"bool","description":"If true, only one sub-condition must match for the condition to be true. If false, all sub-conditions must match. Default is false. Required for a timeAndDateCondition.","description_kind":"markdown","optional":true},"operator":{"type":"string","description":"An operation with which to evaluate the Condition. Not used for a DataActionCondition.","description_kind":"markdown","optional":true,"computed":true},"property":{"type":"string","description":"A value associated with the property type of this Condition. Required for a contactPropertyCondition.","description_kind":"markdown","optional":true},"property_type":{"type":"string","description":"The type of the property associated with this Condition. Required for a contactPropertyCondition.","description_kind":"markdown","optional":true},"time_zone_id":{"type":"string","description":"The time zone to use for this condition. Required for a timeAndDateCondition.","description_kind":"markdown","optional":true},"type":{"type":"string","description":"The type of the condition.","description_kind":"markdown","optional":true},"value":{"type":"string","description":"A value associated with this Condition. This could be text, a number, or a relative time. Not used for a DataActionCondition.","description_kind":"markdown","optional":true},"value_type":{"type":"string","description":"The type of the value associated with this Condition. Not used for a DataActionCondition.","description_kind":"markdown","optional":true}},"block_types":{"contact_column_to_data_action_field_mappings":{"nesting_mode":"list","block":{"attributes":{"contact_column_name":{"type":"string","description":"The name of a contact column whose data will be passed to the data action","description_kind":"markdown","required":true},"data_action_field":{"type":"string","description":"The name of an input field from the data action that the contact column data will be passed to","description_kind":"markdown","required":true}},"description":"A list of mappings defining which contact data fields will be passed to which data action input fields for this condition. Valid for a dataActionCondition.","description_kind":"markdown"}},"predicates":{"nesting_mode":"list","block":{"attributes":{"comparison_value":{"type":"string","description":"The value to compare against for this condition","description_kind":"markdown","required":true},"inverted":{"type":"bool","description":"If true, inverts the result of evaluating this Predicate. Default is false.","description_kind":"markdown","required":true},"output_field":{"type":"string","description":"The name of an output field from the data action's output to use for this condition","description_kind":"markdown","required":true},"output_field_missing_resolution":{"type":"bool","description":"The result of this predicate if the requested output field is missing from the data action's result","description_kind":"markdown","required":true},"output_operator":{"type":"string","description":"The operation with which to evaluate this condition","description_kind":"markdown","required":true}},"description":"A list of predicates defining the comparisons to use for this condition. Required for a dataActionCondition.","description_kind":"markdown"}},"sub_conditions":{"nesting_mode":"list","block":{"attributes":{"include_year":{"type":"bool","description":"If true, includes year in date comparison for specificDate type. When false, only month and day are compared. Default is true. Only applicable for specificDate type. Defaults to `true`.","description_kind":"markdown","optional":true},"inverted":{"type":"bool","description":"If true, inverts the result of evaluating this sub-condition. Default is false.","description_kind":"markdown","optional":true},"operator":{"type":"string","description":"The operator to use for comparison.","description_kind":"markdown","required":true},"threshold_value":{"type":"string","description":"Threshold value for BEFORE or AFTER operators. Format depends on type: timeOfDay: HH:mm, dayOfWeek: 1-7 (Monday-Sunday), dayOfMonth: 1-31 and/ or LAST_DAY, ODD_DAY, EVEN_DAY, specificDate: yyyy-MM-dd (if includeYear=true) or MM-dd (if includeYear=false). For single-value comparison, use a list with one element.","description_kind":"markdown","optional":true},"type":{"type":"string","description":"The type of time/date sub-condition.Valid values: timeOfDay, dayOfWeek, dayOfMonth, specificDate.","description_kind":"markdown","required":true}},"block_types":{"range":{"nesting_mode":"list","block":{"attributes":{"in_set":{"type":["list","string"],"description":"A set of values that the date/ time data should be in. Required for the IN operator. Format depends on type: dayOfWeek: 1-7 (Monday-Sunday), dayOfMonth: 1-31, and/ or LAST_DAY, ODD_DAY, EVEN_DAY,specificDate: yyyy-MM-dd (if includeYear=true) or MM-dd (if includeYear=false).","description_kind":"markdown","optional":true},"max":{"type":"string","description":"The maximum value of the range. Required for the operator BETWEEN. Format follows the same rules as 'min'.","description_kind":"markdown","optional":true},"min":{"type":"string","description":"The minimum value of the range. Required for the operator BETWEEN. Format depends on type: timeOfDay: HH:mm, dayOfWeek: 1-7 (Monday-Sunday), dayOfMonth: 1-31, specificDate: yyyy-MM-dd (if includeYear=true) or MM-dd (if includeYear=false).","description_kind":"markdown","optional":true}},"description":"A range of values for BETWEEN and IN operators. Format follows the same rules as 'thresholdValue'.","description_kind":"markdown"},"max_items":1}},"description":"A list of sub-conditions to evaluate. Required for a timeAndDateCondition.","description_kind":"markdown"},"max_items":10}},"description":"A list of Conditions. All of the Conditions must evaluate to true to trigger the actions.","description_kind":"markdown"},"min_items":1}},"description":"The list of rules.","description_kind":"markdown"}}},"description":"Genesys Cloud outbound ruleset","description_kind":"markdown"}},"genesyscloud_outbound_sequence":{"version":1,"block":{"attributes":{"campaign_ids":{"type":["list","string"],"description":"The ordered list of Campaigns that this CampaignSequence will run.","description_kind":"markdown","required":true},"id":{"type":"string","description_kind":"plain","optional":true,"computed":true},"name":{"type":"string","description":"Name of outbound sequence","description_kind":"markdown","required":true},"repeat":{"type":"bool","description":"Indicates if a sequence should repeat from the beginning after the last campaign completes. Default is false.","description_kind":"markdown","optional":true},"status":{"type":"string","description":"The current status of the CampaignSequence. A CampaignSequence can be turned 'on' or 'off' (default). Changing from \"on\" to \"off\" will cause the current sequence to drop and be recreated with a new ID.","description_kind":"markdown","optional":true,"computed":true}},"description":"Genesys Cloud outbound sequence","description_kind":"markdown"}},"genesyscloud_outbound_settings":{"version":1,"block":{"attributes":{"abandon_seconds":{"type":"number","description":"The number of seconds used to determine if a call is abandoned.","description_kind":"markdown","optional":true},"compliance_abandon_rate_denominator":{"type":"string","description":"The denominator to be used in determining the compliance abandon rate.Valid values: ALL_CALLS, CALLS_THAT_REACHED_QUEUE.","description_kind":"markdown","optional":true},"id":{"type":"string","description_kind":"plain","optional":true,"computed":true},"max_calls_per_agent":{"type":"number","description":"The maximum number of calls that can be placed per agent on any campaign.","description_kind":"markdown","optional":true},"max_line_utilization":{"type":"number","description":"The maximum percentage of lines that should be used for Outbound, expressed as a decimal in the range [0.0, 1.0].","description_kind":"markdown","optional":true},"reschedule_time_zone_skipped_contacts":{"type":"bool","description":"Whether or not to reschedule time-zone blocked contacts.","description_kind":"markdown","optional":true}},"block_types":{"automatic_time_zone_mapping":{"nesting_mode":"list","block":{"attributes":{"supported_countries":{"type":["list","string"],"description":"The countries that are supported for automatic time zone mapping.","description_kind":"markdown","optional":true}},"block_types":{"callable_windows":{"nesting_mode":"set","block":{"block_types":{"mapped":{"nesting_mode":"set","block":{"attributes":{"earliest_callable_time":{"type":"string","description":"The earliest time to dial a contact. Valid format is HH:mm","description_kind":"markdown","optional":true},"latest_callable_time":{"type":"string","description":"The latest time to dial a contact. Valid format is HH:mm.","description_kind":"markdown","optional":true}},"description":"The time interval to place outbound calls, for contacts that can be mapped to a time zone.","description_kind":"markdown"},"max_items":1},"unmapped":{"nesting_mode":"set","block":{"attributes":{"earliest_callable_time":{"type":"string","description":"The earliest time to dial a contact. Valid format is HH:mm.","description_kind":"markdown","optional":true},"latest_callable_time":{"type":"string","description":"The latest time to dial a contact. Valid format is HH:mm.","description_kind":"markdown","optional":true},"time_zone_id":{"type":"string","description":"The time zone to use for contacts that cannot be mapped.","description_kind":"markdown","optional":true}},"description":"The time interval and time zone to place outbound calls, for contacts that cannot be mapped to a time zone.","description_kind":"markdown"},"max_items":1}},"description":"The time intervals to use for automatic time zone mapping.","description_kind":"markdown"},"max_items":1}},"description":"The settings for automatic time zone mapping. Note that changing these settings will change them for both voice and messaging campaigns.","description_kind":"markdown"}}},"description":"An organization's outbound settings","description_kind":"markdown"}},"genesyscloud_outbound_wrapupcodemappings":{"version":1,"block":{"attributes":{"default_set":{"type":["set","string"],"description":"The default set of wrap-up flags. These will be used if there is no entry for a given wrap-up code in the mapping.","description_kind":"markdown","required":true},"id":{"type":"string","description_kind":"plain","optional":true,"computed":true},"placeholder":{"type":"string","description":"Placeholder data used internally by the provider. Defaults to `***`.","description_kind":"markdown","optional":true}},"block_types":{"mappings":{"nesting_mode":"set","block":{"attributes":{"flags":{"type":["set","string"],"description":"The set of wrap-up flags.","description_kind":"markdown","required":true},"wrapup_code_id":{"type":"string","description":"The wrap-up code identifier.","description_kind":"markdown","required":true}},"description":"A map from wrap-up code identifiers to a set of wrap-up flags.","description_kind":"markdown"}}},"description":"Genesys Cloud Outbound Wrap-up Code Mappings","description_kind":"markdown"}},"genesyscloud_processautomation_trigger":{"version":1,"block":{"attributes":{"delay_by_seconds":{"type":"number","description":"How long to delay processing of a trigger after an event passes the match criteria. Must be an number between 60 and 900 inclusive. Only one of event_ttl_seconds or delay_by_seconds can be set.","description_kind":"markdown","optional":true},"description":{"type":"string","description":"A description of the trigger","description_kind":"markdown","optional":true},"enabled":{"type":"bool","description":"Whether or not the trigger should be fired on events","description_kind":"markdown","required":true},"event_ttl_seconds":{"type":"number","description":"How old an event can be to fire the trigger. Must be an number greater than or equal to 10. Only one of event_ttl_seconds or delay_by_seconds can be set.","description_kind":"markdown","optional":true},"id":{"type":"string","description_kind":"plain","optional":true,"computed":true},"match_criteria":{"type":"string","description":"Match criteria that controls when the trigger will fire. NOTE: The match_criteria field type has changed from a complex object to a string. This was done to allow for complex JSON object definitions.","description_kind":"markdown","optional":true},"name":{"type":"string","description":"Name of the Trigger","description_kind":"markdown","required":true},"topic_name":{"type":"string","description":"Topic name that will fire trigger. Changing the topic_name attribute will cause the processautomation_trigger object to be dropped and recreated with a new ID.","description_kind":"markdown","required":true}},"block_types":{"target":{"nesting_mode":"set","block":{"attributes":{"id":{"type":"string","description":"Id of the target the trigger is configured to hit","description_kind":"markdown","required":true},"type":{"type":"string","description":"Type of the target the trigger is configured to hit","description_kind":"markdown","required":true}},"block_types":{"workflow_target_settings":{"nesting_mode":"set","block":{"attributes":{"data_format":{"type":"string","description":"The data format to use when invoking target.","description_kind":"markdown","optional":true}},"description":"Optional config for the target. Until the feature gets enabled will always operate in TopLevelPrimitives mode.","description_kind":"markdown"},"max_items":1}},"description":"Target the trigger will invoke when fired","description_kind":"markdown"},"min_items":1,"max_items":1}},"description":"Genesys Cloud Process Automation Trigger","description_kind":"markdown"}},"genesyscloud_quality_forms_evaluation":{"version":1,"block":{"attributes":{"context_id":{"type":"string","description":"ID of the context of the evaluation form. This provides access to all versions of forms.","description_kind":"markdown","computed":true},"id":{"type":"string","description_kind":"plain","optional":true,"computed":true},"name":{"type":"string","description":"The name of the entity.","description_kind":"markdown","required":true},"published":{"type":"bool","description":"Specifies if the evaluation form is published. **Note:** A form cannot be modified if published is set to true. Defaults to `false`.","description_kind":"markdown","optional":true},"published_id":{"type":"string","description":"The ID of the published evaluation form.","description_kind":"markdown","computed":true}},"block_types":{"question_groups":{"nesting_mode":"list","block":{"attributes":{"default_answers_to_highest":{"type":"bool","description":"Specifies whether to default answers to highest score. Defaults to `false`.","description_kind":"markdown","optional":true},"default_answers_to_na":{"type":"bool","description":"Specifies whether to default answers to not applicable. Defaults to `false`.","description_kind":"markdown","optional":true},"id":{"type":"string","description":"ID of the question group.","description_kind":"markdown","computed":true},"manual_weight":{"type":"bool","description":"Specifies whether a manual weight is set. Defaults to `true`.","description_kind":"markdown","optional":true},"na_enabled":{"type":"bool","description":"Specifies whether a not applicable answer is enabled. Defaults to `false`.","description_kind":"markdown","optional":true},"name":{"type":"string","description":"Name of display question in question group.","description_kind":"markdown","required":true},"weight":{"type":"number","description":"Points per question","description_kind":"markdown","required":true}},"block_types":{"questions":{"nesting_mode":"list","block":{"attributes":{"comments_required":{"type":"bool","description":"Specifies whether comments are required. Defaults to `false`.","description_kind":"markdown","optional":true},"help_text":{"type":"string","description":"Help text for the question.","description_kind":"markdown","optional":true},"id":{"type":"string","description":"ID of the question.","description_kind":"markdown","computed":true},"is_critical":{"type":"bool","description":"True if the question is a critical question Defaults to `false`.","description_kind":"markdown","optional":true},"is_kill":{"type":"bool","description":"True if the question is a fatal question Defaults to `false`.","description_kind":"markdown","optional":true},"na_enabled":{"type":"bool","description":"Specifies whether a not applicable answer is enabled. Defaults to `false`.","description_kind":"markdown","optional":true},"text":{"type":"string","description":"Individual question","description_kind":"markdown","required":true},"type":{"type":"string","description":"The type of question. Valid values: multipleChoiceQuestion, multipleSelectQuestion, freeTextQuestion, npsQuestion, readOnlyTextBlockQuestion.","description_kind":"markdown","optional":true,"computed":true}},"block_types":{"answer_options":{"nesting_mode":"list","block":{"attributes":{"built_in_type":{"type":"string","description":"The built-in type of this answer option. Only used for Multiple Select answer options. Valid values: Selected, Unselected.","description_kind":"markdown","optional":true},"id":{"type":"string","description":"The ID for the answer option.","description_kind":"markdown","computed":true},"text":{"type":"string","description":"The text for the answer option. Required for regular answer options.","description_kind":"markdown","optional":true},"value":{"type":"number","description_kind":"plain","required":true}},"block_types":{"assistance_conditions":{"nesting_mode":"list","block":{"attributes":{"operator":{"type":"string","description":"The operator for the assistance condition. Valid values: EXISTS, NOTEXISTS.","description_kind":"markdown","required":true},"topic_ids":{"type":["list","string"],"description":"List of topic IDs which would be combined together using logical OR operator.","description_kind":"markdown","required":true}},"description":"List of assistance conditions which are combined together with a logical AND operator.","description_kind":"markdown"}}},"description":"Options from which to choose an answer for this question. Required for multipleChoiceQuestion type.","description_kind":"markdown"}},"multiple_select_option_questions":{"nesting_mode":"list","block":{"attributes":{"comments_required":{"type":"bool","description":"Specifies whether comments are required. Defaults to `false`.","description_kind":"markdown","optional":true},"help_text":{"type":"string","description":"Help text for the option.","description_kind":"markdown","optional":true},"id":{"type":"string","description":"ID of the question.","description_kind":"markdown","computed":true},"is_critical":{"type":"bool","description":"True if the option is a critical question Defaults to `false`.","description_kind":"markdown","optional":true},"is_kill":{"type":"bool","description":"True if the option is a fatal question Defaults to `false`.","description_kind":"markdown","optional":true},"na_enabled":{"type":"bool","description":"Specifies whether a not applicable answer is enabled. Defaults to `false`.","description_kind":"markdown","optional":true},"text":{"type":"string","description":"The text/label for the multiple select option.","description_kind":"markdown","required":true},"type":{"type":"string","description":"The type of question. Valid values: multipleChoiceQuestion, freeTextQuestion, npsQuestion, readOnlyTextBlockQuestion.","description_kind":"markdown","optional":true,"computed":true}},"block_types":{"answer_options":{"nesting_mode":"list","block":{"attributes":{"built_in_type":{"type":"string","description":"The built-in type of this answer option. Only used for Multiple Select answer options. Valid values: Selected, Unselected.","description_kind":"markdown","optional":true},"id":{"type":"string","description":"The ID for the answer option.","description_kind":"markdown","computed":true},"text":{"type":"string","description":"The text for the answer option. Required for regular answer options.","description_kind":"markdown","optional":true},"value":{"type":"number","description_kind":"plain","required":true}},"block_types":{"assistance_conditions":{"nesting_mode":"list","block":{"attributes":{"operator":{"type":"string","description":"The operator for the assistance condition. Valid values: EXISTS, NOTEXISTS.","description_kind":"markdown","required":true},"topic_ids":{"type":["list","string"],"description":"List of topic IDs which would be combined together using logical OR operator.","description_kind":"markdown","required":true}},"description":"List of assistance conditions which are combined together with a logical AND operator.","description_kind":"markdown"}}},"description":"Options from which to choose an answer for this option question. Required for multipleChoiceQuestion type options.","description_kind":"markdown"}},"visibility_condition":{"nesting_mode":"list","block":{"attributes":{"combining_operation":{"type":"string","description":"Valid Values: AND, OR","description_kind":"markdown","required":true},"predicates":{"type":["list","string"],"description":"A list of strings, each representing the location in the form of the Answer Option to depend on. In the format of \"/form/questionGroup/{questionGroupIndex}/question/{questionIndex}/answer/{answerIndex}\" or, to assume the current question group, \"../question/{questionIndex}/answer/{answerIndex}\". Note: Indexes are zero-based","description_kind":"markdown","required":true}},"description":"Defines conditions where the option would be visible","description_kind":"markdown"},"max_items":1}},"description":"Options for a multiple select question. Each option is itself a question with Selected/Unselected answer options. Required for multipleSelectQuestion type.","description_kind":"markdown"}},"visibility_condition":{"nesting_mode":"list","block":{"attributes":{"combining_operation":{"type":"string","description":"Valid Values: AND, OR","description_kind":"markdown","required":true},"predicates":{"type":["list","string"],"description":"A list of strings, each representing the location in the form of the Answer Option to depend on. In the format of \"/form/questionGroup/{questionGroupIndex}/question/{questionIndex}/answer/{answerIndex}\" or, to assume the current question group, \"../question/{questionIndex}/answer/{answerIndex}\". Note: Indexes are zero-based","description_kind":"markdown","required":true}},"description":"Defines conditions where question would be visible","description_kind":"markdown"},"max_items":1}},"description":"Questions inside the group","description_kind":"markdown"},"min_items":1},"visibility_condition":{"nesting_mode":"list","block":{"attributes":{"combining_operation":{"type":"string","description":"Valid Values: AND, OR","description_kind":"markdown","required":true},"predicates":{"type":["list","string"],"description":"A list of strings, each representing the location in the form of the Answer Option to depend on. In the format of \"/form/questionGroup/{questionGroupIndex}/question/{questionIndex}/answer/{answerIndex}\" or, to assume the current question group, \"../question/{questionIndex}/answer/{answerIndex}\". Note: Indexes are zero-based","description_kind":"markdown","required":true}},"description":"Defines conditions where question would be visible","description_kind":"markdown"},"max_items":1}},"description":"A list of question groups.","description_kind":"markdown"},"min_items":1}},"description":"Genesys Cloud Evaluation Forms","description_kind":"markdown"}},"genesyscloud_quality_forms_survey":{"version":1,"block":{"attributes":{"disabled":{"type":"bool","description":"Is this form disabled Defaults to `false`.","description_kind":"markdown","optional":true},"footer":{"type":"string","description":"Markdown text for the bottom of the form.","description_kind":"markdown","optional":true},"header":{"type":"string","description":"Markdown text for the top of the form.","description_kind":"markdown","optional":true},"id":{"type":"string","description_kind":"plain","optional":true,"computed":true},"language":{"type":"string","description":"Language for survey viewer localization. Currently localized languages: da, de, en-US, es, fi, fr, it, ja, ko, nl, no, pl, pt-BR, sv, th, tr, zh-CN, zh-TW. Languages in beta: pt-PT, he, hi. Languages in alpha: ar, uk","description_kind":"markdown","required":true},"name":{"type":"string","description":"The name of the entity.","description_kind":"markdown","required":true},"published":{"type":"bool","description":"Specifies if the survey form is published. Defaults to `false`.","description_kind":"markdown","optional":true}},"block_types":{"question_groups":{"nesting_mode":"list","block":{"attributes":{"id":{"type":"string","description":"The ID of the survey question group.","description_kind":"markdown","computed":true},"na_enabled":{"type":"bool","description":"Specifies whether a not applicable answer is enabled. Defaults to `false`.","description_kind":"markdown","optional":true},"name":{"type":"string","description":"Name of display question in question group.","description_kind":"markdown","required":true}},"block_types":{"questions":{"nesting_mode":"list","block":{"attributes":{"explanation_prompt":{"type":"string","description":"Prompt for details explaining the chosen NPS score. Used by NPS questions.","description_kind":"markdown","optional":true},"help_text":{"type":"string","description":"Help text for the question.","description_kind":"markdown","optional":true},"id":{"type":"string","description":"The ID of the survey question.","description_kind":"markdown","computed":true},"max_response_characters":{"type":"number","description":"How many characters are allowed in the text response to this question. Used by NPS and Free Text question types.","description_kind":"markdown","optional":true},"na_enabled":{"type":"bool","description":"Specifies whether a not applicable answer is enabled. Defaults to `false`.","description_kind":"markdown","optional":true},"text":{"type":"string","description":"Individual question","description_kind":"markdown","required":true},"type":{"type":"string","description":"Valid Values: multipleChoiceQuestion, freeTextQuestion, npsQuestion, readOnlyTextBlockQuestion Defaults to `multipleChoiceQuestion`.","description_kind":"markdown","optional":true}},"block_types":{"answer_options":{"nesting_mode":"list","block":{"attributes":{"id":{"type":"string","description":"The ID of the survey answer option.","description_kind":"markdown","computed":true},"text":{"type":"string","description_kind":"plain","required":true},"value":{"type":"number","description_kind":"plain","required":true}},"block_types":{"assistance_conditions":{"nesting_mode":"set","block":{"attributes":{"operator":{"type":"string","description":"List of assistance conditions which are combined together with a logical AND operator. Eg ( assistanceCondtion1 \u0026\u0026 assistanceCondition2 ) wherein assistanceCondition could be ( EXISTS topic1 || topic2 || ... ) or (NOTEXISTS topic3 || topic4 || ...).","description_kind":"markdown","required":true},"topic_ids":{"type":["list","string"],"description":"List of topicIds within the assistance condition which would be combined together using logical OR operator. Eg ( topicId_1 || topicId_2 ) .","description_kind":"markdown","optional":true}},"description":"Options from which to choose an answer for this question.","description_kind":"markdown"}}},"description":"Options from which to choose an answer for this question.","description_kind":"markdown"}},"visibility_condition":{"nesting_mode":"list","block":{"attributes":{"combining_operation":{"type":"string","description":"Valid Values: AND, OR","description_kind":"markdown","required":true},"predicates":{"type":["list","string"],"description":"A list of strings, each representing the location in the form of the Answer Option to depend on. In the format of \"/form/questionGroup/{questionGroupIndex}/question/{questionIndex}/answer/{answerIndex}\" or, to assume the current question group, \"../question/{questionIndex}/answer/{answerIndex}\". Note: Indexes are zero-based","description_kind":"markdown","required":true}},"description":"Defines conditions where question would be visible","description_kind":"markdown"},"max_items":1}},"description":"Questions inside the group","description_kind":"markdown"},"min_items":1},"visibility_condition":{"nesting_mode":"list","block":{"attributes":{"combining_operation":{"type":"string","description":"Valid Values: AND, OR","description_kind":"markdown","required":true},"predicates":{"type":["list","string"],"description":"A list of strings, each representing the location in the form of the Answer Option to depend on. In the format of \"/form/questionGroup/{questionGroupIndex}/question/{questionIndex}/answer/{answerIndex}\" or, to assume the current question group, \"../question/{questionIndex}/answer/{answerIndex}\". Note: Indexes are zero-based","description_kind":"markdown","required":true}},"description":"Defines conditions where question would be visible","description_kind":"markdown"},"max_items":1}},"description":"A list of question groups.","description_kind":"markdown"},"min_items":1}},"description":"Genesys Cloud Survey Forms","description_kind":"markdown"}},"genesyscloud_recording_media_retention_policy":{"version":1,"block":{"attributes":{"description":{"type":"string","description":"The description for the policy","description_kind":"markdown","optional":true},"enabled":{"type":"bool","description":"The policy will be enabled if true, otherwise it will be disabled","description_kind":"markdown","optional":true},"id":{"type":"string","description_kind":"plain","optional":true,"computed":true},"name":{"type":"string","description":"The policy name. Changing the policy_name attribute will cause the recording_media_retention_policy to be dropped and recreated with a new ID.","description_kind":"markdown","required":true},"order":{"type":"number","description":"The ordinal number for the policy","description_kind":"markdown","optional":true}},"block_types":{"actions":{"nesting_mode":"list","block":{"attributes":{"always_delete":{"type":"bool","description":"true to delete the recording associated with the conversation regardless of the values of retainRecording or deleteRecording.","description_kind":"markdown","optional":true},"delete_recording":{"type":"bool","description":"true to delete the recording associated with the conversation. If retainRecording = true, this will be ignored.","description_kind":"markdown","optional":true},"retain_recording":{"type":"bool","description":"true to retain the recording associated with the conversation.","description_kind":"markdown","optional":true}},"block_types":{"assign_calibrations":{"nesting_mode":"list","block":{"attributes":{"calibrator_id":{"type":"string","description_kind":"plain","optional":true},"evaluation_form_id":{"type":"string","description_kind":"plain","optional":true},"evaluator_ids":{"type":["list","string"],"description_kind":"plain","optional":true},"expert_evaluator_id":{"type":"string","description_kind":"plain","optional":true}},"description_kind":"plain"}},"assign_evaluations":{"nesting_mode":"list","block":{"attributes":{"evaluation_form_id":{"type":"string","description_kind":"plain","optional":true},"user_id":{"type":"string","description_kind":"plain","optional":true}},"description_kind":"plain"}},"assign_metered_assignment_by_agent":{"nesting_mode":"list","block":{"attributes":{"evaluation_form_id":{"type":"string","description_kind":"plain","optional":true},"evaluator_ids":{"type":["list","string"],"description_kind":"plain","optional":true},"max_number_evaluations":{"type":"number","description_kind":"plain","optional":true},"time_zone":{"type":"string","description_kind":"plain","optional":true}},"block_types":{"time_interval":{"nesting_mode":"list","block":{"attributes":{"days":{"type":"number","description_kind":"plain","optional":true},"hours":{"type":"number","description_kind":"plain","optional":true},"months":{"type":"number","description_kind":"plain","optional":true},"weeks":{"type":"number","description_kind":"plain","optional":true}},"description_kind":"plain"},"max_items":1}},"description_kind":"plain"}},"assign_metered_evaluations":{"nesting_mode":"list","block":{"attributes":{"assign_to_active_user":{"type":"bool","description_kind":"plain","optional":true},"evaluation_form_id":{"type":"string","description_kind":"plain","optional":true},"evaluator_ids":{"type":["list","string"],"description_kind":"plain","optional":true},"max_number_evaluations":{"type":"number","description_kind":"plain","optional":true}},"block_types":{"time_interval":{"nesting_mode":"list","block":{"attributes":{"days":{"type":"number","description_kind":"plain","optional":true},"hours":{"type":"number","description_kind":"plain","optional":true},"months":{"type":"number","description_kind":"plain","optional":true},"weeks":{"type":"number","description_kind":"plain","optional":true}},"description_kind":"plain"},"max_items":1}},"description_kind":"plain"}},"assign_surveys":{"nesting_mode":"list","block":{"attributes":{"flow_id":{"type":"string","description":"The UUID reference to the flow associated with this survey.","description_kind":"markdown","optional":true},"invite_time_interval":{"type":"string","description":"An ISO 8601 repeated interval consisting of the number of repetitions, the start datetime, and the interval (e.g. R2/2018-03-01T13:00:00Z/P1M10DT2H30M). Total duration must not exceed 90 days. Defaults to `R1/P0M`.","description_kind":"markdown","optional":true},"sending_domain":{"type":"string","description":"Validated email domain, required","description_kind":"markdown","required":true},"sending_user":{"type":"string","description":"User together with sendingDomain used to send email, null to use no-reply","description_kind":"markdown","optional":true},"survey_form_name":{"type":"string","description":"The survey form used for this survey.","description_kind":"markdown","optional":true}},"description_kind":"plain"}},"initiate_screen_recording":{"nesting_mode":"list","block":{"attributes":{"record_acw":{"type":"bool","description_kind":"plain","optional":true}},"block_types":{"archive_retention":{"nesting_mode":"list","block":{"attributes":{"days":{"type":"number","description_kind":"plain","optional":true},"storage_medium":{"type":"string","description_kind":"plain","optional":true}},"description_kind":"plain"},"max_items":1},"delete_retention":{"nesting_mode":"list","block":{"attributes":{"days":{"type":"number","description_kind":"plain","optional":true}},"description_kind":"plain"},"max_items":1}},"description_kind":"plain"},"max_items":1},"integration_export":{"nesting_mode":"list","block":{"attributes":{"integration_id":{"type":"string","description":"The aws-s3-recording-bulk-actions-integration that the policy uses for exports.","description_kind":"markdown","optional":true},"should_export_screen_recordings":{"type":"bool","description":"True if the policy should export screen recordings in addition to the other conversation media. Defaults to `true`.","description_kind":"markdown","optional":true}},"description":"Policy action for exporting recordings using an integration to 3rd party s3.","description_kind":"markdown"},"max_items":1},"media_transcriptions":{"nesting_mode":"list","block":{"attributes":{"display_name":{"type":"string","description_kind":"plain","optional":true},"integration_id":{"type":"string","description_kind":"plain","optional":true},"transcription_provider":{"type":"string","description_kind":"plain","optional":true}},"description_kind":"plain"}},"retention_duration":{"nesting_mode":"list","block":{"block_types":{"archive_retention":{"nesting_mode":"list","block":{"attributes":{"days":{"type":"number","description_kind":"plain","optional":true},"storage_medium":{"type":"string","description_kind":"plain","optional":true}},"description_kind":"plain"},"max_items":1},"delete_retention":{"nesting_mode":"list","block":{"attributes":{"days":{"type":"number","description_kind":"plain","optional":true}},"description_kind":"plain"},"max_items":1}},"description_kind":"plain"},"max_items":1}},"description":"Actions","description_kind":"markdown"},"max_items":1},"conditions":{"nesting_mode":"list","block":{"attributes":{"customer_participation":{"type":"string","description":"This condition is to filter out conversation with and without customer participation.Valid values: YES, NO.","description_kind":"markdown","optional":true},"date_ranges":{"type":["list","string"],"description_kind":"plain","optional":true},"directions":{"type":["list","string"],"description_kind":"plain","optional":true},"for_queue_ids":{"type":["list","string"],"description_kind":"plain","optional":true},"for_user_ids":{"type":["list","string"],"description_kind":"plain","optional":true},"media_types":{"type":["list","string"],"description_kind":"plain","optional":true},"team_ids":{"type":["set","string"],"description":"Teams to match conversations against","description_kind":"markdown","optional":true},"wrapup_code_ids":{"type":["list","string"],"description_kind":"plain","optional":true}},"block_types":{"duration":{"nesting_mode":"list","block":{"attributes":{"duration_mode":{"type":"string","description_kind":"plain","optional":true},"duration_operator":{"type":"string","description_kind":"plain","optional":true},"duration_range":{"type":"string","description_kind":"plain","optional":true},"duration_target":{"type":"string","description_kind":"plain","optional":true}},"description_kind":"plain"},"max_items":1},"time_allowed":{"nesting_mode":"list","block":{"attributes":{"empty":{"type":"bool","description_kind":"plain","optional":true},"time_zone_id":{"type":"string","description_kind":"plain","optional":true}},"block_types":{"time_slots":{"nesting_mode":"list","block":{"attributes":{"day":{"type":"number","description":"Day for this time slot, Monday = 1 ... Sunday = 7","description_kind":"markdown","optional":true},"start_time":{"type":"string","description":"start time in xx:xx:xx.xxx format","description_kind":"markdown","optional":true},"stop_time":{"type":"string","description":"stop time in xx:xx:xx.xxx format","description_kind":"markdown","optional":true}},"description_kind":"plain"}}},"description_kind":"plain"},"max_items":1}},"description":"Conditions","description_kind":"markdown"},"max_items":1},"media_policies":{"nesting_mode":"list","block":{"block_types":{"call_policy":{"nesting_mode":"list","block":{"block_types":{"actions":{"nesting_mode":"list","block":{"attributes":{"always_delete":{"type":"bool","description":"true to delete the recording associated with the conversation regardless of the values of retainRecording or deleteRecording.","description_kind":"markdown","optional":true},"delete_recording":{"type":"bool","description":"true to delete the recording associated with the conversation. If retainRecording = true, this will be ignored.","description_kind":"markdown","optional":true},"retain_recording":{"type":"bool","description":"true to retain the recording associated with the conversation.","description_kind":"markdown","optional":true}},"block_types":{"assign_calibrations":{"nesting_mode":"list","block":{"attributes":{"calibrator_id":{"type":"string","description_kind":"plain","optional":true},"evaluation_form_id":{"type":"string","description_kind":"plain","optional":true},"evaluator_ids":{"type":["list","string"],"description_kind":"plain","optional":true},"expert_evaluator_id":{"type":"string","description_kind":"plain","optional":true}},"description_kind":"plain"}},"assign_evaluations":{"nesting_mode":"list","block":{"attributes":{"evaluation_form_id":{"type":"string","description_kind":"plain","optional":true},"user_id":{"type":"string","description_kind":"plain","optional":true}},"description_kind":"plain"}},"assign_metered_assignment_by_agent":{"nesting_mode":"list","block":{"attributes":{"evaluation_form_id":{"type":"string","description_kind":"plain","optional":true},"evaluator_ids":{"type":["list","string"],"description_kind":"plain","optional":true},"max_number_evaluations":{"type":"number","description_kind":"plain","optional":true},"time_zone":{"type":"string","description_kind":"plain","optional":true}},"block_types":{"time_interval":{"nesting_mode":"list","block":{"attributes":{"days":{"type":"number","description_kind":"plain","optional":true},"hours":{"type":"number","description_kind":"plain","optional":true},"months":{"type":"number","description_kind":"plain","optional":true},"weeks":{"type":"number","description_kind":"plain","optional":true}},"description_kind":"plain"},"max_items":1}},"description_kind":"plain"}},"assign_metered_evaluations":{"nesting_mode":"list","block":{"attributes":{"assign_to_active_user":{"type":"bool","description_kind":"plain","optional":true},"evaluation_form_id":{"type":"string","description_kind":"plain","optional":true},"evaluator_ids":{"type":["list","string"],"description_kind":"plain","optional":true},"max_number_evaluations":{"type":"number","description_kind":"plain","optional":true}},"block_types":{"time_interval":{"nesting_mode":"list","block":{"attributes":{"days":{"type":"number","description_kind":"plain","optional":true},"hours":{"type":"number","description_kind":"plain","optional":true},"months":{"type":"number","description_kind":"plain","optional":true},"weeks":{"type":"number","description_kind":"plain","optional":true}},"description_kind":"plain"},"max_items":1}},"description_kind":"plain"}},"assign_surveys":{"nesting_mode":"list","block":{"attributes":{"flow_id":{"type":"string","description":"The UUID reference to the flow associated with this survey.","description_kind":"markdown","optional":true},"invite_time_interval":{"type":"string","description":"An ISO 8601 repeated interval consisting of the number of repetitions, the start datetime, and the interval (e.g. R2/2018-03-01T13:00:00Z/P1M10DT2H30M). Total duration must not exceed 90 days. Defaults to `R1/P0M`.","description_kind":"markdown","optional":true},"sending_domain":{"type":"string","description":"Validated email domain, required","description_kind":"markdown","required":true},"sending_user":{"type":"string","description":"User together with sendingDomain used to send email, null to use no-reply","description_kind":"markdown","optional":true},"survey_form_name":{"type":"string","description":"The survey form used for this survey.","description_kind":"markdown","optional":true}},"description_kind":"plain"}},"initiate_screen_recording":{"nesting_mode":"list","block":{"attributes":{"record_acw":{"type":"bool","description_kind":"plain","optional":true}},"block_types":{"archive_retention":{"nesting_mode":"list","block":{"attributes":{"days":{"type":"number","description_kind":"plain","optional":true},"storage_medium":{"type":"string","description_kind":"plain","optional":true}},"description_kind":"plain"},"max_items":1},"delete_retention":{"nesting_mode":"list","block":{"attributes":{"days":{"type":"number","description_kind":"plain","optional":true}},"description_kind":"plain"},"max_items":1}},"description_kind":"plain"},"max_items":1},"integration_export":{"nesting_mode":"list","block":{"attributes":{"integration_id":{"type":"string","description":"The aws-s3-recording-bulk-actions-integration that the policy uses for exports.","description_kind":"markdown","optional":true},"should_export_screen_recordings":{"type":"bool","description":"True if the policy should export screen recordings in addition to the other conversation media. Defaults to `true`.","description_kind":"markdown","optional":true}},"description":"Policy action for exporting recordings using an integration to 3rd party s3.","description_kind":"markdown"},"max_items":1},"media_transcriptions":{"nesting_mode":"list","block":{"attributes":{"display_name":{"type":"string","description_kind":"plain","optional":true},"integration_id":{"type":"string","description_kind":"plain","optional":true},"transcription_provider":{"type":"string","description_kind":"plain","optional":true}},"description_kind":"plain"}},"retention_duration":{"nesting_mode":"list","block":{"block_types":{"archive_retention":{"nesting_mode":"list","block":{"attributes":{"days":{"type":"number","description_kind":"plain","optional":true},"storage_medium":{"type":"string","description_kind":"plain","optional":true}},"description_kind":"plain"},"max_items":1},"delete_retention":{"nesting_mode":"list","block":{"attributes":{"days":{"type":"number","description_kind":"plain","optional":true}},"description_kind":"plain"},"max_items":1}},"description_kind":"plain"},"max_items":1}},"description":"Actions applied when specified conditions are met","description_kind":"markdown"},"max_items":1},"conditions":{"nesting_mode":"list","block":{"attributes":{"date_ranges":{"type":["list","string"],"description_kind":"plain","optional":true},"directions":{"type":["list","string"],"description_kind":"plain","optional":true},"for_queue_ids":{"type":["list","string"],"description_kind":"plain","optional":true},"for_user_ids":{"type":["list","string"],"description_kind":"plain","optional":true},"language_ids":{"type":["list","string"],"description_kind":"plain","optional":true},"team_ids":{"type":["set","string"],"description":"Teams to match conversations against","description_kind":"markdown","optional":true},"wrapup_code_ids":{"type":["list","string"],"description_kind":"plain","optional":true}},"block_types":{"duration":{"nesting_mode":"list","block":{"attributes":{"duration_mode":{"type":"string","description_kind":"plain","optional":true},"duration_operator":{"type":"string","description_kind":"plain","optional":true},"duration_range":{"type":"string","description_kind":"plain","optional":true},"duration_target":{"type":"string","description_kind":"plain","optional":true}},"description_kind":"plain"},"max_items":1},"time_allowed":{"nesting_mode":"list","block":{"attributes":{"empty":{"type":"bool","description_kind":"plain","optional":true},"time_zone_id":{"type":"string","description_kind":"plain","optional":true}},"block_types":{"time_slots":{"nesting_mode":"list","block":{"attributes":{"day":{"type":"number","description":"Day for this time slot, Monday = 1 ... Sunday = 7","description_kind":"markdown","optional":true},"start_time":{"type":"string","description":"start time in xx:xx:xx.xxx format","description_kind":"markdown","optional":true},"stop_time":{"type":"string","description":"stop time in xx:xx:xx.xxx format","description_kind":"markdown","optional":true}},"description_kind":"plain"}}},"description_kind":"plain"},"max_items":1}},"description":"Conditions for when actions should be applied","description_kind":"markdown"},"max_items":1}},"description":"Conditions and actions for calls","description_kind":"markdown"},"max_items":1},"chat_policy":{"nesting_mode":"list","block":{"block_types":{"actions":{"nesting_mode":"list","block":{"attributes":{"always_delete":{"type":"bool","description":"true to delete the recording associated with the conversation regardless of the values of retainRecording or deleteRecording.","description_kind":"markdown","optional":true},"delete_recording":{"type":"bool","description":"true to delete the recording associated with the conversation. If retainRecording = true, this will be ignored.","description_kind":"markdown","optional":true},"retain_recording":{"type":"bool","description":"true to retain the recording associated with the conversation.","description_kind":"markdown","optional":true}},"block_types":{"assign_calibrations":{"nesting_mode":"list","block":{"attributes":{"calibrator_id":{"type":"string","description_kind":"plain","optional":true},"evaluation_form_id":{"type":"string","description_kind":"plain","optional":true},"evaluator_ids":{"type":["list","string"],"description_kind":"plain","optional":true},"expert_evaluator_id":{"type":"string","description_kind":"plain","optional":true}},"description_kind":"plain"}},"assign_evaluations":{"nesting_mode":"list","block":{"attributes":{"evaluation_form_id":{"type":"string","description_kind":"plain","optional":true},"user_id":{"type":"string","description_kind":"plain","optional":true}},"description_kind":"plain"}},"assign_metered_assignment_by_agent":{"nesting_mode":"list","block":{"attributes":{"evaluation_form_id":{"type":"string","description_kind":"plain","optional":true},"evaluator_ids":{"type":["list","string"],"description_kind":"plain","optional":true},"max_number_evaluations":{"type":"number","description_kind":"plain","optional":true},"time_zone":{"type":"string","description_kind":"plain","optional":true}},"block_types":{"time_interval":{"nesting_mode":"list","block":{"attributes":{"days":{"type":"number","description_kind":"plain","optional":true},"hours":{"type":"number","description_kind":"plain","optional":true},"months":{"type":"number","description_kind":"plain","optional":true},"weeks":{"type":"number","description_kind":"plain","optional":true}},"description_kind":"plain"},"max_items":1}},"description_kind":"plain"}},"assign_metered_evaluations":{"nesting_mode":"list","block":{"attributes":{"assign_to_active_user":{"type":"bool","description_kind":"plain","optional":true},"evaluation_form_id":{"type":"string","description_kind":"plain","optional":true},"evaluator_ids":{"type":["list","string"],"description_kind":"plain","optional":true},"max_number_evaluations":{"type":"number","description_kind":"plain","optional":true}},"block_types":{"time_interval":{"nesting_mode":"list","block":{"attributes":{"days":{"type":"number","description_kind":"plain","optional":true},"hours":{"type":"number","description_kind":"plain","optional":true},"months":{"type":"number","description_kind":"plain","optional":true},"weeks":{"type":"number","description_kind":"plain","optional":true}},"description_kind":"plain"},"max_items":1}},"description_kind":"plain"}},"assign_surveys":{"nesting_mode":"list","block":{"attributes":{"flow_id":{"type":"string","description":"The UUID reference to the flow associated with this survey.","description_kind":"markdown","optional":true},"invite_time_interval":{"type":"string","description":"An ISO 8601 repeated interval consisting of the number of repetitions, the start datetime, and the interval (e.g. R2/2018-03-01T13:00:00Z/P1M10DT2H30M). Total duration must not exceed 90 days. Defaults to `R1/P0M`.","description_kind":"markdown","optional":true},"sending_domain":{"type":"string","description":"Validated email domain, required","description_kind":"markdown","required":true},"sending_user":{"type":"string","description":"User together with sendingDomain used to send email, null to use no-reply","description_kind":"markdown","optional":true},"survey_form_name":{"type":"string","description":"The survey form used for this survey.","description_kind":"markdown","optional":true}},"description_kind":"plain"}},"initiate_screen_recording":{"nesting_mode":"list","block":{"attributes":{"record_acw":{"type":"bool","description_kind":"plain","optional":true}},"block_types":{"archive_retention":{"nesting_mode":"list","block":{"attributes":{"days":{"type":"number","description_kind":"plain","optional":true},"storage_medium":{"type":"string","description_kind":"plain","optional":true}},"description_kind":"plain"},"max_items":1},"delete_retention":{"nesting_mode":"list","block":{"attributes":{"days":{"type":"number","description_kind":"plain","optional":true}},"description_kind":"plain"},"max_items":1}},"description_kind":"plain"},"max_items":1},"integration_export":{"nesting_mode":"list","block":{"attributes":{"integration_id":{"type":"string","description":"The aws-s3-recording-bulk-actions-integration that the policy uses for exports.","description_kind":"markdown","optional":true},"should_export_screen_recordings":{"type":"bool","description":"True if the policy should export screen recordings in addition to the other conversation media. Defaults to `true`.","description_kind":"markdown","optional":true}},"description":"Policy action for exporting recordings using an integration to 3rd party s3.","description_kind":"markdown"},"max_items":1},"media_transcriptions":{"nesting_mode":"list","block":{"attributes":{"display_name":{"type":"string","description_kind":"plain","optional":true},"integration_id":{"type":"string","description_kind":"plain","optional":true},"transcription_provider":{"type":"string","description_kind":"plain","optional":true}},"description_kind":"plain"}},"retention_duration":{"nesting_mode":"list","block":{"block_types":{"archive_retention":{"nesting_mode":"list","block":{"attributes":{"days":{"type":"number","description_kind":"plain","optional":true},"storage_medium":{"type":"string","description_kind":"plain","optional":true}},"description_kind":"plain"},"max_items":1},"delete_retention":{"nesting_mode":"list","block":{"attributes":{"days":{"type":"number","description_kind":"plain","optional":true}},"description_kind":"plain"},"max_items":1}},"description_kind":"plain"},"max_items":1}},"description":"Actions applied when specified conditions are met","description_kind":"markdown"},"max_items":1},"conditions":{"nesting_mode":"list","block":{"attributes":{"date_ranges":{"type":["list","string"],"description_kind":"plain","optional":true},"for_queue_ids":{"type":["list","string"],"description_kind":"plain","optional":true},"for_user_ids":{"type":["list","string"],"description_kind":"plain","optional":true},"language_ids":{"type":["list","string"],"description_kind":"plain","optional":true},"team_ids":{"type":["set","string"],"description":"Teams to match conversations against","description_kind":"markdown","optional":true},"wrapup_code_ids":{"type":["list","string"],"description_kind":"plain","optional":true}},"block_types":{"duration":{"nesting_mode":"list","block":{"attributes":{"duration_mode":{"type":"string","description_kind":"plain","optional":true},"duration_operator":{"type":"string","description_kind":"plain","optional":true},"duration_range":{"type":"string","description_kind":"plain","optional":true},"duration_target":{"type":"string","description_kind":"plain","optional":true}},"description_kind":"plain"},"max_items":1},"time_allowed":{"nesting_mode":"list","block":{"attributes":{"empty":{"type":"bool","description_kind":"plain","optional":true},"time_zone_id":{"type":"string","description_kind":"plain","optional":true}},"block_types":{"time_slots":{"nesting_mode":"list","block":{"attributes":{"day":{"type":"number","description":"Day for this time slot, Monday = 1 ... Sunday = 7","description_kind":"markdown","optional":true},"start_time":{"type":"string","description":"start time in xx:xx:xx.xxx format","description_kind":"markdown","optional":true},"stop_time":{"type":"string","description":"stop time in xx:xx:xx.xxx format","description_kind":"markdown","optional":true}},"description_kind":"plain"}}},"description_kind":"plain"},"max_items":1}},"description":"Conditions for when actions should be applied","description_kind":"markdown"},"max_items":1}},"description":"Conditions and actions for calls","description_kind":"markdown"},"max_items":1},"email_policy":{"nesting_mode":"list","block":{"block_types":{"actions":{"nesting_mode":"list","block":{"attributes":{"always_delete":{"type":"bool","description":"true to delete the recording associated with the conversation regardless of the values of retainRecording or deleteRecording.","description_kind":"markdown","optional":true},"delete_recording":{"type":"bool","description":"true to delete the recording associated with the conversation. If retainRecording = true, this will be ignored.","description_kind":"markdown","optional":true},"retain_recording":{"type":"bool","description":"true to retain the recording associated with the conversation.","description_kind":"markdown","optional":true}},"block_types":{"assign_calibrations":{"nesting_mode":"list","block":{"attributes":{"calibrator_id":{"type":"string","description_kind":"plain","optional":true},"evaluation_form_id":{"type":"string","description_kind":"plain","optional":true},"evaluator_ids":{"type":["list","string"],"description_kind":"plain","optional":true},"expert_evaluator_id":{"type":"string","description_kind":"plain","optional":true}},"description_kind":"plain"}},"assign_evaluations":{"nesting_mode":"list","block":{"attributes":{"evaluation_form_id":{"type":"string","description_kind":"plain","optional":true},"user_id":{"type":"string","description_kind":"plain","optional":true}},"description_kind":"plain"}},"assign_metered_assignment_by_agent":{"nesting_mode":"list","block":{"attributes":{"evaluation_form_id":{"type":"string","description_kind":"plain","optional":true},"evaluator_ids":{"type":["list","string"],"description_kind":"plain","optional":true},"max_number_evaluations":{"type":"number","description_kind":"plain","optional":true},"time_zone":{"type":"string","description_kind":"plain","optional":true}},"block_types":{"time_interval":{"nesting_mode":"list","block":{"attributes":{"days":{"type":"number","description_kind":"plain","optional":true},"hours":{"type":"number","description_kind":"plain","optional":true},"months":{"type":"number","description_kind":"plain","optional":true},"weeks":{"type":"number","description_kind":"plain","optional":true}},"description_kind":"plain"},"max_items":1}},"description_kind":"plain"}},"assign_metered_evaluations":{"nesting_mode":"list","block":{"attributes":{"assign_to_active_user":{"type":"bool","description_kind":"plain","optional":true},"evaluation_form_id":{"type":"string","description_kind":"plain","optional":true},"evaluator_ids":{"type":["list","string"],"description_kind":"plain","optional":true},"max_number_evaluations":{"type":"number","description_kind":"plain","optional":true}},"block_types":{"time_interval":{"nesting_mode":"list","block":{"attributes":{"days":{"type":"number","description_kind":"plain","optional":true},"hours":{"type":"number","description_kind":"plain","optional":true},"months":{"type":"number","description_kind":"plain","optional":true},"weeks":{"type":"number","description_kind":"plain","optional":true}},"description_kind":"plain"},"max_items":1}},"description_kind":"plain"}},"assign_surveys":{"nesting_mode":"list","block":{"attributes":{"flow_id":{"type":"string","description":"The UUID reference to the flow associated with this survey.","description_kind":"markdown","optional":true},"invite_time_interval":{"type":"string","description":"An ISO 8601 repeated interval consisting of the number of repetitions, the start datetime, and the interval (e.g. R2/2018-03-01T13:00:00Z/P1M10DT2H30M). Total duration must not exceed 90 days. Defaults to `R1/P0M`.","description_kind":"markdown","optional":true},"sending_domain":{"type":"string","description":"Validated email domain, required","description_kind":"markdown","required":true},"sending_user":{"type":"string","description":"User together with sendingDomain used to send email, null to use no-reply","description_kind":"markdown","optional":true},"survey_form_name":{"type":"string","description":"The survey form used for this survey.","description_kind":"markdown","optional":true}},"description_kind":"plain"}},"initiate_screen_recording":{"nesting_mode":"list","block":{"attributes":{"record_acw":{"type":"bool","description_kind":"plain","optional":true}},"block_types":{"archive_retention":{"nesting_mode":"list","block":{"attributes":{"days":{"type":"number","description_kind":"plain","optional":true},"storage_medium":{"type":"string","description_kind":"plain","optional":true}},"description_kind":"plain"},"max_items":1},"delete_retention":{"nesting_mode":"list","block":{"attributes":{"days":{"type":"number","description_kind":"plain","optional":true}},"description_kind":"plain"},"max_items":1}},"description_kind":"plain"},"max_items":1},"integration_export":{"nesting_mode":"list","block":{"attributes":{"integration_id":{"type":"string","description":"The aws-s3-recording-bulk-actions-integration that the policy uses for exports.","description_kind":"markdown","optional":true},"should_export_screen_recordings":{"type":"bool","description":"True if the policy should export screen recordings in addition to the other conversation media. Defaults to `true`.","description_kind":"markdown","optional":true}},"description":"Policy action for exporting recordings using an integration to 3rd party s3.","description_kind":"markdown"},"max_items":1},"media_transcriptions":{"nesting_mode":"list","block":{"attributes":{"display_name":{"type":"string","description_kind":"plain","optional":true},"integration_id":{"type":"string","description_kind":"plain","optional":true},"transcription_provider":{"type":"string","description_kind":"plain","optional":true}},"description_kind":"plain"}},"retention_duration":{"nesting_mode":"list","block":{"block_types":{"archive_retention":{"nesting_mode":"list","block":{"attributes":{"days":{"type":"number","description_kind":"plain","optional":true},"storage_medium":{"type":"string","description_kind":"plain","optional":true}},"description_kind":"plain"},"max_items":1},"delete_retention":{"nesting_mode":"list","block":{"attributes":{"days":{"type":"number","description_kind":"plain","optional":true}},"description_kind":"plain"},"max_items":1}},"description_kind":"plain"},"max_items":1}},"description":"Actions applied when specified conditions are met","description_kind":"markdown"},"max_items":1},"conditions":{"nesting_mode":"list","block":{"attributes":{"customer_participation":{"type":"string","description":"This condition is to filter out conversation with and without customer participation. Valid values: YES, NO.","description_kind":"markdown","optional":true},"date_ranges":{"type":["list","string"],"description_kind":"plain","optional":true},"for_queue_ids":{"type":["list","string"],"description_kind":"plain","optional":true},"for_user_ids":{"type":["list","string"],"description_kind":"plain","optional":true},"language_ids":{"type":["list","string"],"description_kind":"plain","optional":true},"team_ids":{"type":["set","string"],"description":"Teams to match conversations against","description_kind":"markdown","optional":true},"wrapup_code_ids":{"type":["list","string"],"description_kind":"plain","optional":true}},"block_types":{"time_allowed":{"nesting_mode":"list","block":{"attributes":{"empty":{"type":"bool","description_kind":"plain","optional":true},"time_zone_id":{"type":"string","description_kind":"plain","optional":true}},"block_types":{"time_slots":{"nesting_mode":"list","block":{"attributes":{"day":{"type":"number","description":"Day for this time slot, Monday = 1 ... Sunday = 7","description_kind":"markdown","optional":true},"start_time":{"type":"string","description":"start time in xx:xx:xx.xxx format","description_kind":"markdown","optional":true},"stop_time":{"type":"string","description":"stop time in xx:xx:xx.xxx format","description_kind":"markdown","optional":true}},"description_kind":"plain"}}},"description_kind":"plain"},"max_items":1}},"description":"Conditions for when actions should be applied","description_kind":"markdown"},"max_items":1}},"description":"Conditions and actions for calls","description_kind":"markdown"},"max_items":1},"message_policy":{"nesting_mode":"list","block":{"block_types":{"actions":{"nesting_mode":"list","block":{"attributes":{"always_delete":{"type":"bool","description":"true to delete the recording associated with the conversation regardless of the values of retainRecording or deleteRecording.","description_kind":"markdown","optional":true},"delete_recording":{"type":"bool","description":"true to delete the recording associated with the conversation. If retainRecording = true, this will be ignored.","description_kind":"markdown","optional":true},"retain_recording":{"type":"bool","description":"true to retain the recording associated with the conversation.","description_kind":"markdown","optional":true}},"block_types":{"assign_calibrations":{"nesting_mode":"list","block":{"attributes":{"calibrator_id":{"type":"string","description_kind":"plain","optional":true},"evaluation_form_id":{"type":"string","description_kind":"plain","optional":true},"evaluator_ids":{"type":["list","string"],"description_kind":"plain","optional":true},"expert_evaluator_id":{"type":"string","description_kind":"plain","optional":true}},"description_kind":"plain"}},"assign_evaluations":{"nesting_mode":"list","block":{"attributes":{"evaluation_form_id":{"type":"string","description_kind":"plain","optional":true},"user_id":{"type":"string","description_kind":"plain","optional":true}},"description_kind":"plain"}},"assign_metered_assignment_by_agent":{"nesting_mode":"list","block":{"attributes":{"evaluation_form_id":{"type":"string","description_kind":"plain","optional":true},"evaluator_ids":{"type":["list","string"],"description_kind":"plain","optional":true},"max_number_evaluations":{"type":"number","description_kind":"plain","optional":true},"time_zone":{"type":"string","description_kind":"plain","optional":true}},"block_types":{"time_interval":{"nesting_mode":"list","block":{"attributes":{"days":{"type":"number","description_kind":"plain","optional":true},"hours":{"type":"number","description_kind":"plain","optional":true},"months":{"type":"number","description_kind":"plain","optional":true},"weeks":{"type":"number","description_kind":"plain","optional":true}},"description_kind":"plain"},"max_items":1}},"description_kind":"plain"}},"assign_metered_evaluations":{"nesting_mode":"list","block":{"attributes":{"assign_to_active_user":{"type":"bool","description_kind":"plain","optional":true},"evaluation_form_id":{"type":"string","description_kind":"plain","optional":true},"evaluator_ids":{"type":["list","string"],"description_kind":"plain","optional":true},"max_number_evaluations":{"type":"number","description_kind":"plain","optional":true}},"block_types":{"time_interval":{"nesting_mode":"list","block":{"attributes":{"days":{"type":"number","description_kind":"plain","optional":true},"hours":{"type":"number","description_kind":"plain","optional":true},"months":{"type":"number","description_kind":"plain","optional":true},"weeks":{"type":"number","description_kind":"plain","optional":true}},"description_kind":"plain"},"max_items":1}},"description_kind":"plain"}},"assign_surveys":{"nesting_mode":"list","block":{"attributes":{"flow_id":{"type":"string","description":"The UUID reference to the flow associated with this survey.","description_kind":"markdown","optional":true},"invite_time_interval":{"type":"string","description":"An ISO 8601 repeated interval consisting of the number of repetitions, the start datetime, and the interval (e.g. R2/2018-03-01T13:00:00Z/P1M10DT2H30M). Total duration must not exceed 90 days. Defaults to `R1/P0M`.","description_kind":"markdown","optional":true},"sending_domain":{"type":"string","description":"Validated email domain, required","description_kind":"markdown","required":true},"sending_user":{"type":"string","description":"User together with sendingDomain used to send email, null to use no-reply","description_kind":"markdown","optional":true},"survey_form_name":{"type":"string","description":"The survey form used for this survey.","description_kind":"markdown","optional":true}},"description_kind":"plain"}},"initiate_screen_recording":{"nesting_mode":"list","block":{"attributes":{"record_acw":{"type":"bool","description_kind":"plain","optional":true}},"block_types":{"archive_retention":{"nesting_mode":"list","block":{"attributes":{"days":{"type":"number","description_kind":"plain","optional":true},"storage_medium":{"type":"string","description_kind":"plain","optional":true}},"description_kind":"plain"},"max_items":1},"delete_retention":{"nesting_mode":"list","block":{"attributes":{"days":{"type":"number","description_kind":"plain","optional":true}},"description_kind":"plain"},"max_items":1}},"description_kind":"plain"},"max_items":1},"integration_export":{"nesting_mode":"list","block":{"attributes":{"integration_id":{"type":"string","description":"The aws-s3-recording-bulk-actions-integration that the policy uses for exports.","description_kind":"markdown","optional":true},"should_export_screen_recordings":{"type":"bool","description":"True if the policy should export screen recordings in addition to the other conversation media. Defaults to `true`.","description_kind":"markdown","optional":true}},"description":"Policy action for exporting recordings using an integration to 3rd party s3.","description_kind":"markdown"},"max_items":1},"media_transcriptions":{"nesting_mode":"list","block":{"attributes":{"display_name":{"type":"string","description_kind":"plain","optional":true},"integration_id":{"type":"string","description_kind":"plain","optional":true},"transcription_provider":{"type":"string","description_kind":"plain","optional":true}},"description_kind":"plain"}},"retention_duration":{"nesting_mode":"list","block":{"block_types":{"archive_retention":{"nesting_mode":"list","block":{"attributes":{"days":{"type":"number","description_kind":"plain","optional":true},"storage_medium":{"type":"string","description_kind":"plain","optional":true}},"description_kind":"plain"},"max_items":1},"delete_retention":{"nesting_mode":"list","block":{"attributes":{"days":{"type":"number","description_kind":"plain","optional":true}},"description_kind":"plain"},"max_items":1}},"description_kind":"plain"},"max_items":1}},"description":"Actions applied when specified conditions are met","description_kind":"markdown"},"max_items":1},"conditions":{"nesting_mode":"list","block":{"attributes":{"customer_participation":{"type":"string","description":"This condition is to filter out conversation with and without customer participation.Valid values: YES, NO.","description_kind":"markdown","optional":true},"date_ranges":{"type":["list","string"],"description_kind":"plain","optional":true},"for_queue_ids":{"type":["list","string"],"description_kind":"plain","optional":true},"for_user_ids":{"type":["list","string"],"description_kind":"plain","optional":true},"language_ids":{"type":["list","string"],"description_kind":"plain","optional":true},"team_ids":{"type":["set","string"],"description":"Teams to match conversations against","description_kind":"markdown","optional":true},"wrapup_code_ids":{"type":["list","string"],"description_kind":"plain","optional":true}},"block_types":{"time_allowed":{"nesting_mode":"list","block":{"attributes":{"empty":{"type":"bool","description_kind":"plain","optional":true},"time_zone_id":{"type":"string","description_kind":"plain","optional":true}},"block_types":{"time_slots":{"nesting_mode":"list","block":{"attributes":{"day":{"type":"number","description":"Day for this time slot, Monday = 1 ... Sunday = 7","description_kind":"markdown","optional":true},"start_time":{"type":"string","description":"start time in xx:xx:xx.xxx format","description_kind":"markdown","optional":true},"stop_time":{"type":"string","description":"stop time in xx:xx:xx.xxx format","description_kind":"markdown","optional":true}},"description_kind":"plain"}}},"description_kind":"plain"},"max_items":1}},"description":"Conditions for when actions should be applied","description_kind":"markdown"},"max_items":1}},"description":"Conditions and actions for calls","description_kind":"markdown"},"max_items":1}},"description":"Conditions and actions per media type","description_kind":"markdown"},"max_items":1},"policy_errors":{"nesting_mode":"list","block":{"block_types":{"policy_error_messages":{"nesting_mode":"list","block":{"attributes":{"correlation_id":{"type":"string","description_kind":"plain","optional":true},"error_code":{"type":"string","description_kind":"plain","optional":true},"insert_date":{"type":"string","description":"Date time is represented as an ISO-8601 string. For example: yyyy-MM-ddTHH:mm:ss[.mmm]Z","description_kind":"markdown","optional":true},"status_code":{"type":"number","description_kind":"plain","optional":true},"user_message":{"type":["map","string"],"description_kind":"plain","optional":true},"user_params_message":{"type":"string","description_kind":"plain","optional":true}},"block_types":{"user_params":{"nesting_mode":"list","block":{"attributes":{"key":{"type":"string","description_kind":"plain","optional":true},"value":{"type":"string","description_kind":"plain","optional":true}},"description_kind":"plain"}}},"description_kind":"plain"}}},"description":"A list of errors in the policy configuration","description_kind":"markdown"},"max_items":1}},"description":"Genesys Cloud Media Retention Policies","description_kind":"markdown"}},"genesyscloud_responsemanagement_library":{"version":1,"block":{"attributes":{"id":{"type":"string","description_kind":"plain","optional":true,"computed":true},"name":{"type":"string","description":"The library name.","description_kind":"markdown","required":true}},"description":"Genesys Cloud responsemanagement library","description_kind":"markdown"}},"genesyscloud_responsemanagement_response":{"version":1,"block":{"attributes":{"asset_ids":{"type":["set","string"],"description":"Assets used in the response","description_kind":"markdown","optional":true},"id":{"type":"string","description_kind":"plain","optional":true,"computed":true},"interaction_type":{"type":"string","description":"The interaction type for this response.","description_kind":"markdown","optional":true},"library_ids":{"type":["set","string"],"description":"One or more libraries response is associated with. Changing the library IDs will result in the resource being recreated","description_kind":"markdown","required":true},"name":{"type":"string","description":"Name of the responsemanagement response","description_kind":"markdown","required":true},"response_type":{"type":"string","description":"The response type represented by the response.","description_kind":"markdown","optional":true},"substitutions_schema_id":{"type":"string","description":"Metadata about the text substitutions in json schema format.","description_kind":"markdown","optional":true}},"block_types":{"footer":{"nesting_mode":"set","block":{"attributes":{"applicable_resources":{"type":["list","string"],"description":"Specifies the canned response template where the footer can be used.Valid values: Campaign.","description_kind":"markdown","optional":true},"type":{"type":"string","description":"Specifies the type represented by Footer.Valid values: Signature.","description_kind":"markdown","optional":true}},"description":"Footer template identifies the Footer type and its footerUsage","description_kind":"markdown"},"max_items":1},"messaging_template":{"nesting_mode":"set","block":{"block_types":{"whats_app":{"nesting_mode":"set","block":{"attributes":{"language":{"type":"string","description":"The messaging template language configured for this template. This is a WhatsApp specific value. For example, 'en_US'","description_kind":"markdown","required":true},"name":{"type":"string","description":"The messaging template name.","description_kind":"markdown","required":true},"namespace":{"type":"string","description":"The messaging template namespace.","description_kind":"markdown","optional":true}},"description":"Defines a messaging template for a WhatsApp messaging channel","description_kind":"markdown"},"max_items":1}},"description":"An optional messaging template definition for responseType.MessagingTemplate.","description_kind":"markdown"},"max_items":1},"substitutions":{"nesting_mode":"set","block":{"attributes":{"default_value":{"type":"string","description":"Response substitution default value.","description_kind":"markdown","optional":true},"description":{"type":"string","description":"Response substitution description.","description_kind":"markdown","optional":true},"id":{"type":"string","description":"Response substitution identifier.","description_kind":"markdown","required":true}},"description":"Details about any text substitutions used in the texts for this response.","description_kind":"markdown"}},"texts":{"nesting_mode":"set","block":{"attributes":{"content":{"type":"string","description":"Response text content.","description_kind":"markdown","required":true},"content_type":{"type":"string","description":"Response text content type.","description_kind":"markdown","optional":true},"type":{"type":"string","description":"Response text type.","description_kind":"markdown","optional":true}},"description":"One or more texts associated with the response.","description_kind":"markdown"},"min_items":1}},"description":"Genesys Cloud responsemanagement response","description_kind":"markdown"}},"genesyscloud_responsemanagement_responseasset":{"version":1,"block":{"attributes":{"division_id":{"type":"string","description":"Division to associate to this asset. Can only be used with this division.","description_kind":"markdown","optional":true,"computed":true},"file_content_hash":{"type":"string","description":"Hash value of the response asset file content. Used to detect changes. Note: If the file content hash changes, the existing response asset will be dropped and recreated with a new ID","description_kind":"markdown","optional":true,"computed":true},"filename":{"type":"string","description":"Name of the file to upload. Changing the name attribute will cause the existing response asset to be dropped and recreated with a new ID. It must not start with a dot and not end with a forward slash. If the referenced file is stored on S3, it will be downloaded to temporary storage to satisfy API requirements. When referencing a local file, the following characters are not allowed: \\{^}%`]\"\u003e[~\u003c#|","description_kind":"markdown","required":true},"id":{"type":"string","description_kind":"plain","optional":true,"computed":true},"name":{"type":"string","description":"Name of the response asset. Can be optionally defined to replace the name given in the filename. Changing the name attribute will cause the existing response asset to be dropped and recreated with a new ID. It must not start with a dot and not end with a forward slash. The following characters are not allowed: \\{^}%`]\"\u003e[~\u003c#|,","description_kind":"markdown","optional":true,"computed":true}},"description":"Genesys Cloud responsemanagement response asset","description_kind":"markdown"}},"genesyscloud_routing_email_domain":{"version":1,"block":{"attributes":{"custom_smtp_server_id":{"type":"string","description":"The ID of the custom SMTP server integration to use when sending outbound emails from this domain.","description_kind":"markdown","optional":true},"domain_id":{"type":"string","description":"Unique Id of the domain such as: 'example.com'. If subdomain is true, the Genesys Cloud regional domain is appended. Changing the domain_id attribute will cause the routing_email_domain to be dropped and recreated with a new ID.","description_kind":"markdown","required":true},"id":{"type":"string","description_kind":"plain","optional":true,"computed":true},"mail_from_domain":{"type":"string","description":"The custom MAIL FROM domain. This must be a subdomain of your email domain","description_kind":"markdown","optional":true},"subdomain":{"type":"bool","description":"Indicates if this a Genesys Cloud sub-domain. If true, then the appropriate DNS records are created for sending/receiving email. Changing the subdomain attribute will cause the routing_email_domain to be dropped and recreated with a new ID. Defaults to `false`.","description_kind":"markdown","optional":true}},"description":"Genesys Cloud Routing Email Domain","description_kind":"markdown"}},"genesyscloud_routing_email_route":{"version":1,"block":{"attributes":{"allow_multiple_actions":{"type":"bool","description":"Control if multiple actions are allowed on this route. When true the disconnect has to be done manually. When false a conversation will be disconnected by the system after every action.","description_kind":"markdown","optional":true},"domain_id":{"type":"string","description":"ID of the routing domain such as: 'example.com'. Changing the domain_id attribute will cause the email_route object to be dropped and recreated with a new ID.","description_kind":"markdown","required":true},"flow_id":{"type":"string","description":"The flow to use for processing the email. This should not be set if a queue_id is specified.","description_kind":"markdown","optional":true},"from_email":{"type":"string","description":"The sender email to use for outgoing replies. This should not be set if reply_email_address is specified.","description_kind":"markdown","optional":true},"from_name":{"type":"string","description":"The sender name to use for outgoing replies.","description_kind":"markdown","required":true},"history_inclusion":{"type":"string","description":"The configuration to indicate how the history of a conversation has to be included in a draft. Defaults to `Optional`.","description_kind":"markdown","optional":true},"id":{"type":"string","description_kind":"plain","optional":true,"computed":true},"language_id":{"type":"string","description":"The language to use for routing.","description_kind":"markdown","optional":true},"pattern":{"type":"string","description":"The search pattern that the mailbox name should match.","description_kind":"markdown","required":true},"priority":{"type":"number","description":"The priority to use for routing.","description_kind":"markdown","optional":true},"queue_id":{"type":"string","description":"The queue to route the emails to. This should not be set if a flow_id is specified.","description_kind":"markdown","optional":true},"skill_ids":{"type":["set","string"],"description":"The skills to use for routing.","description_kind":"markdown","optional":true},"spam_flow_id":{"type":"string","description":"The flow to use for processing inbound emails that have been marked as spam.","description_kind":"markdown","optional":true}},"block_types":{"auto_bcc":{"nesting_mode":"set","block":{"attributes":{"email":{"type":"string","description":"Email address.","description_kind":"markdown","required":true},"name":{"type":"string","description":"Name associated with the email.","description_kind":"markdown","optional":true}},"description":"The recipients that should be automatically blind copied on outbound emails associated with this route. This should not be set if reply_email_address is specified.","description_kind":"markdown"}},"reply_email_address":{"nesting_mode":"list","block":{"attributes":{"domain_id":{"type":"string","description":"Domain of the route.","description_kind":"markdown","optional":true,"computed":true},"route_id":{"type":"string","description":"ID of the route.","description_kind":"markdown","optional":true},"self_reference_route":{"type":"bool","description":"Use this route as the reply email address. If true you will use the route id for this resource as the reply and you\n\t\t\t\t\t\t\t              can not set a route. If you set this value to false (or leave the attribute off) you must set a route id and matching domain. Defaults to `false`.","description_kind":"markdown","optional":true}},"description":"The route to use for email replies. This should not be set if from_email or auto_bcc are specified.","description_kind":"markdown"},"max_items":1}},"description":"Genesys Cloud Routing Email Domain Route","description_kind":"markdown"}},"genesyscloud_routing_language":{"version":1,"block":{"attributes":{"id":{"type":"string","description_kind":"plain","optional":true,"computed":true},"name":{"type":"string","description":"Language name. Changing the language_name attribute will cause the language object to be dropped and recreated with a new ID.","description_kind":"markdown","required":true}},"description":"Genesys Cloud Routing Language","description_kind":"markdown"}},"genesyscloud_routing_queue":{"version":2,"block":{"attributes":{"acw_timeout_ms":{"type":"number","description":"The amount of time the agent can stay in ACW. Only set when ACW is MANDATORY_TIMEOUT, MANDATORY_FORCED_TIMEOUT or AGENT_REQUESTED.","description_kind":"markdown","optional":true,"computed":true},"acw_wrapup_prompt":{"type":"string","description":"This field controls how the UI prompts the agent for a wrapup (MANDATORY | OPTIONAL | MANDATORY_TIMEOUT | MANDATORY_FORCED_TIMEOUT | AGENT_REQUESTED). Defaults to `MANDATORY_TIMEOUT`.","description_kind":"markdown","optional":true},"auto_answer_only":{"type":"bool","description":"Specifies whether the configured whisper should play for all ACD calls, or only for those which are auto-answered. Defaults to `true`.","description_kind":"markdown","optional":true},"calling_party_name":{"type":"string","description":"The name to use for caller identification for outbound calls from this queue.","description_kind":"markdown","optional":true},"calling_party_number":{"type":"string","description":"The phone number to use for caller identification for outbound calls from this queue.","description_kind":"markdown","optional":true},"default_script_ids":{"type":["map","string"],"description":"The default script IDs for each communication type. Communication types: (CALL | CALLBACK | CHAT | COBROWSE | EMAIL | MESSAGE | SOCIAL_EXPRESSION | VIDEO | SCREENSHARE)","description_kind":"markdown","optional":true},"description":{"type":"string","description":"Queue description.","description_kind":"markdown","optional":true},"division_id":{"type":"string","description":"The division to which this queue will belong. If not set, the home division will be used.","description_kind":"markdown","optional":true,"computed":true},"email_in_queue_flow_id":{"type":"string","description":"The in-queue flow ID to use for email conversations waiting in queue.","description_kind":"markdown","optional":true},"enable_audio_monitoring":{"type":"bool","description":"Indicates whether audio monitoring is enabled for this queue.","description_kind":"markdown","optional":true},"enable_manual_assignment":{"type":"bool","description":"Indicates whether manual assignment is enabled for this queue. Defaults to `false`.","description_kind":"markdown","optional":true},"enable_transcription":{"type":"bool","description":"Indicates whether voice transcription is enabled for this queue. Defaults to `false`.","description_kind":"markdown","optional":true},"groups":{"type":["set","string"],"description":"List of group ids assigned to the queue","description_kind":"markdown","optional":true},"id":{"type":"string","description_kind":"plain","optional":true,"computed":true},"ignore_members":{"type":"bool","description":"If true, queue members will not be managed through Terraform state or API updates. This provides backwards compatibility for configurations where queue members are managed outside of Terraform.","description_kind":"markdown","optional":true},"last_agent_routing_mode":{"type":"string","description":"The Last Agent Routing Mode for the queue.","description_kind":"markdown","optional":true,"computed":true},"message_in_queue_flow_id":{"type":"string","description":"The in-queue flow ID to use for message conversations waiting in queue.","description_kind":"markdown","optional":true},"name":{"type":"string","description":"Queue name.","description_kind":"markdown","required":true},"on_hold_prompt_id":{"type":"string","description":"The audio to be played when calls on this queue are on hold. If not configured, the default on-hold music will play.","description_kind":"markdown","optional":true},"outbound_messaging_open_messaging_recipient_id":{"type":"string","description":"The unique ID of the outbound messaging open messaging recipient for the queue.","description_kind":"markdown","optional":true},"outbound_messaging_sms_address_id":{"type":"string","description":"The unique ID of the outbound messaging SMS address for the queue.","description_kind":"markdown","optional":true},"outbound_messaging_whatsapp_recipient_id":{"type":"string","description":"The unique ID of the outbound messaging whatsapp recipient for the queue.","description_kind":"markdown","optional":true},"peer_id":{"type":"string","description":"The ID of an associated external queue","description_kind":"markdown","optional":true},"queue_flow_id":{"type":"string","description":"The in-queue flow ID to use for call conversations waiting in queue.","description_kind":"markdown","optional":true},"scoring_method":{"type":"string","description":"The Scoring Method for the queue. Defaults to TimestampAndPriority. Defaults to `TimestampAndPriority`.","description_kind":"markdown","optional":true},"skill_evaluation_method":{"type":"string","description":"The skill evaluation method to use when routing conversations (NONE | BEST | ALL). Defaults to `ALL`.","description_kind":"markdown","optional":true},"skill_groups":{"type":["set","string"],"description":"List of skill group ids assigned to the queue.","description_kind":"markdown","optional":true},"source_queue_id":{"type":"string","description":"The id of an existing queue to copy the settings (does not include GPR settings) from when creating a new queue.","description_kind":"markdown","optional":true},"suppress_in_queue_call_recording":{"type":"bool","description":"Indicates whether recording in-queue calls is suppressed for this queue. Defaults to `true`.","description_kind":"markdown","optional":true},"teams":{"type":["set","string"],"description":"List of ids assigned to the queue","description_kind":"markdown","optional":true},"whisper_prompt_id":{"type":"string","description":"The prompt ID used for whisper on the queue, if configured.","description_kind":"markdown","optional":true},"wrapup_codes":{"type":["set","string"],"description":"IDs of wrapup codes assigned to this queue. If not set, this resource will not manage wrapup codes.","description_kind":"markdown","optional":true,"computed":true}},"block_types":{"agent_owned_routing":{"nesting_mode":"list","block":{"attributes":{"enable_agent_owned_callbacks":{"type":"bool","description":"Enable Agent Owned Callbacks","description_kind":"markdown","optional":true},"max_owned_callback_delay_hours":{"type":"number","description":"Max Owned Call Back Delay Hours \u003e= 7","description_kind":"markdown","optional":true},"max_owned_callback_hours":{"type":"number","description":"Auto End Delay Seconds Must be \u003e= 7","description_kind":"markdown","optional":true}},"description":"Agent Owned Routing.","description_kind":"markdown"},"max_items":1},"bullseye_rings":{"nesting_mode":"list","block":{"attributes":{"expansion_timeout_seconds":{"type":"number","description":"Seconds to wait in this ring before moving to the next.","description_kind":"markdown","required":true},"skills_to_remove":{"type":["set","string"],"description":"Skill IDs to remove on ring exit.","description_kind":"markdown","optional":true}},"block_types":{"member_groups":{"nesting_mode":"set","block":{"attributes":{"member_group_id":{"type":"string","description":"ID (GUID) for Group, SkillGroup, Team","description_kind":"markdown","required":true},"member_group_type":{"type":"string","description":"The type of the member group. Accepted values: TEAM, GROUP, SKILLGROUP","description_kind":"markdown","required":true}},"description_kind":"plain"}}},"description":"The bullseye ring settings for the queue.","description_kind":"markdown"},"max_items":6},"canned_response_libraries":{"nesting_mode":"list","block":{"attributes":{"library_ids":{"type":["set","string"],"description":"Set of canned response library IDs associated with the queue. Populate this field only when the mode is set to SelectedOnly.","description_kind":"markdown","optional":true},"mode":{"type":"string","description":"The association mode of canned response libraries to queue.Valid values: All, SelectedOnly, None.","description_kind":"markdown","optional":true,"computed":true}},"description":"Agent Owned Routing.","description_kind":"markdown"},"max_items":1},"conditional_group_activation":{"nesting_mode":"list","block":{"block_types":{"pilot_rule":{"nesting_mode":"list","block":{"attributes":{"condition_expression":{"type":"string","description":"A string expression that defines the relationships of conditions in this rule.","description_kind":"markdown","required":true}},"block_types":{"conditions":{"nesting_mode":"list","block":{"attributes":{"operator":{"type":"string","description":"The operator used to compare the actual value against the threshold value. Valid values: GreaterThan, GreaterThanOrEqualTo, LessThan, LessThanOrEqualTo, EqualTo, NotEqualTo.","description_kind":"markdown","required":true},"value":{"type":"number","description":"The threshold value, beyond which a rule evaluates as true.","description_kind":"markdown","required":true}},"block_types":{"simple_metric":{"nesting_mode":"list","block":{"attributes":{"metric":{"type":"string","description":"The queue metric being evaluated.  Valid values: EstimatedWaitTime, ServiceLevel, IdleAgentCount.","description_kind":"markdown","required":true},"queue_id":{"type":"string","description":"The queue being evaluated for this rule.  If null, the current queue will be used.","description_kind":"markdown","optional":true,"computed":true}},"description":"Instructs this condition to evaluate a simple queue-level metric.","description_kind":"markdown"},"min_items":1,"max_items":1}},"description":"The list of conditions used in this rule.","description_kind":"markdown"},"min_items":1,"max_items":10}},"description":"The pilot rule for this queue, which executes periodically to determine queue health.","description_kind":"markdown"},"max_items":1},"rules":{"nesting_mode":"list","block":{"attributes":{"condition_expression":{"type":"string","description":"A string expression that defines the relationships of conditions in this rule.","description_kind":"markdown","required":true}},"block_types":{"conditions":{"nesting_mode":"list","block":{"attributes":{"operator":{"type":"string","description":"The operator used to compare the actual value against the threshold value. Valid values: GreaterThan, GreaterThanOrEqualTo, LessThan, LessThanOrEqualTo, EqualTo, NotEqualTo.","description_kind":"markdown","required":true},"value":{"type":"number","description":"The threshold value, beyond which a rule evaluates as true.","description_kind":"markdown","required":true}},"block_types":{"simple_metric":{"nesting_mode":"list","block":{"attributes":{"metric":{"type":"string","description":"The queue metric being evaluated.  Valid values: EstimatedWaitTime, ServiceLevel, IdleAgentCount.","description_kind":"markdown","required":true},"queue_id":{"type":"string","description":"The queue being evaluated for this rule.  If null, the current queue will be used.","description_kind":"markdown","optional":true,"computed":true}},"description":"Instructs this condition to evaluate a simple queue-level metric.","description_kind":"markdown"},"min_items":1,"max_items":1}},"description":"The list of conditions used in this rule.","description_kind":"markdown"},"min_items":1,"max_items":10},"groups":{"nesting_mode":"list","block":{"attributes":{"member_group_id":{"type":"string","description":"ID (GUID) for Group, SkillGroup, Team","description_kind":"markdown","required":true},"member_group_type":{"type":"string","description":"The type of the member group. Accepted values: TEAM, GROUP, SKILLGROUP","description_kind":"markdown","required":true}},"description":"The group(s) to activate if the rule evaluates as true.","description_kind":"markdown"},"min_items":1,"max_items":5}},"description":"The set of rules to be periodically executed on the queue (if the pilot rule evaluates as true or there is no pilot rule).","description_kind":"markdown"},"min_items":1,"max_items":5}},"description":"The Conditional Group Activation settings for the queue.","description_kind":"markdown"},"max_items":1},"conditional_group_routing_rules":{"nesting_mode":"list","block":{"attributes":{"condition_value":{"type":"number","description":"The limit value, beyond which a rule evaluates as true.","description_kind":"markdown","optional":true},"metric":{"type":"string","description":"The queue metric being evaluated. Valid values: EstimatedWaitTime, ServiceLevel Defaults to `EstimatedWaitTime`.","description_kind":"markdown","optional":true},"operator":{"type":"string","description":"The operator that compares the actual value against the condition value. Valid values: GreaterThan, GreaterThanOrEqualTo, LessThan, LessThanOrEqualTo.","description_kind":"markdown","optional":true},"queue_id":{"type":"string","description":"The ID of the queue being evaluated for this rule. For rule 1, this is always be the current queue, so no queue id should be specified for the first rule.","description_kind":"markdown","optional":true},"wait_seconds":{"type":"number","description":"The number of seconds to wait in this rule, if it evaluates as true, before evaluating the next rule. For the final rule, this is ignored, so need not be specified. Defaults to `2`.","description_kind":"markdown","optional":true}},"block_types":{"groups":{"nesting_mode":"set","block":{"attributes":{"member_group_id":{"type":"string","description":"ID (GUID) for Group, SkillGroup, Team","description_kind":"markdown","required":true},"member_group_type":{"type":"string","description":"The type of the member group. Accepted values: TEAM, GROUP, SKILLGROUP","description_kind":"markdown","required":true}},"description":"The group(s) to activate if the rule evaluates as true.","description_kind":"markdown"},"min_items":1}},"description":"The Conditional Group Routing settings for the queue. **Note**: conditional_group_routing_rules is deprecated in genesyscloud_routing_queue. CGR is now a standalone resource, please set ENABLE_STANDALONE_CGR in your environment variables to enable and use genesyscloud_routing_queue_conditional_group_routing","description_kind":"markdown"},"max_items":5},"direct_routing":{"nesting_mode":"list","block":{"attributes":{"agent_wait_seconds":{"type":"number","description":"The queue default time a Direct Routing interaction will wait for an agent before it goes to configured backup. Defaults to `60`.","description_kind":"markdown","optional":true},"backup_queue_id":{"type":"string","description":"Direct Routing default backup queue id (if none supplied this queue will be used as backup).","description_kind":"markdown","optional":true,"computed":true},"call_use_agent_address_outbound":{"type":"bool","description":"Boolean indicating if user Direct Routing addresses should be used outbound on behalf of queue in place of Queue address for calls. Defaults to `true`.","description_kind":"markdown","optional":true},"email_use_agent_address_outbound":{"type":"bool","description":"Boolean indicating if user Direct Routing addresses should be used outbound on behalf of queue in place of Queue address for emails. Defaults to `true`.","description_kind":"markdown","optional":true},"message_use_agent_address_outbound":{"type":"bool","description":"Boolean indicating if user Direct Routing addresses should be used outbound on behalf of queue in place of Queue address for messages. Defaults to `true`.","description_kind":"markdown","optional":true},"wait_for_agent":{"type":"bool","description":"Boolean indicating if Direct Routing interactions should wait for the targeted agent by default. Defaults to `false`.","description_kind":"markdown","optional":true}},"description":"Used by the System to set Direct Routing settings for a system Direct Routing queue.","description_kind":"markdown"},"max_items":1},"media_settings_call":{"nesting_mode":"list","block":{"attributes":{"alerting_timeout_sec":{"type":"number","description":"Alerting timeout in seconds. Must be \u003e= 7","description_kind":"markdown","optional":true},"enable_auto_answer":{"type":"bool","description":"Auto-Answer for digital channels(Email, Message) Defaults to `false`.","description_kind":"markdown","optional":true},"service_level_duration_ms":{"type":"number","description":"Service Level target in milliseconds. Must be \u003e= 1000","description_kind":"markdown","optional":true},"service_level_percentage":{"type":"number","description":"The desired Service Level. A float value between 0 and 1.","description_kind":"markdown","optional":true}},"block_types":{"sub_type_settings":{"nesting_mode":"list","block":{"attributes":{"enable_auto_answer":{"type":"bool","description":"Indicates if auto-answer is enabled for the given media type or subtype (default is false). Subtype settings take precedence over media type settings.","description_kind":"markdown","required":true},"media_type":{"type":"string","description":"The name of the social media company","description_kind":"markdown","required":true}},"description":"Auto-Answer for digital channels(Email, Message)","description_kind":"markdown"}}},"description":"Call media settings.","description_kind":"markdown"},"max_items":1},"media_settings_callback":{"nesting_mode":"list","block":{"attributes":{"alerting_timeout_sec":{"type":"number","description":"Alerting timeout in seconds. Must be \u003e= 7","description_kind":"markdown","optional":true},"answering_machine_flow_id":{"type":"string","description":"The inbound flow to transfer to if an answering machine is detected during the outbound call of a customer first callback when answeringMachineReactionType is set to TransferToFlow.","description_kind":"markdown","optional":true},"answering_machine_reaction_type":{"type":"string","description":"The action to take if an answering machine is detected during the outbound call of a customer first callback. Valid values include: HangUp, TransferToQueue, TransferToFlow","description_kind":"markdown","optional":true},"auto_answer_alert_tone_seconds":{"type":"number","description":"How long to play the alerting tone for an auto-answer interaction.","description_kind":"markdown","optional":true},"auto_dial_delay_seconds":{"type":"number","description":"Auto Dial Delay Seconds.","description_kind":"markdown","optional":true},"auto_end_delay_seconds":{"type":"number","description":"Auto End Delay Seconds.","description_kind":"markdown","optional":true},"enable_auto_answer":{"type":"bool","description":"Auto-Answer for digital channels(Email, Message) Defaults to `false`.","description_kind":"markdown","optional":true},"enable_auto_dial_and_end":{"type":"bool","description":"Auto Dial and End Defaults to `false`.","description_kind":"markdown","optional":true},"live_voice_flow_id":{"type":"string","description":"The inbound flow to transfer to if a live voice is detected during the outbound call of a customer first callback.","description_kind":"markdown","optional":true},"live_voice_reaction_type":{"type":"string","description":"The action to take if a live voice is detected during the outbound call of a customer first callback. Valid values include: HangUp, TransferToQueue, TransferToFlow","description_kind":"markdown","optional":true},"manual_answer_alert_tone_seconds":{"type":"number","description":"How long to play the alerting tone for a manual-answer interaction.","description_kind":"markdown","optional":true},"max_retry_count":{"type":"number","description":"Maximum number of retries that should be attempted to try and connect a customer first callback to a customer when the initial callback attempt did not connect.","description_kind":"markdown","optional":true},"mode":{"type":"string","description":"The mode callbacks will use on this queue.","description_kind":"markdown","optional":true,"computed":true},"pacing_modifier":{"type":"number","description":"Controls the maximum number of outbound calls at one time when mode is CustomerFirst.","description_kind":"markdown","optional":true},"retry_delay_seconds":{"type":"number","description":"Delay in seconds between each retry of a customer first callback.","description_kind":"markdown","optional":true},"service_level_duration_ms":{"type":"number","description":"Service Level target in milliseconds. Must be \u003e= 1000","description_kind":"markdown","optional":true},"service_level_percentage":{"type":"number","description":"The desired Service Level. A float value between 0 and 1.","description_kind":"markdown","optional":true}},"block_types":{"sub_type_settings":{"nesting_mode":"list","block":{"attributes":{"enable_auto_answer":{"type":"bool","description":"Indicates if auto-answer is enabled for the given media type or subtype (default is false). Subtype settings take precedence over media type settings.","description_kind":"markdown","required":true},"media_type":{"type":"string","description":"The name of the social media company","description_kind":"markdown","required":true}},"description":"Auto-Answer for digital channels(Email, Message)","description_kind":"markdown"}}},"description":"Callback media settings.","description_kind":"markdown"},"max_items":1},"media_settings_chat":{"nesting_mode":"list","block":{"attributes":{"alerting_timeout_sec":{"type":"number","description":"Alerting timeout in seconds. Must be \u003e= 7","description_kind":"markdown","optional":true},"enable_auto_answer":{"type":"bool","description":"Auto-Answer for digital channels(Email, Message) Defaults to `false`.","description_kind":"markdown","optional":true},"service_level_duration_ms":{"type":"number","description":"Service Level target in milliseconds. Must be \u003e= 1000","description_kind":"markdown","optional":true},"service_level_percentage":{"type":"number","description":"The desired Service Level. A float value between 0 and 1.","description_kind":"markdown","optional":true}},"block_types":{"sub_type_settings":{"nesting_mode":"list","block":{"attributes":{"enable_auto_answer":{"type":"bool","description":"Indicates if auto-answer is enabled for the given media type or subtype (default is false). Subtype settings take precedence over media type settings.","description_kind":"markdown","required":true},"media_type":{"type":"string","description":"The name of the social media company","description_kind":"markdown","required":true}},"description":"Auto-Answer for digital channels(Email, Message)","description_kind":"markdown"}}},"description":"Chat media settings.","description_kind":"markdown"},"max_items":1},"media_settings_email":{"nesting_mode":"list","block":{"attributes":{"alerting_timeout_sec":{"type":"number","description":"Alerting timeout in seconds. Must be \u003e= 7","description_kind":"markdown","optional":true},"enable_auto_answer":{"type":"bool","description":"Auto-Answer for digital channels(Email, Message) Defaults to `false`.","description_kind":"markdown","optional":true},"service_level_duration_ms":{"type":"number","description":"Service Level target in milliseconds. Must be \u003e= 1000","description_kind":"markdown","optional":true},"service_level_percentage":{"type":"number","description":"The desired Service Level. A float value between 0 and 1.","description_kind":"markdown","optional":true}},"block_types":{"sub_type_settings":{"nesting_mode":"list","block":{"attributes":{"enable_auto_answer":{"type":"bool","description":"Indicates if auto-answer is enabled for the given media type or subtype (default is false). Subtype settings take precedence over media type settings.","description_kind":"markdown","required":true},"media_type":{"type":"string","description":"The name of the social media company","description_kind":"markdown","required":true}},"description":"Auto-Answer for digital channels(Email, Message)","description_kind":"markdown"}}},"description":"Email media settings.","description_kind":"markdown"},"max_items":1},"media_settings_message":{"nesting_mode":"list","block":{"attributes":{"alerting_timeout_sec":{"type":"number","description":"Alerting timeout in seconds. Must be \u003e= 7","description_kind":"markdown","optional":true},"enable_auto_answer":{"type":"bool","description":"Auto-Answer for digital channels(Email, Message) Defaults to `false`.","description_kind":"markdown","optional":true},"enable_inactivity_timeout":{"type":"bool","description":"Indicates if inactivity timeout is enabled for all subtypes. Defaults to `false`.","description_kind":"markdown","optional":true},"service_level_duration_ms":{"type":"number","description":"Service Level target in milliseconds. Must be \u003e= 1000","description_kind":"markdown","optional":true},"service_level_percentage":{"type":"number","description":"The desired Service Level. A float value between 0 and 1.","description_kind":"markdown","optional":true}},"block_types":{"inactivity_timeout_settings":{"nesting_mode":"list","block":{"attributes":{"action_type":{"type":"string","description":"Action to take when timeout occurs. Valid values: DISCONNECT, SEND_TO_ARCHITECT_FLOW.","description_kind":"markdown","required":true},"flow_id":{"type":"string","description":"Flow ID for architect flow action.","description_kind":"markdown","optional":true},"timeout_seconds":{"type":"number","description":"Timeout in seconds for inactivity on the interaction.","description_kind":"markdown","required":true}},"description":"Inactivity timeout settings for messages.","description_kind":"markdown"},"max_items":1},"sub_type_settings":{"nesting_mode":"list","block":{"attributes":{"enable_auto_answer":{"type":"bool","description":"Indicates if auto-answer is enabled for the given media type or subtype (default is false). Subtype settings take precedence over media type settings.","description_kind":"markdown","required":true},"media_type":{"type":"string","description":"The name of the social media company","description_kind":"markdown","required":true}},"description":"Auto-Answer for digital channels(Email, Message)","description_kind":"markdown"}}},"description":"Message media settings.","description_kind":"markdown"},"max_items":1},"members":{"nesting_mode":"set","block":{"attributes":{"ring_num":{"type":"number","description":"Ring number between 1 and 6 for this user in the queue. Defaults to `1`.","description_kind":"markdown","optional":true},"user_id":{"type":"string","description":"User ID","description_kind":"markdown","required":true}},"description":"Users in the queue. If not set, this resource will not manage members. If a user is already assigned to this queue via a group, attempting to assign them using this field will cause an error to be thrown.","description_kind":"markdown"}},"outbound_email_address":{"nesting_mode":"list","block":{"attributes":{"domain_id":{"type":"string","description":"Unique ID of the email domain. e.g. \"test.example.com\"","description_kind":"markdown","required":true},"route_id":{"type":"string","description":"Unique ID of the email route.","description_kind":"markdown","required":true}},"description":"The outbound email address settings for this queue. **Note**: outbound_email_address is deprecated in genesyscloud_routing_queue. OEA is now a standalone resource, please set ENABLE_STANDALONE_EMAIL_ADDRESS in your environment variables to enable and use genesyscloud_routing_queue_outbound_email_address","description_kind":"markdown"},"max_items":1},"routing_rules":{"nesting_mode":"list","block":{"attributes":{"operator":{"type":"string","description":"Matching operator (MEETS_THRESHOLD | ANY). MEETS_THRESHOLD matches any agent with a score at or above the rule's threshold. ANY matches all specified agents, regardless of score. Defaults to `MEETS_THRESHOLD`.","description_kind":"markdown","optional":true},"threshold":{"type":"number","description":"Threshold required for routing attempt (generally an agent score). Ignored for operator ANY.","description_kind":"markdown","optional":true},"wait_seconds":{"type":"number","description":"Seconds to wait in this rule before moving to the next. Defaults to `5`.","description_kind":"markdown","optional":true}},"description":"The routing rules for the queue, used for routing to known or preferred agents.","description_kind":"markdown"},"max_items":6}},"description":"Genesys Cloud Routing Queue","description_kind":"markdown"}},"genesyscloud_routing_queue_conditional_group_routing":{"version":1,"block":{"attributes":{"id":{"type":"string","description_kind":"plain","optional":true,"computed":true},"queue_id":{"type":"string","description":"Id of the routing queue to which the rules belong","description_kind":"markdown","required":true}},"block_types":{"rules":{"nesting_mode":"list","block":{"attributes":{"condition_value":{"type":"number","description":"The limit value, beyond which a rule evaluates as true.","description_kind":"markdown","required":true},"evaluated_queue_id":{"type":"string","description":"The queue being evaluated for this rule. For rule 1, this is always the current queue, so should not be specified.","description_kind":"markdown","optional":true},"metric":{"type":"string","description":"The queue metric being evaluated. Valid values: EstimatedWaitTime, ServiceLevel. Defaults to `EstimatedWaitTime`.","description_kind":"markdown","optional":true},"operator":{"type":"string","description":"The operator that compares the actual value against the condition value. Valid values: GreaterThan, GreaterThanOrEqualTo, LessThan, LessThanOrEqualTo.","description_kind":"markdown","required":true},"wait_seconds":{"type":"number","description":"The number of seconds to wait in this rule, if it evaluates as true, before evaluating the next rule. For the final rule, this is ignored, so need not be specified. Defaults to `2`.","description_kind":"markdown","optional":true}},"block_types":{"groups":{"nesting_mode":"set","block":{"attributes":{"member_group_id":{"type":"string","description":"ID (GUID) for Group, SkillGroup, Team","description_kind":"markdown","required":true},"member_group_type":{"type":"string","description":"The type of the member group. Accepted values: TEAM, GROUP, SKILLGROUP","description_kind":"markdown","required":true}},"description":"The group(s) to activate if the rule evaluates as true.","description_kind":"markdown"},"min_items":1}},"description":"The Conditional Group Routing settings for the queue.","description_kind":"markdown"},"min_items":1,"max_items":5}},"description":"Genesys Cloud routing queue conditional group routing rules","description_kind":"markdown"}},"genesyscloud_routing_queue_outbound_email_address":{"version":1,"block":{"attributes":{"domain_id":{"type":"string","description":"Unique ID of the email domain. e.g. \"test.example.com\"","description_kind":"markdown","required":true},"id":{"type":"string","description_kind":"plain","optional":true,"computed":true},"queue_id":{"type":"string","description":"The routing queue to which the outbound email address is for.","description_kind":"markdown","required":true},"route_id":{"type":"string","description":"Unique ID of the email route.","description_kind":"markdown","required":true}},"description":"Genesys Cloud Routing Queue Outbound Email Address","description_kind":"markdown"}},"genesyscloud_routing_settings":{"version":1,"block":{"attributes":{"id":{"type":"string","description_kind":"plain","optional":true,"computed":true},"reset_agent_on_presence_change":{"type":"bool","description":"Reset agent score when agent presence changes from off-queue to on-queue","description_kind":"markdown","optional":true,"computed":true}},"block_types":{"contactcenter":{"nesting_mode":"list","block":{"attributes":{"remove_skills_from_blind_transfer":{"type":"bool","description":"Strip skills from transfer","description_kind":"markdown","optional":true}},"description":"Contact center settings","description_kind":"markdown"},"max_items":1},"transcription":{"nesting_mode":"list","block":{"attributes":{"content_search_enabled":{"type":"bool","description":"Setting to enable/disable content search","description_kind":"markdown","optional":true},"low_latency_transcription_enabled":{"type":"bool","description":"Boolean flag indicating whether low latency transcription via Notification API is enabled","description_kind":"markdown","optional":true},"pci_dss_redaction_enabled":{"type":"bool","description":"Setting to enable/disable PCI DSS Redaction","description_kind":"markdown","optional":true},"pii_redaction_enabled":{"type":"bool","description":"Setting to enable/disable PII Redaction","description_kind":"markdown","optional":true},"transcription":{"type":"string","description":"Setting to enable/disable transcription capability.Valid values: Disabled, EnabledGlobally, EnabledQueueFlow","description_kind":"markdown","optional":true},"transcription_confidence_threshold":{"type":"number","description":"Configure confidence threshold. The possible values are from 1 to 100","description_kind":"markdown","optional":true}},"description":"Transcription settings","description_kind":"markdown"},"max_items":1}},"description":"An organization's routing settings","description_kind":"markdown"}},"genesyscloud_routing_skill":{"version":1,"block":{"attributes":{"id":{"type":"string","description_kind":"plain","optional":true,"computed":true},"name":{"type":"string","description":"Skill name. Changing the name attribute will cause the skill object object to dropped and recreated with a new ID.","description_kind":"markdown","required":true}},"description":"Genesys Cloud Routing Skill","description_kind":"markdown"}},"genesyscloud_routing_skill_group":{"version":1,"block":{"attributes":{"description":{"type":"string","description":"Description of the skill group","description_kind":"markdown","optional":true},"division_id":{"type":"string","description":"The division to which this entity belongs","description_kind":"markdown","optional":true,"computed":true},"id":{"type":"string","description_kind":"plain","optional":true,"computed":true},"member_division_ids":{"type":["list","string"],"description":"The IDs of member divisions to add or remove for this skill group. An empty array means all divisions will be removed, '*' means all divisions will be added.","description_kind":"markdown","optional":true},"name":{"type":"string","description":"The group name","description_kind":"markdown","required":true},"skill_conditions":{"type":"string","description":"JSON encoded array of rules that will be used to determine group membership.","description_kind":"markdown","optional":true,"computed":true}},"description":"Genesys Cloud Skill Group","description_kind":"markdown"}},"genesyscloud_routing_sms_address":{"version":1,"block":{"attributes":{"auto_correct_address":{"type":"bool","description":"This is used when the address is created. If the value is not set or true, then the system will, if necessary, auto-correct the address you provide. Set this value to false if the system should not auto-correct the address.","description_kind":"markdown","optional":true},"city":{"type":"string","description":"The city in which this address is in","description_kind":"markdown","required":true},"country_code":{"type":"string","description":"The ISO country code of this address","description_kind":"markdown","required":true},"id":{"type":"string","description_kind":"plain","optional":true,"computed":true},"name":{"type":"string","description":"Name associated with this address","description_kind":"markdown","optional":true},"postal_code":{"type":"string","description":"The postal code this address is in","description_kind":"markdown","required":true},"region":{"type":"string","description":"The state or region this address is in","description_kind":"markdown","required":true},"street":{"type":"string","description":"The number and street address where this address is located.","description_kind":"markdown","required":true}},"description":"Genesys Cloud routing sms address","description_kind":"markdown"}},"genesyscloud_routing_utilization":{"version":1,"block":{"attributes":{"id":{"type":"string","description_kind":"plain","optional":true,"computed":true}},"block_types":{"call":{"nesting_mode":"list","block":{"attributes":{"include_non_acd":{"type":"bool","description":"Block this media type when on a non-ACD conversation. Defaults to `false`.","description_kind":"markdown","optional":true},"interruptible_media_types":{"type":["set","string"],"description":"Set of other media types that can interrupt this media type (call | callback | chat | email | message).","description_kind":"markdown","optional":true},"maximum_capacity":{"type":"number","description":"Maximum capacity of conversations of this media type. Value must be between 0 and 25.","description_kind":"markdown","required":true}},"description":"Call media settings. If not set, this reverts to the default media type settings.","description_kind":"markdown"},"max_items":1},"callback":{"nesting_mode":"list","block":{"attributes":{"include_non_acd":{"type":"bool","description":"Block this media type when on a non-ACD conversation. Defaults to `false`.","description_kind":"markdown","optional":true},"interruptible_media_types":{"type":["set","string"],"description":"Set of other media types that can interrupt this media type (call | callback | chat | email | message).","description_kind":"markdown","optional":true},"maximum_capacity":{"type":"number","description":"Maximum capacity of conversations of this media type. Value must be between 0 and 25.","description_kind":"markdown","required":true}},"description":"Callback media settings. If not set, this reverts to the default media type settings.","description_kind":"markdown"},"max_items":1},"chat":{"nesting_mode":"list","block":{"attributes":{"include_non_acd":{"type":"bool","description":"Block this media type when on a non-ACD conversation. Defaults to `false`.","description_kind":"markdown","optional":true},"interruptible_media_types":{"type":["set","string"],"description":"Set of other media types that can interrupt this media type (call | callback | chat | email | message).","description_kind":"markdown","optional":true},"maximum_capacity":{"type":"number","description":"Maximum capacity of conversations of this media type. Value must be between 0 and 25.","description_kind":"markdown","required":true}},"description":"Chat media settings. If not set, this reverts to the default media type settings.","description_kind":"markdown"},"max_items":1},"email":{"nesting_mode":"list","block":{"attributes":{"include_non_acd":{"type":"bool","description":"Block this media type when on a non-ACD conversation. Defaults to `false`.","description_kind":"markdown","optional":true},"interruptible_media_types":{"type":["set","string"],"description":"Set of other media types that can interrupt this media type (call | callback | chat | email | message).","description_kind":"markdown","optional":true},"maximum_capacity":{"type":"number","description":"Maximum capacity of conversations of this media type. Value must be between 0 and 25.","description_kind":"markdown","required":true}},"description":"Email media settings. If not set, this reverts to the default media type settings.","description_kind":"markdown"},"max_items":1},"label_utilizations":{"nesting_mode":"list","block":{"attributes":{"interrupting_label_ids":{"type":["set","string"],"description":"Set of other labels that can interrupt this label.","description_kind":"markdown","optional":true},"label_id":{"type":"string","description":"Id of the label being configured.","description_kind":"markdown","required":true},"maximum_capacity":{"type":"number","description":"Maximum capacity of conversations with this label. Value must be between 0 and 25.","description_kind":"markdown","required":true}},"description":"Label utilization settings. If not set, default label settings will be applied.","description_kind":"markdown"}},"message":{"nesting_mode":"list","block":{"attributes":{"include_non_acd":{"type":"bool","description":"Block this media type when on a non-ACD conversation. Defaults to `false`.","description_kind":"markdown","optional":true},"interruptible_media_types":{"type":["set","string"],"description":"Set of other media types that can interrupt this media type (call | callback | chat | email | message).","description_kind":"markdown","optional":true},"maximum_capacity":{"type":"number","description":"Maximum capacity of conversations of this media type. Value must be between 0 and 25.","description_kind":"markdown","required":true}},"description":"Message media settings. If not set, this reverts to the default media type settings.","description_kind":"markdown"},"max_items":1},"timeouts":{"nesting_mode":"single","block":{"attributes":{"read":{"type":"string","description_kind":"plain","optional":true},"update":{"type":"string","description_kind":"plain","optional":true}},"description_kind":"plain"}}},"description":"Genesys Cloud Org-wide Routing Utilization Settings.","description_kind":"markdown"}},"genesyscloud_routing_utilization_label":{"version":1,"block":{"attributes":{"id":{"type":"string","description_kind":"plain","optional":true,"computed":true},"name":{"type":"string","description":"Label name.","description_kind":"markdown","required":true}},"description":"Genesys Cloud Routing Utilization Label.","description_kind":"markdown"}},"genesyscloud_routing_wrapupcode":{"version":1,"block":{"attributes":{"description":{"type":"string","description":"The wrap-up code description.","description_kind":"markdown","optional":true},"division_id":{"type":"string","description":"The division to which this routing wrapupcode will belong. If not set, * will be used to indicate all divisions.","description_kind":"markdown","optional":true,"computed":true},"id":{"type":"string","description_kind":"plain","optional":true,"computed":true},"name":{"type":"string","description":"Wrapup Code name.","description_kind":"markdown","required":true}},"description":"Genesys Cloud Routing Wrapup Code","description_kind":"markdown"}},"genesyscloud_script":{"version":1,"block":{"attributes":{"division_id":{"type":"string","description":"Specify division id","description_kind":"markdown","optional":true,"computed":true},"file_content_hash":{"type":"string","description":"Hash value of the script file content. Used to detect changes.","description_kind":"markdown","optional":true,"computed":true},"filepath":{"type":"string","description":"Path to the script file to upload.","description_kind":"markdown","required":true},"id":{"type":"string","description_kind":"plain","optional":true,"computed":true},"script_name":{"type":"string","description":"Display name for the script. A reliably unique name is recommended. Updating this field will result in the script being dropped and recreated with a new GUID.","description_kind":"markdown","required":true},"substitutions":{"type":["map","string"],"description":"A substitution is a key value pair where the key is the value you want to replace, and the value is the value to substitute in its place.","description_kind":"markdown","optional":true}},"description":"Genesys Cloud Script","description_kind":"markdown"}},"genesyscloud_speechandtextanalytics_dictionaryfeedback":{"version":1,"block":{"attributes":{"boost_value":{"type":"number","description":"A weighted value assigned to a phrase. The higher the value, the higher the likelihood that the system will choose the word or phrase from the possible alternatives. Boost range is from 1.0 to 10.0. Default is 2.0 Defaults to `2`.","description_kind":"markdown","optional":true},"dialect":{"type":"string","description":"The dialect for the given term, dialect format is {language}-{country} where language follows ISO 639-1 standard and country follows ISO 3166-1 alpha 2 standard","description_kind":"markdown","required":true},"id":{"type":"string","description_kind":"plain","optional":true,"computed":true},"sounds_like":{"type":["set","string"],"description":"A list of up to 10 terms that give examples of how the term sounds","description_kind":"markdown","optional":true},"source":{"type":"string","description":"The source of the given dictionary feedback Defaults to `Manual`.","description_kind":"markdown","optional":true},"term":{"type":"string","description":"The dictionary term which needs to be added to dictionary feedback system","description_kind":"markdown","required":true}},"block_types":{"example_phrases":{"nesting_mode":"list","block":{"attributes":{"phrase":{"type":"string","description":"The Example Phrase text. At least 3 words and up to 20 words","description_kind":"markdown","required":true},"source":{"type":"string","description":"The source of the given Example Phrase Defaults to `Manual`.","description_kind":"markdown","optional":true}},"description":"A list of at least 3 and up to 20 unique phrases that are example usage of the term","description_kind":"markdown"},"min_items":3,"max_items":20}},"description":"Genesys Cloud dictionary feedback","description_kind":"markdown"}},"genesyscloud_speechandtextanalytics_topic":{"version":1,"block":{"attributes":{"description":{"type":"string","description":"The topic description.","description_kind":"markdown","optional":true},"dialect":{"type":"string","description":"The topic dialect, e.g. en-US.","description_kind":"markdown","required":true},"id":{"type":"string","description_kind":"plain","optional":true,"computed":true},"name":{"type":"string","description":"The topic name.","description_kind":"markdown","required":true},"participants":{"type":"string","description":"Which participants to match. Valid values: External, Internal, All. Defaults to `All`.","description_kind":"markdown","optional":true},"program_ids":{"type":["set","string"],"description":"The IDs of programs associated to the topic.","description_kind":"markdown","optional":true},"published":{"type":"bool","description":"Whether the topic is published. Assisted QM topic validation may require published topics. Defaults to `false`.","description_kind":"markdown","optional":true},"strictness":{"type":"string","description":"The topic strictness. Valid values: 1, 55, 65, 72, 85, 90. Defaults to `72`.","description_kind":"markdown","optional":true},"tags":{"type":["set","string"],"description":"The topic tags.","description_kind":"markdown","optional":true}},"block_types":{"phrases":{"nesting_mode":"list","block":{"attributes":{"sentiment":{"type":"string","description":"The phrase sentiment. Valid values: Unspecified, Positive, Neutral, Negative.","description_kind":"markdown","optional":true},"strictness":{"type":"string","description":"The phrase strictness. Valid values: 1, 55, 65, 72, 85, 90.","description_kind":"markdown","optional":true},"text":{"type":"string","description":"The phrase text.","description_kind":"markdown","required":true}},"description":"The topic phrases.","description_kind":"markdown"}}},"description":"Genesys Cloud Speech \u0026 Text Analytics Topic.","description_kind":"markdown"}},"genesyscloud_task_management_workbin":{"version":1,"block":{"attributes":{"description":{"type":"string","description":"Workbin description","description_kind":"markdown","optional":true},"division_id":{"type":"string","description":"The division to which this entity belongs.","description_kind":"markdown","optional":true,"computed":true},"id":{"type":"string","description_kind":"plain","optional":true,"computed":true},"name":{"type":"string","description":"Workbin name","description_kind":"markdown","required":true}},"description":"Genesys Cloud task management workbin","description_kind":"markdown"}},"genesyscloud_task_management_workitem":{"version":1,"block":{"attributes":{"assignee_id":{"type":"string","description":"The id of the assignee of the Workitem.","description_kind":"markdown","optional":true},"auto_status_transition":{"type":"bool","description":"Set it to false to disable auto status transition. By default, it is enabled.","description_kind":"markdown","optional":true,"computed":true},"custom_fields":{"type":"string","description":"JSON formatted object for custom field values defined in the schema referenced by the worktype of the workitem.","description_kind":"markdown","optional":true,"computed":true},"date_due":{"type":"string","description":"The due date of the Workitem. Date time is represented as an ISO-8601 string. For example: yyyy-MM-ddTHH:mm:ss[.mmm]Z","description_kind":"markdown","optional":true,"computed":true},"date_expires":{"type":"string","description":"The expiry date of the Workitem. Date time is represented as an ISO-8601 string. For example: yyyy-MM-ddTHH:mm:ss[.mmm]Z","description_kind":"markdown","optional":true,"computed":true},"description":{"type":"string","description":"The description of the Workitem.","description_kind":"markdown","optional":true},"duration_seconds":{"type":"number","description":"The estimated duration in seconds to complete the workitem.","description_kind":"markdown","optional":true,"computed":true},"external_contact_id":{"type":"string","description":"The id of the external contact of the Workitem.","description_kind":"markdown","optional":true},"external_tag":{"type":"string","description":"The external tag of the Workitem.","description_kind":"markdown","optional":true},"id":{"type":"string","description_kind":"plain","optional":true,"computed":true},"language_id":{"type":"string","description":"The language of the Workitem.","description_kind":"markdown","optional":true,"computed":true},"name":{"type":"string","description":"The name of the Workitem.","description_kind":"markdown","required":true},"preferred_agents_ids":{"type":["list","string"],"description":"Ids of the preferred agents of the Workitem.","description_kind":"markdown","optional":true,"computed":true},"priority":{"type":"number","description":"The priority of the Workitem. The valid range is between -25,000,000 and 25,000,000.","description_kind":"markdown","optional":true,"computed":true},"queue_id":{"type":"string","description":"The Workitem's queue id.","description_kind":"markdown","optional":true,"computed":true},"skills_ids":{"type":["list","string"],"description":"The ids of skills of the Workitem.","description_kind":"markdown","optional":true,"computed":true},"status_id":{"type":"string","description":"The id of the current status of the Workitem.","description_kind":"markdown","optional":true,"computed":true},"ttl":{"type":"number","description":"The time to live of the Workitem in seconds.","description_kind":"markdown","optional":true,"computed":true},"workbin_id":{"type":"string","description":"The id of the Workbin that contains the Workitem.","description_kind":"markdown","optional":true,"computed":true},"worktype_id":{"type":"string","description":"The Worktype ID of the Workitem.","description_kind":"markdown","required":true}},"block_types":{"scored_agents":{"nesting_mode":"list","block":{"attributes":{"agent_id":{"type":"string","description":"The agent id","description_kind":"markdown","required":true},"score":{"type":"number","description":"Agent's score for the workitem, from 0 - 100, higher being better","description_kind":"markdown","required":true}},"description":"A list of scored agents for the Workitem.","description_kind":"markdown"},"max_items":20}},"description":"Genesys Cloud task management workitem","description_kind":"markdown"}},"genesyscloud_task_management_workitem_schema":{"version":1,"block":{"attributes":{"description":{"type":"string","description":"The description of the Workitem Schema","description_kind":"markdown","optional":true},"enabled":{"type":"bool","description":"The schema's enabled/disabled status. A disabled schema cannot be assigned to any other entities, but the data on those entities from the schema still exists. Defaults to `true`.","description_kind":"markdown","optional":true},"id":{"type":"string","description_kind":"plain","optional":true,"computed":true},"name":{"type":"string","description":"The name of the Workitem Schema","description_kind":"markdown","required":true},"properties":{"type":"string","description":"The properties for the JSON Schema document.","description_kind":"markdown","optional":true},"version":{"type":"number","description":"The version number of the Workitem Schema. The version number is incremented each time the schema is modified.","description_kind":"markdown","computed":true}},"description":"Genesys Cloud task management workitem schema","description_kind":"markdown"}},"genesyscloud_task_management_worktype":{"version":1,"block":{"attributes":{"assignment_enabled":{"type":"bool","description":"When set to true, Workitems will be sent to the queue of the Worktype as they are created. Default value is false.","description_kind":"markdown","optional":true},"default_due_duration_seconds":{"type":"number","description":"The default due duration in seconds for Workitems created from the Worktype.","description_kind":"markdown","optional":true,"computed":true},"default_duration_seconds":{"type":"number","description":"The default duration in seconds for Workitems created from the Worktype.","description_kind":"markdown","optional":true,"computed":true},"default_expiration_seconds":{"type":"number","description":"The default expiration time in seconds for Workitems created from the Worktype.","description_kind":"markdown","optional":true,"computed":true},"default_language_id":{"type":"string","description":"The default routing language for Workitems created from the Worktype.","description_kind":"markdown","optional":true},"default_priority":{"type":"number","description":"The default priority for Workitems created from the Worktype. The valid range is between -25,000,000 and 25,000,000.","description_kind":"markdown","optional":true,"computed":true},"default_queue_id":{"type":"string","description":"The default queue for Workitems created from the Worktype.","description_kind":"markdown","optional":true},"default_script_id":{"type":"string","description":"The default script for Workitems created from the Worktype.","description_kind":"markdown","optional":true},"default_skills_ids":{"type":["list","string"],"description":"The default skills for Workitems created from the Worktype.","description_kind":"markdown","optional":true},"default_ttl_seconds":{"type":"number","description":"The default time to time to live in seconds for Workitems created from the Worktype.","description_kind":"markdown","optional":true,"computed":true},"default_workbin_id":{"type":"string","description":"The default Workbin for Workitems created from the Worktype.","description_kind":"markdown","required":true},"description":{"type":"string","description":"The description of the Worktype.","description_kind":"markdown","optional":true},"disable_default_status_creation":{"type":"bool","description":"Optionally set this flag to disable Default Status creation","description_kind":"markdown","optional":true},"division_id":{"type":"string","description":"The division to which this entity belongs.","description_kind":"markdown","optional":true,"computed":true},"flow_rules_enabled":{"type":"bool","description":"When set to true, the worktype's flow rules will be processed. Default value is false. Defaults to `false`.","description_kind":"markdown","optional":true},"id":{"type":"string","description_kind":"plain","optional":true,"computed":true},"name":{"type":"string","description":"The name of the Worktype.","description_kind":"markdown","required":true},"schema_id":{"type":"string","description":"Id of the workitem schema.","description_kind":"markdown","optional":true},"schema_version":{"type":"number","description":"Version of the workitem schema to use. If not provided, the worktype will use the latest version.","description_kind":"markdown","optional":true}},"description":"Genesys Cloud task management worktype","description_kind":"markdown"}},"genesyscloud_task_management_worktype_flow_datebased_rule":{"version":1,"block":{"attributes":{"id":{"type":"string","description_kind":"plain","optional":true,"computed":true},"name":{"type":"string","description":"The name of the Rule.","description_kind":"markdown","required":true},"worktype_id":{"type":"string","description":"The Worktype ID of the Rule.","description_kind":"markdown","required":true}},"block_types":{"condition":{"nesting_mode":"list","block":{"attributes":{"attribute":{"type":"string","description":"The name of the workitem date attribute.","description_kind":"markdown","required":true},"relative_minutes_to_invocation":{"type":"number","description":"The time in minutes before or after the date attribute.","description_kind":"markdown","required":true}},"description":"Condition for this Rule.","description_kind":"markdown"},"min_items":1,"max_items":1}},"description":"Genesys Cloud task management onattributeChange Rule","description_kind":"markdown"}},"genesyscloud_task_management_worktype_flow_onattributechange_rule":{"version":1,"block":{"attributes":{"id":{"type":"string","description_kind":"plain","optional":true,"computed":true},"name":{"type":"string","description":"The name of the Rule.","description_kind":"markdown","required":true},"worktype_id":{"type":"string","description":"The Worktype ID of the Rule.","description_kind":"markdown","required":true}},"block_types":{"condition":{"nesting_mode":"list","block":{"attributes":{"attribute":{"type":"string","description":"The name of the workitem attribute whose change will be evaluated as part of the rule.","description_kind":"markdown","required":true},"new_value":{"type":"string","description":"The new value of the attribute. If the attribute is updated to this value this part of the condition will be met.","description_kind":"markdown","required":true},"old_value":{"type":"string","description":"The old value of the attribute. If the attribute was updated from this value this part of the condition will be met.","description_kind":"markdown","optional":true}},"description":"Condition for this Rule.","description_kind":"markdown"},"min_items":1,"max_items":1}},"description":"Genesys Cloud task management onattributeChange Rule","description_kind":"markdown"}},"genesyscloud_task_management_worktype_flow_oncreate_rule":{"version":1,"block":{"attributes":{"id":{"type":"string","description_kind":"plain","optional":true,"computed":true},"name":{"type":"string","description":"The name of the Rule.","description_kind":"markdown","required":true},"worktype_id":{"type":"string","description":"The Worktype ID of the Rule.","description_kind":"markdown","required":true}},"description":"Genesys Cloud task management oncreate Rule","description_kind":"markdown"}},"genesyscloud_task_management_worktype_status":{"version":1,"block":{"attributes":{"auto_terminate_workitem":{"type":"bool","description":"When set to true, workitems will be automatically terminated when they enter this status (typically used for Closed category statuses).","description_kind":"markdown","optional":true},"category":{"type":"string","description":"The Category of the Status. Changing the category will cause the resource to be dropped and recreated with a new id.","description_kind":"markdown","required":true},"default":{"type":"bool","description":"This status is the default status for Workitems created from this Worktype. Only one status can be set as the default status at a time. Once set there must always be a default status. The default can not be deleted.","description_kind":"markdown","optional":true},"default_destination_status_id":{"type":"string","description":"*DEPRECATED: Deprecated. Use default_destination_status_id in genesyscloud_task_management_worktype_status_transition instead* Default destination status to which this Status will transition to if auto status transition enabled.","description_kind":"markdown","deprecated":true,"optional":true,"computed":true},"description":{"type":"string","description":"The description of the Status.","description_kind":"markdown","optional":true},"destination_status_ids":{"type":["list","string"],"description":"*DEPRECATED: Deprecated. Use destination_status_ids in genesyscloud_task_management_worktype_status_transition instead* A list of destination Statuses where a Workitem with this Status can transition to. If the list is empty Workitems with this Status can transition to all other Statuses defined on the Worktype. A Status can have a maximum of 24 destinations.","description_kind":"markdown","deprecated":true,"optional":true,"computed":true},"id":{"type":"string","description_kind":"plain","optional":true,"computed":true},"name":{"type":"string","description":"Name of the status.","description_kind":"markdown","required":true},"status_transition_delay_seconds":{"type":"number","description":"*DEPRECATED: Deprecated. Use status_transition_delay_seconds in genesyscloud_task_management_worktype_status_transition instead* Delay in seconds for auto status transition. Required if default_destination_status_id is provided.","description_kind":"markdown","deprecated":true,"optional":true,"computed":true},"status_transition_time":{"type":"string","description":"*DEPRECATED: Deprecated. Use status_transition_time in genesyscloud_task_management_worktype_status_transition instead* Time is represented as an ISO-8601 string without a timezone. For example: HH:mm:ss","description_kind":"markdown","deprecated":true,"optional":true,"computed":true},"worktype_id":{"type":"string","description":"The id of the worktype this status belongs to. Changing this attribute will cause the status to be dropped and recreated.","description_kind":"markdown","required":true}},"description":"Genesys Cloud task management worktype status","description_kind":"markdown"}},"genesyscloud_task_management_worktype_status_transition":{"version":1,"block":{"attributes":{"default_destination_status_id":{"type":"string","description":"Default destination status to which this Status will transition to if auto status transition enabled.","description_kind":"markdown","optional":true},"destination_status_ids":{"type":["list","string"],"description":"A list of destination Statuses where a Workitem with this Status can transition to. If the list is empty Workitems with this Status can transition to all other Statuses defined on the Worktype. A Status can have a maximum of 24 destinations.","description_kind":"markdown","optional":true},"id":{"type":"string","description_kind":"plain","optional":true,"computed":true},"status_id":{"type":"string","description":"Name of the status.","description_kind":"markdown","required":true},"status_transition_delay_seconds":{"type":"number","description":"Delay in seconds for auto status transition. Required if default_destination_status_id is provided.","description_kind":"markdown","optional":true},"status_transition_time":{"type":"string","description":"Time is represented as an ISO-8601 string without a timezone. For example: HH:mm:ss","description_kind":"markdown","optional":true},"worktype_id":{"type":"string","description":"The id of the worktype this status belongs to. Changing this attribute will cause the status to be dropped and recreated.","description_kind":"markdown","required":true}},"description":"Genesys Cloud task management worktype status Transition","description_kind":"markdown"}},"genesyscloud_team":{"version":1,"block":{"attributes":{"description":{"type":"string","description":"Team information.","description_kind":"markdown","optional":true},"division_id":{"type":"string","description":"The division to which this entity belongs.","description_kind":"markdown","required":true},"id":{"type":"string","description_kind":"plain","optional":true,"computed":true},"member_ids":{"type":["set","string"],"description":"IDs of members assigned to the team. If not set, this resource will not manage group members.","description_kind":"markdown","optional":true,"computed":true},"name":{"type":"string","description":"The team name","description_kind":"markdown","required":true}},"description":"Genesys Cloud team","description_kind":"markdown"}},"genesyscloud_telephony_providers_edges_did_pool":{"version":1,"block":{"attributes":{"comments":{"type":"string","description":"Comments for the DID Pool.","description_kind":"markdown","optional":true},"description":{"type":"string","description":"DID Pool description.","description_kind":"markdown","optional":true},"end_phone_number":{"type":"string","description":"Ending phone number of the DID Pool range.  Phone number must be in an E.164 number format. Changing the end_phone_number attribute will cause the did_pool object to be dropped and recreated with a new ID.","description_kind":"markdown","required":true},"id":{"type":"string","description_kind":"plain","optional":true,"computed":true},"pool_provider":{"type":"string","description":"Provider (PURE_CLOUD | PURE_CLOUD_VOICE).","description_kind":"markdown","optional":true,"computed":true},"start_phone_number":{"type":"string","description":"Starting phone number of the DID Pool range. Phone number must be in a E.164 number format. Changing the start_phone_number attribute will cause the did_pool object to be dropped and recreated with a new ID.","description_kind":"markdown","required":true}},"description":"Genesys Cloud DID Pool","description_kind":"markdown"}},"genesyscloud_telephony_providers_edges_edge_group":{"version":1,"block":{"attributes":{"description":{"type":"string","description":"The resource's description.","description_kind":"markdown","optional":true},"hybrid":{"type":"bool","description":"Is this edge group hybrid. Defaults to `false`.","description_kind":"markdown","optional":true},"id":{"type":"string","description_kind":"plain","optional":true,"computed":true},"managed":{"type":"bool","description":"Is this edge group being managed remotely. Defaults to `false`.","description_kind":"markdown","optional":true},"name":{"type":"string","description":"The name of the entity.","description_kind":"markdown","required":true},"phone_trunk_base_ids":{"type":["set","string"],"description":"A list of trunk base settings IDs of trunkType \"PHONE\" to inherit to edge logical interface for phone communication.","description_kind":"markdown","required":true},"state":{"type":"string","description":"Indicates if the resource is active, inactive, or deleted.","description_kind":"markdown","optional":true,"computed":true}},"description":"Genesys Cloud Edge Group. NOTE: This resource is being kept here for backwards compatibility with older Genesys Cloud Organization. You may get an error if you try to create an edge group with a Genesys Cloud Organization created in 2022 or later.","description_kind":"markdown"}},"genesyscloud_telephony_providers_edges_extension_pool":{"version":1,"block":{"attributes":{"description":{"type":"string","description":"Extension Pool description.","description_kind":"markdown","optional":true},"division_id":{"type":"string","description":"The division this campaign belongs to.","description_kind":"markdown","optional":true,"computed":true},"end_number":{"type":"string","description":"Ending phone number of the Extension Pool range. Changing the end_number attribute will cause the extension object to be dropped and recreated with a new ID.","description_kind":"markdown","required":true},"id":{"type":"string","description_kind":"plain","optional":true,"computed":true},"start_number":{"type":"string","description":"Starting phone number of the Extension Pool range. Changing the start_number attribute will cause the extension object to be dropped and recreated with a new ID.","description_kind":"markdown","required":true}},"description":"Genesys Cloud Extension Pool","description_kind":"markdown"}},"genesyscloud_telephony_providers_edges_phone":{"version":1,"block":{"attributes":{"id":{"type":"string","description_kind":"plain","optional":true,"computed":true},"line_base_settings_id":{"type":"string","description":"Line Base Settings ID.","description_kind":"markdown","optional":true,"computed":true},"name":{"type":"string","description":"The name of the entity.","description_kind":"markdown","required":true},"phone_base_settings_id":{"type":"string","description":"Phone Base Settings ID.","description_kind":"markdown","required":true},"phone_meta_base_id":{"type":"string","description":"Phone Meta Base ID.","description_kind":"markdown","optional":true,"computed":true},"properties":{"type":"string","description":"phone properties","description_kind":"markdown","optional":true,"computed":true},"site_id":{"type":"string","description":"The site ID associated to the phone.","description_kind":"markdown","required":true},"state":{"type":"string","description":"Indicates if the resource is active, inactive, or deleted. Valid values: active, inactive, deleted. Defaults to `active`.","description_kind":"markdown","optional":true},"web_rtc_user_id":{"type":"string","description":"Web RTC User ID. This is necessary when creating a Web RTC phone. This user will be assigned to the phone after it is created.","description_kind":"markdown","optional":true}},"block_types":{"capabilities":{"nesting_mode":"list","block":{"attributes":{"allow_reboot":{"type":"bool","description":"Allow Reboot","description_kind":"markdown","optional":true},"cdm":{"type":"bool","description":"CDM","description_kind":"markdown","optional":true},"dual_registers":{"type":"bool","description":"Dual Registers","description_kind":"markdown","optional":true},"hardware_id_type":{"type":"string","description":"HardwareId Type","description_kind":"markdown","optional":true},"media_codecs":{"type":["list","string"],"description":"Media Codecs","description_kind":"markdown","optional":true},"no_cloud_provisioning":{"type":"bool","description":"No Cloud Provisioning","description_kind":"markdown","optional":true},"no_rebalance":{"type":"bool","description":"No Rebalance","description_kind":"markdown","optional":true},"provisions":{"type":"bool","description":"Provisions","description_kind":"markdown","optional":true},"registers":{"type":"bool","description":"Registers","description_kind":"markdown","optional":true}},"description":"Phone Capabilities.","description_kind":"markdown"},"max_items":1},"line_properties":{"nesting_mode":"list","block":{"attributes":{"line_address":{"type":["list","string"],"description":"DID for standalone phones. Each phone number must be in an E.164 phone number format.","description_kind":"markdown","optional":true,"computed":true},"remote_address":{"type":["list","string"],"description":"Station remote property for phones. No validation is provided","description_kind":"markdown","optional":true}},"description":"line properties","description_kind":"markdown"},"max_items":1}},"description":"Genesys Cloud Phone","description_kind":"markdown"}},"genesyscloud_telephony_providers_edges_phonebasesettings":{"version":1,"block":{"attributes":{"description":{"type":"string","description":"The resource's description.","description_kind":"markdown","optional":true},"id":{"type":"string","description_kind":"plain","optional":true,"computed":true},"line_base_settings_id":{"type":"string","description":"This field is computed when a line base is created.","description_kind":"markdown","optional":true,"computed":true},"name":{"type":"string","description":"The name of the entity.","description_kind":"markdown","required":true},"phone_meta_base_id":{"type":"string","description":"A phone metabase is essentially a database for storing phone configuration settings, which simplifies the configuration process.","description_kind":"markdown","required":true},"properties":{"type":"string","description":"phone base settings properties","description_kind":"markdown","optional":true,"computed":true}},"block_types":{"capabilities":{"nesting_mode":"list","block":{"attributes":{"allow_reboot":{"type":"bool","description":"Allow Reboot","description_kind":"markdown","optional":true},"cdm":{"type":"bool","description":"CDM","description_kind":"markdown","optional":true},"dual_registers":{"type":"bool","description":"Dual Registers","description_kind":"markdown","optional":true},"hardware_id_type":{"type":"string","description":"HardwareId Type","description_kind":"markdown","optional":true},"media_codecs":{"type":["list","string"],"description":"Media Codecs","description_kind":"markdown","optional":true},"no_cloud_provisioning":{"type":"bool","description":"No Cloud Provisioning","description_kind":"markdown","optional":true},"no_rebalance":{"type":"bool","description":"No Rebalance","description_kind":"markdown","optional":true},"provisions":{"type":"bool","description":"Provisions","description_kind":"markdown","optional":true},"registers":{"type":"bool","description":"Registers","description_kind":"markdown","optional":true}},"description":"Phone Capabilities.","description_kind":"markdown"},"max_items":1},"line_base":{"nesting_mode":"list","block":{"attributes":{"station_persistent_enabled":{"type":"bool","description":"The station_persistent_enabled attribute in the line's property Defaults to `false`.","description_kind":"markdown","optional":true},"station_persistent_timeout":{"type":"number","description":"The station_persistent_timeout attribute in the line's property Defaults to `600`.","description_kind":"markdown","optional":true},"station_persistent_webrtc_enabled":{"type":"bool","description":"The station_persistent_webrtc_enabled attribute in the line's property Defaults to `false`.","description_kind":"markdown","optional":true}},"description":"Line Base Settings for the phonebasesettings","description_kind":"markdown"},"max_items":1}},"description":"Genesys Cloud Phone Base Settings","description_kind":"markdown"}},"genesyscloud_telephony_providers_edges_site":{"version":2,"block":{"attributes":{"caller_id":{"type":"string","description":"The caller ID value for the site. The callerID must be a valid E.164 formatted phone number","description_kind":"markdown","optional":true},"caller_name":{"type":"string","description":"The caller name for the site","description_kind":"markdown","optional":true},"description":{"type":"string","description":"The resource's description.","description_kind":"markdown","optional":true},"id":{"type":"string","description_kind":"plain","optional":true,"computed":true},"location_id":{"type":"string","description":"Site location ID","description_kind":"markdown","required":true},"managed":{"type":"bool","description":"Is this site managed by Genesys Cloud","description_kind":"markdown","computed":true},"media_model":{"type":"string","description":"Media model for the site Valid Values: Premises, Cloud. Changing the media_model attribute will cause the site object to be dropped and created with a new ID.","description_kind":"markdown","required":true},"media_regions":{"type":["list","string"],"description":"The ordered list of AWS regions through which media can stream. A full list of available media regions can be found at the GET /api/v2/telephony/mediaregions endpoint","description_kind":"markdown","optional":true,"computed":true},"media_regions_use_latency_based":{"type":"bool","description":"Latency based on media region Defaults to `false`.","description_kind":"markdown","optional":true},"name":{"type":"string","description":"The name of the entity.","description_kind":"markdown","required":true},"primary_sites":{"type":["list","string"],"description":"Used for primary phone edge assignment on physical edges only.  List of primary sites the phones can be assigned to. If no primary_sites are defined, the site id for this site will be used as the primary site id.","description_kind":"markdown","optional":true,"computed":true},"secondary_sites":{"type":["list","string"],"description":"Used for secondary phone edge assignment on physical edges only.  List of secondary sites the phones can be assigned to.  If no primary_sites or secondary_sites are defined then the current site will defined as primary and secondary.","description_kind":"markdown","optional":true,"computed":true},"set_as_default_site":{"type":"bool","description":"Set this site as the default site for the organization. Only one genesyscloud_telephony_providers_edges_site resource should be set as the default. Defaults to `false`.","description_kind":"markdown","optional":true}},"block_types":{"edge_auto_update_config":{"nesting_mode":"list","block":{"attributes":{"end":{"type":"string","description":"Date time is represented as an ISO-8601 string without a timezone. For example: yyyy-MM-ddTHH:mm:ss.SSS","description_kind":"markdown","required":true},"rrule":{"type":"string","description":"A reoccurring rule for updating the Edges assigned to the site. The only supported frequencies are daily and weekly. Weekly frequencies require a day list with at least oneday specified. All other configurations are not supported.","description_kind":"markdown","required":true},"start":{"type":"string","description":"Date time is represented as an ISO-8601 string without a timezone. For example: yyyy-MM-ddTHH:mm:ss.SSS","description_kind":"markdown","required":true},"time_zone":{"type":"string","description":"The timezone of the window in which any updates to the edges assigned to the site can be applied. The minimum size of the window is 2 hours.","description_kind":"markdown","required":true}},"description":"Recurrence rule, time zone, and start/end settings for automatic edge updates for this site","description_kind":"markdown"},"max_items":1},"number_plans":{"nesting_mode":"list","block":{"attributes":{"classification":{"type":"string","description":"Used to classify this number plan","description_kind":"markdown","required":true},"match_format":{"type":"string","description":"Use regular expression capture groups to build the normalized number","description_kind":"markdown","optional":true},"match_type":{"type":"string","description_kind":"plain","required":true},"name":{"type":"string","description":"The name of the entity.","description_kind":"markdown","required":true},"normalized_format":{"type":"string","description":"Use regular expression capture groups to build the normalized number","description_kind":"markdown","optional":true}},"block_types":{"digit_length":{"nesting_mode":"list","block":{"attributes":{"end":{"type":"string","description_kind":"plain","optional":true},"start":{"type":"string","description_kind":"plain","optional":true}},"description":"Allowed values are between 1-20 digits.","description_kind":"markdown"},"max_items":1},"numbers":{"nesting_mode":"list","block":{"attributes":{"end":{"type":"string","description_kind":"plain","optional":true},"start":{"type":"string","description_kind":"plain","optional":true}},"description":"Numbers must be 2-9 digits long. Numbers within ranges must be the same length. (e.g. 888, 888-999, 55555-77777, 800).","description_kind":"markdown"}}},"description":"Number plans for the site. The order of the plans in the resource file determines the priority of the plans. Specifying number plans will not result in the default plans being overwritten.","description_kind":"markdown"}}},"description":"Genesys Cloud Site","description_kind":"markdown"}},"genesyscloud_telephony_providers_edges_site_outbound_route":{"version":1,"block":{"attributes":{"classification_types":{"type":["list","string"],"description":"Used to classify this outbound route.","description_kind":"markdown","required":true},"description":{"type":"string","description":"The resource's description.","description_kind":"markdown","optional":true},"distribution":{"type":"string","description":"Valid values: SEQUENTIAL, RANDOM. Defaults to `SEQUENTIAL`.","description_kind":"markdown","optional":true},"enabled":{"type":"bool","description":"Enable or disable the outbound route Defaults to `false`.","description_kind":"markdown","optional":true},"external_trunk_base_ids":{"type":["list","string"],"description":"Trunk base settings of trunkType \"EXTERNAL\". This base must also be set on an edge logical interface for correct routing. The order of the IDs determines the distribution if \"distribution\" is set to \"SEQUENTIAL\"","description_kind":"markdown","optional":true},"id":{"type":"string","description_kind":"plain","optional":true,"computed":true},"name":{"type":"string","description":"The name of the entity.","description_kind":"markdown","required":true},"route_id":{"type":"string","description":"The Id of the outbound route. This is distinct from the \"id\" field. The \"id\" field is a combination of the site_id and route_id","description_kind":"markdown","computed":true},"site_id":{"type":"string","description":"The Id of the site to which the outbound routes belong.","description_kind":"markdown","required":true}},"description":"Outbound Routes for a Genesys Cloud Site","description_kind":"markdown"}},"genesyscloud_telephony_providers_edges_trunk":{"version":1,"block":{"attributes":{"edge_group_id":{"type":"string","description":"The edge group associated with this trunk. Either this or \"edge_id\" must be set","description_kind":"markdown","optional":true,"computed":true},"edge_id":{"type":"string","description":"The edge associated with this trunk. Either this or \"edge_group_id\" must be set","description_kind":"markdown","optional":true,"computed":true},"id":{"type":"string","description_kind":"plain","optional":true,"computed":true},"name":{"type":"string","description":"The name of the trunk. This property is read only and populated with the auto generated name.","description_kind":"markdown","optional":true,"computed":true},"trunk_base_settings_id":{"type":"string","description":"The trunk base settings reference","description_kind":"markdown","optional":true}},"description":"Genesys Cloud Trunk. Created by assigning a trunk base settings to an edge or edge group","description_kind":"markdown"}},"genesyscloud_telephony_providers_edges_trunkbasesettings":{"version":1,"block":{"attributes":{"description":{"type":"string","description":"The resource's description.","description_kind":"markdown","optional":true},"id":{"type":"string","description_kind":"plain","optional":true,"computed":true},"inbound_site_id":{"type":"string","description":"The site to which inbound calls will be routed. Only valid for External BYOC Trunks.","description_kind":"markdown","optional":true},"managed":{"type":"bool","description":"Is this trunk being managed remotely. This property is synchronized with the managed property of the Edge Group to which it is assigned.","description_kind":"markdown","optional":true},"name":{"type":"string","description":"The name of the entity.","description_kind":"markdown","required":true},"properties":{"type":"string","description":"trunk base settings properties","description_kind":"markdown","optional":true,"computed":true},"site_id":{"type":"string","description":"Used to determine the media regions for inbound and outbound calls through a trunk. Also determines the dial plan to use for calls that came in on a trunk and have to be sent out on it as well.  While this is called the site on the API, in the UI it is referred to as the media site.","description_kind":"markdown","optional":true,"computed":true},"state":{"type":"string","description":"The resource's state.","description_kind":"markdown","optional":true,"computed":true},"trunk_meta_base_id":{"type":"string","description":"The meta-base this trunk is based on.","description_kind":"markdown","required":true},"trunk_type":{"type":"string","description":"The type of this trunk base.Valid values: EXTERNAL, PHONE, EDGE.","description_kind":"markdown","required":true}},"description":"Genesys Cloud Trunk Base Settings","description_kind":"markdown"}},"genesyscloud_tf_export":{"version":0,"block":{"attributes":{"compress":{"type":"bool","description":"Compress exported results using zip format. Defaults to `false`.","description_kind":"markdown","optional":true},"directory":{"type":"string","description":"Directory where the config and state files will be exported. Defaults to `./genesyscloud`.","description_kind":"markdown","optional":true},"enable_dependency_resolution":{"type":"bool","description":"Adds a \"depends_on\" attribute to genesyscloud_flow resources with a list of resources that are referenced inside the flow configuration . This also resolves and exports all the dependent resources for any given resource. Resources mentioned in exclude_attributes will not be exported. Defaults to `false`.","description_kind":"markdown","optional":true},"exclude_attributes":{"type":["list","string"],"description":"Attributes to exclude from the config when exporting resources. Each value should be of the form {resource_type}.{attribute}, e.g. 'genesyscloud_user.skills'. Excluded attributes must be optional.","description_kind":"markdown","optional":true},"exclude_filter_resources":{"type":["list","string"],"description":"Exclude resources that match either a resource type or a resource type::regular expression.  See export guide for additional information.","description_kind":"markdown","optional":true},"export_as_hcl":{"type":"bool","description":"Export the config as HCL. Deprecated. Please use the export_format attribute instead Defaults to `false`.","description_kind":"markdown","optional":true},"export_computed":{"type":"bool","description":"Export attributes that are marked as being Computed and Optional. Does not attempt to export attributes that are explicitly marked as read-only by the provider. Defaults to true to match existing functionality. This attribute's default value will likely switch to false in a future release. Defaults to `true`.","description_kind":"markdown","optional":true},"export_format":{"type":"string","description":"Export the config as hcl or json or json_hcl. Defaults to `json`.","description_kind":"markdown","optional":true},"id":{"type":"string","description_kind":"plain","optional":true,"computed":true},"ignore_cyclic_deps":{"type":"bool","description":"Ignore Cyclic Dependencies when building the flows and do not throw an error. Defaults to `true`.","description_kind":"markdown","optional":true},"include_filter_resources":{"type":["list","string"],"description":"Include only resources that match either a resource type or a resource type::regular expression.  See export guide for additional information.","description_kind":"markdown","optional":true},"include_filter_resources_by_id":{"type":["list","string"],"description":"Include only resources that match a {resourceType}::{resourceId} value.  See export guide for additional information.","description_kind":"markdown","optional":true},"include_state_file":{"type":"bool","description":"Export a 'terraform.tfstate' file along with the config file. This can be used for orgs to begin managing existing resources with terraform. When `false`, GUID fields will be omitted from the config file unless a resource reference can be supplied. In this case, the resource type will need to be included in the `resource_types` array. Defaults to `false`.","description_kind":"markdown","optional":true},"log_permission_errors":{"type":"bool","description":"Log permission/product issues rather than fail. Defaults to `false`.","description_kind":"markdown","optional":true},"max_concurrent_threads":{"type":"number","description":"Maximum number of concurrent threads to use during export process. This is distinct from the provider's token pool size configuration Defaults to `10`.","description_kind":"markdown","optional":true},"replace_with_datasource":{"type":["list","string"],"description":"Replace exported resources with data sources for entries that match either a resource type (equivalent to \"type::\") or a resource type::regular expression. See export guide for additional information.","description_kind":"markdown","optional":true},"resource_types":{"type":["list","string"],"description":"*DEPRECATED: Use include_filter_resources attribute instead* Resource types to export, e.g. 'genesyscloud_user'. Defaults to all exportable types. NOTE: This field is deprecated and will be removed in future release.  Please use the include_filter_resources or exclude_filter_resources attribute.","description_kind":"markdown","deprecated":true,"optional":true},"split_files_by_resource":{"type":"bool","description":"Split export files by resource type. This will also split the terraform provider and variable declarations into their own files. Defaults to `false`.","description_kind":"markdown","optional":true},"use_legacy_architect_flow_exporter":{"type":"bool","description":"When set to `false`, architect flow configuration files will be downloaded as part of the flow export process. Defaults to `true`.","description_kind":"markdown","optional":true}},"description":"\n\t\tGenesys Cloud Resource to export Terraform config and (optionally) tfstate files to a local directory.\n\t\tThe config file is named 'genesyscloud.tf.json' or 'genesyscloud.tf', and the state file is named 'terraform.tfstate'.\n\t\t","description_kind":"markdown"}},"genesyscloud_user":{"version":1,"block":{"attributes":{"acd_auto_answer":{"type":"bool","description":"Enable ACD auto-answer. Defaults to `false`.","description_kind":"markdown","optional":true},"addresses":{"type":["list",["object",{"other_emails":["set",["object",{"address":"string","type":"string"}]],"phone_numbers":["set",["object",{"extension":"string","extension_pool_id":"string","media_type":"string","number":"string","type":"string"}]]}]],"description":"The address settings for this user. If not set, this resource will not manage addresses.","description_kind":"markdown","optional":true},"certifications":{"type":["set","string"],"description":"Certifications for this user. If not set, this resource will not manage certifications.","description_kind":"markdown","optional":true,"computed":true},"department":{"type":"string","description":"User's department.","description_kind":"markdown","optional":true},"division_id":{"type":"string","description":"The division to which this user will belong. If not set, the home division will be used.","description_kind":"markdown","optional":true,"computed":true},"email":{"type":"string","description":"User's primary email and username.","description_kind":"markdown","required":true},"employer_info":{"type":["list",["object",{"date_hire":"string","employee_id":"string","employee_type":"string","official_name":"string"}]],"description":"The employer info for this user. If not set, this resource will not manage employer info.","description_kind":"markdown","optional":true,"computed":true},"id":{"type":"string","description_kind":"plain","optional":true,"computed":true},"locations":{"type":["set",["object",{"location_id":"string","notes":"string"}]],"description":"The user placement at each site location. If not set, this resource will not manage user locations.","description_kind":"markdown","optional":true,"computed":true},"manager":{"type":"string","description":"User ID of this user's manager.","description_kind":"markdown","optional":true},"name":{"type":"string","description":"User's full name.","description_kind":"markdown","required":true},"password":{"type":"string","description":"User's password. If specified, this is only set on user create.","description_kind":"markdown","optional":true,"sensitive":true},"profile_skills":{"type":["set","string"],"description":"Profile skills for this user. If not set, this resource will not manage profile skills.","description_kind":"markdown","optional":true,"computed":true},"routing_languages":{"type":["set",["object",{"language_id":"string","proficiency":"number"}]],"description":"Languages and proficiencies for this user. If not set, this resource will not manage user languages.","description_kind":"markdown","optional":true,"computed":true},"routing_skills":{"type":["set",["object",{"proficiency":"number","skill_id":"string"}]],"description":"Skills and proficiencies for this user. If not set, this resource will not manage user skills.","description_kind":"markdown","optional":true,"computed":true},"routing_utilization":{"type":["list",["object",{"call":["list",["object",{"include_non_acd":"bool","interruptible_media_types":["set","string"],"maximum_capacity":"number"}]],"callback":["list",["object",{"include_non_acd":"bool","interruptible_media_types":["set","string"],"maximum_capacity":"number"}]],"chat":["list",["object",{"include_non_acd":"bool","interruptible_media_types":["set","string"],"maximum_capacity":"number"}]],"email":["list",["object",{"include_non_acd":"bool","interruptible_media_types":["set","string"],"maximum_capacity":"number"}]],"label_utilizations":["list",["object",{"interrupting_label_ids":["set","string"],"label_id":"string","maximum_capacity":"number"}]],"message":["list",["object",{"include_non_acd":"bool","interruptible_media_types":["set","string"],"maximum_capacity":"number"}]]}]],"description":"The routing utilization settings for this user. If empty list, the org default settings are used. If not set, this resource will not manage the users's utilization settings.","description_kind":"markdown","optional":true,"computed":true},"state":{"type":"string","description":"User's state (active | inactive). Default is 'active'. Defaults to `active`.","description_kind":"markdown","optional":true},"title":{"type":"string","description":"User's title.","description_kind":"markdown","optional":true}},"block_types":{"voicemail_userpolicies":{"nesting_mode":"list","block":{"attributes":{"alert_timeout_seconds":{"type":"number","description":"The number of seconds to ring the user's phone before a call is transferred to voicemail.","description_kind":"markdown","optional":true},"send_email_notifications":{"type":"bool","description":"Whether email notifications are sent to the user when a new voicemail is received.","description_kind":"markdown","optional":true,"computed":true}},"description":"User's voicemail policies. If not set, default user policies will be applied.","description_kind":"markdown"},"max_items":1}},"description":"Genesys Cloud User.\n\nExport block label: \"{email}\"","description_kind":"markdown"}},"genesyscloud_user_roles":{"version":1,"block":{"attributes":{"id":{"type":"string","description_kind":"plain","optional":true,"computed":true},"user_id":{"type":"string","description":"User ID that will be managed by this resource. Changing the user_id attribute will cause the roles object to be dropped and recreated with a new ID.","description_kind":"markdown","required":true}},"block_types":{"roles":{"nesting_mode":"set","block":{"attributes":{"division_ids":{"type":["set","string"],"description":"Division IDs applied to this resource. If not set, the home division will be used. '*' may be set for all divisions.","description_kind":"markdown","optional":true},"role_id":{"type":"string","description":"Role ID.","description_kind":"markdown","required":true}},"description":"Roles and their divisions assigned to this user.","description_kind":"markdown"}}},"description":"Genesys Cloud User Roles maintains user role assignments.\n\nTerraform expects to manage the resources that are defined in its stack. You can use this resource to assign roles to existing users that are not managed by Terraform. However, one thing you have to remember is that when you use this resource to assign roles to existing users, you must define all roles assigned to those users in this resource. Otherwise, you will inadvertently drop all of the existing roles assigned to the user and replace them with the one defined in this resource. Keep this in mind, as the author of this note inadvertently stripped his Genesys admin account of administrator privileges while using this resource to assign a role to his account. The best lessons in life are often free and self-inflicted.","description_kind":"markdown"}},"genesyscloud_webdeployments_configuration":{"version":1,"block":{"attributes":{"default_language":{"type":"string","description":"The default language to use for the configuration.","description_kind":"markdown","required":true},"description":{"type":"string","description":"Deployment description","description_kind":"markdown","optional":true},"headless_mode_enabled":{"type":"bool","description":"Headless Mode Support which Controls UI components. When enabled, native UI components will be disabled and allows for custom-built UI.","description_kind":"markdown","optional":true},"id":{"type":"string","description_kind":"plain","optional":true,"computed":true},"languages":{"type":["list","string"],"description":"A list of languages supported on the configuration.","description_kind":"markdown","required":true},"name":{"type":"string","description":"Deployment name","description_kind":"markdown","required":true},"status":{"type":"string","description":"The current status of the deployment. Valid values: Pending, Active, Inactive, Error, Deleting.","description_kind":"markdown","optional":true,"computed":true},"version":{"type":"string","description":"The version of the configuration.","description_kind":"markdown","computed":true}},"block_types":{"authentication_settings":{"nesting_mode":"list","block":{"attributes":{"allow_session_upgrade":{"type":"bool","description":"Allow end-users to upgrade an anonymous session to authenticated conversation.","description_kind":"markdown","optional":true},"enabled":{"type":"bool","description":"Indicate if these auth is required for this deployment. If, for example, this flag is set to true then webmessaging sessions can not send messages unless the end-user is authenticated.","description_kind":"markdown","required":true},"integration_id":{"type":"string","description":"The integration identifier which contains the auth settings required on the deployment.","description_kind":"markdown","required":true}},"description":"Settings for authenticated webdeployments.","description_kind":"markdown"},"max_items":1},"cobrowse":{"nesting_mode":"list","block":{"attributes":{"allow_agent_control":{"type":"bool","description":"Whether agent can take control over customer's screen or not","description_kind":"markdown","optional":true,"computed":true},"allow_agent_navigation":{"type":"bool","description":"Whether agent can use navigation feature over customer's screen or not","description_kind":"markdown","optional":true,"computed":true},"allow_draw":{"type":"bool","description":"Whether drawing is enabled or not","description_kind":"markdown","optional":true,"computed":true},"channels":{"type":["list","string"],"description":"List of channels through which cobrowse is available (for now only Webmessaging and Voice)","description_kind":"markdown","optional":true},"enabled":{"type":"bool","description":"Whether or not cobrowse is enabled","description_kind":"markdown","optional":true,"computed":true},"mask_selectors":{"type":["list","string"],"description":"List of CSS selectors which should be masked when screen sharing is active","description_kind":"markdown","optional":true},"readonly_selectors":{"type":["list","string"],"description":"List of CSS selectors which should be read-only when screen sharing is active","description_kind":"markdown","optional":true}},"block_types":{"pause_criteria":{"nesting_mode":"list","block":{"attributes":{"condition":{"type":"string","description":"The condition to be applied to the `url_fragment`. Conditions are 'includes', 'does_not_include', 'starts_with', 'ends_with', 'equals'","description_kind":"markdown","required":true},"url_fragment":{"type":"string","description":"A string representing a part of the URL that, when matched according to the specified condition, will trigger a pause in the cobrowse session","description_kind":"markdown","required":true}},"description":"Pause criteria that will pause cobrowse if some of them are met in the user's URL","description_kind":"markdown"}}},"description":"Settings concerning cobrowse","description_kind":"markdown"},"max_items":1},"custom_i18n_labels":{"nesting_mode":"list","block":{"attributes":{"language":{"type":"string","description":"Language of localized labels in messenger homescreen or push notification (eg. en-us, de-de)","description_kind":"markdown","optional":true}},"block_types":{"localized_labels":{"nesting_mode":"list","block":{"attributes":{"key":{"type":"string","description":"Contains localized label key used in messenger homescreen or push notification.","description_kind":"markdown","required":true},"value":{"type":"string","description":"Contains localized label value used in messenger homescreen or push notification","description_kind":"markdown","required":true}},"description":"Contains localized labels used in messenger homescreen or push notification. PushNotificationTitle and PushNotificationBody are required when notifications are enabled.","description_kind":"markdown"}}},"description":"The localization settings for homescreen app","description_kind":"markdown"}},"journey_events":{"nesting_mode":"list","block":{"attributes":{"enabled":{"type":"bool","description":"Whether or not journey event collection is enabled Defaults to `true`.","description_kind":"markdown","optional":true},"excluded_query_parameters":{"type":["list","string"],"description":"*DEPRECATED: This field has no effect and will be removed in a later version.* List of parameters to be excluded from the query string","description_kind":"markdown","deprecated":true,"optional":true},"pageview_config":{"type":"string","description":"Controls how the pageview events are tracked.Valid values: Auto, Once, Off","description_kind":"markdown","optional":true},"search_query_parameters":{"type":["list","string"],"description":"*DEPRECATED: This field has no effect and will be removed in a later version.* List of query parameters used for search (e.g. 'q')","description_kind":"markdown","deprecated":true,"optional":true},"should_keep_url_fragment":{"type":"bool","description":"*DEPRECATED: This field has no effect and will be removed in a later version.* Whether or not to keep the URL fragment","description_kind":"markdown","deprecated":true,"optional":true}},"block_types":{"click_event":{"nesting_mode":"list","block":{"attributes":{"event_name":{"type":"string","description":"Name of event triggered when element matching selector is interacted with","description_kind":"markdown","required":true},"selector":{"type":"string","description":"Element that triggers event","description_kind":"markdown","required":true}},"description":"Details about a selector event trigger","description_kind":"markdown"}},"form_track_event":{"nesting_mode":"list","block":{"attributes":{"capture_data_on_form_abandon":{"type":"bool","description":"Whether to capture the form data in the form abandoned event","description_kind":"markdown","required":true},"capture_data_on_form_submit":{"type":"bool","description":"Whether to capture the form data in the form submitted event","description_kind":"markdown","required":true},"form_name":{"type":"string","description":"Prefix for the form submitted or abandoned event name","description_kind":"markdown","required":true},"selector":{"type":"string","description":"Form element that triggers the form submitted or abandoned event","description_kind":"markdown","required":true}},"description":"Details about a forms tracking event trigger","description_kind":"markdown"}},"idle_event":{"nesting_mode":"list","block":{"attributes":{"event_name":{"type":"string","description":"Name of event triggered after period of inactivity","description_kind":"markdown","required":true},"idle_after_seconds":{"type":"number","description":"Number of seconds of inactivity before an event is triggered","description_kind":"markdown","optional":true}},"description":"Details about an idle event trigger","description_kind":"markdown"}},"in_viewport_event":{"nesting_mode":"list","block":{"attributes":{"event_name":{"type":"string","description":"Name of event triggered when element matching selector is interacted with","description_kind":"markdown","required":true},"selector":{"type":"string","description":"Element that triggers event","description_kind":"markdown","required":true}},"description":"Details about a selector event trigger","description_kind":"markdown"}},"scroll_depth_event":{"nesting_mode":"list","block":{"attributes":{"event_name":{"type":"string","description":"Name of event triggered after scrolling to the specified percentage","description_kind":"markdown","required":true},"percentage":{"type":"number","description":"Percentage of a webpage at which an event is triggered","description_kind":"markdown","required":true}},"description":"Details about a scroll percentage event trigger","description_kind":"markdown"}},"tracking_settings":{"nesting_mode":"list","block":{"attributes":{"excluded_query_parameters":{"type":["list","string"],"description":"List of parameters to be excluded from the query string","description_kind":"markdown","optional":true},"search_query_parameters":{"type":["list","string"],"description":"List of query parameters used for search e.g. 'query'","description_kind":"markdown","optional":true},"should_keep_url_fragment":{"type":"bool","description":"Whether to keep the URL fragment \u0026 it defaults to `false` Defaults to `false`.","description_kind":"markdown","optional":true}},"block_types":{"ip_filters":{"nesting_mode":"list","block":{"attributes":{"ip_address":{"type":"string","description":"IP address or CIDR range to filter e.g. '192.168.1.0/24'","description_kind":"markdown","required":true},"name":{"type":"string","description":"Descriptive name for the IP address filter","description_kind":"markdown","required":true}},"description":"IP address filtering configuration for tracking restrictions","description_kind":"markdown"},"max_items":10}},"description":"Configuration settings for tracking behavior and filtering","description_kind":"markdown"},"max_items":1}},"description":"Settings concerning journey events","description_kind":"markdown"},"max_items":1},"messenger":{"nesting_mode":"list","block":{"attributes":{"enabled":{"type":"bool","description":"Whether or not messenger is enabled","description_kind":"markdown","optional":true,"computed":true},"session_persistence_type":{"type":"string","description":"The session persistence type for messenger. Valid values: AcrossSubdomains, DomainOrSubdomainOnly","description_kind":"markdown","optional":true,"computed":true}},"block_types":{"apps":{"nesting_mode":"list","block":{"block_types":{"conversations":{"nesting_mode":"list","block":{"attributes":{"auto_start_enabled":{"type":"bool","description":"The auto start for the messenger conversation","description_kind":"markdown","optional":true,"computed":true},"conversation_clear_enabled":{"type":"bool","description":"The conversation clear settings for the messenger app","description_kind":"markdown","optional":true,"computed":true},"enabled":{"type":"bool","description":"The toggle to enable or disable conversations","description_kind":"markdown","optional":true,"computed":true},"markdown_enabled":{"type":"bool","description":"The markdown for the messenger app","description_kind":"markdown","optional":true,"computed":true},"session_duration_seconds":{"type":"number","description":"The guest session duration in seconds for messenger conversations","description_kind":"markdown","optional":true,"computed":true},"show_agent_typing_indicator":{"type":"bool","description":"The toggle to enable or disable typing indicator for messenger","description_kind":"markdown","optional":true,"computed":true},"show_user_typing_indicator":{"type":"bool","description":"The toggle to enable or disable typing indicator for messenger","description_kind":"markdown","optional":true,"computed":true}},"block_types":{"conversation_disconnect":{"nesting_mode":"list","block":{"attributes":{"enabled":{"type":"bool","description":"whether or not conversation disconnect setting is enabled","description_kind":"markdown","optional":true},"type":{"type":"string","description":"Conversation disconnect type","description_kind":"markdown","optional":true}},"description":"The conversation disconnect for the messenger app","description_kind":"markdown"},"max_items":1},"humanize":{"nesting_mode":"list","block":{"attributes":{"enabled":{"type":"bool","description":"Whether or not humanize conversations setting is enabled","description_kind":"markdown","optional":true}},"block_types":{"bot":{"nesting_mode":"list","block":{"attributes":{"avatar_url":{"type":"string","description":"The avatar URL of the bot","description_kind":"markdown","optional":true},"name":{"type":"string","description":"The name of the bot","description_kind":"markdown","optional":true}},"description":"Bot messenger profile setting","description_kind":"markdown"},"max_items":1}},"description":"The humanize conversations settings for the messenger app","description_kind":"markdown"},"max_items":1},"notifications":{"nesting_mode":"list","block":{"attributes":{"enabled":{"type":"bool","description":"Whether or not notifications are enabled","description_kind":"markdown","optional":true},"notification_content_type":{"type":"string","description":"The notification content type. Valid values: IncludeMessagesContent, ExcludeMessagesContent","description_kind":"markdown","optional":true}},"description":"The notification settings for messenger conversations","description_kind":"markdown"},"max_items":1}},"description":"Conversation settings that handles chats within the messenger","description_kind":"markdown"},"max_items":1},"knowledge":{"nesting_mode":"list","block":{"attributes":{"enabled":{"type":"bool","description":"whether or not knowledge base is enabled","description_kind":"markdown","optional":true},"knowledge_base_id":{"type":"string","description":"The knowledge base for messenger","description_kind":"markdown","optional":true}},"description":"The knowledge base config for messenger","description_kind":"markdown"},"max_items":1}},"description":"The apps embedded in the messenger","description_kind":"markdown"},"max_items":1},"file_upload":{"nesting_mode":"list","block":{"attributes":{"enable_attachments":{"type":"bool","description":"Whether or not file attachments are enabled","description_kind":"markdown","optional":true,"computed":true}},"block_types":{"mode":{"nesting_mode":"list","block":{"attributes":{"file_types":{"type":["list","string"],"description":"A list of supported content types for uploading files.Valid values: image/jpeg, image/gif, image/png","description_kind":"markdown","optional":true},"max_file_size_kb":{"type":"number","description":"The maximum file size for file uploads in kilobytes. Default is 10240 (10 MB)","description_kind":"markdown","optional":true}},"description":"The list of supported file upload modes","description_kind":"markdown"}}},"description":"File upload settings for messenger","description_kind":"markdown"},"max_items":1},"home_screen":{"nesting_mode":"list","block":{"attributes":{"enabled":{"type":"bool","description":"Whether or not home screen is enabled","description_kind":"markdown","optional":true,"computed":true},"logo_url":{"type":"string","description":"URL for custom logo to appear in home screen","description_kind":"markdown","optional":true,"computed":true}},"description":"The settings for the home screen","description_kind":"markdown"},"max_items":1},"launcher_button":{"nesting_mode":"list","block":{"attributes":{"visibility":{"type":"string","description":"The visibility settings for the button.Valid values: On, Off, OnDemand","description_kind":"markdown","optional":true}},"description":"The settings for the launcher button","description_kind":"markdown"},"max_items":1},"styles":{"nesting_mode":"list","block":{"attributes":{"primary_color":{"type":"string","description":"The primary color of messenger in hexadecimal","description_kind":"markdown","optional":true}},"description":"The style settings for messenger","description_kind":"markdown"},"max_items":1}},"description":"Settings concerning messenger","description_kind":"markdown"},"max_items":1},"position":{"nesting_mode":"list","block":{"attributes":{"alignment":{"type":"string","description":"The alignment for position","description_kind":"markdown","optional":true},"bottom_space":{"type":"number","description":"The bottomspace value for position","description_kind":"markdown","optional":true},"side_space":{"type":"number","description":"The sidespace value for position","description_kind":"markdown","optional":true}},"description":"Settings concerning position","description_kind":"markdown"},"max_items":1},"support_center":{"nesting_mode":"list","block":{"attributes":{"enabled":{"type":"bool","description":"Whether or not knowledge portal (previously support center) is enabled","description_kind":"markdown","required":true},"feedback_enabled":{"type":"bool","description":"Whether or not requesting customer feedback on article content and article search results is enabled","description_kind":"markdown","optional":true},"knowledge_base_id":{"type":"string","description":"The knowledge base for knowledge portal (previously support center)","description_kind":"markdown","optional":true},"router_type":{"type":"string","description":"Router type for knowledge portal","description_kind":"markdown","optional":true}},"block_types":{"custom_messages":{"nesting_mode":"list","block":{"attributes":{"default_value":{"type":"string","description":"Default value for the custom message","description_kind":"markdown","required":true},"type":{"type":"string","description":"The custom message type. (Welcome or Fallback)","description_kind":"markdown","required":true}},"description":"Customizable display texts for knowledge portal","description_kind":"markdown"}},"enabled_categories":{"nesting_mode":"list","block":{"attributes":{"category_id":{"type":"string","description":"The knowledge base category id","description_kind":"markdown","required":true},"image_uri":{"type":"string","description":"Source URL for the featured category","description_kind":"markdown","optional":true}},"description":"Featured categories for knowledge portal (previously support center) home screen","description_kind":"markdown"}},"label_filter":{"nesting_mode":"list","block":{"attributes":{"label_ids":{"type":["list","string"],"description":"List of knowledge label IDs to filter by","description_kind":"markdown","required":true}},"description":"Document label filter for knowledge portal. If set, only documents having at least one of the specified labels will be returned.","description_kind":"markdown"},"max_items":1},"screens":{"nesting_mode":"list","block":{"attributes":{"type":{"type":"string","description":"The type of the screen","description_kind":"markdown","required":true}},"block_types":{"module_settings":{"nesting_mode":"list","block":{"attributes":{"compact_category_module_template_active":{"type":"bool","description":"Whether the Support Center Compact Category Module Template is active or not","description_kind":"markdown","optional":true},"enabled":{"type":"bool","description":"Whether or not knowledge portal (previously support center) screen module is enabled","description_kind":"markdown","required":true},"type":{"type":"string","description":"Screen module type","description_kind":"markdown","required":true}},"block_types":{"detailed_category_module_template":{"nesting_mode":"list","block":{"attributes":{"active":{"type":"bool","description":"Whether the Support Center Detailed Category Module Template is active or not","description_kind":"markdown","required":true},"sidebar_enabled":{"type":"bool","description":"Whether the Support Center Detailed Category Module Sidebar is active or not","description_kind":"markdown","required":true}},"description":"Detailed category module template settings","description_kind":"markdown"},"max_items":1}},"description":"Module settings for the screen, valid modules for each screenType: Home: Search, Categories, TopViewedArticles; Category: Search, Categories; SearchResults: Search, Results; Article: Search, Article;","description_kind":"markdown"},"min_items":1}},"description":"Available screens for the knowledge portal with its modules","description_kind":"markdown"}},"style_setting":{"nesting_mode":"list","block":{"block_types":{"global_style_setting":{"nesting_mode":"list","block":{"attributes":{"background_color":{"type":"string","description":"Global background color, in hexadecimal format, eg #ffffff","description_kind":"markdown","required":true},"font_family":{"type":"string","description":"Global font family","description_kind":"markdown","required":true},"primary_color":{"type":"string","description":"Global primary color, in hexadecimal format, eg #ffffff","description_kind":"markdown","required":true},"primary_color_dark":{"type":"string","description":"Global dark primary color, in hexadecimal format, eg #ffffff","description_kind":"markdown","required":true},"primary_color_light":{"type":"string","description":"Global light primary color, in hexadecimal format, eg #ffffff","description_kind":"markdown","required":true},"text_color":{"type":"string","description":"Global text color, in hexadecimal format, eg #ffffff","description_kind":"markdown","required":true}},"description":"Knowledge portal (previously support center) global customizations","description_kind":"markdown"},"max_items":1},"hero_style_setting":{"nesting_mode":"list","block":{"attributes":{"background_color":{"type":"string","description":"Background color for hero section, in hexadecimal format, eg #ffffff","description_kind":"markdown","required":true},"image_uri":{"type":"string","description":"Background image for hero section","description_kind":"markdown","required":true},"text_color":{"type":"string","description":"Text color for hero section, in hexadecimal format, eg #ffffff","description_kind":"markdown","required":true}},"description":"Knowledge portal (previously support center) hero customizations","description_kind":"markdown"},"max_items":1}},"description":"Style attributes for knowledge portal (previously support center)","description_kind":"markdown"},"max_items":1}},"description":"Settings concerning knowledge portal (previously support center)","description_kind":"markdown"},"max_items":1},"video":{"nesting_mode":"list","block":{"attributes":{"enabled":{"type":"bool","description":"Whether or not video is enabled","description_kind":"markdown","optional":true,"computed":true}},"block_types":{"agent":{"nesting_mode":"list","block":{"attributes":{"allow_camera":{"type":"bool","description":"Whether or not agent camera is allowed","description_kind":"markdown","optional":true,"computed":true},"allow_microphone":{"type":"bool","description":"Whether or not agent microphone is allowed","description_kind":"markdown","optional":true,"computed":true},"allow_screen_share":{"type":"bool","description":"Whether or not agent screen share is allowed","description_kind":"markdown","optional":true,"computed":true},"background":{"type":"string","description":"Background for agent. Valid values: BLUR, NONE, IMAGE","description_kind":"markdown","optional":true,"computed":true}},"block_types":{"background_image":{"nesting_mode":"list","block":{"attributes":{"url":{"type":"string","description":"BackgroundImage URL for agent video settings","description_kind":"markdown","optional":true,"computed":true}},"description":"Background image settings for agent","description_kind":"markdown"},"max_items":1}},"description":"Video Settings for agent","description_kind":"markdown"},"max_items":1},"user":{"nesting_mode":"list","block":{"attributes":{"allow_camera":{"type":"bool","description":"Whether or not user camera is allowed","description_kind":"markdown","optional":true,"computed":true},"allow_microphone":{"type":"bool","description":"Whether or not user microphone is allowed","description_kind":"markdown","optional":true,"computed":true},"allow_screen_share":{"type":"bool","description":"Whether or not user screen share is allowed","description_kind":"markdown","optional":true,"computed":true}},"description":"Video Settings for user","description_kind":"markdown"},"max_items":1}},"description":"Settings concerning video chat","description_kind":"markdown"},"max_items":1}},"description":"Genesys Cloud Web Deployment Configuration","description_kind":"markdown"}},"genesyscloud_webdeployments_deployment":{"version":1,"block":{"attributes":{"allow_all_domains":{"type":"bool","description":"Whether all domains are allowed or not. allowedDomains must be empty when this is true. Defaults to `false`.","description_kind":"markdown","optional":true},"allowed_domains":{"type":["list","string"],"description":"The list of domains that are approved to use this deployment; the list will be added to CORS headers for ease of web use.","description_kind":"markdown","optional":true},"description":{"type":"string","description":"Deployment description","description_kind":"markdown","optional":true},"flow_id":{"type":"string","description":"A reference to the inboundshortmessage flow used by this deployment.","description_kind":"markdown","optional":true},"id":{"type":"string","description_kind":"plain","optional":true,"computed":true},"name":{"type":"string","description":"Deployment name","description_kind":"markdown","required":true},"snippet":{"type":"string","description":"Javascript snippet used to load the deployment. This field is read-only and generated by Genesys Cloud.","description_kind":"markdown","computed":true},"status":{"type":"string","description":"The current status of the deployment. Valid values: Pending, Active, Inactive, Error, Deleting.","description_kind":"markdown","optional":true,"computed":true},"supported_content_id":{"type":"string","description":"The supported content profile ID associated with this deployment","description_kind":"markdown","optional":true,"computed":true}},"block_types":{"configuration":{"nesting_mode":"list","block":{"attributes":{"id":{"type":"string","description_kind":"plain","required":true},"version":{"type":"string","description_kind":"plain","optional":true,"computed":true}},"description":"The published configuration version used by this deployment","description_kind":"markdown"},"min_items":1,"max_items":1},"push_integrations":{"nesting_mode":"list","block":{"attributes":{"id":{"type":"string","description":"The mobile push integration ID","description_kind":"markdown","required":true},"provider":{"type":"string","description":"The integration provider. Valid values: APNS (Apple Push Notification Service), FCM (Firebase Cloud Messaging)","description_kind":"markdown","required":true}},"description":"The push integration objects associated with the deployment","description_kind":"markdown"}}},"description":"Genesys Cloud Web Deployment","description_kind":"markdown"}},"genesyscloud_workforcemanagement_businessunits":{"version":1,"block":{"attributes":{"division_id":{"type":"string","description":"The ID of the division to which the business unit should be added. If not set the home division will be used","description_kind":"markdown","optional":true,"computed":true},"id":{"type":"string","description_kind":"plain","optional":true,"computed":true},"name":{"type":"string","description":"The name of the business unit","description_kind":"markdown","required":true}},"block_types":{"settings":{"nesting_mode":"list","block":{"attributes":{"metadata":{"type":["list",["object",{"version":"number"}]],"description":"Version metadata for this business unit","description_kind":"markdown","computed":true},"start_day_of_week":{"type":"string","description":"The start day of week for this business unit","description_kind":"markdown","required":true},"time_zone":{"type":"string","description":"The time zone for this business unit, using the Olsen tz database format","description_kind":"markdown","required":true}},"block_types":{"scheduling":{"nesting_mode":"list","block":{"attributes":{"allow_work_plan_per_minute_granularity":{"type":"bool","description":"Indicates whether or not per minute granularity for scheduling will be enabled for this business unit. Defaults to false.","description_kind":"markdown","optional":true,"computed":true},"sync_time_off_properties":{"type":["list","string"],"description":"Synchronize set of time off properties from scheduled activities to time off requests when the schedule is published.","description_kind":"markdown","optional":true,"computed":true}},"block_types":{"message_severities":{"nesting_mode":"list","block":{"attributes":{"severity":{"type":"string","description":"The severity of the message. Validation is handled by the API to avoid maintaining a potentially stale list of enum values. See API documentation for valid values: https://developer.genesys.cloud/useragentman/workforcemanagement/#post-api-v2-workforcemanagement-businessunits","description_kind":"markdown","optional":true,"computed":true},"type":{"type":"string","description":"The type of the message. Validation is handled by the API to avoid maintaining a potentially stale list of enum values. See API documentation for valid values: https://developer.genesys.cloud/useragentman/workforcemanagement/#post-api-v2-workforcemanagement-businessunits","description_kind":"markdown","optional":true,"computed":true}},"description":"Schedule generation message severity configuration","description_kind":"markdown"}},"service_goal_impact":{"nesting_mode":"list","block":{"block_types":{"abandon_rate":{"nesting_mode":"list","block":{"attributes":{"decrease_by_percent":{"type":"number","description":"The maximum allowed percent decrease from the configured goal","description_kind":"markdown","required":true},"increase_by_percent":{"type":"number","description":"The maximum allowed percent increase from the configured goal","description_kind":"markdown","required":true}},"description":"Allowed abandon rate percent increase and decrease","description_kind":"markdown"},"min_items":1,"max_items":1},"average_speed_of_answer":{"nesting_mode":"list","block":{"attributes":{"decrease_by_percent":{"type":"number","description":"The maximum allowed percent decrease from the configured goal","description_kind":"markdown","required":true},"increase_by_percent":{"type":"number","description":"The maximum allowed percent increase from the configured goal","description_kind":"markdown","required":true}},"description":"Allowed average speed of answer percent increase and decrease","description_kind":"markdown"},"min_items":1,"max_items":1},"service_level":{"nesting_mode":"list","block":{"attributes":{"decrease_by_percent":{"type":"number","description":"The maximum allowed percent decrease from the configured goal","description_kind":"markdown","required":true},"increase_by_percent":{"type":"number","description":"The maximum allowed percent increase from the configured goal","description_kind":"markdown","required":true}},"description":"Allowed service level percent increase and decrease","description_kind":"markdown"},"min_items":1,"max_items":1}},"description":"Configures the max percent increase and decrease of service goals for this business unit","description_kind":"markdown"},"max_items":1}},"description":"Scheduling settings","description_kind":"markdown"},"max_items":1},"short_term_forecasting":{"nesting_mode":"list","block":{"attributes":{"default_history_weeks":{"type":"number","description":"The number of historical weeks to consider when creating a forecast. This setting is only used for legacy weighted average forecasts","description_kind":"markdown","optional":true,"computed":true}},"description":"Short term forecasting settings","description_kind":"markdown"},"max_items":1}},"description":"Configuration for the business unit","description_kind":"markdown"},"min_items":1,"max_items":1}},"description":"Genesys Cloud workforce management business units","description_kind":"markdown"}}},"data_source_schemas":{"genesyscloud_ai_studio_summary_setting":{"version":0,"block":{"attributes":{"id":{"type":"string","description_kind":"plain","optional":true,"computed":true},"name":{"type":"string","description":"ai studio summary setting name","description_kind":"markdown","required":true}},"description":"Genesys Cloud ai studio summary setting data source. Select an ai studio summary setting by name","description_kind":"markdown"}},"genesyscloud_architect_datatable":{"version":0,"block":{"attributes":{"id":{"type":"string","description_kind":"plain","optional":true,"computed":true},"name":{"type":"string","description":"Datatable name.","description_kind":"markdown","required":true}},"description":"Data source for Genesys Cloud Architect Datatables. Select an architect architect_datatable by name.","description_kind":"markdown"}},"genesyscloud_architect_emergencygroup":{"version":0,"block":{"attributes":{"id":{"type":"string","description_kind":"plain","optional":true,"computed":true},"name":{"type":"string","description":"Emergency Group name.","description_kind":"markdown","required":true}},"description":"Data source for Genesys Cloud Emergency Groups. Select an emergency group by name.","description_kind":"markdown"}},"genesyscloud_architect_grammar":{"version":0,"block":{"attributes":{"id":{"type":"string","description_kind":"plain","optional":true,"computed":true},"name":{"type":"string","description":"Architect grammar name.","description_kind":"markdown","required":true}},"description":"Data source for Genesys Cloud Architect Grammar. Select an Architect Grammar by name.","description_kind":"markdown"}},"genesyscloud_architect_ivr":{"version":0,"block":{"attributes":{"id":{"type":"string","description_kind":"plain","optional":true,"computed":true},"name":{"type":"string","description":"IVR name.","description_kind":"markdown","required":true}},"description":"Data source for Genesys Cloud IVRs. Select an IVR by name.","description_kind":"markdown"}},"genesyscloud_architect_schedulegroups":{"version":0,"block":{"attributes":{"id":{"type":"string","description_kind":"plain","optional":true,"computed":true},"name":{"type":"string","description":"Schedule Group name.","description_kind":"markdown","required":true}},"description":"Data source for Genesys Cloud Schedule Groups. Select a schedule group by name.","description_kind":"markdown"}},"genesyscloud_architect_schedules":{"version":0,"block":{"attributes":{"id":{"type":"string","description_kind":"plain","optional":true,"computed":true},"name":{"type":"string","description":"Schedule name.","description_kind":"markdown","required":true}},"description":"Data source for Genesys Cloud Schedule. Select a schedule by name","description_kind":"markdown"}},"genesyscloud_architect_user_prompt":{"version":0,"block":{"attributes":{"id":{"type":"string","description_kind":"plain","optional":true,"computed":true},"name":{"type":"string","description":"User Prompt name.","description_kind":"markdown","required":true}},"description":"Data source for Genesys Cloud User Prompts. Select a user prompt by name.","description_kind":"markdown"}},"genesyscloud_auth_division":{"version":0,"block":{"attributes":{"id":{"type":"string","description_kind":"plain","optional":true,"computed":true},"name":{"type":"string","description":"Division name.","description_kind":"markdown","required":true}},"description":"Data source for Genesys Cloud Divisions. Select a division by name.","description_kind":"markdown"}},"genesyscloud_auth_division_home":{"version":0,"block":{"attributes":{"description":{"type":"string","description":"Home division description.","description_kind":"markdown","optional":true,"computed":true},"id":{"type":"string","description_kind":"plain","optional":true,"computed":true},"name":{"type":"string","description":"Home division name.","description_kind":"markdown","optional":true,"computed":true}},"description":"Data source for Genesys Cloud Divisions. Get the Home division","description_kind":"markdown"}},"genesyscloud_auth_role":{"version":0,"block":{"attributes":{"id":{"type":"string","description_kind":"plain","optional":true,"computed":true},"name":{"type":"string","description":"Role name.","description_kind":"markdown","required":true}},"description":"Data source for Genesys Cloud Roles. Select a role by name.","description_kind":"markdown"}},"genesyscloud_authorization_product":{"version":1,"block":{"attributes":{"id":{"type":"string","description_kind":"plain","optional":true,"computed":true},"name":{"type":"string","description":"Authorization Product name.","description_kind":"markdown","required":true}},"description":"Data source for Genesys Cloud Authorisation Products.","description_kind":"markdown"}},"genesyscloud_business_rules_decision_table":{"version":0,"block":{"attributes":{"id":{"type":"string","description_kind":"plain","optional":true,"computed":true},"name":{"type":"string","description":"The decision table name.","description_kind":"markdown","required":true},"version":{"type":"number","description":"The published version of the decision table.","description_kind":"markdown","computed":true}},"description":"Genesys Cloud business rules decision table data source. Select a business rules decision table by its name.","description_kind":"markdown"}},"genesyscloud_business_rules_schema":{"version":0,"block":{"attributes":{"id":{"type":"string","description_kind":"plain","optional":true,"computed":true},"name":{"type":"string","description":"business rules schema name","description_kind":"markdown","required":true}},"description":"Genesys Cloud business rules schema data source. Select a business rules schema by its name.","description_kind":"markdown"}},"genesyscloud_conversations_messaging_integrations_apple":{"version":0,"block":{"attributes":{"id":{"type":"string","description_kind":"plain","optional":true,"computed":true},"name":{"type":"string","description":"apple integration name","description_kind":"markdown","required":true}},"description":"Genesys Cloud apple integration data source. Select an apple integration by name","description_kind":"markdown"}},"genesyscloud_conversations_messaging_integrations_instagram":{"version":0,"block":{"attributes":{"id":{"type":"string","description_kind":"plain","optional":true,"computed":true},"name":{"type":"string","description":"conversations messaging integrations instagram name","description_kind":"markdown","required":true}},"description":"Genesys Cloud conversations messaging integrations instagram data source. Select an conversations messaging integrations instagram by name","description_kind":"markdown"}},"genesyscloud_conversations_messaging_integrations_open":{"version":0,"block":{"attributes":{"id":{"type":"string","description_kind":"plain","optional":true,"computed":true},"name":{"type":"string","description":"conversations messaging integrations open name","description_kind":"markdown","required":true}},"description":"Genesys Cloud conversations messaging integrations open data source. Select an conversations messaging integrations open by name","description_kind":"markdown"}},"genesyscloud_conversations_messaging_integrations_whatsapp":{"version":0,"block":{"attributes":{"id":{"type":"string","description_kind":"plain","optional":true,"computed":true},"name":{"type":"string","description":"conversations messaging integrations whatsapp name","description_kind":"markdown","required":true}},"description":"Genesys Cloud conversations messaging integrations whatsapp data source. Select an conversations messaging integrations whatsapp by name","description_kind":"markdown"}},"genesyscloud_conversations_messaging_settings":{"version":0,"block":{"attributes":{"id":{"type":"string","description_kind":"plain","optional":true,"computed":true},"name":{"type":"string","description":"conversations messaging settings name","description_kind":"markdown","required":true}},"description":"Genesys Cloud conversations messaging settings data source. Select an conversations messaging settings by name","description_kind":"markdown"}},"genesyscloud_conversations_messaging_supportedcontent":{"version":0,"block":{"attributes":{"id":{"type":"string","description_kind":"plain","optional":true,"computed":true},"name":{"type":"string","description":"supported content name","description_kind":"markdown","required":true}},"description":"Genesys Cloud supported content data source. Select an supported content by name","description_kind":"markdown"}},"genesyscloud_customer_intent":{"version":0,"block":{"attributes":{"id":{"type":"string","description_kind":"plain","optional":true,"computed":true},"name":{"type":"string","description":"customer intent name","description_kind":"markdown","required":true}},"description":"Genesys Cloud customer intent data source. Select a customer intent by name","description_kind":"markdown"}},"genesyscloud_employeeperformance_externalmetrics_definitions":{"version":0,"block":{"attributes":{"id":{"type":"string","description_kind":"plain","optional":true,"computed":true},"name":{"type":"string","description":"Employeeperformance Externalmetrics Definition name.","description_kind":"markdown","optional":true}},"description":"Data source for Genesys Cloud Employeeperformance Externalmetrics Definition. Select a Employeeperformance Externalmetrics Definition by name.","description_kind":"markdown"}},"genesyscloud_externalcontacts_contact":{"version":0,"block":{"attributes":{"id":{"type":"string","description_kind":"plain","optional":true,"computed":true},"search":{"type":"string","description":"The search string for the contact.","description_kind":"markdown","optional":true}},"description":"Data source for Genesys Cloud external contacts. Select a contact by any string search.","description_kind":"markdown"}},"genesyscloud_externalcontacts_external_source":{"version":0,"block":{"attributes":{"id":{"type":"string","description_kind":"plain","optional":true,"computed":true},"name":{"type":"string","description":"external source name","description_kind":"markdown","required":true}},"description":"Genesys Cloud external contacts external source data source. Select an external source by name","description_kind":"markdown"}},"genesyscloud_externalcontacts_organization":{"version":0,"block":{"attributes":{"id":{"type":"string","description_kind":"plain","optional":true,"computed":true},"name":{"type":"string","description":"external contacts organization name","description_kind":"markdown","required":true}},"description":"Genesys Cloud external contacts organization data source. Select an external contacts organization by name","description_kind":"markdown"}},"genesyscloud_flow":{"version":0,"block":{"attributes":{"id":{"type":"string","description_kind":"plain","optional":true,"computed":true},"name":{"type":"string","description":"Flow name.","description_kind":"markdown","required":true},"type":{"type":"string","description":"Flow type. Valid options: bot, commonmodule, digitalbot, inboundcall, inboundchat, inboundemail, inboundshortmessage, outboundcall, inqueuecall, inqueueemail, inqueueshortmessage, speech, securecall, surveyinvite, voice, voicemail, voicesurvey, workflow, workitem","description_kind":"markdown","optional":true}},"description":"Data source for Genesys Cloud Flows. Select a flow by name and type.","description_kind":"markdown"}},"genesyscloud_flow_milestone":{"version":0,"block":{"attributes":{"id":{"type":"string","description_kind":"plain","optional":true,"computed":true},"name":{"type":"string","description":"flow milestone name","description_kind":"markdown","required":true}},"description":"Genesys Cloud flow milestone data source. Select a flow milestone by name","description_kind":"markdown"}},"genesyscloud_flow_outcome":{"version":0,"block":{"attributes":{"id":{"type":"string","description_kind":"plain","optional":true,"computed":true},"name":{"type":"string","description":"flow outcome name","description_kind":"markdown","required":true}},"description":"Genesys Cloud flow outcome data source. Select a flow outcome by name","description_kind":"markdown"}},"genesyscloud_group":{"version":0,"block":{"attributes":{"id":{"type":"string","description_kind":"plain","optional":true,"computed":true},"name":{"type":"string","description":"Group name.","description_kind":"markdown","required":true}},"description":"Data source for Genesys Cloud Groups. Select a group by name.","description_kind":"markdown"}},"genesyscloud_guide":{"version":0,"block":{"attributes":{"id":{"type":"string","description_kind":"plain","optional":true,"computed":true},"name":{"type":"string","description":"The name of the guide","description_kind":"markdown","required":true}},"description":"Data source for Genesys Cloud Guide. Select a guide by name.","description_kind":"markdown"}},"genesyscloud_integration":{"version":0,"block":{"attributes":{"id":{"type":"string","description_kind":"plain","optional":true,"computed":true},"name":{"type":"string","description":"The name of the integration","description_kind":"markdown","required":true}},"description":"Data source for Genesys Cloud integration. Select an integration by name","description_kind":"markdown"}},"genesyscloud_integration_action":{"version":0,"block":{"attributes":{"id":{"type":"string","description_kind":"plain","optional":true,"computed":true},"name":{"type":"string","description":"The name of the integration action","description_kind":"markdown","required":true}},"description":"Data source for Genesys Cloud integration action. Select an integration action by name","description_kind":"markdown"}},"genesyscloud_integration_credential":{"version":0,"block":{"attributes":{"id":{"type":"string","description_kind":"plain","optional":true,"computed":true},"name":{"type":"string","description":"The name of the integration credential","description_kind":"markdown","required":true}},"description":"Data source for Genesys Cloud integration credential. Select an integration credential by name","description_kind":"markdown"}},"genesyscloud_integration_custom_auth_action":{"version":0,"block":{"attributes":{"id":{"type":"string","description_kind":"plain","optional":true,"computed":true},"parent_integration_id":{"type":"string","description":"The id of the integration associated with the custom auth action","description_kind":"markdown","required":true}},"description":"Data source for Genesys Cloud integration custom auth action. Select the custom auth action by its associated integration's id.","description_kind":"markdown"}},"genesyscloud_integration_facebook":{"version":0,"block":{"attributes":{"id":{"type":"string","description_kind":"plain","optional":true,"computed":true},"name":{"type":"string","description":"integration facebook name","description_kind":"markdown","required":true}},"description":"Genesys Cloud integration facebook data source. Select an integration facebook by name","description_kind":"markdown"}},"genesyscloud_integration_webhook":{"version":0,"block":{"attributes":{"id":{"type":"string","description_kind":"plain","optional":true,"computed":true},"invocation_url":{"type":"string","description":"The invocation URL from the integration attributes","description_kind":"markdown","computed":true},"name":{"type":"string","description":"The name of the webhook integration","description_kind":"markdown","required":true},"web_hook_id":{"type":"string","description":"The webhook ID from the integration attributes","description_kind":"markdown","computed":true}},"description":"Data source for Genesys Cloud webhook integration. Select a webhook integration by name","description_kind":"markdown"}},"genesyscloud_intent_category":{"version":0,"block":{"attributes":{"id":{"type":"string","description_kind":"plain","optional":true,"computed":true},"name":{"type":"string","description":"intent category name","description_kind":"markdown","required":true}},"description":"Genesys Cloud intent category data source. Select an intent category by name","description_kind":"markdown"}},"genesyscloud_journey_action_map":{"version":0,"block":{"attributes":{"id":{"type":"string","description_kind":"plain","optional":true,"computed":true},"name":{"type":"string","description":"Journey Action Map name.","description_kind":"markdown","required":true}},"description":"Data source for Genesys Cloud Action Map. Select a journey action map by name","description_kind":"markdown"}},"genesyscloud_journey_action_template":{"version":0,"block":{"attributes":{"id":{"type":"string","description_kind":"plain","optional":true,"computed":true},"name":{"type":"string","description":"Journey Action Template name.","description_kind":"markdown","required":true}},"description":"Data source for Genesys Cloud Action Template. Select a journey action template by name","description_kind":"markdown"}},"genesyscloud_journey_outcome":{"version":0,"block":{"attributes":{"id":{"type":"string","description_kind":"plain","optional":true,"computed":true},"name":{"type":"string","description":"Journey Outcome name.","description_kind":"markdown","required":true}},"description":"Data source for Genesys Cloud Journey Outcome. Select a journey outcome by name","description_kind":"markdown"}},"genesyscloud_journey_segment":{"version":0,"block":{"attributes":{"id":{"type":"string","description_kind":"plain","optional":true,"computed":true},"name":{"type":"string","description":"Journey Segment name.","description_kind":"markdown","required":true}},"description":"Data source for Genesys Cloud Journey Segment. Select a journey segment by name","description_kind":"markdown"}},"genesyscloud_journey_views":{"version":0,"block":{"attributes":{"id":{"type":"string","description_kind":"plain","optional":true,"computed":true},"name":{"type":"string","description":"JourneyView name.","description_kind":"markdown","required":true}},"description":"Data source for Genesys Cloud Journey Views. Select a Journey View by name.","description_kind":"markdown"}},"genesyscloud_knowledge_category":{"version":0,"block":{"attributes":{"id":{"type":"string","description_kind":"plain","optional":true,"computed":true},"knowledge_base_name":{"type":"string","description":"Knowledge base name","description_kind":"markdown","required":true},"name":{"type":"string","description":"Knowledge base category name","description_kind":"markdown","required":true}},"description":"Data source for Genesys Cloud Knowledge Base Category. Select a category by name.","description_kind":"markdown"}},"genesyscloud_knowledge_document":{"version":0,"block":{"attributes":{"category_name":{"type":"string","description":"The name of the category to filter the knowledge document by. This is useful when multiple documents share the same title.","description_kind":"markdown","optional":true},"id":{"type":"string","description_kind":"plain","optional":true,"computed":true},"knowledge_base_name":{"type":"string","description":"Knowledge base name","description_kind":"markdown","required":true},"title":{"type":"string","description":"Knowledge document title","description_kind":"markdown","required":true}},"description":"Data source for Genesys Cloud Knowledge Document. Select a knowledge document by title and optionally by category name.","description_kind":"markdown"}},"genesyscloud_knowledge_document_variation":{"version":0,"block":{"attributes":{"id":{"type":"string","description_kind":"plain","optional":true,"computed":true},"knowledge_base_id":{"type":"string","description":"Knowledge base id of the label","description_kind":"markdown","required":true},"knowledge_document_id":{"type":"string","description":"Knowledge document id","description_kind":"markdown","required":true},"name":{"type":"string","description":"The name of the variation","description_kind":"markdown","optional":true}},"description":"Data source for Genesys Cloud Knowledge Document Variation. Select a knowledge document variation by knowledge document id and variation id","description_kind":"markdown"}},"genesyscloud_knowledge_knowledgebase":{"version":0,"block":{"attributes":{"core_language":{"type":"string","description":"Core language for knowledge base in which initial content must be created, language codes [en-US, en-UK, en-AU, de-DE] are supported currently, however the new DX knowledge will support all these language codes","description_kind":"markdown","required":true},"id":{"type":"string","description_kind":"plain","optional":true,"computed":true},"name":{"type":"string","description":"Knowledge base name","description_kind":"markdown","required":true}},"description":"Data source for Genesys Cloud Knowledge Base. Select a knowledge base by name.","description_kind":"markdown"}},"genesyscloud_knowledge_label":{"version":0,"block":{"attributes":{"id":{"type":"string","description_kind":"plain","optional":true,"computed":true},"knowledge_base_name":{"type":"string","description":"Knowledge base name","description_kind":"markdown","required":true},"name":{"type":"string","description":"Knowledge base label name","description_kind":"markdown","required":true}},"description":"Data source for Genesys Cloud Knowledge Base Label. Select a label by name.","description_kind":"markdown"}},"genesyscloud_location":{"version":0,"block":{"attributes":{"id":{"type":"string","description_kind":"plain","optional":true,"computed":true},"name":{"type":"string","description":"Location name.","description_kind":"markdown","required":true}},"description":"Data source for Genesys Cloud Location. Select a location by name.","description_kind":"markdown"}},"genesyscloud_oauth_client":{"version":0,"block":{"attributes":{"id":{"type":"string","description_kind":"plain","optional":true,"computed":true},"name":{"type":"string","description":"OAuth Client name.","description_kind":"markdown","required":true}},"description":"Data source for Genesys Cloud OAuth Clients. Select an OAuth Client by name.","description_kind":"markdown"}},"genesyscloud_organizations_me":{"version":0,"block":{"attributes":{"default_country_code":{"type":"string","description_kind":"plain","optional":true,"computed":true},"default_language":{"type":"string","description_kind":"plain","optional":true,"computed":true},"default_site_id":{"type":"string","description_kind":"plain","optional":true,"computed":true},"domain":{"type":"string","description_kind":"plain","optional":true,"computed":true},"id":{"type":"string","description_kind":"plain","optional":true,"computed":true},"name":{"type":"string","description_kind":"plain","optional":true,"computed":true},"product_platform":{"type":"string","description_kind":"plain","optional":true,"computed":true},"support_uri":{"type":"string","description_kind":"plain","optional":true,"computed":true},"third_party_org_name":{"type":"string","description_kind":"plain","optional":true,"computed":true},"voicemail_enabled":{"type":"bool","description_kind":"plain","optional":true,"computed":true}},"description":"Data source for Genesys Cloud current organization","description_kind":"markdown"}},"genesyscloud_outbound_attempt_limit":{"version":0,"block":{"attributes":{"id":{"type":"string","description_kind":"plain","optional":true,"computed":true},"name":{"type":"string","description":"Attempt Limit name.","description_kind":"markdown","required":true}},"description":"Data source for Genesys Cloud Outbound Attempt Limits. Select an attempt limit by name.","description_kind":"markdown"}},"genesyscloud_outbound_callabletimeset":{"version":0,"block":{"attributes":{"id":{"type":"string","description_kind":"plain","optional":true,"computed":true},"name":{"type":"string","description":"Callable timeset name.","description_kind":"markdown","required":true}},"description":"Data source for Genesys Clound Outbound Callable Timesets. Select a callable timeset by name.","description_kind":"markdown"}},"genesyscloud_outbound_callanalysisresponseset":{"version":0,"block":{"attributes":{"id":{"type":"string","description_kind":"plain","optional":true,"computed":true},"name":{"type":"string","description":"Data source for Genesys Cloud Outbound Call Analysis Response Sets. Select a response set by name.","description_kind":"markdown","required":true}},"description":"Genesys Cloud outbound callanalysisresponseset data source. Select an outbound callanalysisresponseset by name","description_kind":"markdown"}},"genesyscloud_outbound_campaign":{"version":0,"block":{"attributes":{"id":{"type":"string","description_kind":"plain","optional":true,"computed":true},"name":{"type":"string","description":"outbound campaign name","description_kind":"markdown","required":true}},"description":"Genesys Cloud outbound campaign data source. Select an outbound campaign by name","description_kind":"markdown"}},"genesyscloud_outbound_campaignrule":{"version":0,"block":{"attributes":{"id":{"type":"string","description_kind":"plain","optional":true,"computed":true},"name":{"type":"string","description":"Campaign Rule name.","description_kind":"markdown","required":true}},"description":"Genesys Cloud outbound campaign rule data source. Select a campaign rule by name","description_kind":"markdown"}},"genesyscloud_outbound_contact_list":{"version":0,"block":{"attributes":{"id":{"type":"string","description_kind":"plain","optional":true,"computed":true},"name":{"type":"string","description":"Contact List name.","description_kind":"markdown","required":true}},"description":"Data source for Genesys Cloud Outbound Contact Lists. Select a contact list by name.","description_kind":"markdown"}},"genesyscloud_outbound_contact_list_template":{"version":0,"block":{"attributes":{"id":{"type":"string","description_kind":"plain","optional":true,"computed":true},"name":{"type":"string","description":"Contact List Template name.","description_kind":"markdown","required":true}},"description":"Data source for Genesys Cloud Outbound Contact Lists Templates. Select a contact list template by name.","description_kind":"markdown"}},"genesyscloud_outbound_contactlistfilter":{"version":0,"block":{"attributes":{"id":{"type":"string","description_kind":"plain","optional":true,"computed":true},"name":{"type":"string","description":"Contact List Filter name.","description_kind":"markdown","required":true}},"description":"Data source for Genesys Cloud Outbound Contact List Filters. Select a contact list filter by name.","description_kind":"markdown"}},"genesyscloud_outbound_digitalruleset":{"version":0,"block":{"attributes":{"id":{"type":"string","description_kind":"plain","optional":true,"computed":true},"name":{"type":"string","description":"outbound digitalruleset name","description_kind":"markdown","required":true}},"description":"Genesys Cloud outbound digitalruleset data source. Select an outbound digitalruleset by name","description_kind":"markdown"}},"genesyscloud_outbound_dnclist":{"version":0,"block":{"attributes":{"id":{"type":"string","description_kind":"plain","optional":true,"computed":true},"name":{"type":"string","description":"DNC List name.","description_kind":"markdown","required":true}},"description":"Data source for Genesys Cloud Outbound DNC Lists. Select a DNC list by name.","description_kind":"markdown"}},"genesyscloud_outbound_filespecificationtemplate":{"version":0,"block":{"attributes":{"id":{"type":"string","description_kind":"plain","optional":true,"computed":true},"name":{"type":"string","description":"File Specification Template name.","description_kind":"markdown","required":true}},"description":"Data source for Genesys Cloud Outbound File Specification Template. Select a file specification template by name.","description_kind":"markdown"}},"genesyscloud_outbound_messagingcampaign":{"version":1,"block":{"attributes":{"id":{"type":"string","description_kind":"plain","optional":true,"computed":true},"name":{"type":"string","description":"Outbound Messaging Campaign name.","description_kind":"markdown","optional":true}},"description":"Data source for Genesys Cloud Outbound Messaging Campaign. Select a Outbound Messaging Campaign by name.","description_kind":"markdown"}},"genesyscloud_outbound_ruleset":{"version":0,"block":{"attributes":{"id":{"type":"string","description_kind":"plain","optional":true,"computed":true},"name":{"type":"string","description":"Outbound Ruleset name.","description_kind":"markdown","optional":true}},"description":"Data source for Genesys Cloud Outbound Ruleset. Select an Outbound Ruleset by name.","description_kind":"markdown"}},"genesyscloud_outbound_sequence":{"version":0,"block":{"attributes":{"id":{"type":"string","description_kind":"plain","optional":true,"computed":true},"name":{"type":"string","description":"Outbound Sequence name","description_kind":"markdown","required":true}},"description":"Genesys Cloud outbound sequence data source. Select an outbound sequence by name","description_kind":"markdown"}},"genesyscloud_processautomation_trigger":{"version":0,"block":{"attributes":{"id":{"type":"string","description_kind":"plain","optional":true,"computed":true},"name":{"type":"string","description":"The name of the trigger","description_kind":"markdown","required":true}},"description":"Data source for Genesys Cloud process automation trigger. Select a trigger by name","description_kind":"markdown"}},"genesyscloud_quality_forms_evaluation":{"version":0,"block":{"attributes":{"id":{"type":"string","description_kind":"plain","optional":true,"computed":true},"name":{"type":"string","description":"Evaluation Form name.","description_kind":"markdown","required":true}},"description":"Data source for Genesys Cloud Evaluation Forms. Select an evaluations form by name","description_kind":"markdown"}},"genesyscloud_quality_forms_survey":{"version":0,"block":{"attributes":{"id":{"type":"string","description_kind":"plain","optional":true,"computed":true},"name":{"type":"string","description":"Survey form name.","description_kind":"markdown","required":true}},"description":"Data source for Genesys Cloud Survey Forms. Select a form by name","description_kind":"markdown"}},"genesyscloud_recording_media_retention_policy":{"version":0,"block":{"attributes":{"id":{"type":"string","description_kind":"plain","optional":true,"computed":true},"name":{"type":"string","description":"Media retention policy name.","description_kind":"markdown","required":true}},"description":"Data source for Genesys Cloud media retention policy. Select a policy by name","description_kind":"markdown"}},"genesyscloud_responsemanagement_library":{"version":0,"block":{"attributes":{"id":{"type":"string","description_kind":"plain","optional":true,"computed":true},"name":{"type":"string","description":"Responsemanagement Library name.","description_kind":"markdown","required":true}},"description":"Data source for Genesys Cloud Responsemanagement Library. Select a Responsemanagement Library by name.","description_kind":"markdown"}},"genesyscloud_responsemanagement_response":{"version":0,"block":{"attributes":{"id":{"type":"string","description_kind":"plain","optional":true,"computed":true},"library_id":{"type":"string","description":"ID of the library that contains the response.","description_kind":"markdown","required":true},"name":{"type":"string","description":"Responsemanagement Response name.","description_kind":"markdown","required":true}},"description":"Data source for Genesys Cloud Responsemanagement Response. Select a Responsemanagement Response by name.","description_kind":"markdown"}},"genesyscloud_responsemanagement_responseasset":{"version":0,"block":{"attributes":{"id":{"type":"string","description_kind":"plain","optional":true,"computed":true},"name":{"type":"string","description":"Response asset name.","description_kind":"markdown","required":true}},"description":"Data source for Genesys Cloud Response Management Response Assets. Select a response asset by name.","description_kind":"markdown"}},"genesyscloud_routing_email_domain":{"version":0,"block":{"attributes":{"id":{"type":"string","description_kind":"plain","optional":true,"computed":true},"name":{"type":"string","description":"Email domain name.","description_kind":"markdown","required":true}},"description":"Data source for Genesys Cloud Email Domains. Select an email domain by name","description_kind":"markdown"}},"genesyscloud_routing_email_route":{"version":0,"block":{"attributes":{"domain_id":{"type":"string","description":"Domain of the route.","description_kind":"markdown","required":true},"id":{"type":"string","description_kind":"plain","optional":true,"computed":true},"pattern":{"type":"string","description":"Routing pattern.","description_kind":"markdown","required":true}},"description":"Data source for Genesys Cloud Routing Email Route. Select a routing email route by pattern and domain ID.","description_kind":"markdown"}},"genesyscloud_routing_language":{"version":0,"block":{"attributes":{"id":{"type":"string","description_kind":"plain","optional":true,"computed":true},"name":{"type":"string","description":"Language name.","description_kind":"markdown","required":true}},"description":"Data source for Genesys Cloud Routing Languages. Select a language by name.","description_kind":"markdown"}},"genesyscloud_routing_queue":{"version":0,"block":{"attributes":{"id":{"type":"string","description_kind":"plain","optional":true,"computed":true},"name":{"type":"string","description":"Queue name.","description_kind":"markdown","required":true}},"description":"Data source for Genesys Cloud Routing Queues. Select a queue by name.","description_kind":"markdown"}},"genesyscloud_routing_skill":{"version":0,"block":{"attributes":{"id":{"type":"string","description_kind":"plain","optional":true,"computed":true},"name":{"type":"string","description":"Skill name.","description_kind":"markdown","required":true}},"description":"Data source for Genesys Cloud Routing Skills. Select a skill by name.","description_kind":"markdown"}},"genesyscloud_routing_skill_group":{"version":0,"block":{"attributes":{"id":{"type":"string","description_kind":"plain","optional":true,"computed":true},"name":{"type":"string","description":"Skill group name.","description_kind":"markdown","required":true}},"description":"Data source for Genesys Cloud Routing Skills Groups. Select a skill group by name.","description_kind":"markdown"}},"genesyscloud_routing_sms_address":{"version":1,"block":{"attributes":{"id":{"type":"string","description_kind":"plain","optional":true,"computed":true},"name":{"type":"string","description":"Routing Sms Address name.","description_kind":"markdown","required":true}},"description":"Data source for Genesys Cloud Routing Sms Address. Select a Routing Sms Address by name.","description_kind":"markdown"}},"genesyscloud_routing_utilization_label":{"version":0,"block":{"attributes":{"id":{"type":"string","description_kind":"plain","optional":true,"computed":true},"name":{"type":"string","description":"Label name.","description_kind":"markdown","required":true}},"description":"Data source for Genesys Cloud Routing Utilization Labels. Select a label by name.","description_kind":"markdown"}},"genesyscloud_routing_wrapupcode":{"version":0,"block":{"attributes":{"id":{"type":"string","description_kind":"plain","optional":true,"computed":true},"name":{"type":"string","description":"Wrap-up code name.","description_kind":"markdown","required":true}},"description":"Data source for Genesys Cloud Wrap-up Code. Select a wrap-up code by name","description_kind":"markdown"}},"genesyscloud_script":{"version":0,"block":{"attributes":{"id":{"type":"string","description_kind":"plain","optional":true,"computed":true},"name":{"type":"string","description":"Script name.","description_kind":"markdown","required":true}},"description":"Data source for Genesys Cloud Scripts. Select a script by name.  This will only search on published scripts.  Unpublished scripts will not be returned","description_kind":"markdown"}},"genesyscloud_speechandtextanalytics_dictionaryfeedback":{"version":0,"block":{"attributes":{"id":{"type":"string","description_kind":"plain","optional":true,"computed":true},"term":{"type":"string","description":"dictionary feedback term","description_kind":"markdown","required":true}},"description":"Genesys Cloud dictionary feedback data source. Select an dictionary feedback by term","description_kind":"markdown"}},"genesyscloud_speechandtextanalytics_topic":{"version":0,"block":{"attributes":{"dialect":{"type":"string","description":"Topic dialect, e.g. en-US.","description_kind":"markdown","required":true},"id":{"type":"string","description_kind":"plain","optional":true,"computed":true},"name":{"type":"string","description":"Topic name.","description_kind":"markdown","required":true}},"description":"Data source for Genesys Cloud Speech \u0026 Text Analytics Topics. Select a topic by name and dialect.","description_kind":"markdown"}},"genesyscloud_station":{"version":0,"block":{"attributes":{"id":{"type":"string","description_kind":"plain","optional":true,"computed":true},"name":{"type":"string","description":"Station name.","description_kind":"markdown","optional":true}},"description":"Data source for Genesys Cloud Stations. Select a station by name.","description_kind":"markdown"}},"genesyscloud_task_management_workbin":{"version":0,"block":{"attributes":{"id":{"type":"string","description_kind":"plain","optional":true,"computed":true},"name":{"type":"string","description":"task management workbin name","description_kind":"markdown","required":true}},"description":"Genesys Cloud task management workbin data source. Select an task management workbin by name","description_kind":"markdown"}},"genesyscloud_task_management_workitem":{"version":0,"block":{"attributes":{"id":{"type":"string","description_kind":"plain","optional":true,"computed":true},"name":{"type":"string","description":"Task management workitem name","description_kind":"markdown","required":true},"workbin_id":{"type":"string","description":"Id of the workbin where the desired workitem is.","description_kind":"markdown","optional":true},"worktype_id":{"type":"string","description":"Id of the worktype of the desired workitem.","description_kind":"markdown","optional":true}},"description":"Genesys Cloud task management workitem data source. Select an task management workitem by name","description_kind":"markdown"}},"genesyscloud_task_management_workitem_schema":{"version":0,"block":{"attributes":{"id":{"type":"string","description_kind":"plain","optional":true,"computed":true},"name":{"type":"string","description":"task management workitem schema name","description_kind":"markdown","required":true}},"description":"Genesys Cloud task management workitem schema data source. Select a workitem schema by its name.","description_kind":"markdown"}},"genesyscloud_task_management_worktype":{"version":0,"block":{"attributes":{"id":{"type":"string","description_kind":"plain","optional":true,"computed":true},"name":{"type":"string","description":"Task management worktype name","description_kind":"markdown","required":true}},"description":"Genesys Cloud task management worktype data source. Select a task management worktype by name","description_kind":"markdown"}},"genesyscloud_task_management_worktype_flow_datebased_rule":{"version":0,"block":{"attributes":{"id":{"type":"string","description_kind":"plain","optional":true,"computed":true},"name":{"type":"string","description":"The name of the Rule.","description_kind":"markdown","required":true},"worktype_id":{"type":"string","description":"The Worktype ID of the Rule.","description_kind":"markdown","required":true}},"description":"Genesys Cloud task management datebased rule data source. Select a task management datebased rule by name","description_kind":"markdown"}},"genesyscloud_task_management_worktype_flow_onattributechange_rule":{"version":0,"block":{"attributes":{"id":{"type":"string","description_kind":"plain","optional":true,"computed":true},"name":{"type":"string","description":"The name of the Rule.","description_kind":"markdown","required":true},"worktype_id":{"type":"string","description":"The Worktype ID of the Rule.","description_kind":"markdown","required":true}},"description":"Genesys Cloud task management onattributechange rule data source. Select a task management onattributechange rule by name","description_kind":"markdown"}},"genesyscloud_task_management_worktype_flow_oncreate_rule":{"version":0,"block":{"attributes":{"id":{"type":"string","description_kind":"plain","optional":true,"computed":true},"name":{"type":"string","description":"Task management oncreate rule name","description_kind":"markdown","required":true},"worktype_id":{"type":"string","description":"The Worktype ID of the Rule.","description_kind":"markdown","required":true}},"description":"Genesys Cloud task management oncreate rule data source. Select a task management oncreate rule by name","description_kind":"markdown"}},"genesyscloud_task_management_worktype_status":{"version":0,"block":{"attributes":{"id":{"type":"string","description_kind":"plain","optional":true,"computed":true},"name":{"type":"string","description":"Task management worktype status name","description_kind":"markdown","required":true},"worktype_id":{"type":"string","description":"The id of the worktype the status belongs to","description_kind":"markdown","required":true}},"description":"Genesys Cloud task management worktype status data source. Select an task management worktype status by name","description_kind":"markdown"}},"genesyscloud_task_management_worktype_status_transition":{"version":0,"block":{"attributes":{"id":{"type":"string","description_kind":"plain","optional":true,"computed":true},"name":{"type":"string","description":"Task management worktype status name","description_kind":"markdown","required":true},"worktype_id":{"type":"string","description":"The id of the worktype the status belongs to","description_kind":"markdown","required":true}},"description":"Genesys Cloud task management worktype status transition data source. Select an task management worktype status by name","description_kind":"markdown"}},"genesyscloud_team":{"version":0,"block":{"attributes":{"id":{"type":"string","description_kind":"plain","optional":true,"computed":true},"name":{"type":"string","description":"team name","description_kind":"markdown","required":true}},"description":"Genesys Cloud team data source. Select an team by name","description_kind":"markdown"}},"genesyscloud_telephony_providers_edges_did":{"version":0,"block":{"attributes":{"id":{"type":"string","description_kind":"plain","optional":true,"computed":true},"phone_number":{"type":"string","description":"Phone number for the DID.","description_kind":"markdown","required":true}},"description":"Data source for Genesys Cloud DID. The identifier is the E.164 phone number.","description_kind":"markdown"}},"genesyscloud_telephony_providers_edges_did_pool":{"version":0,"block":{"attributes":{"end_phone_number":{"type":"string","description":"Ending phone number of the DID Pool range.","description_kind":"markdown","required":true},"id":{"type":"string","description_kind":"plain","optional":true,"computed":true},"start_phone_number":{"type":"string","description":"Starting phone number of the DID Pool range. Must be in an E.164 number format.","description_kind":"markdown","required":true}},"description":"Data source for Genesys Cloud DID pool. Select a DID pool by starting phone number and ending phone number","description_kind":"markdown"}},"genesyscloud_telephony_providers_edges_edge_group":{"version":0,"block":{"attributes":{"id":{"type":"string","description_kind":"plain","optional":true,"computed":true},"managed":{"type":"bool","description":"Return entities that are managed by Genesys Cloud. Defaults to `false`.","description_kind":"markdown","optional":true},"name":{"type":"string","description":"Edge Group name.","description_kind":"markdown","required":true}},"description":"Data source for Genesys Cloud Edge Group. Select an edge group by name","description_kind":"markdown"}},"genesyscloud_telephony_providers_edges_extension_pool":{"version":0,"block":{"attributes":{"end_number":{"type":"string","description":"Ending number of the Extension Pool range.","description_kind":"markdown","required":true},"id":{"type":"string","description_kind":"plain","optional":true,"computed":true},"start_number":{"type":"string","description":"Starting number of the Extension Pool range.","description_kind":"markdown","required":true}},"description":"Data source for Genesys Cloud Extension pool. Select an Extension pool by starting number and ending number","description_kind":"markdown"}},"genesyscloud_telephony_providers_edges_linebasesettings":{"version":0,"block":{"attributes":{"id":{"type":"string","description_kind":"plain","optional":true,"computed":true},"name":{"type":"string","description":"Line Base Settings name.","description_kind":"markdown","required":true}},"description":"Data source for Genesys Cloud Line Base Settings. Select a line base settings by name","description_kind":"markdown"}},"genesyscloud_telephony_providers_edges_phone":{"version":0,"block":{"attributes":{"id":{"type":"string","description_kind":"plain","optional":true,"computed":true},"name":{"type":"string","description":"Phone name.","description_kind":"markdown","required":true}},"description":"Data source for Genesys Cloud Phone. Select a phone by name","description_kind":"markdown"}},"genesyscloud_telephony_providers_edges_phonebasesettings":{"version":0,"block":{"attributes":{"id":{"type":"string","description_kind":"plain","optional":true,"computed":true},"name":{"type":"string","description":"Phone Base Settings name.","description_kind":"markdown","required":true}},"description":"Data source for Genesys Cloud Phone Base Settings. Select a phone base settings by name","description_kind":"markdown"}},"genesyscloud_telephony_providers_edges_site":{"version":0,"block":{"attributes":{"id":{"type":"string","description_kind":"plain","optional":true,"computed":true},"name":{"type":"string","description":"Site name.","description_kind":"markdown","required":true}},"description":"Data source for Genesys Cloud Sites. Select a site by name","description_kind":"markdown"}},"genesyscloud_telephony_providers_edges_site_outbound_route":{"version":0,"block":{"attributes":{"id":{"type":"string","description_kind":"plain","optional":true,"computed":true},"name":{"type":"string","description":"Outbound Route name.","description_kind":"markdown","required":true},"route_id":{"type":"string","description":"Route Id","description_kind":"markdown","computed":true},"site_id":{"type":"string","description":"Site Id","description_kind":"markdown","optional":true}},"description":"Data source for Genesys Cloud Site Outbound Routes. Select a Site Outbound Route by name.","description_kind":"markdown"}},"genesyscloud_telephony_providers_edges_trunk":{"version":0,"block":{"attributes":{"id":{"type":"string","description_kind":"plain","optional":true,"computed":true},"name":{"type":"string","description":"Trunk name.","description_kind":"markdown","required":true}},"description":"Data source for Genesys Cloud Trunk. Select a trunk by name","description_kind":"markdown"}},"genesyscloud_telephony_providers_edges_trunkbasesettings":{"version":0,"block":{"attributes":{"id":{"type":"string","description_kind":"plain","optional":true,"computed":true},"name":{"type":"string","description":"Trunk Base Settings name.","description_kind":"markdown","required":true}},"description":"Data source for Genesys Cloud Trunk Base Settings. Select a trunk base settings by name","description_kind":"markdown"}},"genesyscloud_user":{"version":0,"block":{"attributes":{"email":{"type":"string","description":"User email.","description_kind":"markdown","optional":true},"id":{"type":"string","description_kind":"plain","optional":true,"computed":true},"name":{"type":"string","description":"User name.","description_kind":"markdown","optional":true}},"description":"Data source for Genesys Cloud Users. Select a user by email or name. If both email \u0026 name are specified, the name won't be used for user lookup","description_kind":"markdown"}},"genesyscloud_webdeployments_configuration":{"version":0,"block":{"attributes":{"id":{"type":"string","description_kind":"plain","optional":true,"computed":true},"name":{"type":"string","description":"The name of the configuration","description_kind":"markdown","required":true},"version":{"type":"string","description":"The version of the configuration.","description_kind":"markdown","computed":true}},"description":"Data source for Genesys Cloud Web Deployments Configurations. Select a configuration by name.","description_kind":"markdown"}},"genesyscloud_webdeployments_deployment":{"version":0,"block":{"attributes":{"id":{"type":"string","description_kind":"plain","optional":true,"computed":true},"name":{"type":"string","description":"The name of the deployment","description_kind":"markdown","required":true}},"description":"Data source for Genesys Cloud Web Deployments. Select a deployment by name.","description_kind":"markdown"}},"genesyscloud_workforcemanagement_businessunits":{"version":0,"block":{"attributes":{"id":{"type":"string","description_kind":"plain","optional":true,"computed":true},"name":{"type":"string","description":"workforce management business unit name","description_kind":"markdown","required":true}},"description":"Genesys Cloud workforce management business units data source. Select a workforce management business unit by name","description_kind":"markdown"}}}}}}
